{
  "version": 4,
  "terraform_version": "1.12.2",
  "serial": 740,
  "lineage": "86e2772f-03ef-639a-d826-40b8e94f31d9",
  "outputs": {
    "api_base_url": {
      "value": "https://414c4ggxih.execute-api.us-east-1.amazonaws.com/v1",
      "type": "string"
    },
    "api_key_id": {
      "value": "otljyar4ae",
      "type": "string"
    },
    "api_key_value": {
      "value": "5UcLVknxOhVUNDvldst9oHZUP9FxTqPDG5vTvSqH",
      "type": "string",
      "sensitive": true
    },
    "dynamodb_table_clients": {
      "value": "mc-multichat-dev-clients",
      "type": "string"
    },
    "dynamodb_table_conversations": {
      "value": "mc-multichat-dev-conversations",
      "type": "string"
    },
    "dynamodb_table_phone_routes": {
      "value": "mc-multichat-dev-phone-routes",
      "type": "string"
    },
    "health_url": {
      "value": "https://414c4ggxih.execute-api.us-east-1.amazonaws.com/v1/health",
      "type": "string"
    },
    "name_prefix": {
      "value": "mc-multichat-dev",
      "type": "string"
    },
    "rds_db_name": {
      "value": "multichatdev",
      "type": "string"
    },
    "rds_endpoint": {
      "value": "mc-multichat-dev-pg.cwglusrb45if.us-east-1.rds.amazonaws.com",
      "type": "string"
    },
    "rds_port": {
      "value": 5432,
      "type": "number"
    },
    "rds_secret_arn": {
      "value": "arn:aws:secretsmanager:us-east-1:566776836280:secret:mc-multichat-dev/rds-BFnl95",
      "type": "string"
    },
    "rest_api_id": {
      "value": "414c4ggxih",
      "type": "string"
    },
    "twilio_account_sid_arn": {
      "value": "arn:aws:secretsmanager:us-east-1:566776836280:secret:mc-multichat-dev/twilio_account_sid-f95fuZ",
      "type": "string"
    },
    "twilio_auth_token_arn": {
      "value": "arn:aws:secretsmanager:us-east-1:566776836280:secret:mc-multichat-dev/twilio_auth_token-0borOs",
      "type": "string"
    },
    "twilio_studio_bearer_arn": {
      "value": "arn:aws:secretsmanager:us-east-1:566776836280:secret:mc-multichat-dev/studio_bearer-8OSKLO",
      "type": "string"
    }
  },
  "resources": [
    {
      "mode": "data",
      "type": "archive_file",
      "name": "chat_orchestrator_zip",
      "provider": "provider[\"registry.terraform.io/hashicorp/archive\"]",
      "instances": [
        {
          "schema_version": 0,
          "attributes": {
            "exclude_symlink_directories": null,
            "excludes": null,
            "id": "7fad111ab764ffce737b18385050a7da8fe6901c",
            "output_base64sha256": "OG+ckm7YYQ16v5Dt8spHfjfJAQXtC2XB59c9lJLTs/4=",
            "output_base64sha512": "rlANETm3uL4mCdgdiVuXxGprktz221T9IwyftrAc+aOCtcdeI2Wli6EPLgDASqolbty25c68hOLBMwtPxlVcTA==",
            "output_file_mode": null,
            "output_md5": "a6df9fc7bfa27eb6313aac98272a7ec0",
            "output_path": "./.terraform/artifacts/chat_orchestrator.zip",
            "output_sha": "7fad111ab764ffce737b18385050a7da8fe6901c",
            "output_sha256": "386f9c926ed8610d7abf90edf2ca477e37c90105ed0b65c1e7d73d9492d3b3fe",
            "output_sha512": "ae500d1139b7b8be2609d81d895b97c46a6b92dcf6db54fd230c9fb6b01cf9a382b5c75e2365a58ba10f2e00c04aaa256edcb6e5cebc84e2c1330b4fc6555c4c",
            "output_size": 18367371,
            "source": [],
            "source_content": null,
            "source_content_filename": null,
            "source_dir": "./../../services/chat_orchestrator/package",
            "source_file": null,
            "type": "zip"
          },
          "sensitive_attributes": [],
          "identity_schema_version": 0
        }
      ]
    },
    {
      "mode": "data",
      "type": "archive_file",
      "name": "health_zip",
      "provider": "provider[\"registry.terraform.io/hashicorp/archive\"]",
      "instances": [
        {
          "schema_version": 0,
          "attributes": {
            "exclude_symlink_directories": null,
            "excludes": null,
            "id": "2f3ea979bcb5389a7ede7c5aeeed3ed130081a8b",
            "output_base64sha256": "eCX1OMn0MWNGKau6cRUZTglb5S87rZ1UFKGXNytfmcg=",
            "output_base64sha512": "FfLpGnn4CBlLpaHNRrTKRrW6acOlBShdnx72hhQsaOPqrajty9s8CLi2zRS//s6L0Pa7UyaT+a84QR3gAhPWrA==",
            "output_file_mode": null,
            "output_md5": "a4b200115b40e941897a3ec7be7fa107",
            "output_path": "./.terraform/artifacts/health.zip",
            "output_sha": "2f3ea979bcb5389a7ede7c5aeeed3ed130081a8b",
            "output_sha256": "7825f538c9f431634629abba7115194e095be52f3bad9d5414a197372b5f99c8",
            "output_sha512": "15f2e91a79f808194ba5a1cd46b4ca46b5ba69c3a505285d9f1ef686142c68e3eaada8edcbdb3c08b8b6cd14bffece8bd0f6bb532693f9af38411de00213d6ac",
            "output_size": 846,
            "source": [],
            "source_content": null,
            "source_content_filename": null,
            "source_dir": "./../../services/health",
            "source_file": null,
            "type": "zip"
          },
          "sensitive_attributes": [],
          "identity_schema_version": 0
        }
      ]
    },
    {
      "mode": "data",
      "type": "archive_file",
      "name": "kb_search_zip",
      "provider": "provider[\"registry.terraform.io/hashicorp/archive\"]",
      "instances": [
        {
          "schema_version": 0,
          "attributes": {
            "exclude_symlink_directories": null,
            "excludes": null,
            "id": "3bcb9d7a358f583abd513158b864218ab436ceb9",
            "output_base64sha256": "5oYt/+NKGOUxHmHh5RnAXEAFY0Dk65L2NTIXRt1pU9s=",
            "output_base64sha512": "yhe9Ey9RYLeNCwpTfn9mGXnSaZwwBHTgzhkYRQnBdKZhKDXgLG4FSj4ZqQYyJ/pgj11tM+SaANOB6NeAtJ8mHg==",
            "output_file_mode": null,
            "output_md5": "9ee37d79b239bb5796c9b823fb2608bf",
            "output_path": "./.terraform/artifacts/kb_search.zip",
            "output_sha": "3bcb9d7a358f583abd513158b864218ab436ceb9",
            "output_sha256": "e6862dffe34a18e5311e61e1e519c05c40056340e4eb92f635321746dd6953db",
            "output_sha512": "ca17bd132f5160b78d0b0a537e7f661979d2699c300474e0ce19184509c174a6612835e02c6e054a3e19a9063227fa608f5d6d33e49a00d381e8d780b49f261e",
            "output_size": 2003482,
            "source": [],
            "source_content": null,
            "source_content_filename": null,
            "source_dir": "./../../services/kb_search/package",
            "source_file": null,
            "type": "zip"
          },
          "sensitive_attributes": [],
          "identity_schema_version": 0
        }
      ]
    },
    {
      "mode": "data",
      "type": "archive_file",
      "name": "twilio_sms_zip",
      "provider": "provider[\"registry.terraform.io/hashicorp/archive\"]",
      "instances": [
        {
          "schema_version": 0,
          "attributes": {
            "exclude_symlink_directories": null,
            "excludes": null,
            "id": "6c4ab7585546b395d29044fbeb87223e420ae5d6",
            "output_base64sha256": "zZ5AeO081OLwCsZW17Fy7JikqXnmoST1CxpSvlryw0g=",
            "output_base64sha512": "a8DNBaBh1NZDZN43YMRzaVeOfM5Mp0I9pP9x771yRJNsO7nXrn5U0NlptwcO6g6N51+dxUN321LiG9xk/Y/VVQ==",
            "output_file_mode": null,
            "output_md5": "c3f5a8015e614f95407dea4718c58869",
            "output_path": "./.terraform/artifacts/twilio_sms.zip",
            "output_sha": "6c4ab7585546b395d29044fbeb87223e420ae5d6",
            "output_sha256": "cd9e4078ed3cd4e2f00ac656d7b172ec98a4a979e6a124f50b1a52be5af2c348",
            "output_sha512": "6bc0cd05a061d4d64364de3760c47369578e7cce4ca7423da4ff71efbd7244936c3bb9d7ae7e54d0d969b7070eea0e8de75f9dc54377db52e21bdc64fd8fd555",
            "output_size": 17553722,
            "source": [],
            "source_content": null,
            "source_content_filename": null,
            "source_dir": "./../../services/twilio_sms/package",
            "source_file": null,
            "type": "zip"
          },
          "sensitive_attributes": [],
          "identity_schema_version": 0
        }
      ]
    },
    {
      "mode": "data",
      "type": "archive_file",
      "name": "twilio_studio_zip",
      "provider": "provider[\"registry.terraform.io/hashicorp/archive\"]",
      "instances": [
        {
          "schema_version": 0,
          "attributes": {
            "exclude_symlink_directories": null,
            "excludes": null,
            "id": "15a42899b62f7654349d1c114b555298fd05329d",
            "output_base64sha256": "ed1LoExcI97WaQHlzw0wwYDQEqCFbXaRUv5m1EU0Muc=",
            "output_base64sha512": "QS7qia4ig2yOcvX7y8PedoYS5tC2CZoeos16oNbHNB8NmiTZWPL1eqWHHk3w4KqsGaljMUx1TyCl9vraXTgKGg==",
            "output_file_mode": null,
            "output_md5": "e5c8190e81fdf1a511137d0fb5a1c98d",
            "output_path": "./.terraform/artifacts/twilio_studio.zip",
            "output_sha": "15a42899b62f7654349d1c114b555298fd05329d",
            "output_sha256": "79dd4ba04c5c23ded66901e5cf0d30c180d012a0856d769152fe66d4453432e7",
            "output_sha512": "412eea89ae22836c8e72f5fbcbc3de768612e6d0b6099a1ea2cd7aa0d6c7341f0d9a24d958f2f57aa5871e4df0e0aaac19a963314c754f20a5f6fada5d380a1a",
            "output_size": 2030722,
            "source": [],
            "source_content": null,
            "source_content_filename": null,
            "source_dir": "./../../services/twilio_studio/package",
            "source_file": null,
            "type": "zip"
          },
          "sensitive_attributes": [],
          "identity_schema_version": 0
        }
      ]
    },
    {
      "mode": "data",
      "type": "aws_iam_policy_document",
      "name": "lambda_assume",
      "provider": "provider[\"registry.terraform.io/hashicorp/aws\"]",
      "instances": [
        {
          "schema_version": 0,
          "attributes": {
            "id": "2690255455",
            "json": "{\n  \"Version\": \"2012-10-17\",\n  \"Statement\": [\n    {\n      \"Effect\": \"Allow\",\n      \"Action\": \"sts:AssumeRole\",\n      \"Principal\": {\n        \"Service\": \"lambda.amazonaws.com\"\n      }\n    }\n  ]\n}",
            "minified_json": "{\"Version\":\"2012-10-17\",\"Statement\":[{\"Effect\":\"Allow\",\"Action\":\"sts:AssumeRole\",\"Principal\":{\"Service\":\"lambda.amazonaws.com\"}}]}",
            "override_json": null,
            "override_policy_documents": null,
            "policy_id": null,
            "source_json": null,
            "source_policy_documents": null,
            "statement": [
              {
                "actions": [
                  "sts:AssumeRole"
                ],
                "condition": [],
                "effect": "Allow",
                "not_actions": [],
                "not_principals": [],
                "not_resources": [],
                "principals": [
                  {
                    "identifiers": [
                      "lambda.amazonaws.com"
                    ],
                    "type": "Service"
                  }
                ],
                "resources": [],
                "sid": ""
              }
            ],
            "version": "2012-10-17"
          },
          "sensitive_attributes": [],
          "identity_schema_version": 0
        }
      ]
    },
    {
      "mode": "data",
      "type": "aws_secretsmanager_secret",
      "name": "openai_api_key",
      "provider": "provider[\"registry.terraform.io/hashicorp/aws\"]",
      "instances": [
        {
          "schema_version": 0,
          "attributes": {
            "arn": "arn:aws:secretsmanager:us-east-1:566776836280:secret:mc-multichat-dev/openai_api_key-j7Y3Er",
            "created_date": "2025-08-21T01:13:34Z",
            "description": "",
            "id": "arn:aws:secretsmanager:us-east-1:566776836280:secret:mc-multichat-dev/openai_api_key-j7Y3Er",
            "kms_key_id": "",
            "last_changed_date": "2025-08-26T23:48:48Z",
            "name": "mc-multichat-dev/openai_api_key",
            "policy": "",
            "region": "us-east-1",
            "tags": {
              "Env": "dev",
              "Project": "mc-multichat"
            }
          },
          "sensitive_attributes": [],
          "identity_schema_version": 0
        }
      ]
    },
    {
      "mode": "data",
      "type": "aws_secretsmanager_secret",
      "name": "twilio_auth_token",
      "provider": "provider[\"registry.terraform.io/hashicorp/aws\"]",
      "instances": [
        {
          "schema_version": 0,
          "attributes": {
            "arn": "arn:aws:secretsmanager:us-east-1:566776836280:secret:mc-multichat-dev/twilio_auth_token-0borOs",
            "created_date": "2025-08-21T01:13:34Z",
            "description": "",
            "id": "arn:aws:secretsmanager:us-east-1:566776836280:secret:mc-multichat-dev/twilio_auth_token-0borOs",
            "kms_key_id": "",
            "last_changed_date": "2025-09-01T17:46:24Z",
            "name": "mc-multichat-dev/twilio_auth_token",
            "policy": "",
            "region": "us-east-1",
            "tags": {
              "Env": "dev",
              "Project": "mc-multichat"
            }
          },
          "sensitive_attributes": [],
          "identity_schema_version": 0
        }
      ]
    },
    {
      "mode": "data",
      "type": "aws_subnets",
      "name": "default_vpc_subnets",
      "provider": "provider[\"registry.terraform.io/hashicorp/aws\"]",
      "instances": [
        {
          "schema_version": 0,
          "attributes": {
            "filter": [
              {
                "name": "vpc-id",
                "values": [
                  "vpc-2667b35c"
                ]
              }
            ],
            "id": "us-east-1",
            "ids": [
              "subnet-f45cdada",
              "subnet-b269edee",
              "subnet-d071cab7",
              "subnet-6fe49960",
              "subnet-c87db2f6",
              "subnet-41bdf60b"
            ],
            "region": "us-east-1",
            "tags": null,
            "timeouts": null
          },
          "sensitive_attributes": [],
          "identity_schema_version": 0
        }
      ]
    },
    {
      "mode": "data",
      "type": "aws_vpc",
      "name": "default",
      "provider": "provider[\"registry.terraform.io/hashicorp/aws\"]",
      "instances": [
        {
          "schema_version": 0,
          "attributes": {
            "arn": "arn:aws:ec2:us-east-1:566776836280:vpc/vpc-2667b35c",
            "cidr_block": "172.31.0.0/16",
            "cidr_block_associations": [
              {
                "association_id": "vpc-cidr-assoc-7f4dec13",
                "cidr_block": "172.31.0.0/16",
                "state": "associated"
              }
            ],
            "default": true,
            "dhcp_options_id": "dopt-5a90e121",
            "enable_dns_hostnames": true,
            "enable_dns_support": true,
            "enable_network_address_usage_metrics": false,
            "filter": null,
            "id": "vpc-2667b35c",
            "instance_tenancy": "default",
            "ipv6_association_id": "",
            "ipv6_cidr_block": "",
            "main_route_table_id": "rtb-37693a48",
            "owner_id": "566776836280",
            "region": "us-east-1",
            "state": null,
            "tags": {},
            "timeouts": null
          },
          "sensitive_attributes": [],
          "identity_schema_version": 0
        }
      ]
    },
    {
      "mode": "managed",
      "type": "aws_api_gateway_api_key",
      "name": "default",
      "provider": "provider[\"registry.terraform.io/hashicorp/aws\"]",
      "instances": [
        {
          "schema_version": 0,
          "attributes": {
            "arn": "arn:aws:apigateway:us-east-1::/apikeys/otljyar4ae",
            "created_date": "2025-08-22T00:19:49Z",
            "customer_id": "",
            "description": "Default API key for mc-multichat-dev",
            "enabled": true,
            "id": "otljyar4ae",
            "last_updated_date": "2025-08-22T00:19:49Z",
            "name": "mc-multichat-dev-default-key",
            "region": "us-east-1",
            "tags": {
              "Env": "dev",
              "Project": "mc-multichat"
            },
            "tags_all": {
              "Env": "dev",
              "Project": "mc-multichat"
            },
            "value": "5UcLVknxOhVUNDvldst9oHZUP9FxTqPDG5vTvSqH"
          },
          "sensitive_attributes": [
            [
              {
                "type": "get_attr",
                "value": "value"
              }
            ]
          ],
          "identity_schema_version": 0,
          "private": "bnVsbA==",
          "dependencies": [
            "random_password.api_key"
          ]
        }
      ]
    },
    {
      "mode": "managed",
      "type": "aws_api_gateway_deployment",
      "name": "rest_deploy",
      "provider": "provider[\"registry.terraform.io/hashicorp/aws\"]",
      "instances": [
        {
          "schema_version": 0,
          "attributes": {
            "created_date": "2025-10-22T23:35:54Z",
            "description": "",
            "id": "2r0gqa",
            "region": "us-east-1",
            "rest_api_id": "414c4ggxih",
            "triggers": {
              "redeploy_hash": "dc8d9ca04cccd27d686f0456a85f360eabe08247"
            },
            "variables": null
          },
          "sensitive_attributes": [],
          "identity_schema_version": 0,
          "private": "bnVsbA==",
          "dependencies": [
            "aws_api_gateway_integration.health_get",
            "aws_api_gateway_integration.kb_search_get",
            "aws_api_gateway_integration.sms_inbound_post",
            "aws_api_gateway_integration.sms_status_post",
            "aws_api_gateway_integration.studio_consent_post",
            "aws_api_gateway_integration.studio_lookup_get",
            "aws_api_gateway_integration.studio_novoicemail_post",
            "aws_api_gateway_integration.studio_voicemail_post",
            "aws_api_gateway_method.health_get",
            "aws_api_gateway_method.kb_search_get",
            "aws_api_gateway_method.sms_inbound_post",
            "aws_api_gateway_method.sms_status_post",
            "aws_api_gateway_method.studio_consent_post",
            "aws_api_gateway_method.studio_lookup_get",
            "aws_api_gateway_method.studio_novoicemail_post",
            "aws_api_gateway_method.studio_voicemail_post",
            "aws_api_gateway_resource.health",
            "aws_api_gateway_resource.kb",
            "aws_api_gateway_resource.kb_search",
            "aws_api_gateway_resource.sms_inbound",
            "aws_api_gateway_resource.sms_root",
            "aws_api_gateway_resource.sms_status",
            "aws_api_gateway_resource.studio",
            "aws_api_gateway_resource.studio_consent",
            "aws_api_gateway_resource.studio_lookup",
            "aws_api_gateway_resource.studio_novoicemail",
            "aws_api_gateway_resource.studio_voicemail",
            "aws_api_gateway_resource.twilio",
            "aws_api_gateway_rest_api.rest",
            "aws_cloudwatch_log_group.lambda",
            "aws_cloudwatch_log_group.lambda_kb_search",
            "aws_dynamodb_table.clients",
            "aws_dynamodb_table.conversations",
            "aws_dynamodb_table.phone_routes",
            "aws_iam_role.lambda_exec",
            "aws_lambda_function.chat_orchestrator",
            "aws_lambda_function.health",
            "aws_lambda_function.kb_search",
            "aws_lambda_function.twilio_sms",
            "aws_lambda_function.twilio_studio",
            "aws_secretsmanager_secret.apigw_api_key",
            "aws_secretsmanager_secret.rds_credentials",
            "aws_secretsmanager_secret.studio_bearer",
            "aws_secretsmanager_secret.twilio_account_sid",
            "data.archive_file.chat_orchestrator_zip",
            "data.archive_file.health_zip",
            "data.archive_file.kb_search_zip",
            "data.archive_file.twilio_sms_zip",
            "data.archive_file.twilio_studio_zip",
            "data.aws_iam_policy_document.lambda_assume",
            "data.aws_secretsmanager_secret.openai_api_key",
            "data.aws_secretsmanager_secret.twilio_auth_token",
            "null_resource.chat_orchestrator_vendor",
            "null_resource.package_lambda",
            "null_resource.twilio_sms_vendor",
            "null_resource.twilio_studio_vendor"
          ],
          "create_before_destroy": true
        }
      ]
    },
    {
      "mode": "managed",
      "type": "aws_api_gateway_integration",
      "name": "health_get",
      "provider": "provider[\"registry.terraform.io/hashicorp/aws\"]",
      "instances": [
        {
          "schema_version": 0,
          "attributes": {
            "cache_key_parameters": [],
            "cache_namespace": "pikixx",
            "connection_id": "",
            "connection_type": "INTERNET",
            "content_handling": "",
            "credentials": "",
            "http_method": "GET",
            "id": "agi-414c4ggxih-pikixx-GET",
            "integration_http_method": "POST",
            "passthrough_behavior": "WHEN_NO_MATCH",
            "region": "us-east-1",
            "request_parameters": {},
            "request_templates": {},
            "resource_id": "pikixx",
            "rest_api_id": "414c4ggxih",
            "timeout_milliseconds": 29000,
            "tls_config": [],
            "type": "AWS_PROXY",
            "uri": "arn:aws:apigateway:us-east-1:lambda:path/2015-03-31/functions/arn:aws:lambda:us-east-1:566776836280:function:mc-multichat-dev-health/invocations"
          },
          "sensitive_attributes": [],
          "identity_schema_version": 0,
          "private": "bnVsbA==",
          "dependencies": [
            "aws_api_gateway_method.health_get",
            "aws_api_gateway_resource.health",
            "aws_api_gateway_rest_api.rest",
            "aws_cloudwatch_log_group.lambda",
            "aws_iam_role.lambda_exec",
            "aws_lambda_function.health",
            "data.archive_file.health_zip",
            "data.aws_iam_policy_document.lambda_assume"
          ],
          "create_before_destroy": true
        }
      ]
    },
    {
      "mode": "managed",
      "type": "aws_api_gateway_integration",
      "name": "kb_search_get",
      "provider": "provider[\"registry.terraform.io/hashicorp/aws\"]",
      "instances": [
        {
          "schema_version": 0,
          "attributes": {
            "cache_key_parameters": [],
            "cache_namespace": "mrol0o",
            "connection_id": "",
            "connection_type": "INTERNET",
            "content_handling": "",
            "credentials": "",
            "http_method": "GET",
            "id": "agi-414c4ggxih-mrol0o-GET",
            "integration_http_method": "POST",
            "passthrough_behavior": "WHEN_NO_MATCH",
            "region": "us-east-1",
            "request_parameters": {},
            "request_templates": {},
            "resource_id": "mrol0o",
            "rest_api_id": "414c4ggxih",
            "timeout_milliseconds": 29000,
            "tls_config": [],
            "type": "AWS_PROXY",
            "uri": "arn:aws:apigateway:us-east-1:lambda:path/2015-03-31/functions/arn:aws:lambda:us-east-1:566776836280:function:mc-multichat-dev-kb-search/invocations"
          },
          "sensitive_attributes": [],
          "identity_schema_version": 0,
          "private": "bnVsbA==",
          "dependencies": [
            "aws_api_gateway_method.kb_search_get",
            "aws_api_gateway_resource.kb",
            "aws_api_gateway_resource.kb_search",
            "aws_api_gateway_rest_api.rest",
            "aws_cloudwatch_log_group.lambda_kb_search",
            "aws_iam_role.lambda_exec",
            "aws_lambda_function.kb_search",
            "aws_secretsmanager_secret.rds_credentials",
            "data.archive_file.kb_search_zip",
            "data.aws_iam_policy_document.lambda_assume",
            "data.aws_secretsmanager_secret.openai_api_key",
            "null_resource.package_lambda"
          ],
          "create_before_destroy": true
        }
      ]
    },
    {
      "mode": "managed",
      "type": "aws_api_gateway_integration",
      "name": "sms_inbound_post",
      "provider": "provider[\"registry.terraform.io/hashicorp/aws\"]",
      "instances": [
        {
          "schema_version": 0,
          "attributes": {
            "cache_key_parameters": [],
            "cache_namespace": "kev16e",
            "connection_id": "",
            "connection_type": "INTERNET",
            "content_handling": "",
            "credentials": "",
            "http_method": "POST",
            "id": "agi-414c4ggxih-kev16e-POST",
            "integration_http_method": "POST",
            "passthrough_behavior": "WHEN_NO_MATCH",
            "region": "us-east-1",
            "request_parameters": {},
            "request_templates": {},
            "resource_id": "kev16e",
            "rest_api_id": "414c4ggxih",
            "timeout_milliseconds": 29000,
            "tls_config": [],
            "type": "AWS_PROXY",
            "uri": "arn:aws:apigateway:us-east-1:lambda:path/2015-03-31/functions/arn:aws:lambda:us-east-1:566776836280:function:mc-multichat-dev-twilio-sms/invocations"
          },
          "sensitive_attributes": [],
          "identity_schema_version": 0,
          "private": "bnVsbA==",
          "dependencies": [
            "aws_api_gateway_method.sms_inbound_post",
            "aws_api_gateway_resource.sms_inbound",
            "aws_api_gateway_resource.sms_root",
            "aws_api_gateway_resource.twilio",
            "aws_api_gateway_rest_api.rest",
            "aws_dynamodb_table.clients",
            "aws_dynamodb_table.conversations",
            "aws_dynamodb_table.phone_routes",
            "aws_iam_role.lambda_exec",
            "aws_lambda_function.chat_orchestrator",
            "aws_lambda_function.twilio_sms",
            "aws_secretsmanager_secret.apigw_api_key",
            "aws_secretsmanager_secret.twilio_account_sid",
            "data.archive_file.chat_orchestrator_zip",
            "data.archive_file.twilio_sms_zip",
            "data.aws_iam_policy_document.lambda_assume",
            "data.aws_secretsmanager_secret.openai_api_key",
            "data.aws_secretsmanager_secret.twilio_auth_token",
            "null_resource.chat_orchestrator_vendor",
            "null_resource.twilio_sms_vendor"
          ],
          "create_before_destroy": true
        }
      ]
    },
    {
      "mode": "managed",
      "type": "aws_api_gateway_integration",
      "name": "sms_status_post",
      "provider": "provider[\"registry.terraform.io/hashicorp/aws\"]",
      "instances": [
        {
          "schema_version": 0,
          "attributes": {
            "cache_key_parameters": [],
            "cache_namespace": "lyl9ml",
            "connection_id": "",
            "connection_type": "INTERNET",
            "content_handling": "",
            "credentials": "",
            "http_method": "POST",
            "id": "agi-414c4ggxih-lyl9ml-POST",
            "integration_http_method": "POST",
            "passthrough_behavior": "WHEN_NO_MATCH",
            "region": "us-east-1",
            "request_parameters": {},
            "request_templates": {},
            "resource_id": "lyl9ml",
            "rest_api_id": "414c4ggxih",
            "timeout_milliseconds": 29000,
            "tls_config": [],
            "type": "AWS_PROXY",
            "uri": "arn:aws:apigateway:us-east-1:lambda:path/2015-03-31/functions/arn:aws:lambda:us-east-1:566776836280:function:mc-multichat-dev-twilio-sms/invocations"
          },
          "sensitive_attributes": [],
          "identity_schema_version": 0,
          "private": "bnVsbA==",
          "dependencies": [
            "aws_api_gateway_method.sms_status_post",
            "aws_api_gateway_resource.sms_root",
            "aws_api_gateway_resource.sms_status",
            "aws_api_gateway_resource.twilio",
            "aws_api_gateway_rest_api.rest",
            "aws_dynamodb_table.clients",
            "aws_dynamodb_table.conversations",
            "aws_dynamodb_table.phone_routes",
            "aws_iam_role.lambda_exec",
            "aws_lambda_function.chat_orchestrator",
            "aws_lambda_function.twilio_sms",
            "aws_secretsmanager_secret.apigw_api_key",
            "aws_secretsmanager_secret.twilio_account_sid",
            "data.archive_file.chat_orchestrator_zip",
            "data.archive_file.twilio_sms_zip",
            "data.aws_iam_policy_document.lambda_assume",
            "data.aws_secretsmanager_secret.openai_api_key",
            "data.aws_secretsmanager_secret.twilio_auth_token",
            "null_resource.chat_orchestrator_vendor",
            "null_resource.twilio_sms_vendor"
          ],
          "create_before_destroy": true
        }
      ]
    },
    {
      "mode": "managed",
      "type": "aws_api_gateway_integration",
      "name": "studio_consent_post",
      "provider": "provider[\"registry.terraform.io/hashicorp/aws\"]",
      "instances": [
        {
          "schema_version": 0,
          "attributes": {
            "cache_key_parameters": [],
            "cache_namespace": "u8wj9o",
            "connection_id": "",
            "connection_type": "INTERNET",
            "content_handling": "",
            "credentials": "",
            "http_method": "POST",
            "id": "agi-414c4ggxih-u8wj9o-POST",
            "integration_http_method": "POST",
            "passthrough_behavior": "WHEN_NO_MATCH",
            "region": "us-east-1",
            "request_parameters": {},
            "request_templates": {},
            "resource_id": "u8wj9o",
            "rest_api_id": "414c4ggxih",
            "timeout_milliseconds": 29000,
            "tls_config": [],
            "type": "AWS_PROXY",
            "uri": "arn:aws:apigateway:us-east-1:lambda:path/2015-03-31/functions/arn:aws:lambda:us-east-1:566776836280:function:mc-multichat-dev-twilio-studio/invocations"
          },
          "sensitive_attributes": [],
          "identity_schema_version": 0,
          "private": "bnVsbA==",
          "dependencies": [
            "aws_api_gateway_method.studio_consent_post",
            "aws_api_gateway_resource.studio",
            "aws_api_gateway_resource.studio_consent",
            "aws_api_gateway_resource.twilio",
            "aws_api_gateway_rest_api.rest",
            "aws_dynamodb_table.clients",
            "aws_dynamodb_table.conversations",
            "aws_dynamodb_table.phone_routes",
            "aws_iam_role.lambda_exec",
            "aws_lambda_function.chat_orchestrator",
            "aws_lambda_function.twilio_studio",
            "aws_secretsmanager_secret.apigw_api_key",
            "aws_secretsmanager_secret.rds_credentials",
            "aws_secretsmanager_secret.studio_bearer",
            "aws_secretsmanager_secret.twilio_account_sid",
            "data.archive_file.chat_orchestrator_zip",
            "data.archive_file.twilio_studio_zip",
            "data.aws_iam_policy_document.lambda_assume",
            "data.aws_secretsmanager_secret.openai_api_key",
            "data.aws_secretsmanager_secret.twilio_auth_token",
            "null_resource.chat_orchestrator_vendor",
            "null_resource.twilio_studio_vendor"
          ],
          "create_before_destroy": true
        }
      ]
    },
    {
      "mode": "managed",
      "type": "aws_api_gateway_integration",
      "name": "studio_lookup_get",
      "provider": "provider[\"registry.terraform.io/hashicorp/aws\"]",
      "instances": [
        {
          "schema_version": 0,
          "attributes": {
            "cache_key_parameters": [],
            "cache_namespace": "q6m9jg",
            "connection_id": "",
            "connection_type": "INTERNET",
            "content_handling": "",
            "credentials": "",
            "http_method": "GET",
            "id": "agi-414c4ggxih-q6m9jg-GET",
            "integration_http_method": "POST",
            "passthrough_behavior": "WHEN_NO_MATCH",
            "region": "us-east-1",
            "request_parameters": {},
            "request_templates": {},
            "resource_id": "q6m9jg",
            "rest_api_id": "414c4ggxih",
            "timeout_milliseconds": 29000,
            "tls_config": [],
            "type": "AWS_PROXY",
            "uri": "arn:aws:apigateway:us-east-1:lambda:path/2015-03-31/functions/arn:aws:lambda:us-east-1:566776836280:function:mc-multichat-dev-twilio-studio/invocations"
          },
          "sensitive_attributes": [],
          "identity_schema_version": 0,
          "private": "bnVsbA==",
          "dependencies": [
            "aws_api_gateway_method.studio_lookup_get",
            "aws_api_gateway_resource.studio",
            "aws_api_gateway_resource.studio_lookup",
            "aws_api_gateway_resource.twilio",
            "aws_api_gateway_rest_api.rest",
            "aws_dynamodb_table.clients",
            "aws_dynamodb_table.conversations",
            "aws_dynamodb_table.phone_routes",
            "aws_iam_role.lambda_exec",
            "aws_lambda_function.chat_orchestrator",
            "aws_lambda_function.twilio_studio",
            "aws_secretsmanager_secret.apigw_api_key",
            "aws_secretsmanager_secret.rds_credentials",
            "aws_secretsmanager_secret.studio_bearer",
            "aws_secretsmanager_secret.twilio_account_sid",
            "data.archive_file.chat_orchestrator_zip",
            "data.archive_file.twilio_studio_zip",
            "data.aws_iam_policy_document.lambda_assume",
            "data.aws_secretsmanager_secret.openai_api_key",
            "data.aws_secretsmanager_secret.twilio_auth_token",
            "null_resource.chat_orchestrator_vendor",
            "null_resource.twilio_studio_vendor"
          ],
          "create_before_destroy": true
        }
      ]
    },
    {
      "mode": "managed",
      "type": "aws_api_gateway_integration",
      "name": "studio_novoicemail_post",
      "provider": "provider[\"registry.terraform.io/hashicorp/aws\"]",
      "instances": [
        {
          "schema_version": 0,
          "attributes": {
            "cache_key_parameters": [],
            "cache_namespace": "p9et87",
            "connection_id": "",
            "connection_type": "INTERNET",
            "content_handling": "",
            "credentials": "",
            "http_method": "POST",
            "id": "agi-414c4ggxih-p9et87-POST",
            "integration_http_method": "POST",
            "passthrough_behavior": "WHEN_NO_MATCH",
            "region": "us-east-1",
            "request_parameters": {},
            "request_templates": {},
            "resource_id": "p9et87",
            "rest_api_id": "414c4ggxih",
            "timeout_milliseconds": 29000,
            "tls_config": [],
            "type": "AWS_PROXY",
            "uri": "arn:aws:apigateway:us-east-1:lambda:path/2015-03-31/functions/arn:aws:lambda:us-east-1:566776836280:function:mc-multichat-dev-twilio-studio/invocations"
          },
          "sensitive_attributes": [],
          "identity_schema_version": 0,
          "private": "bnVsbA==",
          "dependencies": [
            "aws_api_gateway_method.studio_novoicemail_post",
            "aws_api_gateway_resource.studio",
            "aws_api_gateway_resource.studio_novoicemail",
            "aws_api_gateway_resource.twilio",
            "aws_api_gateway_rest_api.rest",
            "aws_dynamodb_table.clients",
            "aws_dynamodb_table.conversations",
            "aws_dynamodb_table.phone_routes",
            "aws_iam_role.lambda_exec",
            "aws_lambda_function.chat_orchestrator",
            "aws_lambda_function.twilio_studio",
            "aws_secretsmanager_secret.apigw_api_key",
            "aws_secretsmanager_secret.rds_credentials",
            "aws_secretsmanager_secret.studio_bearer",
            "aws_secretsmanager_secret.twilio_account_sid",
            "data.archive_file.chat_orchestrator_zip",
            "data.archive_file.twilio_studio_zip",
            "data.aws_iam_policy_document.lambda_assume",
            "data.aws_secretsmanager_secret.openai_api_key",
            "data.aws_secretsmanager_secret.twilio_auth_token",
            "null_resource.chat_orchestrator_vendor",
            "null_resource.twilio_studio_vendor"
          ],
          "create_before_destroy": true
        }
      ]
    },
    {
      "mode": "managed",
      "type": "aws_api_gateway_integration",
      "name": "studio_voicemail_post",
      "provider": "provider[\"registry.terraform.io/hashicorp/aws\"]",
      "instances": [
        {
          "schema_version": 0,
          "attributes": {
            "cache_key_parameters": [],
            "cache_namespace": "n7h9q7",
            "connection_id": "",
            "connection_type": "INTERNET",
            "content_handling": "",
            "credentials": "",
            "http_method": "POST",
            "id": "agi-414c4ggxih-n7h9q7-POST",
            "integration_http_method": "POST",
            "passthrough_behavior": "WHEN_NO_MATCH",
            "region": "us-east-1",
            "request_parameters": {},
            "request_templates": {},
            "resource_id": "n7h9q7",
            "rest_api_id": "414c4ggxih",
            "timeout_milliseconds": 29000,
            "tls_config": [],
            "type": "AWS_PROXY",
            "uri": "arn:aws:apigateway:us-east-1:lambda:path/2015-03-31/functions/arn:aws:lambda:us-east-1:566776836280:function:mc-multichat-dev-twilio-studio/invocations"
          },
          "sensitive_attributes": [],
          "identity_schema_version": 0,
          "private": "bnVsbA==",
          "dependencies": [
            "aws_api_gateway_method.studio_voicemail_post",
            "aws_api_gateway_resource.studio",
            "aws_api_gateway_resource.studio_voicemail",
            "aws_api_gateway_resource.twilio",
            "aws_api_gateway_rest_api.rest",
            "aws_dynamodb_table.clients",
            "aws_dynamodb_table.conversations",
            "aws_dynamodb_table.phone_routes",
            "aws_iam_role.lambda_exec",
            "aws_lambda_function.chat_orchestrator",
            "aws_lambda_function.twilio_studio",
            "aws_secretsmanager_secret.apigw_api_key",
            "aws_secretsmanager_secret.rds_credentials",
            "aws_secretsmanager_secret.studio_bearer",
            "aws_secretsmanager_secret.twilio_account_sid",
            "data.archive_file.chat_orchestrator_zip",
            "data.archive_file.twilio_studio_zip",
            "data.aws_iam_policy_document.lambda_assume",
            "data.aws_secretsmanager_secret.openai_api_key",
            "data.aws_secretsmanager_secret.twilio_auth_token",
            "null_resource.chat_orchestrator_vendor",
            "null_resource.twilio_studio_vendor"
          ],
          "create_before_destroy": true
        }
      ]
    },
    {
      "mode": "managed",
      "type": "aws_api_gateway_method",
      "name": "health_get",
      "provider": "provider[\"registry.terraform.io/hashicorp/aws\"]",
      "instances": [
        {
          "schema_version": 0,
          "attributes": {
            "api_key_required": true,
            "authorization": "NONE",
            "authorization_scopes": [],
            "authorizer_id": "",
            "http_method": "GET",
            "id": "agm-414c4ggxih-pikixx-GET",
            "operation_name": "",
            "region": "us-east-1",
            "request_models": {},
            "request_parameters": {},
            "request_validator_id": "",
            "resource_id": "pikixx",
            "rest_api_id": "414c4ggxih"
          },
          "sensitive_attributes": [],
          "identity_schema_version": 0,
          "private": "bnVsbA==",
          "dependencies": [
            "aws_api_gateway_resource.health",
            "aws_api_gateway_rest_api.rest"
          ],
          "create_before_destroy": true
        }
      ]
    },
    {
      "mode": "managed",
      "type": "aws_api_gateway_method",
      "name": "kb_search_get",
      "provider": "provider[\"registry.terraform.io/hashicorp/aws\"]",
      "instances": [
        {
          "schema_version": 0,
          "attributes": {
            "api_key_required": true,
            "authorization": "NONE",
            "authorization_scopes": [],
            "authorizer_id": "",
            "http_method": "GET",
            "id": "agm-414c4ggxih-mrol0o-GET",
            "operation_name": "",
            "region": "us-east-1",
            "request_models": {},
            "request_parameters": {},
            "request_validator_id": "",
            "resource_id": "mrol0o",
            "rest_api_id": "414c4ggxih"
          },
          "sensitive_attributes": [],
          "identity_schema_version": 0,
          "private": "bnVsbA==",
          "dependencies": [
            "aws_api_gateway_resource.kb",
            "aws_api_gateway_resource.kb_search",
            "aws_api_gateway_rest_api.rest"
          ],
          "create_before_destroy": true
        }
      ]
    },
    {
      "mode": "managed",
      "type": "aws_api_gateway_method",
      "name": "sms_inbound_post",
      "provider": "provider[\"registry.terraform.io/hashicorp/aws\"]",
      "instances": [
        {
          "schema_version": 0,
          "attributes": {
            "api_key_required": false,
            "authorization": "NONE",
            "authorization_scopes": [],
            "authorizer_id": "",
            "http_method": "POST",
            "id": "agm-414c4ggxih-kev16e-POST",
            "operation_name": "",
            "region": "us-east-1",
            "request_models": {},
            "request_parameters": {},
            "request_validator_id": "",
            "resource_id": "kev16e",
            "rest_api_id": "414c4ggxih"
          },
          "sensitive_attributes": [],
          "identity_schema_version": 0,
          "private": "bnVsbA==",
          "dependencies": [
            "aws_api_gateway_resource.sms_inbound",
            "aws_api_gateway_resource.sms_root",
            "aws_api_gateway_resource.twilio",
            "aws_api_gateway_rest_api.rest"
          ],
          "create_before_destroy": true
        }
      ]
    },
    {
      "mode": "managed",
      "type": "aws_api_gateway_method",
      "name": "sms_status_post",
      "provider": "provider[\"registry.terraform.io/hashicorp/aws\"]",
      "instances": [
        {
          "schema_version": 0,
          "attributes": {
            "api_key_required": false,
            "authorization": "NONE",
            "authorization_scopes": [],
            "authorizer_id": "",
            "http_method": "POST",
            "id": "agm-414c4ggxih-lyl9ml-POST",
            "operation_name": "",
            "region": "us-east-1",
            "request_models": {},
            "request_parameters": {},
            "request_validator_id": "",
            "resource_id": "lyl9ml",
            "rest_api_id": "414c4ggxih"
          },
          "sensitive_attributes": [],
          "identity_schema_version": 0,
          "private": "bnVsbA==",
          "dependencies": [
            "aws_api_gateway_resource.sms_root",
            "aws_api_gateway_resource.sms_status",
            "aws_api_gateway_resource.twilio",
            "aws_api_gateway_rest_api.rest"
          ],
          "create_before_destroy": true
        }
      ]
    },
    {
      "mode": "managed",
      "type": "aws_api_gateway_method",
      "name": "studio_consent_post",
      "provider": "provider[\"registry.terraform.io/hashicorp/aws\"]",
      "instances": [
        {
          "schema_version": 0,
          "attributes": {
            "api_key_required": false,
            "authorization": "NONE",
            "authorization_scopes": [],
            "authorizer_id": "",
            "http_method": "POST",
            "id": "agm-414c4ggxih-u8wj9o-POST",
            "operation_name": "",
            "region": "us-east-1",
            "request_models": {},
            "request_parameters": {},
            "request_validator_id": "",
            "resource_id": "u8wj9o",
            "rest_api_id": "414c4ggxih"
          },
          "sensitive_attributes": [],
          "identity_schema_version": 0,
          "private": "bnVsbA==",
          "dependencies": [
            "aws_api_gateway_resource.studio",
            "aws_api_gateway_resource.studio_consent",
            "aws_api_gateway_resource.twilio",
            "aws_api_gateway_rest_api.rest"
          ],
          "create_before_destroy": true
        }
      ]
    },
    {
      "mode": "managed",
      "type": "aws_api_gateway_method",
      "name": "studio_lookup_get",
      "provider": "provider[\"registry.terraform.io/hashicorp/aws\"]",
      "instances": [
        {
          "schema_version": 0,
          "attributes": {
            "api_key_required": false,
            "authorization": "NONE",
            "authorization_scopes": [],
            "authorizer_id": "",
            "http_method": "GET",
            "id": "agm-414c4ggxih-q6m9jg-GET",
            "operation_name": "",
            "region": "us-east-1",
            "request_models": {},
            "request_parameters": {},
            "request_validator_id": "",
            "resource_id": "q6m9jg",
            "rest_api_id": "414c4ggxih"
          },
          "sensitive_attributes": [],
          "identity_schema_version": 0,
          "private": "bnVsbA==",
          "dependencies": [
            "aws_api_gateway_resource.studio",
            "aws_api_gateway_resource.studio_lookup",
            "aws_api_gateway_resource.twilio",
            "aws_api_gateway_rest_api.rest"
          ],
          "create_before_destroy": true
        }
      ]
    },
    {
      "mode": "managed",
      "type": "aws_api_gateway_method",
      "name": "studio_novoicemail_post",
      "provider": "provider[\"registry.terraform.io/hashicorp/aws\"]",
      "instances": [
        {
          "schema_version": 0,
          "attributes": {
            "api_key_required": false,
            "authorization": "NONE",
            "authorization_scopes": [],
            "authorizer_id": "",
            "http_method": "POST",
            "id": "agm-414c4ggxih-p9et87-POST",
            "operation_name": "",
            "region": "us-east-1",
            "request_models": {},
            "request_parameters": {},
            "request_validator_id": "",
            "resource_id": "p9et87",
            "rest_api_id": "414c4ggxih"
          },
          "sensitive_attributes": [],
          "identity_schema_version": 0,
          "private": "bnVsbA==",
          "dependencies": [
            "aws_api_gateway_resource.studio",
            "aws_api_gateway_resource.studio_novoicemail",
            "aws_api_gateway_resource.twilio",
            "aws_api_gateway_rest_api.rest"
          ],
          "create_before_destroy": true
        }
      ]
    },
    {
      "mode": "managed",
      "type": "aws_api_gateway_method",
      "name": "studio_voicemail_post",
      "provider": "provider[\"registry.terraform.io/hashicorp/aws\"]",
      "instances": [
        {
          "schema_version": 0,
          "attributes": {
            "api_key_required": false,
            "authorization": "NONE",
            "authorization_scopes": [],
            "authorizer_id": "",
            "http_method": "POST",
            "id": "agm-414c4ggxih-n7h9q7-POST",
            "operation_name": "",
            "region": "us-east-1",
            "request_models": {},
            "request_parameters": {},
            "request_validator_id": "",
            "resource_id": "n7h9q7",
            "rest_api_id": "414c4ggxih"
          },
          "sensitive_attributes": [],
          "identity_schema_version": 0,
          "private": "bnVsbA==",
          "dependencies": [
            "aws_api_gateway_resource.studio",
            "aws_api_gateway_resource.studio_voicemail",
            "aws_api_gateway_resource.twilio",
            "aws_api_gateway_rest_api.rest"
          ],
          "create_before_destroy": true
        }
      ]
    },
    {
      "mode": "managed",
      "type": "aws_api_gateway_resource",
      "name": "health",
      "provider": "provider[\"registry.terraform.io/hashicorp/aws\"]",
      "instances": [
        {
          "schema_version": 0,
          "attributes": {
            "id": "pikixx",
            "parent_id": "ksmvbz4t6d",
            "path": "/health",
            "path_part": "health",
            "region": "us-east-1",
            "rest_api_id": "414c4ggxih"
          },
          "sensitive_attributes": [],
          "identity_schema_version": 0,
          "private": "bnVsbA==",
          "dependencies": [
            "aws_api_gateway_rest_api.rest"
          ],
          "create_before_destroy": true
        }
      ]
    },
    {
      "mode": "managed",
      "type": "aws_api_gateway_resource",
      "name": "kb",
      "provider": "provider[\"registry.terraform.io/hashicorp/aws\"]",
      "instances": [
        {
          "schema_version": 0,
          "attributes": {
            "id": "w6hnyt",
            "parent_id": "ksmvbz4t6d",
            "path": "/kb",
            "path_part": "kb",
            "region": "us-east-1",
            "rest_api_id": "414c4ggxih"
          },
          "sensitive_attributes": [],
          "identity_schema_version": 0,
          "private": "bnVsbA==",
          "dependencies": [
            "aws_api_gateway_rest_api.rest"
          ],
          "create_before_destroy": true
        }
      ]
    },
    {
      "mode": "managed",
      "type": "aws_api_gateway_resource",
      "name": "kb_search",
      "provider": "provider[\"registry.terraform.io/hashicorp/aws\"]",
      "instances": [
        {
          "schema_version": 0,
          "attributes": {
            "id": "mrol0o",
            "parent_id": "w6hnyt",
            "path": "/kb/search",
            "path_part": "search",
            "region": "us-east-1",
            "rest_api_id": "414c4ggxih"
          },
          "sensitive_attributes": [],
          "identity_schema_version": 0,
          "private": "bnVsbA==",
          "dependencies": [
            "aws_api_gateway_resource.kb",
            "aws_api_gateway_rest_api.rest"
          ],
          "create_before_destroy": true
        }
      ]
    },
    {
      "mode": "managed",
      "type": "aws_api_gateway_resource",
      "name": "sms_inbound",
      "provider": "provider[\"registry.terraform.io/hashicorp/aws\"]",
      "instances": [
        {
          "schema_version": 0,
          "attributes": {
            "id": "kev16e",
            "parent_id": "lf65xn",
            "path": "/twilio/sms/inbound",
            "path_part": "inbound",
            "region": "us-east-1",
            "rest_api_id": "414c4ggxih"
          },
          "sensitive_attributes": [],
          "identity_schema_version": 0,
          "private": "bnVsbA==",
          "dependencies": [
            "aws_api_gateway_resource.sms_root",
            "aws_api_gateway_resource.twilio",
            "aws_api_gateway_rest_api.rest"
          ],
          "create_before_destroy": true
        }
      ]
    },
    {
      "mode": "managed",
      "type": "aws_api_gateway_resource",
      "name": "sms_root",
      "provider": "provider[\"registry.terraform.io/hashicorp/aws\"]",
      "instances": [
        {
          "schema_version": 0,
          "attributes": {
            "id": "lf65xn",
            "parent_id": "qhcxdy",
            "path": "/twilio/sms",
            "path_part": "sms",
            "region": "us-east-1",
            "rest_api_id": "414c4ggxih"
          },
          "sensitive_attributes": [],
          "identity_schema_version": 0,
          "private": "bnVsbA==",
          "dependencies": [
            "aws_api_gateway_resource.twilio",
            "aws_api_gateway_rest_api.rest"
          ],
          "create_before_destroy": true
        }
      ]
    },
    {
      "mode": "managed",
      "type": "aws_api_gateway_resource",
      "name": "sms_status",
      "provider": "provider[\"registry.terraform.io/hashicorp/aws\"]",
      "instances": [
        {
          "schema_version": 0,
          "attributes": {
            "id": "lyl9ml",
            "parent_id": "lf65xn",
            "path": "/twilio/sms/status",
            "path_part": "status",
            "region": "us-east-1",
            "rest_api_id": "414c4ggxih"
          },
          "sensitive_attributes": [],
          "identity_schema_version": 0,
          "private": "bnVsbA==",
          "dependencies": [
            "aws_api_gateway_resource.sms_root",
            "aws_api_gateway_resource.twilio",
            "aws_api_gateway_rest_api.rest"
          ],
          "create_before_destroy": true
        }
      ]
    },
    {
      "mode": "managed",
      "type": "aws_api_gateway_resource",
      "name": "studio",
      "provider": "provider[\"registry.terraform.io/hashicorp/aws\"]",
      "instances": [
        {
          "schema_version": 0,
          "attributes": {
            "id": "1dyxft",
            "parent_id": "qhcxdy",
            "path": "/twilio/studio",
            "path_part": "studio",
            "region": "us-east-1",
            "rest_api_id": "414c4ggxih"
          },
          "sensitive_attributes": [],
          "identity_schema_version": 0,
          "private": "bnVsbA==",
          "dependencies": [
            "aws_api_gateway_resource.twilio",
            "aws_api_gateway_rest_api.rest"
          ],
          "create_before_destroy": true
        }
      ]
    },
    {
      "mode": "managed",
      "type": "aws_api_gateway_resource",
      "name": "studio_consent",
      "provider": "provider[\"registry.terraform.io/hashicorp/aws\"]",
      "instances": [
        {
          "schema_version": 0,
          "attributes": {
            "id": "u8wj9o",
            "parent_id": "1dyxft",
            "path": "/twilio/studio/consent",
            "path_part": "consent",
            "region": "us-east-1",
            "rest_api_id": "414c4ggxih"
          },
          "sensitive_attributes": [],
          "identity_schema_version": 0,
          "private": "bnVsbA==",
          "dependencies": [
            "aws_api_gateway_resource.studio",
            "aws_api_gateway_resource.twilio",
            "aws_api_gateway_rest_api.rest"
          ],
          "create_before_destroy": true
        }
      ]
    },
    {
      "mode": "managed",
      "type": "aws_api_gateway_resource",
      "name": "studio_lookup",
      "provider": "provider[\"registry.terraform.io/hashicorp/aws\"]",
      "instances": [
        {
          "schema_version": 0,
          "attributes": {
            "id": "q6m9jg",
            "parent_id": "1dyxft",
            "path": "/twilio/studio/lookup",
            "path_part": "lookup",
            "region": "us-east-1",
            "rest_api_id": "414c4ggxih"
          },
          "sensitive_attributes": [],
          "identity_schema_version": 0,
          "private": "bnVsbA==",
          "dependencies": [
            "aws_api_gateway_resource.studio",
            "aws_api_gateway_resource.twilio",
            "aws_api_gateway_rest_api.rest"
          ],
          "create_before_destroy": true
        }
      ]
    },
    {
      "mode": "managed",
      "type": "aws_api_gateway_resource",
      "name": "studio_novoicemail",
      "provider": "provider[\"registry.terraform.io/hashicorp/aws\"]",
      "instances": [
        {
          "schema_version": 0,
          "attributes": {
            "id": "p9et87",
            "parent_id": "1dyxft",
            "path": "/twilio/studio/no-voicemail",
            "path_part": "no-voicemail",
            "region": "us-east-1",
            "rest_api_id": "414c4ggxih"
          },
          "sensitive_attributes": [],
          "identity_schema_version": 0,
          "private": "bnVsbA==",
          "dependencies": [
            "aws_api_gateway_resource.studio",
            "aws_api_gateway_resource.twilio",
            "aws_api_gateway_rest_api.rest"
          ],
          "create_before_destroy": true
        }
      ]
    },
    {
      "mode": "managed",
      "type": "aws_api_gateway_resource",
      "name": "studio_voicemail",
      "provider": "provider[\"registry.terraform.io/hashicorp/aws\"]",
      "instances": [
        {
          "schema_version": 0,
          "attributes": {
            "id": "n7h9q7",
            "parent_id": "1dyxft",
            "path": "/twilio/studio/voicemail",
            "path_part": "voicemail",
            "region": "us-east-1",
            "rest_api_id": "414c4ggxih"
          },
          "sensitive_attributes": [],
          "identity_schema_version": 0,
          "private": "bnVsbA==",
          "dependencies": [
            "aws_api_gateway_resource.studio",
            "aws_api_gateway_resource.twilio",
            "aws_api_gateway_rest_api.rest"
          ],
          "create_before_destroy": true
        }
      ]
    },
    {
      "mode": "managed",
      "type": "aws_api_gateway_resource",
      "name": "twilio",
      "provider": "provider[\"registry.terraform.io/hashicorp/aws\"]",
      "instances": [
        {
          "schema_version": 0,
          "attributes": {
            "id": "qhcxdy",
            "parent_id": "ksmvbz4t6d",
            "path": "/twilio",
            "path_part": "twilio",
            "region": "us-east-1",
            "rest_api_id": "414c4ggxih"
          },
          "sensitive_attributes": [],
          "identity_schema_version": 0,
          "private": "bnVsbA==",
          "dependencies": [
            "aws_api_gateway_rest_api.rest"
          ],
          "create_before_destroy": true
        }
      ]
    },
    {
      "mode": "managed",
      "type": "aws_api_gateway_rest_api",
      "name": "rest",
      "provider": "provider[\"registry.terraform.io/hashicorp/aws\"]",
      "instances": [
        {
          "schema_version": 0,
          "attributes": {
            "api_key_source": "HEADER",
            "arn": "arn:aws:apigateway:us-east-1::/restapis/414c4ggxih",
            "binary_media_types": [],
            "body": null,
            "created_date": "2025-08-22T00:19:49Z",
            "description": "",
            "disable_execute_api_endpoint": false,
            "endpoint_configuration": [
              {
                "ip_address_type": "ipv4",
                "types": [
                  "REGIONAL"
                ],
                "vpc_endpoint_ids": []
              }
            ],
            "execution_arn": "arn:aws:execute-api:us-east-1:566776836280:414c4ggxih",
            "fail_on_warnings": null,
            "id": "414c4ggxih",
            "minimum_compression_size": "",
            "name": "mc-multichat-dev-api",
            "parameters": null,
            "policy": "",
            "put_rest_api_mode": null,
            "region": "us-east-1",
            "root_resource_id": "ksmvbz4t6d",
            "tags": {
              "Env": "dev",
              "Project": "mc-multichat"
            },
            "tags_all": {
              "Env": "dev",
              "Project": "mc-multichat"
            }
          },
          "sensitive_attributes": [],
          "identity_schema_version": 0,
          "private": "bnVsbA==",
          "create_before_destroy": true
        }
      ]
    },
    {
      "mode": "managed",
      "type": "aws_api_gateway_stage",
      "name": "stage",
      "provider": "provider[\"registry.terraform.io/hashicorp/aws\"]",
      "instances": [
        {
          "schema_version": 0,
          "attributes": {
            "access_log_settings": [
              {
                "destination_arn": "arn:aws:logs:us-east-1:566776836280:log-group:/aws/apigateway/mc-multichat-dev-api",
                "format": "{\"httpMethod\":\"$context.httpMethod\",\"ip\":\"$context.identity.sourceIp\",\"path\":\"$context.path\",\"requestId\":\"$context.requestId\",\"responseLength\":\"$context.responseLength\",\"status\":\"$context.status\"}"
              }
            ],
            "arn": "arn:aws:apigateway:us-east-1::/restapis/414c4ggxih/stages/v1",
            "cache_cluster_enabled": false,
            "cache_cluster_size": "",
            "canary_settings": [],
            "client_certificate_id": "",
            "deployment_id": "2r0gqa",
            "description": "",
            "documentation_version": "",
            "execution_arn": "arn:aws:execute-api:us-east-1:566776836280:414c4ggxih/v1",
            "id": "ags-414c4ggxih-v1",
            "invoke_url": "https://414c4ggxih.execute-api.us-east-1.amazonaws.com/v1",
            "region": "us-east-1",
            "rest_api_id": "414c4ggxih",
            "stage_name": "v1",
            "tags": {
              "Env": "dev",
              "Project": "mc-multichat"
            },
            "tags_all": {
              "Env": "dev",
              "Project": "mc-multichat"
            },
            "variables": {},
            "web_acl_arn": "",
            "xray_tracing_enabled": false
          },
          "sensitive_attributes": [],
          "identity_schema_version": 0,
          "private": "bnVsbA==",
          "dependencies": [
            "aws_api_gateway_deployment.rest_deploy",
            "aws_api_gateway_integration.health_get",
            "aws_api_gateway_integration.kb_search_get",
            "aws_api_gateway_integration.sms_inbound_post",
            "aws_api_gateway_integration.sms_status_post",
            "aws_api_gateway_integration.studio_consent_post",
            "aws_api_gateway_integration.studio_lookup_get",
            "aws_api_gateway_integration.studio_novoicemail_post",
            "aws_api_gateway_integration.studio_voicemail_post",
            "aws_api_gateway_method.health_get",
            "aws_api_gateway_method.kb_search_get",
            "aws_api_gateway_method.sms_inbound_post",
            "aws_api_gateway_method.sms_status_post",
            "aws_api_gateway_method.studio_consent_post",
            "aws_api_gateway_method.studio_lookup_get",
            "aws_api_gateway_method.studio_novoicemail_post",
            "aws_api_gateway_method.studio_voicemail_post",
            "aws_api_gateway_resource.health",
            "aws_api_gateway_resource.kb",
            "aws_api_gateway_resource.kb_search",
            "aws_api_gateway_resource.sms_inbound",
            "aws_api_gateway_resource.sms_root",
            "aws_api_gateway_resource.sms_status",
            "aws_api_gateway_resource.studio",
            "aws_api_gateway_resource.studio_consent",
            "aws_api_gateway_resource.studio_lookup",
            "aws_api_gateway_resource.studio_novoicemail",
            "aws_api_gateway_resource.studio_voicemail",
            "aws_api_gateway_resource.twilio",
            "aws_api_gateway_rest_api.rest",
            "aws_cloudwatch_log_group.api_gw",
            "aws_cloudwatch_log_group.lambda",
            "aws_cloudwatch_log_group.lambda_kb_search",
            "aws_dynamodb_table.clients",
            "aws_dynamodb_table.conversations",
            "aws_dynamodb_table.phone_routes",
            "aws_iam_role.lambda_exec",
            "aws_lambda_function.chat_orchestrator",
            "aws_lambda_function.health",
            "aws_lambda_function.kb_search",
            "aws_lambda_function.twilio_sms",
            "aws_lambda_function.twilio_studio",
            "aws_secretsmanager_secret.apigw_api_key",
            "aws_secretsmanager_secret.rds_credentials",
            "aws_secretsmanager_secret.studio_bearer",
            "aws_secretsmanager_secret.twilio_account_sid",
            "data.archive_file.chat_orchestrator_zip",
            "data.archive_file.health_zip",
            "data.archive_file.kb_search_zip",
            "data.archive_file.twilio_sms_zip",
            "data.archive_file.twilio_studio_zip",
            "data.aws_iam_policy_document.lambda_assume",
            "data.aws_secretsmanager_secret.openai_api_key",
            "data.aws_secretsmanager_secret.twilio_auth_token",
            "null_resource.chat_orchestrator_vendor",
            "null_resource.package_lambda",
            "null_resource.twilio_sms_vendor",
            "null_resource.twilio_studio_vendor"
          ]
        }
      ]
    },
    {
      "mode": "managed",
      "type": "aws_api_gateway_usage_plan",
      "name": "default",
      "provider": "provider[\"registry.terraform.io/hashicorp/aws\"]",
      "instances": [
        {
          "schema_version": 0,
          "attributes": {
            "api_stages": [
              {
                "api_id": "414c4ggxih",
                "stage": "v1",
                "throttle": []
              }
            ],
            "arn": "arn:aws:apigateway:us-east-1::/usageplans/1i1vhw",
            "description": "",
            "id": "1i1vhw",
            "name": "mc-multichat-dev-plan",
            "product_code": "",
            "quota_settings": [],
            "region": "us-east-1",
            "tags": {
              "Env": "dev",
              "Project": "mc-multichat"
            },
            "tags_all": {
              "Env": "dev",
              "Project": "mc-multichat"
            },
            "throttle_settings": []
          },
          "sensitive_attributes": [],
          "identity_schema_version": 0,
          "private": "bnVsbA==",
          "dependencies": [
            "aws_api_gateway_deployment.rest_deploy",
            "aws_api_gateway_integration.health_get",
            "aws_api_gateway_integration.kb_search_get",
            "aws_api_gateway_integration.sms_inbound_post",
            "aws_api_gateway_integration.sms_status_post",
            "aws_api_gateway_integration.studio_consent_post",
            "aws_api_gateway_integration.studio_lookup_get",
            "aws_api_gateway_integration.studio_novoicemail_post",
            "aws_api_gateway_integration.studio_voicemail_post",
            "aws_api_gateway_method.health_get",
            "aws_api_gateway_method.kb_search_get",
            "aws_api_gateway_method.sms_inbound_post",
            "aws_api_gateway_method.sms_status_post",
            "aws_api_gateway_method.studio_consent_post",
            "aws_api_gateway_method.studio_lookup_get",
            "aws_api_gateway_method.studio_novoicemail_post",
            "aws_api_gateway_method.studio_voicemail_post",
            "aws_api_gateway_resource.health",
            "aws_api_gateway_resource.kb",
            "aws_api_gateway_resource.kb_search",
            "aws_api_gateway_resource.sms_inbound",
            "aws_api_gateway_resource.sms_root",
            "aws_api_gateway_resource.sms_status",
            "aws_api_gateway_resource.studio",
            "aws_api_gateway_resource.studio_consent",
            "aws_api_gateway_resource.studio_lookup",
            "aws_api_gateway_resource.studio_novoicemail",
            "aws_api_gateway_resource.studio_voicemail",
            "aws_api_gateway_resource.twilio",
            "aws_api_gateway_rest_api.rest",
            "aws_api_gateway_stage.stage",
            "aws_cloudwatch_log_group.api_gw",
            "aws_cloudwatch_log_group.lambda",
            "aws_cloudwatch_log_group.lambda_kb_search",
            "aws_dynamodb_table.clients",
            "aws_dynamodb_table.conversations",
            "aws_dynamodb_table.phone_routes",
            "aws_iam_role.lambda_exec",
            "aws_lambda_function.chat_orchestrator",
            "aws_lambda_function.health",
            "aws_lambda_function.kb_search",
            "aws_lambda_function.twilio_sms",
            "aws_lambda_function.twilio_studio",
            "aws_secretsmanager_secret.apigw_api_key",
            "aws_secretsmanager_secret.rds_credentials",
            "aws_secretsmanager_secret.studio_bearer",
            "aws_secretsmanager_secret.twilio_account_sid",
            "data.archive_file.chat_orchestrator_zip",
            "data.archive_file.health_zip",
            "data.archive_file.kb_search_zip",
            "data.archive_file.twilio_sms_zip",
            "data.archive_file.twilio_studio_zip",
            "data.aws_iam_policy_document.lambda_assume",
            "data.aws_secretsmanager_secret.openai_api_key",
            "data.aws_secretsmanager_secret.twilio_auth_token",
            "null_resource.chat_orchestrator_vendor",
            "null_resource.package_lambda",
            "null_resource.twilio_sms_vendor",
            "null_resource.twilio_studio_vendor"
          ]
        }
      ]
    },
    {
      "mode": "managed",
      "type": "aws_api_gateway_usage_plan_key",
      "name": "default",
      "provider": "provider[\"registry.terraform.io/hashicorp/aws\"]",
      "instances": [
        {
          "schema_version": 0,
          "attributes": {
            "id": "otljyar4ae",
            "key_id": "otljyar4ae",
            "key_type": "API_KEY",
            "name": "mc-multichat-dev-default-key",
            "region": "us-east-1",
            "usage_plan_id": "1i1vhw",
            "value": "5UcLVknxOhVUNDvldst9oHZUP9FxTqPDG5vTvSqH"
          },
          "sensitive_attributes": [],
          "identity_schema_version": 0,
          "private": "bnVsbA==",
          "dependencies": [
            "aws_api_gateway_api_key.default",
            "aws_api_gateway_deployment.rest_deploy",
            "aws_api_gateway_integration.health_get",
            "aws_api_gateway_integration.kb_search_get",
            "aws_api_gateway_integration.sms_inbound_post",
            "aws_api_gateway_integration.sms_status_post",
            "aws_api_gateway_integration.studio_consent_post",
            "aws_api_gateway_integration.studio_lookup_get",
            "aws_api_gateway_integration.studio_novoicemail_post",
            "aws_api_gateway_integration.studio_voicemail_post",
            "aws_api_gateway_method.health_get",
            "aws_api_gateway_method.kb_search_get",
            "aws_api_gateway_method.sms_inbound_post",
            "aws_api_gateway_method.sms_status_post",
            "aws_api_gateway_method.studio_consent_post",
            "aws_api_gateway_method.studio_lookup_get",
            "aws_api_gateway_method.studio_novoicemail_post",
            "aws_api_gateway_method.studio_voicemail_post",
            "aws_api_gateway_resource.health",
            "aws_api_gateway_resource.kb",
            "aws_api_gateway_resource.kb_search",
            "aws_api_gateway_resource.sms_inbound",
            "aws_api_gateway_resource.sms_root",
            "aws_api_gateway_resource.sms_status",
            "aws_api_gateway_resource.studio",
            "aws_api_gateway_resource.studio_consent",
            "aws_api_gateway_resource.studio_lookup",
            "aws_api_gateway_resource.studio_novoicemail",
            "aws_api_gateway_resource.studio_voicemail",
            "aws_api_gateway_resource.twilio",
            "aws_api_gateway_rest_api.rest",
            "aws_api_gateway_stage.stage",
            "aws_api_gateway_usage_plan.default",
            "aws_cloudwatch_log_group.api_gw",
            "aws_cloudwatch_log_group.lambda",
            "aws_cloudwatch_log_group.lambda_kb_search",
            "aws_dynamodb_table.clients",
            "aws_dynamodb_table.conversations",
            "aws_dynamodb_table.phone_routes",
            "aws_iam_role.lambda_exec",
            "aws_lambda_function.chat_orchestrator",
            "aws_lambda_function.health",
            "aws_lambda_function.kb_search",
            "aws_lambda_function.twilio_sms",
            "aws_lambda_function.twilio_studio",
            "aws_secretsmanager_secret.apigw_api_key",
            "aws_secretsmanager_secret.rds_credentials",
            "aws_secretsmanager_secret.studio_bearer",
            "aws_secretsmanager_secret.twilio_account_sid",
            "data.archive_file.chat_orchestrator_zip",
            "data.archive_file.health_zip",
            "data.archive_file.kb_search_zip",
            "data.archive_file.twilio_sms_zip",
            "data.archive_file.twilio_studio_zip",
            "data.aws_iam_policy_document.lambda_assume",
            "data.aws_secretsmanager_secret.openai_api_key",
            "data.aws_secretsmanager_secret.twilio_auth_token",
            "null_resource.chat_orchestrator_vendor",
            "null_resource.package_lambda",
            "null_resource.twilio_sms_vendor",
            "null_resource.twilio_studio_vendor",
            "random_password.api_key"
          ]
        }
      ]
    },
    {
      "mode": "managed",
      "type": "aws_cloudwatch_log_group",
      "name": "api_gw",
      "provider": "provider[\"registry.terraform.io/hashicorp/aws\"]",
      "instances": [
        {
          "schema_version": 0,
          "attributes": {
            "arn": "arn:aws:logs:us-east-1:566776836280:log-group:/aws/apigateway/mc-multichat-dev-api",
            "id": "/aws/apigateway/mc-multichat-dev-api",
            "kms_key_id": "",
            "log_group_class": "STANDARD",
            "name": "/aws/apigateway/mc-multichat-dev-api",
            "name_prefix": "",
            "region": "us-east-1",
            "retention_in_days": 14,
            "skip_destroy": false,
            "tags": {
              "Env": "dev",
              "Project": "mc-multichat"
            },
            "tags_all": {
              "Env": "dev",
              "Project": "mc-multichat"
            }
          },
          "sensitive_attributes": [],
          "identity_schema_version": 0,
          "identity": {
            "account_id": "566776836280",
            "name": "/aws/apigateway/mc-multichat-dev-api",
            "region": "us-east-1"
          },
          "private": "bnVsbA==",
          "dependencies": [
            "aws_api_gateway_rest_api.rest"
          ]
        }
      ]
    },
    {
      "mode": "managed",
      "type": "aws_cloudwatch_log_group",
      "name": "lambda",
      "provider": "provider[\"registry.terraform.io/hashicorp/aws\"]",
      "instances": [
        {
          "schema_version": 0,
          "attributes": {
            "arn": "arn:aws:logs:us-east-1:566776836280:log-group:/aws/lambda/mc-multichat-dev-health",
            "id": "/aws/lambda/mc-multichat-dev-health",
            "kms_key_id": "",
            "log_group_class": "STANDARD",
            "name": "/aws/lambda/mc-multichat-dev-health",
            "name_prefix": "",
            "region": "us-east-1",
            "retention_in_days": 14,
            "skip_destroy": false,
            "tags": {
              "Env": "dev",
              "Project": "mc-multichat"
            },
            "tags_all": {
              "Env": "dev",
              "Project": "mc-multichat"
            }
          },
          "sensitive_attributes": [],
          "identity_schema_version": 0,
          "identity": {
            "account_id": "566776836280",
            "name": "/aws/lambda/mc-multichat-dev-health",
            "region": "us-east-1"
          },
          "private": "bnVsbA==",
          "create_before_destroy": true
        }
      ]
    },
    {
      "mode": "managed",
      "type": "aws_cloudwatch_log_group",
      "name": "lambda_kb_search",
      "provider": "provider[\"registry.terraform.io/hashicorp/aws\"]",
      "instances": [
        {
          "schema_version": 0,
          "attributes": {
            "arn": "arn:aws:logs:us-east-1:566776836280:log-group:/aws/lambda/mc-multichat-dev-kb-search",
            "id": "/aws/lambda/mc-multichat-dev-kb-search",
            "kms_key_id": "",
            "log_group_class": "STANDARD",
            "name": "/aws/lambda/mc-multichat-dev-kb-search",
            "name_prefix": "",
            "region": "us-east-1",
            "retention_in_days": 14,
            "skip_destroy": false,
            "tags": {
              "Env": "dev",
              "Project": "mc-multichat"
            },
            "tags_all": {
              "Env": "dev",
              "Project": "mc-multichat"
            }
          },
          "sensitive_attributes": [],
          "identity_schema_version": 0,
          "identity": {
            "account_id": "566776836280",
            "name": "/aws/lambda/mc-multichat-dev-kb-search",
            "region": "us-east-1"
          },
          "private": "bnVsbA==",
          "create_before_destroy": true
        }
      ]
    },
    {
      "mode": "managed",
      "type": "aws_db_instance",
      "name": "pg",
      "provider": "provider[\"registry.terraform.io/hashicorp/aws\"]",
      "instances": [
        {
          "schema_version": 2,
          "attributes": {
            "address": "mc-multichat-dev-pg.cwglusrb45if.us-east-1.rds.amazonaws.com",
            "allocated_storage": 20,
            "allow_major_version_upgrade": null,
            "apply_immediately": true,
            "arn": "arn:aws:rds:us-east-1:566776836280:db:mc-multichat-dev-pg",
            "auto_minor_version_upgrade": true,
            "availability_zone": "us-east-1c",
            "backup_retention_period": 0,
            "backup_target": "region",
            "backup_window": "05:16-05:46",
            "blue_green_update": [],
            "ca_cert_identifier": "rds-ca-rsa2048-g1",
            "character_set_name": "",
            "copy_tags_to_snapshot": false,
            "custom_iam_instance_profile": "",
            "customer_owned_ip_enabled": false,
            "database_insights_mode": "standard",
            "db_name": "multichatdev",
            "db_subnet_group_name": "mc-multichat-dev-pg-subnets",
            "dedicated_log_volume": false,
            "delete_automated_backups": true,
            "deletion_protection": false,
            "domain": "",
            "domain_auth_secret_arn": "",
            "domain_dns_ips": [],
            "domain_fqdn": "",
            "domain_iam_role_name": "",
            "domain_ou": "",
            "enabled_cloudwatch_logs_exports": [],
            "endpoint": "mc-multichat-dev-pg.cwglusrb45if.us-east-1.rds.amazonaws.com:5432",
            "engine": "postgres",
            "engine_lifecycle_support": "open-source-rds-extended-support",
            "engine_version": "16.8",
            "engine_version_actual": "16.8",
            "final_snapshot_identifier": null,
            "hosted_zone_id": "Z2R2ITUGPM61AM",
            "iam_database_authentication_enabled": false,
            "id": "db-CBFS3SERG4CUZ7JGGLK3LCL3VA",
            "identifier": "mc-multichat-dev-pg",
            "identifier_prefix": "",
            "instance_class": "db.t4g.micro",
            "iops": 3000,
            "kms_key_id": "",
            "latest_restorable_time": "",
            "license_model": "postgresql-license",
            "listener_endpoint": [],
            "maintenance_window": "sun:04:26-sun:04:56",
            "manage_master_user_password": null,
            "master_user_secret": [],
            "master_user_secret_kms_key_id": null,
            "max_allocated_storage": 0,
            "monitoring_interval": 0,
            "monitoring_role_arn": "",
            "multi_az": false,
            "nchar_character_set_name": "",
            "network_type": "IPV4",
            "option_group_name": "default:postgres-16",
            "parameter_group_name": "default.postgres16",
            "password": "Z}\u003ci!Whe3(y2+x84d:*:H3u22wJLka[r",
            "password_wo": null,
            "password_wo_version": null,
            "performance_insights_enabled": false,
            "performance_insights_kms_key_id": "",
            "performance_insights_retention_period": 0,
            "port": 5432,
            "publicly_accessible": true,
            "region": "us-east-1",
            "replica_mode": "",
            "replicas": [],
            "replicate_source_db": "",
            "resource_id": "db-CBFS3SERG4CUZ7JGGLK3LCL3VA",
            "restore_to_point_in_time": [],
            "s3_import": [],
            "skip_final_snapshot": true,
            "snapshot_identifier": null,
            "status": "available",
            "storage_encrypted": false,
            "storage_throughput": 125,
            "storage_type": "gp3",
            "tags": {
              "Env": "dev",
              "Project": "mc-multichat"
            },
            "tags_all": {
              "Env": "dev",
              "Project": "mc-multichat"
            },
            "timeouts": null,
            "timezone": "",
            "upgrade_storage_config": null,
            "username": "postgres",
            "vpc_security_group_ids": [
              "sg-0b895c878317ad245"
            ]
          },
          "sensitive_attributes": [
            [
              {
                "type": "get_attr",
                "value": "password"
              }
            ],
            [
              {
                "type": "get_attr",
                "value": "password_wo"
              }
            ]
          ],
          "identity_schema_version": 0,
          "private": "eyJlMmJmYjczMC1lY2FhLTExZTYtOGY4OC0zNDM2M2JjN2M0YzAiOnsiY3JlYXRlIjozMDAwMDAwMDAwMDAwLCJkZWxldGUiOjM2MDAwMDAwMDAwMDAsInVwZGF0ZSI6NDgwMDAwMDAwMDAwMH0sInNjaGVtYV92ZXJzaW9uIjoiMiJ9",
          "dependencies": [
            "aws_db_subnet_group.pg",
            "aws_security_group.pg",
            "data.aws_subnets.default_vpc_subnets",
            "data.aws_vpc.default",
            "random_password.rds_master"
          ]
        }
      ]
    },
    {
      "mode": "managed",
      "type": "aws_db_subnet_group",
      "name": "pg",
      "provider": "provider[\"registry.terraform.io/hashicorp/aws\"]",
      "instances": [
        {
          "schema_version": 0,
          "attributes": {
            "arn": "arn:aws:rds:us-east-1:566776836280:subgrp:mc-multichat-dev-pg-subnets",
            "description": "Managed by Terraform",
            "id": "mc-multichat-dev-pg-subnets",
            "name": "mc-multichat-dev-pg-subnets",
            "name_prefix": "",
            "region": "us-east-1",
            "subnet_ids": [
              "subnet-41bdf60b",
              "subnet-6fe49960",
              "subnet-b269edee",
              "subnet-c87db2f6",
              "subnet-d071cab7",
              "subnet-f45cdada"
            ],
            "supported_network_types": [
              "IPV4"
            ],
            "tags": {
              "Env": "dev",
              "Project": "mc-multichat"
            },
            "tags_all": {
              "Env": "dev",
              "Project": "mc-multichat"
            },
            "vpc_id": "vpc-2667b35c"
          },
          "sensitive_attributes": [],
          "identity_schema_version": 0,
          "private": "bnVsbA==",
          "dependencies": [
            "data.aws_subnets.default_vpc_subnets",
            "data.aws_vpc.default"
          ]
        }
      ]
    },
    {
      "mode": "managed",
      "type": "aws_dynamodb_table",
      "name": "clients",
      "provider": "provider[\"registry.terraform.io/hashicorp/aws\"]",
      "instances": [
        {
          "schema_version": 1,
          "attributes": {
            "arn": "arn:aws:dynamodb:us-east-1:566776836280:table/mc-multichat-dev-clients",
            "attribute": [
              {
                "name": "client_id",
                "type": "S"
              }
            ],
            "billing_mode": "PAY_PER_REQUEST",
            "deletion_protection_enabled": false,
            "global_secondary_index": [],
            "hash_key": "client_id",
            "id": "mc-multichat-dev-clients",
            "import_table": [],
            "local_secondary_index": [],
            "name": "mc-multichat-dev-clients",
            "on_demand_throughput": [],
            "point_in_time_recovery": [
              {
                "enabled": false,
                "recovery_period_in_days": 0
              }
            ],
            "range_key": null,
            "read_capacity": 0,
            "region": "us-east-1",
            "replica": [],
            "restore_date_time": null,
            "restore_source_name": null,
            "restore_source_table_arn": null,
            "restore_to_latest_time": null,
            "server_side_encryption": [],
            "stream_arn": "",
            "stream_enabled": false,
            "stream_label": "",
            "stream_view_type": "",
            "table_class": "STANDARD",
            "tags": {
              "Env": "dev",
              "Project": "mc-multichat"
            },
            "tags_all": {
              "Env": "dev",
              "Project": "mc-multichat"
            },
            "timeouts": null,
            "ttl": [
              {
                "attribute_name": "",
                "enabled": false
              }
            ],
            "write_capacity": 0
          },
          "sensitive_attributes": [],
          "identity_schema_version": 0,
          "private": "eyJlMmJmYjczMC1lY2FhLTExZTYtOGY4OC0zNDM2M2JjN2M0YzAiOnsiY3JlYXRlIjoxODAwMDAwMDAwMDAwLCJkZWxldGUiOjYwMDAwMDAwMDAwMCwidXBkYXRlIjozNjAwMDAwMDAwMDAwfSwic2NoZW1hX3ZlcnNpb24iOiIxIn0=",
          "create_before_destroy": true
        }
      ]
    },
    {
      "mode": "managed",
      "type": "aws_dynamodb_table",
      "name": "conversations",
      "provider": "provider[\"registry.terraform.io/hashicorp/aws\"]",
      "instances": [
        {
          "schema_version": 1,
          "attributes": {
            "arn": "arn:aws:dynamodb:us-east-1:566776836280:table/mc-multichat-dev-conversations",
            "attribute": [
              {
                "name": "gsi1pk",
                "type": "S"
              },
              {
                "name": "gsi1sk",
                "type": "S"
              },
              {
                "name": "pk",
                "type": "S"
              },
              {
                "name": "sk",
                "type": "S"
              }
            ],
            "billing_mode": "PAY_PER_REQUEST",
            "deletion_protection_enabled": false,
            "global_secondary_index": [
              {
                "hash_key": "gsi1pk",
                "name": "gsi1",
                "non_key_attributes": [],
                "on_demand_throughput": [],
                "projection_type": "ALL",
                "range_key": "gsi1sk",
                "read_capacity": 0,
                "write_capacity": 0
              }
            ],
            "hash_key": "pk",
            "id": "mc-multichat-dev-conversations",
            "import_table": [],
            "local_secondary_index": [],
            "name": "mc-multichat-dev-conversations",
            "on_demand_throughput": [],
            "point_in_time_recovery": [
              {
                "enabled": false,
                "recovery_period_in_days": 0
              }
            ],
            "range_key": "sk",
            "read_capacity": 0,
            "region": "us-east-1",
            "replica": [],
            "restore_date_time": null,
            "restore_source_name": null,
            "restore_source_table_arn": null,
            "restore_to_latest_time": null,
            "server_side_encryption": [],
            "stream_arn": "",
            "stream_enabled": false,
            "stream_label": "",
            "stream_view_type": "",
            "table_class": "STANDARD",
            "tags": {
              "Env": "dev",
              "Project": "mc-multichat"
            },
            "tags_all": {
              "Env": "dev",
              "Project": "mc-multichat"
            },
            "timeouts": null,
            "ttl": [
              {
                "attribute_name": "",
                "enabled": false
              }
            ],
            "write_capacity": 0
          },
          "sensitive_attributes": [],
          "identity_schema_version": 0,
          "private": "eyJlMmJmYjczMC1lY2FhLTExZTYtOGY4OC0zNDM2M2JjN2M0YzAiOnsiY3JlYXRlIjoxODAwMDAwMDAwMDAwLCJkZWxldGUiOjYwMDAwMDAwMDAwMCwidXBkYXRlIjozNjAwMDAwMDAwMDAwfSwic2NoZW1hX3ZlcnNpb24iOiIxIn0=",
          "create_before_destroy": true
        }
      ]
    },
    {
      "mode": "managed",
      "type": "aws_dynamodb_table",
      "name": "phone_routes",
      "provider": "provider[\"registry.terraform.io/hashicorp/aws\"]",
      "instances": [
        {
          "schema_version": 1,
          "attributes": {
            "arn": "arn:aws:dynamodb:us-east-1:566776836280:table/mc-multichat-dev-phone-routes",
            "attribute": [
              {
                "name": "phone_e164",
                "type": "S"
              }
            ],
            "billing_mode": "PAY_PER_REQUEST",
            "deletion_protection_enabled": false,
            "global_secondary_index": [],
            "hash_key": "phone_e164",
            "id": "mc-multichat-dev-phone-routes",
            "import_table": [],
            "local_secondary_index": [],
            "name": "mc-multichat-dev-phone-routes",
            "on_demand_throughput": [],
            "point_in_time_recovery": [
              {
                "enabled": false,
                "recovery_period_in_days": 0
              }
            ],
            "range_key": null,
            "read_capacity": 0,
            "region": "us-east-1",
            "replica": [],
            "restore_date_time": null,
            "restore_source_name": null,
            "restore_source_table_arn": null,
            "restore_to_latest_time": null,
            "server_side_encryption": [],
            "stream_arn": "",
            "stream_enabled": false,
            "stream_label": "",
            "stream_view_type": "",
            "table_class": "STANDARD",
            "tags": {
              "Env": "dev",
              "Project": "mc-multichat"
            },
            "tags_all": {
              "Env": "dev",
              "Project": "mc-multichat"
            },
            "timeouts": null,
            "ttl": [
              {
                "attribute_name": "",
                "enabled": false
              }
            ],
            "write_capacity": 0
          },
          "sensitive_attributes": [],
          "identity_schema_version": 0,
          "private": "eyJlMmJmYjczMC1lY2FhLTExZTYtOGY4OC0zNDM2M2JjN2M0YzAiOnsiY3JlYXRlIjoxODAwMDAwMDAwMDAwLCJkZWxldGUiOjYwMDAwMDAwMDAwMCwidXBkYXRlIjozNjAwMDAwMDAwMDAwfSwic2NoZW1hX3ZlcnNpb24iOiIxIn0=",
          "create_before_destroy": true
        }
      ]
    },
    {
      "mode": "managed",
      "type": "aws_iam_role",
      "name": "lambda_exec",
      "provider": "provider[\"registry.terraform.io/hashicorp/aws\"]",
      "instances": [
        {
          "schema_version": 0,
          "attributes": {
            "arn": "arn:aws:iam::566776836280:role/mc-multichat-dev-lambda-execute",
            "assume_role_policy": "{\"Statement\":[{\"Action\":\"sts:AssumeRole\",\"Effect\":\"Allow\",\"Principal\":{\"Service\":\"lambda.amazonaws.com\"}}],\"Version\":\"2012-10-17\"}",
            "create_date": "2025-08-21T21:10:34Z",
            "description": "",
            "force_detach_policies": false,
            "id": "mc-multichat-dev-lambda-execute",
            "inline_policy": [
              {
                "name": "mc-multichat-dev-lambda-policy",
                "policy": "{\"Version\":\"2012-10-17\",\"Statement\":[{\"Action\":[\"logs:CreateLogGroup\",\"logs:CreateLogStream\",\"logs:PutLogEvents\"],\"Effect\":\"Allow\",\"Resource\":\"arn:aws:logs:*:*:*\"},{\"Action\":[\"dynamodb:PutItem\",\"dynamodb:GetItem\",\"dynamodb:UpdateItem\",\"dynamodb:Query\",\"dynamodb:Scan\",\"dynamodb:BatchWriteItem\",\"dynamodb:DeleteItem\"],\"Effect\":\"Allow\",\"Resource\":[\"arn:aws:dynamodb:us-east-1:566776836280:table/mc-multichat-dev-clients\",\"arn:aws:dynamodb:us-east-1:566776836280:table/mc-multichat-dev-conversations\",\"arn:aws:dynamodb:us-east-1:566776836280:table/mc-multichat-dev-phone-routes\"]},{\"Action\":[\"secretsmanager:GetSecretValue\"],\"Effect\":\"Allow\",\"Resource\":[\"arn:aws:secretsmanager:us-east-1:566776836280:secret:mc-multichat-dev/openai_api_key-j7Y3Er\",\"arn:aws:secretsmanager:us-east-1:566776836280:secret:mc-multichat-dev/twilio_auth_token-0borOs\",\"arn:aws:secretsmanager:us-east-1:566776836280:secret:mc-multichat-dev/twilio_account_sid-f95fuZ\",\"arn:aws:secretsmanager:us-east-1:566776836280:secret:mc-multichat-dev/studio_bearer-8OSKLO\",\"arn:aws:secretsmanager:us-east-1:566776836280:secret:mc-multichat-dev/rds-BFnl95\",\"arn:aws:secretsmanager:us-east-1:566776836280:secret:mc-multichat-dev/apigw_api_key-uDU4Iz\"]},{\"Action\":[\"lambda:InvokeFunction\"],\"Effect\":\"Allow\",\"Resource\":\"*\"}]}"
              }
            ],
            "managed_policy_arns": [],
            "max_session_duration": 3600,
            "name": "mc-multichat-dev-lambda-execute",
            "name_prefix": "",
            "path": "/",
            "permissions_boundary": "",
            "tags": {
              "Env": "dev",
              "Project": "mc-multichat"
            },
            "tags_all": {
              "Env": "dev",
              "Project": "mc-multichat"
            },
            "unique_id": "AROAYH5UIGC4NP4LTC3IM"
          },
          "sensitive_attributes": [],
          "identity_schema_version": 0,
          "identity": {
            "account_id": "566776836280",
            "name": "mc-multichat-dev-lambda-execute"
          },
          "private": "bnVsbA==",
          "dependencies": [
            "data.aws_iam_policy_document.lambda_assume"
          ],
          "create_before_destroy": true
        }
      ]
    },
    {
      "mode": "managed",
      "type": "aws_iam_role_policy",
      "name": "lambda_policy",
      "provider": "provider[\"registry.terraform.io/hashicorp/aws\"]",
      "instances": [
        {
          "schema_version": 0,
          "attributes": {
            "id": "mc-multichat-dev-lambda-execute:mc-multichat-dev-lambda-policy",
            "name": "mc-multichat-dev-lambda-policy",
            "name_prefix": "",
            "policy": "{\"Version\":\"2012-10-17\",\"Statement\":[{\"Action\":[\"logs:CreateLogGroup\",\"logs:CreateLogStream\",\"logs:PutLogEvents\"],\"Effect\":\"Allow\",\"Resource\":\"arn:aws:logs:*:*:*\"},{\"Action\":[\"dynamodb:PutItem\",\"dynamodb:GetItem\",\"dynamodb:UpdateItem\",\"dynamodb:Query\",\"dynamodb:Scan\",\"dynamodb:BatchWriteItem\",\"dynamodb:DeleteItem\"],\"Effect\":\"Allow\",\"Resource\":[\"arn:aws:dynamodb:us-east-1:566776836280:table/mc-multichat-dev-clients\",\"arn:aws:dynamodb:us-east-1:566776836280:table/mc-multichat-dev-conversations\",\"arn:aws:dynamodb:us-east-1:566776836280:table/mc-multichat-dev-phone-routes\"]},{\"Action\":[\"secretsmanager:GetSecretValue\"],\"Effect\":\"Allow\",\"Resource\":[\"arn:aws:secretsmanager:us-east-1:566776836280:secret:mc-multichat-dev/openai_api_key-j7Y3Er\",\"arn:aws:secretsmanager:us-east-1:566776836280:secret:mc-multichat-dev/twilio_auth_token-0borOs\",\"arn:aws:secretsmanager:us-east-1:566776836280:secret:mc-multichat-dev/twilio_account_sid-f95fuZ\",\"arn:aws:secretsmanager:us-east-1:566776836280:secret:mc-multichat-dev/studio_bearer-8OSKLO\",\"arn:aws:secretsmanager:us-east-1:566776836280:secret:mc-multichat-dev/rds-BFnl95\",\"arn:aws:secretsmanager:us-east-1:566776836280:secret:mc-multichat-dev/apigw_api_key-uDU4Iz\"]},{\"Action\":[\"lambda:InvokeFunction\"],\"Effect\":\"Allow\",\"Resource\":\"*\"}]}",
            "role": "mc-multichat-dev-lambda-execute"
          },
          "sensitive_attributes": [],
          "identity_schema_version": 0,
          "identity": {
            "account_id": "566776836280",
            "name": "mc-multichat-dev-lambda-policy",
            "role": "mc-multichat-dev-lambda-execute"
          },
          "private": "bnVsbA==",
          "dependencies": [
            "aws_dynamodb_table.clients",
            "aws_dynamodb_table.conversations",
            "aws_dynamodb_table.phone_routes",
            "aws_iam_role.lambda_exec",
            "aws_secretsmanager_secret.apigw_api_key",
            "aws_secretsmanager_secret.rds_credentials",
            "aws_secretsmanager_secret.studio_bearer",
            "aws_secretsmanager_secret.twilio_account_sid",
            "data.aws_iam_policy_document.lambda_assume",
            "data.aws_secretsmanager_secret.openai_api_key",
            "data.aws_secretsmanager_secret.twilio_auth_token"
          ]
        }
      ]
    },
    {
      "mode": "managed",
      "type": "aws_lambda_function",
      "name": "chat_orchestrator",
      "provider": "provider[\"registry.terraform.io/hashicorp/aws\"]",
      "instances": [
        {
          "schema_version": 0,
          "attributes": {
            "architectures": [
              "arm64"
            ],
            "arn": "arn:aws:lambda:us-east-1:566776836280:function:mc-multichat-dev-chat-orchestrator",
            "code_sha256": "OG+ckm7YYQ16v5Dt8spHfjfJAQXtC2XB59c9lJLTs/4=",
            "code_signing_config_arn": "",
            "dead_letter_config": [],
            "description": "",
            "environment": [
              {
                "variables": {
                  "APIGW_KEY_SECRET_ARN": "arn:aws:secretsmanager:us-east-1:566776836280:secret:mc-multichat-dev/apigw_api_key-uDU4Iz",
                  "API_REST_ID": "414c4ggxih",
                  "API_STAGE_NAME": "v1",
                  "DDB_CLIENTS": "mc-multichat-dev-clients",
                  "DDB_CONVERSATIONS": "mc-multichat-dev-conversations",
                  "LEAD_DEDUPE_MINUTES": "120",
                  "LEAD_MAX_QUESTIONS": "3",
                  "LEAD_NOTIFY_CLIENT_SMS": "true",
                  "LOG_LEVEL": "DEBUG",
                  "MAX_HISTORY_TURNS": "10",
                  "MAX_TOOL_LOOPS": "3",
                  "MODEL_NAME": "gpt-4o-mini",
                  "OPENAI_SECRET_ARN": "arn:aws:secretsmanager:us-east-1:566776836280:secret:mc-multichat-dev/openai_api_key-j7Y3Er",
                  "SCHED_BUFFER_MINUTES": "5",
                  "SCHED_DAYS_AHEAD": "7",
                  "SCHED_HOLD_MINUTES": "15",
                  "SCHED_SLOT_MINUTES": "30",
                  "SCHED_SOURCE": "owner",
                  "TWILIO_SID_ARN": "arn:aws:secretsmanager:us-east-1:566776836280:secret:mc-multichat-dev/twilio_account_sid-f95fuZ",
                  "TWILIO_TOKEN_ARN": "arn:aws:secretsmanager:us-east-1:566776836280:secret:mc-multichat-dev/twilio_auth_token-0borOs"
                }
              }
            ],
            "ephemeral_storage": [
              {
                "size": 512
              }
            ],
            "file_system_config": [],
            "filename": "./.terraform/artifacts/chat_orchestrator.zip",
            "function_name": "mc-multichat-dev-chat-orchestrator",
            "handler": "handler.lambda_handler",
            "id": "mc-multichat-dev-chat-orchestrator",
            "image_config": [],
            "image_uri": "",
            "invoke_arn": "arn:aws:apigateway:us-east-1:lambda:path/2015-03-31/functions/arn:aws:lambda:us-east-1:566776836280:function:mc-multichat-dev-chat-orchestrator/invocations",
            "kms_key_arn": "",
            "last_modified": "2025-12-05T02:34:14.000+0000",
            "layers": [],
            "logging_config": [
              {
                "application_log_level": "",
                "log_format": "Text",
                "log_group": "/aws/lambda/mc-multichat-dev-chat-orchestrator",
                "system_log_level": ""
              }
            ],
            "memory_size": 128,
            "package_type": "Zip",
            "publish": false,
            "qualified_arn": "arn:aws:lambda:us-east-1:566776836280:function:mc-multichat-dev-chat-orchestrator:$LATEST",
            "qualified_invoke_arn": "arn:aws:apigateway:us-east-1:lambda:path/2015-03-31/functions/arn:aws:lambda:us-east-1:566776836280:function:mc-multichat-dev-chat-orchestrator:$LATEST/invocations",
            "region": "us-east-1",
            "replace_security_groups_on_destroy": null,
            "replacement_security_group_ids": null,
            "reserved_concurrent_executions": -1,
            "role": "arn:aws:iam::566776836280:role/mc-multichat-dev-lambda-execute",
            "runtime": "python3.13",
            "s3_bucket": null,
            "s3_key": null,
            "s3_object_version": null,
            "signing_job_arn": "",
            "signing_profile_version_arn": "",
            "skip_destroy": false,
            "snap_start": [],
            "source_code_hash": "OG+ckm7YYQ16v5Dt8spHfjfJAQXtC2XB59c9lJLTs/4=",
            "source_code_size": 18367371,
            "tags": {
              "Env": "dev",
              "Project": "mc-multichat"
            },
            "tags_all": {
              "Env": "dev",
              "Project": "mc-multichat"
            },
            "timeout": 30,
            "timeouts": null,
            "tracing_config": [
              {
                "mode": "PassThrough"
              }
            ],
            "version": "$LATEST",
            "vpc_config": []
          },
          "sensitive_attributes": [],
          "identity_schema_version": 0,
          "identity": {
            "account_id": "566776836280",
            "function_name": "mc-multichat-dev-chat-orchestrator",
            "region": "us-east-1"
          },
          "private": "eyJlMmJmYjczMC1lY2FhLTExZTYtOGY4OC0zNDM2M2JjN2M0YzAiOnsiY3JlYXRlIjo2MDAwMDAwMDAwMDAsImRlbGV0ZSI6NjAwMDAwMDAwMDAwLCJ1cGRhdGUiOjYwMDAwMDAwMDAwMH19",
          "dependencies": [
            "aws_api_gateway_rest_api.rest",
            "aws_dynamodb_table.clients",
            "aws_dynamodb_table.conversations",
            "aws_iam_role.lambda_exec",
            "aws_secretsmanager_secret.apigw_api_key",
            "aws_secretsmanager_secret.twilio_account_sid",
            "data.archive_file.chat_orchestrator_zip",
            "data.aws_iam_policy_document.lambda_assume",
            "data.aws_secretsmanager_secret.openai_api_key",
            "data.aws_secretsmanager_secret.twilio_auth_token",
            "null_resource.chat_orchestrator_vendor"
          ],
          "create_before_destroy": true
        }
      ]
    },
    {
      "mode": "managed",
      "type": "aws_lambda_function",
      "name": "health",
      "provider": "provider[\"registry.terraform.io/hashicorp/aws\"]",
      "instances": [
        {
          "schema_version": 0,
          "attributes": {
            "architectures": [
              "arm64"
            ],
            "arn": "arn:aws:lambda:us-east-1:566776836280:function:mc-multichat-dev-health",
            "code_sha256": "eCX1OMn0MWNGKau6cRUZTglb5S87rZ1UFKGXNytfmcg=",
            "code_signing_config_arn": "",
            "dead_letter_config": [],
            "description": "",
            "environment": [
              {
                "variables": {
                  "LOG_LEVEL": "DEBUG"
                }
              }
            ],
            "ephemeral_storage": [
              {
                "size": 512
              }
            ],
            "file_system_config": [],
            "filename": "./.terraform/artifacts/health.zip",
            "function_name": "mc-multichat-dev-health",
            "handler": "handler.lambda_handler",
            "id": "mc-multichat-dev-health",
            "image_config": [],
            "image_uri": "",
            "invoke_arn": "arn:aws:apigateway:us-east-1:lambda:path/2015-03-31/functions/arn:aws:lambda:us-east-1:566776836280:function:mc-multichat-dev-health/invocations",
            "kms_key_arn": "",
            "last_modified": "2025-08-31T17:06:41.000+0000",
            "layers": [],
            "logging_config": [
              {
                "application_log_level": "INFO",
                "log_format": "JSON",
                "log_group": "/aws/lambda/mc-multichat-dev-health",
                "system_log_level": "INFO"
              }
            ],
            "memory_size": 128,
            "package_type": "Zip",
            "publish": false,
            "qualified_arn": "arn:aws:lambda:us-east-1:566776836280:function:mc-multichat-dev-health:1",
            "qualified_invoke_arn": "arn:aws:apigateway:us-east-1:lambda:path/2015-03-31/functions/arn:aws:lambda:us-east-1:566776836280:function:mc-multichat-dev-health:1/invocations",
            "region": "us-east-1",
            "replace_security_groups_on_destroy": null,
            "replacement_security_group_ids": null,
            "reserved_concurrent_executions": -1,
            "role": "arn:aws:iam::566776836280:role/mc-multichat-dev-lambda-execute",
            "runtime": "python3.13",
            "s3_bucket": null,
            "s3_key": null,
            "s3_object_version": null,
            "signing_job_arn": "",
            "signing_profile_version_arn": "",
            "skip_destroy": false,
            "snap_start": [],
            "source_code_hash": "eCX1OMn0MWNGKau6cRUZTglb5S87rZ1UFKGXNytfmcg=",
            "source_code_size": 846,
            "tags": {
              "Env": "dev",
              "Project": "mc-multichat"
            },
            "tags_all": {
              "Env": "dev",
              "Project": "mc-multichat"
            },
            "timeout": 3,
            "timeouts": null,
            "tracing_config": [
              {
                "mode": "PassThrough"
              }
            ],
            "version": "1",
            "vpc_config": []
          },
          "sensitive_attributes": [],
          "identity_schema_version": 0,
          "identity": {
            "account_id": "566776836280",
            "function_name": "mc-multichat-dev-health",
            "region": "us-east-1"
          },
          "private": "eyJlMmJmYjczMC1lY2FhLTExZTYtOGY4OC0zNDM2M2JjN2M0YzAiOnsiY3JlYXRlIjo2MDAwMDAwMDAwMDAsImRlbGV0ZSI6NjAwMDAwMDAwMDAwLCJ1cGRhdGUiOjYwMDAwMDAwMDAwMH19",
          "dependencies": [
            "aws_cloudwatch_log_group.lambda",
            "aws_iam_role.lambda_exec",
            "data.archive_file.health_zip",
            "data.aws_iam_policy_document.lambda_assume"
          ],
          "create_before_destroy": true
        }
      ]
    },
    {
      "mode": "managed",
      "type": "aws_lambda_function",
      "name": "kb_search",
      "provider": "provider[\"registry.terraform.io/hashicorp/aws\"]",
      "instances": [
        {
          "schema_version": 0,
          "attributes": {
            "architectures": [
              "arm64"
            ],
            "arn": "arn:aws:lambda:us-east-1:566776836280:function:mc-multichat-dev-kb-search",
            "code_sha256": "5oYt/+NKGOUxHmHh5RnAXEAFY0Dk65L2NTIXRt1pU9s=",
            "code_signing_config_arn": "",
            "dead_letter_config": [],
            "description": "",
            "environment": [
              {
                "variables": {
                  "EMBED_DIM": "1536",
                  "LOG_LEVEL": "DEBUG",
                  "OPENAI_SECRET_ARN": "arn:aws:secretsmanager:us-east-1:566776836280:secret:mc-multichat-dev/openai_api_key-j7Y3Er",
                  "RDS_SECRET_ARN": "arn:aws:secretsmanager:us-east-1:566776836280:secret:mc-multichat-dev/rds-BFnl95"
                }
              }
            ],
            "ephemeral_storage": [
              {
                "size": 512
              }
            ],
            "file_system_config": [],
            "filename": "./.terraform/artifacts/kb_search.zip",
            "function_name": "mc-multichat-dev-kb-search",
            "handler": "handler.lambda_handler",
            "id": "mc-multichat-dev-kb-search",
            "image_config": [],
            "image_uri": "",
            "invoke_arn": "arn:aws:apigateway:us-east-1:lambda:path/2015-03-31/functions/arn:aws:lambda:us-east-1:566776836280:function:mc-multichat-dev-kb-search/invocations",
            "kms_key_arn": "",
            "last_modified": "2025-10-31T14:40:31.000+0000",
            "layers": [],
            "logging_config": [
              {
                "application_log_level": "INFO",
                "log_format": "JSON",
                "log_group": "/aws/lambda/mc-multichat-dev-kb-search",
                "system_log_level": "INFO"
              }
            ],
            "memory_size": 128,
            "package_type": "Zip",
            "publish": false,
            "qualified_arn": "arn:aws:lambda:us-east-1:566776836280:function:mc-multichat-dev-kb-search:$LATEST",
            "qualified_invoke_arn": "arn:aws:apigateway:us-east-1:lambda:path/2015-03-31/functions/arn:aws:lambda:us-east-1:566776836280:function:mc-multichat-dev-kb-search:$LATEST/invocations",
            "region": "us-east-1",
            "replace_security_groups_on_destroy": null,
            "replacement_security_group_ids": null,
            "reserved_concurrent_executions": -1,
            "role": "arn:aws:iam::566776836280:role/mc-multichat-dev-lambda-execute",
            "runtime": "python3.13",
            "s3_bucket": null,
            "s3_key": null,
            "s3_object_version": null,
            "signing_job_arn": "",
            "signing_profile_version_arn": "",
            "skip_destroy": false,
            "snap_start": [],
            "source_code_hash": "5oYt/+NKGOUxHmHh5RnAXEAFY0Dk65L2NTIXRt1pU9s=",
            "source_code_size": 2003482,
            "tags": {
              "Env": "dev",
              "Project": "mc-multichat"
            },
            "tags_all": {
              "Env": "dev",
              "Project": "mc-multichat"
            },
            "timeout": 15,
            "timeouts": null,
            "tracing_config": [
              {
                "mode": "PassThrough"
              }
            ],
            "version": "$LATEST",
            "vpc_config": []
          },
          "sensitive_attributes": [],
          "identity_schema_version": 0,
          "identity": {
            "account_id": "566776836280",
            "function_name": "mc-multichat-dev-kb-search",
            "region": "us-east-1"
          },
          "private": "eyJlMmJmYjczMC1lY2FhLTExZTYtOGY4OC0zNDM2M2JjN2M0YzAiOnsiY3JlYXRlIjo2MDAwMDAwMDAwMDAsImRlbGV0ZSI6NjAwMDAwMDAwMDAwLCJ1cGRhdGUiOjYwMDAwMDAwMDAwMH19",
          "dependencies": [
            "aws_cloudwatch_log_group.lambda_kb_search",
            "aws_iam_role.lambda_exec",
            "aws_secretsmanager_secret.rds_credentials",
            "data.archive_file.kb_search_zip",
            "data.aws_iam_policy_document.lambda_assume",
            "data.aws_secretsmanager_secret.openai_api_key",
            "null_resource.package_lambda"
          ],
          "create_before_destroy": true
        }
      ]
    },
    {
      "mode": "managed",
      "type": "aws_lambda_function",
      "name": "twilio_sms",
      "provider": "provider[\"registry.terraform.io/hashicorp/aws\"]",
      "instances": [
        {
          "schema_version": 0,
          "attributes": {
            "architectures": [
              "arm64"
            ],
            "arn": "arn:aws:lambda:us-east-1:566776836280:function:mc-multichat-dev-twilio-sms",
            "code_sha256": "zZ5AeO081OLwCsZW17Fy7JikqXnmoST1CxpSvlryw0g=",
            "code_signing_config_arn": "",
            "dead_letter_config": [],
            "description": "",
            "environment": [
              {
                "variables": {
                  "DDB_CLIENTS": "mc-multichat-dev-clients",
                  "DDB_CONVERSATIONS": "mc-multichat-dev-conversations",
                  "DDB_PHONE_ROUTES": "mc-multichat-dev-phone-routes",
                  "LOG_LEVEL": "DEBUG",
                  "OPTIN_KEYWORD": "hello",
                  "ORCHESTRATOR_FN": "mc-multichat-dev-chat-orchestrator",
                  "TWILIO_SID_ARN": "arn:aws:secretsmanager:us-east-1:566776836280:secret:mc-multichat-dev/twilio_account_sid-f95fuZ",
                  "TWILIO_TOKEN_ARN": "arn:aws:secretsmanager:us-east-1:566776836280:secret:mc-multichat-dev/twilio_auth_token-0borOs"
                }
              }
            ],
            "ephemeral_storage": [
              {
                "size": 512
              }
            ],
            "file_system_config": [],
            "filename": "./.terraform/artifacts/twilio_sms.zip",
            "function_name": "mc-multichat-dev-twilio-sms",
            "handler": "handler.lambda_handler",
            "id": "mc-multichat-dev-twilio-sms",
            "image_config": [],
            "image_uri": "",
            "invoke_arn": "arn:aws:apigateway:us-east-1:lambda:path/2015-03-31/functions/arn:aws:lambda:us-east-1:566776836280:function:mc-multichat-dev-twilio-sms/invocations",
            "kms_key_arn": "",
            "last_modified": "2025-11-26T00:54:20.000+0000",
            "layers": [],
            "logging_config": [
              {
                "application_log_level": "",
                "log_format": "Text",
                "log_group": "/aws/lambda/mc-multichat-dev-twilio-sms",
                "system_log_level": ""
              }
            ],
            "memory_size": 128,
            "package_type": "Zip",
            "publish": false,
            "qualified_arn": "arn:aws:lambda:us-east-1:566776836280:function:mc-multichat-dev-twilio-sms:$LATEST",
            "qualified_invoke_arn": "arn:aws:apigateway:us-east-1:lambda:path/2015-03-31/functions/arn:aws:lambda:us-east-1:566776836280:function:mc-multichat-dev-twilio-sms:$LATEST/invocations",
            "region": "us-east-1",
            "replace_security_groups_on_destroy": null,
            "replacement_security_group_ids": null,
            "reserved_concurrent_executions": -1,
            "role": "arn:aws:iam::566776836280:role/mc-multichat-dev-lambda-execute",
            "runtime": "python3.13",
            "s3_bucket": null,
            "s3_key": null,
            "s3_object_version": null,
            "signing_job_arn": "",
            "signing_profile_version_arn": "",
            "skip_destroy": false,
            "snap_start": [],
            "source_code_hash": "zZ5AeO081OLwCsZW17Fy7JikqXnmoST1CxpSvlryw0g=",
            "source_code_size": 17553722,
            "tags": {
              "Env": "dev",
              "Project": "mc-multichat"
            },
            "tags_all": {
              "Env": "dev",
              "Project": "mc-multichat"
            },
            "timeout": 30,
            "timeouts": null,
            "tracing_config": [
              {
                "mode": "PassThrough"
              }
            ],
            "version": "$LATEST",
            "vpc_config": []
          },
          "sensitive_attributes": [],
          "identity_schema_version": 0,
          "identity": {
            "account_id": "566776836280",
            "function_name": "mc-multichat-dev-twilio-sms",
            "region": "us-east-1"
          },
          "private": "eyJlMmJmYjczMC1lY2FhLTExZTYtOGY4OC0zNDM2M2JjN2M0YzAiOnsiY3JlYXRlIjo2MDAwMDAwMDAwMDAsImRlbGV0ZSI6NjAwMDAwMDAwMDAwLCJ1cGRhdGUiOjYwMDAwMDAwMDAwMH19",
          "dependencies": [
            "aws_api_gateway_rest_api.rest",
            "aws_dynamodb_table.clients",
            "aws_dynamodb_table.conversations",
            "aws_dynamodb_table.phone_routes",
            "aws_iam_role.lambda_exec",
            "aws_lambda_function.chat_orchestrator",
            "aws_secretsmanager_secret.apigw_api_key",
            "aws_secretsmanager_secret.twilio_account_sid",
            "data.archive_file.chat_orchestrator_zip",
            "data.archive_file.twilio_sms_zip",
            "data.aws_iam_policy_document.lambda_assume",
            "data.aws_secretsmanager_secret.openai_api_key",
            "data.aws_secretsmanager_secret.twilio_auth_token",
            "null_resource.chat_orchestrator_vendor",
            "null_resource.twilio_sms_vendor"
          ],
          "create_before_destroy": true
        }
      ]
    },
    {
      "mode": "managed",
      "type": "aws_lambda_function",
      "name": "twilio_studio",
      "provider": "provider[\"registry.terraform.io/hashicorp/aws\"]",
      "instances": [
        {
          "schema_version": 0,
          "attributes": {
            "architectures": [
              "arm64"
            ],
            "arn": "arn:aws:lambda:us-east-1:566776836280:function:mc-multichat-dev-twilio-studio",
            "code_sha256": "ed1LoExcI97WaQHlzw0wwYDQEqCFbXaRUv5m1EU0Muc=",
            "code_signing_config_arn": "",
            "dead_letter_config": [],
            "description": "",
            "environment": [
              {
                "variables": {
                  "API_STAGE": "v1",
                  "AUTO_REPLY_COOLDOWN_MIN": "45",
                  "DDB_CLIENTS": "mc-multichat-dev-clients",
                  "DDB_CONVERSATIONS": "mc-multichat-dev-conversations",
                  "DDB_PHONE_ROUTES": "mc-multichat-dev-phone-routes",
                  "DEFAULT_CONSENT_MESSAGE": "By pressing 1, you agree to receive text messages from us. Message frequency varies. Message and data rates may apply. For terms and privacy policy, visit our website. Reply STOP to opt out at any time.",
                  "DEFAULT_GREETING_MESSAGE": "Sorry we missed your call. Please leave a message after the tone.",
                  "EMBED_DIM": "1536",
                  "LOG_LEVEL": "DEBUG",
                  "OPENAI_SECRET_ARN": "arn:aws:secretsmanager:us-east-1:566776836280:secret:mc-multichat-dev/openai_api_key-j7Y3Er",
                  "ORCHESTRATOR_FN": "mc-multichat-dev-chat-orchestrator",
                  "RDS_SECRET_ARN": "arn:aws:secretsmanager:us-east-1:566776836280:secret:mc-multichat-dev/rds-BFnl95",
                  "STUDIO_BEARER_ARN": "arn:aws:secretsmanager:us-east-1:566776836280:secret:mc-multichat-dev/studio_bearer-8OSKLO",
                  "TWILIO_SID_ARN": "arn:aws:secretsmanager:us-east-1:566776836280:secret:mc-multichat-dev/twilio_account_sid-f95fuZ",
                  "TWILIO_SID_REQUIRED": "false",
                  "TWILIO_TOKEN_ARN": "arn:aws:secretsmanager:us-east-1:566776836280:secret:mc-multichat-dev/twilio_auth_token-0borOs"
                }
              }
            ],
            "ephemeral_storage": [
              {
                "size": 512
              }
            ],
            "file_system_config": [],
            "filename": "./.terraform/artifacts/twilio_studio.zip",
            "function_name": "mc-multichat-dev-twilio-studio",
            "handler": "handler.lambda_handler",
            "id": "mc-multichat-dev-twilio-studio",
            "image_config": [],
            "image_uri": "",
            "invoke_arn": "arn:aws:apigateway:us-east-1:lambda:path/2015-03-31/functions/arn:aws:lambda:us-east-1:566776836280:function:mc-multichat-dev-twilio-studio/invocations",
            "kms_key_arn": "",
            "last_modified": "2025-11-04T21:43:52.000+0000",
            "layers": [],
            "logging_config": [
              {
                "application_log_level": "",
                "log_format": "Text",
                "log_group": "/aws/lambda/mc-multichat-dev-twilio-studio",
                "system_log_level": ""
              }
            ],
            "memory_size": 128,
            "package_type": "Zip",
            "publish": false,
            "qualified_arn": "arn:aws:lambda:us-east-1:566776836280:function:mc-multichat-dev-twilio-studio:$LATEST",
            "qualified_invoke_arn": "arn:aws:apigateway:us-east-1:lambda:path/2015-03-31/functions/arn:aws:lambda:us-east-1:566776836280:function:mc-multichat-dev-twilio-studio:$LATEST/invocations",
            "region": "us-east-1",
            "replace_security_groups_on_destroy": null,
            "replacement_security_group_ids": null,
            "reserved_concurrent_executions": -1,
            "role": "arn:aws:iam::566776836280:role/mc-multichat-dev-lambda-execute",
            "runtime": "python3.13",
            "s3_bucket": null,
            "s3_key": null,
            "s3_object_version": null,
            "signing_job_arn": "",
            "signing_profile_version_arn": "",
            "skip_destroy": false,
            "snap_start": [],
            "source_code_hash": "ed1LoExcI97WaQHlzw0wwYDQEqCFbXaRUv5m1EU0Muc=",
            "source_code_size": 2030722,
            "tags": {
              "Env": "dev",
              "Project": "mc-multichat"
            },
            "tags_all": {
              "Env": "dev",
              "Project": "mc-multichat"
            },
            "timeout": 30,
            "timeouts": null,
            "tracing_config": [
              {
                "mode": "PassThrough"
              }
            ],
            "version": "$LATEST",
            "vpc_config": []
          },
          "sensitive_attributes": [],
          "identity_schema_version": 0,
          "identity": {
            "account_id": "566776836280",
            "function_name": "mc-multichat-dev-twilio-studio",
            "region": "us-east-1"
          },
          "private": "eyJlMmJmYjczMC1lY2FhLTExZTYtOGY4OC0zNDM2M2JjN2M0YzAiOnsiY3JlYXRlIjo2MDAwMDAwMDAwMDAsImRlbGV0ZSI6NjAwMDAwMDAwMDAwLCJ1cGRhdGUiOjYwMDAwMDAwMDAwMH19",
          "dependencies": [
            "aws_api_gateway_rest_api.rest",
            "aws_dynamodb_table.clients",
            "aws_dynamodb_table.conversations",
            "aws_dynamodb_table.phone_routes",
            "aws_iam_role.lambda_exec",
            "aws_lambda_function.chat_orchestrator",
            "aws_secretsmanager_secret.apigw_api_key",
            "aws_secretsmanager_secret.rds_credentials",
            "aws_secretsmanager_secret.studio_bearer",
            "aws_secretsmanager_secret.twilio_account_sid",
            "data.archive_file.chat_orchestrator_zip",
            "data.archive_file.twilio_studio_zip",
            "data.aws_iam_policy_document.lambda_assume",
            "data.aws_secretsmanager_secret.openai_api_key",
            "data.aws_secretsmanager_secret.twilio_auth_token",
            "null_resource.chat_orchestrator_vendor",
            "null_resource.twilio_studio_vendor"
          ],
          "create_before_destroy": true
        }
      ]
    },
    {
      "mode": "managed",
      "type": "aws_lambda_permission",
      "name": "apigw_invoke_health",
      "provider": "provider[\"registry.terraform.io/hashicorp/aws\"]",
      "instances": [
        {
          "schema_version": 0,
          "attributes": {
            "action": "lambda:InvokeFunction",
            "event_source_token": null,
            "function_name": "arn:aws:lambda:us-east-1:566776836280:function:mc-multichat-dev-health",
            "function_url_auth_type": null,
            "id": "AllowInvokeByAPIGatewayRestHealth",
            "principal": "apigateway.amazonaws.com",
            "principal_org_id": null,
            "qualifier": "",
            "region": "us-east-1",
            "source_account": null,
            "source_arn": "arn:aws:execute-api:us-east-1:566776836280:414c4ggxih/*/*",
            "statement_id": "AllowInvokeByAPIGatewayRestHealth",
            "statement_id_prefix": ""
          },
          "sensitive_attributes": [],
          "identity_schema_version": 0,
          "identity": {
            "account_id": "566776836280",
            "function_name": "arn:aws:lambda:us-east-1:566776836280:function:mc-multichat-dev-health",
            "qualifier": null,
            "region": "us-east-1",
            "statement_id": "AllowInvokeByAPIGatewayRestHealth"
          },
          "private": "bnVsbA==",
          "dependencies": [
            "aws_api_gateway_rest_api.rest",
            "aws_cloudwatch_log_group.lambda",
            "aws_iam_role.lambda_exec",
            "aws_lambda_function.health",
            "data.archive_file.health_zip",
            "data.aws_iam_policy_document.lambda_assume"
          ]
        }
      ]
    },
    {
      "mode": "managed",
      "type": "aws_lambda_permission",
      "name": "apigw_invoke_kb_search",
      "provider": "provider[\"registry.terraform.io/hashicorp/aws\"]",
      "instances": [
        {
          "schema_version": 0,
          "attributes": {
            "action": "lambda:InvokeFunction",
            "event_source_token": null,
            "function_name": "arn:aws:lambda:us-east-1:566776836280:function:mc-multichat-dev-kb-search",
            "function_url_auth_type": null,
            "id": "AllowInvokeByAPIGatewayRestHealth",
            "principal": "apigateway.amazonaws.com",
            "principal_org_id": null,
            "qualifier": "",
            "region": "us-east-1",
            "source_account": null,
            "source_arn": "arn:aws:execute-api:us-east-1:566776836280:414c4ggxih/*/*",
            "statement_id": "AllowInvokeByAPIGatewayRestHealth",
            "statement_id_prefix": ""
          },
          "sensitive_attributes": [],
          "identity_schema_version": 0,
          "identity": {
            "account_id": "566776836280",
            "function_name": "arn:aws:lambda:us-east-1:566776836280:function:mc-multichat-dev-kb-search",
            "qualifier": null,
            "region": "us-east-1",
            "statement_id": "AllowInvokeByAPIGatewayRestHealth"
          },
          "private": "bnVsbA==",
          "dependencies": [
            "aws_api_gateway_rest_api.rest",
            "aws_cloudwatch_log_group.lambda_kb_search",
            "aws_iam_role.lambda_exec",
            "aws_lambda_function.kb_search",
            "aws_secretsmanager_secret.rds_credentials",
            "data.archive_file.kb_search_zip",
            "data.aws_iam_policy_document.lambda_assume",
            "data.aws_secretsmanager_secret.openai_api_key",
            "null_resource.package_lambda"
          ]
        }
      ]
    },
    {
      "mode": "managed",
      "type": "aws_lambda_permission",
      "name": "apigw_invoke_twilio_sms",
      "provider": "provider[\"registry.terraform.io/hashicorp/aws\"]",
      "instances": [
        {
          "schema_version": 0,
          "attributes": {
            "action": "lambda:InvokeFunction",
            "event_source_token": null,
            "function_name": "mc-multichat-dev-twilio-sms",
            "function_url_auth_type": null,
            "id": "AllowInvokeByAPIGatewayTwilioSMS",
            "principal": "apigateway.amazonaws.com",
            "principal_org_id": null,
            "qualifier": "",
            "region": "us-east-1",
            "source_account": null,
            "source_arn": "arn:aws:execute-api:us-east-1:566776836280:414c4ggxih/*/*",
            "statement_id": "AllowInvokeByAPIGatewayTwilioSMS",
            "statement_id_prefix": ""
          },
          "sensitive_attributes": [],
          "identity_schema_version": 0,
          "identity": {
            "account_id": "566776836280",
            "function_name": "mc-multichat-dev-twilio-sms",
            "qualifier": null,
            "region": "us-east-1",
            "statement_id": "AllowInvokeByAPIGatewayTwilioSMS"
          },
          "private": "bnVsbA==",
          "dependencies": [
            "aws_api_gateway_rest_api.rest",
            "aws_dynamodb_table.clients",
            "aws_dynamodb_table.conversations",
            "aws_dynamodb_table.phone_routes",
            "aws_iam_role.lambda_exec",
            "aws_lambda_function.chat_orchestrator",
            "aws_lambda_function.twilio_sms",
            "aws_secretsmanager_secret.apigw_api_key",
            "aws_secretsmanager_secret.twilio_account_sid",
            "data.archive_file.chat_orchestrator_zip",
            "data.archive_file.twilio_sms_zip",
            "data.aws_iam_policy_document.lambda_assume",
            "data.aws_secretsmanager_secret.openai_api_key",
            "data.aws_secretsmanager_secret.twilio_auth_token",
            "null_resource.chat_orchestrator_vendor",
            "null_resource.twilio_sms_vendor"
          ]
        }
      ]
    },
    {
      "mode": "managed",
      "type": "aws_lambda_permission",
      "name": "apigw_invoke_twilio_studio",
      "provider": "provider[\"registry.terraform.io/hashicorp/aws\"]",
      "instances": [
        {
          "schema_version": 0,
          "attributes": {
            "action": "lambda:InvokeFunction",
            "event_source_token": null,
            "function_name": "mc-multichat-dev-twilio-studio",
            "function_url_auth_type": null,
            "id": "AllowInvokeByAPIGatewayTwilioStudio",
            "principal": "apigateway.amazonaws.com",
            "principal_org_id": null,
            "qualifier": "",
            "region": "us-east-1",
            "source_account": null,
            "source_arn": "arn:aws:execute-api:us-east-1:566776836280:414c4ggxih/*/*",
            "statement_id": "AllowInvokeByAPIGatewayTwilioStudio",
            "statement_id_prefix": ""
          },
          "sensitive_attributes": [],
          "identity_schema_version": 0,
          "identity": {
            "account_id": "566776836280",
            "function_name": "mc-multichat-dev-twilio-studio",
            "qualifier": null,
            "region": "us-east-1",
            "statement_id": "AllowInvokeByAPIGatewayTwilioStudio"
          },
          "private": "bnVsbA==",
          "dependencies": [
            "aws_api_gateway_rest_api.rest",
            "aws_dynamodb_table.clients",
            "aws_dynamodb_table.conversations",
            "aws_dynamodb_table.phone_routes",
            "aws_iam_role.lambda_exec",
            "aws_lambda_function.chat_orchestrator",
            "aws_lambda_function.twilio_studio",
            "aws_secretsmanager_secret.apigw_api_key",
            "aws_secretsmanager_secret.rds_credentials",
            "aws_secretsmanager_secret.studio_bearer",
            "aws_secretsmanager_secret.twilio_account_sid",
            "data.archive_file.chat_orchestrator_zip",
            "data.archive_file.twilio_studio_zip",
            "data.aws_iam_policy_document.lambda_assume",
            "data.aws_secretsmanager_secret.openai_api_key",
            "data.aws_secretsmanager_secret.twilio_auth_token",
            "null_resource.chat_orchestrator_vendor",
            "null_resource.twilio_studio_vendor"
          ]
        }
      ]
    },
    {
      "mode": "managed",
      "type": "aws_secretsmanager_secret",
      "name": "apigw_api_key",
      "provider": "provider[\"registry.terraform.io/hashicorp/aws\"]",
      "instances": [
        {
          "schema_version": 0,
          "attributes": {
            "arn": "arn:aws:secretsmanager:us-east-1:566776836280:secret:mc-multichat-dev/apigw_api_key-uDU4Iz",
            "description": "",
            "force_overwrite_replica_secret": false,
            "id": "arn:aws:secretsmanager:us-east-1:566776836280:secret:mc-multichat-dev/apigw_api_key-uDU4Iz",
            "kms_key_id": "",
            "name": "mc-multichat-dev/apigw_api_key",
            "name_prefix": "",
            "policy": "",
            "recovery_window_in_days": 30,
            "region": "us-east-1",
            "replica": [],
            "tags": {
              "Env": "dev",
              "Project": "mc-multichat"
            },
            "tags_all": {
              "Env": "dev",
              "Project": "mc-multichat"
            }
          },
          "sensitive_attributes": [],
          "identity_schema_version": 0,
          "identity": {
            "arn": "arn:aws:secretsmanager:us-east-1:566776836280:secret:mc-multichat-dev/apigw_api_key-uDU4Iz"
          },
          "private": "bnVsbA==",
          "create_before_destroy": true
        }
      ]
    },
    {
      "mode": "managed",
      "type": "aws_secretsmanager_secret",
      "name": "rds_credentials",
      "provider": "provider[\"registry.terraform.io/hashicorp/aws\"]",
      "instances": [
        {
          "schema_version": 0,
          "attributes": {
            "arn": "arn:aws:secretsmanager:us-east-1:566776836280:secret:mc-multichat-dev/rds-BFnl95",
            "description": "",
            "force_overwrite_replica_secret": false,
            "id": "arn:aws:secretsmanager:us-east-1:566776836280:secret:mc-multichat-dev/rds-BFnl95",
            "kms_key_id": "",
            "name": "mc-multichat-dev/rds",
            "name_prefix": "",
            "policy": "",
            "recovery_window_in_days": 30,
            "region": "us-east-1",
            "replica": [],
            "tags": {
              "Env": "dev",
              "Project": "mc-multichat"
            },
            "tags_all": {
              "Env": "dev",
              "Project": "mc-multichat"
            }
          },
          "sensitive_attributes": [],
          "identity_schema_version": 0,
          "identity": {
            "arn": "arn:aws:secretsmanager:us-east-1:566776836280:secret:mc-multichat-dev/rds-BFnl95"
          },
          "private": "bnVsbA==",
          "create_before_destroy": true
        }
      ]
    },
    {
      "mode": "managed",
      "type": "aws_secretsmanager_secret",
      "name": "studio_bearer",
      "provider": "provider[\"registry.terraform.io/hashicorp/aws\"]",
      "instances": [
        {
          "schema_version": 0,
          "attributes": {
            "arn": "arn:aws:secretsmanager:us-east-1:566776836280:secret:mc-multichat-dev/studio_bearer-8OSKLO",
            "description": "",
            "force_overwrite_replica_secret": false,
            "id": "arn:aws:secretsmanager:us-east-1:566776836280:secret:mc-multichat-dev/studio_bearer-8OSKLO",
            "kms_key_id": "",
            "name": "mc-multichat-dev/studio_bearer",
            "name_prefix": "",
            "policy": "",
            "recovery_window_in_days": 30,
            "region": "us-east-1",
            "replica": [],
            "tags": {
              "Env": "dev",
              "Project": "mc-multichat"
            },
            "tags_all": {
              "Env": "dev",
              "Project": "mc-multichat"
            }
          },
          "sensitive_attributes": [],
          "identity_schema_version": 0,
          "identity": {
            "arn": "arn:aws:secretsmanager:us-east-1:566776836280:secret:mc-multichat-dev/studio_bearer-8OSKLO"
          },
          "private": "bnVsbA==",
          "create_before_destroy": true
        }
      ]
    },
    {
      "mode": "managed",
      "type": "aws_secretsmanager_secret",
      "name": "twilio_account_sid",
      "provider": "provider[\"registry.terraform.io/hashicorp/aws\"]",
      "instances": [
        {
          "schema_version": 0,
          "attributes": {
            "arn": "arn:aws:secretsmanager:us-east-1:566776836280:secret:mc-multichat-dev/twilio_account_sid-f95fuZ",
            "description": "",
            "force_overwrite_replica_secret": false,
            "id": "arn:aws:secretsmanager:us-east-1:566776836280:secret:mc-multichat-dev/twilio_account_sid-f95fuZ",
            "kms_key_id": "",
            "name": "mc-multichat-dev/twilio_account_sid",
            "name_prefix": "",
            "policy": "",
            "recovery_window_in_days": 30,
            "region": "us-east-1",
            "replica": [],
            "tags": {
              "Env": "dev",
              "Project": "mc-multichat"
            },
            "tags_all": {
              "Env": "dev",
              "Project": "mc-multichat"
            }
          },
          "sensitive_attributes": [],
          "identity_schema_version": 0,
          "identity": {
            "arn": "arn:aws:secretsmanager:us-east-1:566776836280:secret:mc-multichat-dev/twilio_account_sid-f95fuZ"
          },
          "private": "bnVsbA==",
          "create_before_destroy": true
        }
      ]
    },
    {
      "mode": "managed",
      "type": "aws_secretsmanager_secret_version",
      "name": "apigw_api_key_v",
      "provider": "provider[\"registry.terraform.io/hashicorp/aws\"]",
      "instances": [
        {
          "schema_version": 0,
          "attributes": {
            "arn": "arn:aws:secretsmanager:us-east-1:566776836280:secret:mc-multichat-dev/apigw_api_key-uDU4Iz",
            "has_secret_string_wo": null,
            "id": "arn:aws:secretsmanager:us-east-1:566776836280:secret:mc-multichat-dev/apigw_api_key-uDU4Iz|terraform-20251028001922184300000002",
            "region": "us-east-1",
            "secret_binary": "",
            "secret_id": "arn:aws:secretsmanager:us-east-1:566776836280:secret:mc-multichat-dev/apigw_api_key-uDU4Iz",
            "secret_string": "5UcLVknxOhVUNDvldst9oHZUP9FxTqPDG5vTvSqH",
            "secret_string_wo": null,
            "secret_string_wo_version": null,
            "version_id": "terraform-20251028001922184300000002",
            "version_stages": [
              "AWSCURRENT"
            ]
          },
          "sensitive_attributes": [
            [
              {
                "type": "get_attr",
                "value": "secret_binary"
              }
            ],
            [
              {
                "type": "get_attr",
                "value": "secret_string"
              }
            ],
            [
              {
                "type": "get_attr",
                "value": "secret_string_wo"
              }
            ]
          ],
          "identity_schema_version": 0,
          "private": "bnVsbA==",
          "dependencies": [
            "aws_api_gateway_api_key.default",
            "aws_secretsmanager_secret.apigw_api_key",
            "random_password.api_key"
          ]
        }
      ]
    },
    {
      "mode": "managed",
      "type": "aws_secretsmanager_secret_version",
      "name": "rds_credentials_v",
      "provider": "provider[\"registry.terraform.io/hashicorp/aws\"]",
      "instances": [
        {
          "schema_version": 0,
          "attributes": {
            "arn": "arn:aws:secretsmanager:us-east-1:566776836280:secret:mc-multichat-dev/rds-BFnl95",
            "has_secret_string_wo": null,
            "id": "arn:aws:secretsmanager:us-east-1:566776836280:secret:mc-multichat-dev/rds-BFnl95|terraform-20250825233500910900000001",
            "region": "us-east-1",
            "secret_binary": "",
            "secret_id": "arn:aws:secretsmanager:us-east-1:566776836280:secret:mc-multichat-dev/rds-BFnl95",
            "secret_string": "{\"dbname\":\"multichatdev\",\"host\":\"mc-multichat-dev-pg.cwglusrb45if.us-east-1.rds.amazonaws.com\",\"password\":\"Z}\\u003ci!Whe3(y2+x84d:*:H3u22wJLka[r\",\"port\":5432,\"username\":\"postgres\"}",
            "secret_string_wo": null,
            "secret_string_wo_version": null,
            "version_id": "terraform-20250825233500910900000001",
            "version_stages": [
              "AWSCURRENT"
            ]
          },
          "sensitive_attributes": [
            [
              {
                "type": "get_attr",
                "value": "secret_binary"
              }
            ],
            [
              {
                "type": "get_attr",
                "value": "secret_string"
              }
            ],
            [
              {
                "type": "get_attr",
                "value": "secret_string_wo"
              }
            ]
          ],
          "identity_schema_version": 0,
          "private": "bnVsbA==",
          "dependencies": [
            "aws_db_instance.pg",
            "aws_db_subnet_group.pg",
            "aws_secretsmanager_secret.rds_credentials",
            "aws_security_group.pg",
            "data.aws_subnets.default_vpc_subnets",
            "data.aws_vpc.default",
            "random_password.rds_master"
          ]
        }
      ]
    },
    {
      "mode": "managed",
      "type": "aws_security_group",
      "name": "pg",
      "provider": "provider[\"registry.terraform.io/hashicorp/aws\"]",
      "instances": [
        {
          "schema_version": 1,
          "attributes": {
            "arn": "arn:aws:ec2:us-east-1:566776836280:security-group/sg-0b895c878317ad245",
            "description": "PostgreSQL access",
            "egress": [
              {
                "cidr_blocks": [
                  "0.0.0.0/0"
                ],
                "description": "",
                "from_port": 0,
                "ipv6_cidr_blocks": [],
                "prefix_list_ids": [],
                "protocol": "-1",
                "security_groups": [],
                "self": false,
                "to_port": 0
              }
            ],
            "id": "sg-0b895c878317ad245",
            "ingress": [
              {
                "cidr_blocks": [
                  "0.0.0.0/0"
                ],
                "description": "Postgres",
                "from_port": 5432,
                "ipv6_cidr_blocks": [],
                "prefix_list_ids": [],
                "protocol": "tcp",
                "security_groups": [],
                "self": false,
                "to_port": 5432
              }
            ],
            "name": "mc-multichat-dev-pg-sg",
            "name_prefix": "",
            "owner_id": "566776836280",
            "region": "us-east-1",
            "revoke_rules_on_delete": false,
            "tags": {
              "Env": "dev",
              "Project": "mc-multichat"
            },
            "tags_all": {
              "Env": "dev",
              "Project": "mc-multichat"
            },
            "timeouts": null,
            "vpc_id": "vpc-2667b35c"
          },
          "sensitive_attributes": [],
          "identity_schema_version": 0,
          "identity": {
            "account_id": "566776836280",
            "id": "sg-0b895c878317ad245",
            "region": "us-east-1"
          },
          "private": "eyJlMmJmYjczMC1lY2FhLTExZTYtOGY4OC0zNDM2M2JjN2M0YzAiOnsiY3JlYXRlIjo2MDAwMDAwMDAwMDAsImRlbGV0ZSI6OTAwMDAwMDAwMDAwfSwic2NoZW1hX3ZlcnNpb24iOiIxIn0=",
          "dependencies": [
            "data.aws_vpc.default"
          ]
        }
      ]
    },
    {
      "mode": "managed",
      "type": "null_resource",
      "name": "chat_orchestrator_vendor",
      "provider": "provider[\"registry.terraform.io/hashicorp/null\"]",
      "instances": [
        {
          "schema_version": 0,
          "attributes": {
            "id": "6937102211439507448",
            "triggers": {
              "handler_sha": "1a7574c22525db001d3635825c6c906dd1ce6bb6",
              "req_sha": "86f8993c50140456d945b82d2df252a22623b075"
            }
          },
          "sensitive_attributes": [],
          "identity_schema_version": 0,
          "create_before_destroy": true
        }
      ]
    },
    {
      "mode": "managed",
      "type": "null_resource",
      "name": "package_lambda",
      "provider": "provider[\"registry.terraform.io/hashicorp/null\"]",
      "instances": [
        {
          "schema_version": 0,
          "attributes": {
            "id": "4113193390527699919",
            "triggers": {
              "handler_hash": "4ea380bb5c80455d8749fc0775327f7a975cf3c961fe1bae882b75faae10988d",
              "requirements_hash": "87a2fd3ed623eca5a62e17b3bc13c4fc4a58be59f82ce23d7d0cf680161ce585"
            }
          },
          "sensitive_attributes": [],
          "identity_schema_version": 0,
          "create_before_destroy": true
        }
      ]
    },
    {
      "mode": "managed",
      "type": "null_resource",
      "name": "twilio_sms_vendor",
      "provider": "provider[\"registry.terraform.io/hashicorp/null\"]",
      "instances": [
        {
          "schema_version": 0,
          "attributes": {
            "id": "2626289138606830414",
            "triggers": {
              "handler_sha": "6cca2605e8331c20ed675d22ff88438bbb66af77",
              "req_sha": "ab2837d4ab95b934a50f3e239e02a5da014ac9e7"
            }
          },
          "sensitive_attributes": [],
          "identity_schema_version": 0,
          "create_before_destroy": true
        }
      ]
    },
    {
      "mode": "managed",
      "type": "null_resource",
      "name": "twilio_studio_vendor",
      "provider": "provider[\"registry.terraform.io/hashicorp/null\"]",
      "instances": [
        {
          "schema_version": 0,
          "attributes": {
            "id": "5367206423668993739",
            "triggers": {
              "handler_sha": "ca6f4edbb907b10bcc98c5e421fab951de488319",
              "req_sha": "37340ca124319e30550061b78098e2b98a95c5d9"
            }
          },
          "sensitive_attributes": [],
          "identity_schema_version": 0,
          "create_before_destroy": true
        }
      ]
    },
    {
      "mode": "managed",
      "type": "random_password",
      "name": "api_key",
      "provider": "provider[\"registry.terraform.io/hashicorp/random\"]",
      "instances": [
        {
          "schema_version": 3,
          "attributes": {
            "bcrypt_hash": "$2a$10$f3WfC4HJfyrBe2w5TxF92uHQ/5H9ydaeYX9qAD5nnmR1.u0LfZj5i",
            "id": "none",
            "keepers": null,
            "length": 40,
            "lower": true,
            "min_lower": 0,
            "min_numeric": 0,
            "min_special": 0,
            "min_upper": 0,
            "number": true,
            "numeric": true,
            "override_special": null,
            "result": "5UcLVknxOhVUNDvldst9oHZUP9FxTqPDG5vTvSqH",
            "special": false,
            "upper": true
          },
          "sensitive_attributes": [
            [
              {
                "type": "get_attr",
                "value": "bcrypt_hash"
              }
            ],
            [
              {
                "type": "get_attr",
                "value": "result"
              }
            ]
          ],
          "identity_schema_version": 0
        }
      ]
    },
    {
      "mode": "managed",
      "type": "random_password",
      "name": "rds_master",
      "provider": "provider[\"registry.terraform.io/hashicorp/random\"]",
      "instances": [
        {
          "schema_version": 3,
          "attributes": {
            "bcrypt_hash": "$2a$10$AxjOG7bzv/yoH.tulKvjIuUN0verpJb2iVZeLBik5j/mu/blQAkwy",
            "id": "none",
            "keepers": null,
            "length": 32,
            "lower": true,
            "min_lower": 0,
            "min_numeric": 0,
            "min_special": 0,
            "min_upper": 0,
            "number": true,
            "numeric": true,
            "override_special": null,
            "result": "Z}\u003ci!Whe3(y2+x84d:*:H3u22wJLka[r",
            "special": true,
            "upper": true
          },
          "sensitive_attributes": [
            [
              {
                "type": "get_attr",
                "value": "bcrypt_hash"
              }
            ],
            [
              {
                "type": "get_attr",
                "value": "result"
              }
            ]
          ],
          "identity_schema_version": 0
        }
      ]
    }
  ],
  "check_results": null
}
