{
  "version": 4,
  "terraform_version": "1.12.2",
  "serial": 116,
  "lineage": "86e2772f-03ef-639a-d826-40b8e94f31d9",
  "outputs": {
    "api_base_url": {
      "value": "https://414c4ggxih.execute-api.us-east-1.amazonaws.com/v1",
      "type": "string"
    },
    "api_key_id": {
      "value": "otljyar4ae",
      "type": "string"
    },
    "api_key_value": {
      "value": "5UcLVknxOhVUNDvldst9oHZUP9FxTqPDG5vTvSqH",
      "type": "string",
      "sensitive": true
    },
    "dynamodb_table_clients": {
      "value": "mc-multichat-dev-clients",
      "type": "string"
    },
    "dynamodb_table_conversations": {
      "value": "mc-multichat-dev-conversations",
      "type": "string"
    },
    "dynamodb_table_phone_routes": {
      "value": "mc-multichat-dev-phone-routes",
      "type": "string"
    },
    "health_url": {
      "value": "https://414c4ggxih.execute-api.us-east-1.amazonaws.com/v1/health",
      "type": "string"
    },
    "name_prefix": {
      "value": "mc-multichat-dev",
      "type": "string"
    },
    "rds_db_name": {
      "value": "multichatdev",
      "type": "string"
    },
    "rds_endpoint": {
      "value": "mc-multichat-dev-pg.cwglusrb45if.us-east-1.rds.amazonaws.com",
      "type": "string"
    },
    "rds_port": {
      "value": 5432,
      "type": "number"
    },
    "rds_secret_arn": {
      "value": "arn:aws:secretsmanager:us-east-1:566776836280:secret:mc-multichat-dev/rds-BFnl95",
      "type": "string"
    },
    "rest_api_id": {
      "value": "414c4ggxih",
      "type": "string"
    }
  },
  "resources": [
    {
      "mode": "data",
      "type": "archive_file",
      "name": "health_zip",
      "provider": "provider[\"registry.terraform.io/hashicorp/archive\"]",
      "instances": [
        {
          "schema_version": 0,
          "attributes": {
            "exclude_symlink_directories": null,
            "excludes": null,
            "id": "9261bed4f6636ed8eb245d45dd48700907195685",
            "output_base64sha256": "a/wYIB/0m3yuAtpgEbjN34ru2NTd3El6sPTVL3Gs7tE=",
            "output_base64sha512": "VqO09gQdcJ9BF1eMiv/WaWzLP3gtYp1A6oX9XVjcFzl9i6uWITRpZbhQSlfKWOq/mQtgCj8TwHX7DPYUgdw2nA==",
            "output_file_mode": null,
            "output_md5": "58e677a20b8102bcfe9b6a27bc8bf233",
            "output_path": "./.terraform/artifacts/health.zip",
            "output_sha": "9261bed4f6636ed8eb245d45dd48700907195685",
            "output_sha256": "6bfc18201ff49b7cae02da6011b8cddf8aeed8d4dddc497ab0f4d52f71aceed1",
            "output_sha512": "56a3b4f6041d709f4117578c8affd6696ccb3f782d629d40ea85fd5d58dc17397d8bab9621346965b8504a57ca58eabf990b600a3f13c075fb0cf61481dc369c",
            "output_size": 634,
            "source": [],
            "source_content": null,
            "source_content_filename": null,
            "source_dir": "./../../services/health",
            "source_file": null,
            "type": "zip"
          },
          "sensitive_attributes": [],
          "identity_schema_version": 0
        }
      ]
    },
    {
      "mode": "data",
      "type": "aws_iam_policy_document",
      "name": "lambda_assume",
      "provider": "provider[\"registry.terraform.io/hashicorp/aws\"]",
      "instances": [
        {
          "schema_version": 0,
          "attributes": {
            "id": "2690255455",
            "json": "{\n  \"Version\": \"2012-10-17\",\n  \"Statement\": [\n    {\n      \"Effect\": \"Allow\",\n      \"Action\": \"sts:AssumeRole\",\n      \"Principal\": {\n        \"Service\": \"lambda.amazonaws.com\"\n      }\n    }\n  ]\n}",
            "minified_json": "{\"Version\":\"2012-10-17\",\"Statement\":[{\"Effect\":\"Allow\",\"Action\":\"sts:AssumeRole\",\"Principal\":{\"Service\":\"lambda.amazonaws.com\"}}]}",
            "override_json": null,
            "override_policy_documents": null,
            "policy_id": null,
            "source_json": null,
            "source_policy_documents": null,
            "statement": [
              {
                "actions": [
                  "sts:AssumeRole"
                ],
                "condition": [],
                "effect": "Allow",
                "not_actions": [],
                "not_principals": [],
                "not_resources": [],
                "principals": [
                  {
                    "identifiers": [
                      "lambda.amazonaws.com"
                    ],
                    "type": "Service"
                  }
                ],
                "resources": [],
                "sid": ""
              }
            ],
            "version": "2012-10-17"
          },
          "sensitive_attributes": [],
          "identity_schema_version": 0
        }
      ]
    },
    {
      "mode": "data",
      "type": "aws_secretsmanager_secret",
      "name": "openai_api_key",
      "provider": "provider[\"registry.terraform.io/hashicorp/aws\"]",
      "instances": [
        {
          "schema_version": 0,
          "attributes": {
            "arn": "arn:aws:secretsmanager:us-east-1:566776836280:secret:mc-multichat-dev/openai_api_key-j7Y3Er",
            "created_date": "2025-08-21T01:13:34Z",
            "description": "",
            "id": "arn:aws:secretsmanager:us-east-1:566776836280:secret:mc-multichat-dev/openai_api_key-j7Y3Er",
            "kms_key_id": "",
            "last_changed_date": "2025-08-21T01:34:57Z",
            "name": "mc-multichat-dev/openai_api_key",
            "policy": "",
            "region": "us-east-1",
            "tags": {
              "Env": "dev",
              "Project": "mc-multichat"
            }
          },
          "sensitive_attributes": [],
          "identity_schema_version": 0
        }
      ]
    },
    {
      "mode": "data",
      "type": "aws_secretsmanager_secret",
      "name": "twilio_auth_token",
      "provider": "provider[\"registry.terraform.io/hashicorp/aws\"]",
      "instances": [
        {
          "schema_version": 0,
          "attributes": {
            "arn": "arn:aws:secretsmanager:us-east-1:566776836280:secret:mc-multichat-dev/twilio_auth_token-0borOs",
            "created_date": "2025-08-21T01:13:34Z",
            "description": "",
            "id": "arn:aws:secretsmanager:us-east-1:566776836280:secret:mc-multichat-dev/twilio_auth_token-0borOs",
            "kms_key_id": "",
            "last_changed_date": "2025-08-21T01:34:29Z",
            "name": "mc-multichat-dev/twilio_auth_token",
            "policy": "",
            "region": "us-east-1",
            "tags": {
              "Env": "dev",
              "Project": "mc-multichat"
            }
          },
          "sensitive_attributes": [],
          "identity_schema_version": 0
        }
      ]
    },
    {
      "mode": "data",
      "type": "aws_subnets",
      "name": "default_vpc_subnets",
      "provider": "provider[\"registry.terraform.io/hashicorp/aws\"]",
      "instances": [
        {
          "schema_version": 0,
          "attributes": {
            "filter": [
              {
                "name": "vpc-id",
                "values": [
                  "vpc-2667b35c"
                ]
              }
            ],
            "id": "us-east-1",
            "ids": [
              "subnet-f45cdada",
              "subnet-b269edee",
              "subnet-d071cab7",
              "subnet-6fe49960",
              "subnet-c87db2f6",
              "subnet-41bdf60b"
            ],
            "region": "us-east-1",
            "tags": null,
            "timeouts": null
          },
          "sensitive_attributes": [],
          "identity_schema_version": 0
        }
      ]
    },
    {
      "mode": "data",
      "type": "aws_vpc",
      "name": "default",
      "provider": "provider[\"registry.terraform.io/hashicorp/aws\"]",
      "instances": [
        {
          "schema_version": 0,
          "attributes": {
            "arn": "arn:aws:ec2:us-east-1:566776836280:vpc/vpc-2667b35c",
            "cidr_block": "172.31.0.0/16",
            "cidr_block_associations": [
              {
                "association_id": "vpc-cidr-assoc-7f4dec13",
                "cidr_block": "172.31.0.0/16",
                "state": "associated"
              }
            ],
            "default": true,
            "dhcp_options_id": "dopt-5a90e121",
            "enable_dns_hostnames": true,
            "enable_dns_support": true,
            "enable_network_address_usage_metrics": false,
            "filter": null,
            "id": "vpc-2667b35c",
            "instance_tenancy": "default",
            "ipv6_association_id": "",
            "ipv6_cidr_block": "",
            "main_route_table_id": "rtb-37693a48",
            "owner_id": "566776836280",
            "region": "us-east-1",
            "state": null,
            "tags": {},
            "timeouts": null
          },
          "sensitive_attributes": [],
          "identity_schema_version": 0
        }
      ]
    },
    {
      "mode": "managed",
      "type": "aws_api_gateway_api_key",
      "name": "default",
      "provider": "provider[\"registry.terraform.io/hashicorp/aws\"]",
      "instances": [
        {
          "schema_version": 0,
          "attributes": {
            "arn": "arn:aws:apigateway:us-east-1::/apikeys/otljyar4ae",
            "created_date": "2025-08-22T00:19:49Z",
            "customer_id": "",
            "description": "Default API key for mc-multichat-dev",
            "enabled": true,
            "id": "otljyar4ae",
            "last_updated_date": "2025-08-22T00:19:49Z",
            "name": "mc-multichat-dev-default-key",
            "region": "us-east-1",
            "tags": {
              "Env": "dev",
              "Project": "mc-multichat"
            },
            "tags_all": {
              "Env": "dev",
              "Project": "mc-multichat"
            },
            "value": "5UcLVknxOhVUNDvldst9oHZUP9FxTqPDG5vTvSqH"
          },
          "sensitive_attributes": [
            [
              {
                "type": "get_attr",
                "value": "value"
              }
            ]
          ],
          "identity_schema_version": 0,
          "private": "bnVsbA==",
          "dependencies": [
            "random_password.api_key"
          ]
        }
      ]
    },
    {
      "mode": "managed",
      "type": "aws_api_gateway_deployment",
      "name": "rest_deploy",
      "provider": "provider[\"registry.terraform.io/hashicorp/aws\"]",
      "instances": [
        {
          "schema_version": 0,
          "attributes": {
            "created_date": "2025-08-22T00:19:50Z",
            "description": "",
            "id": "juued2",
            "region": "us-east-1",
            "rest_api_id": "414c4ggxih",
            "triggers": {
              "redeploy_hash": "9e0a4ffdaab05b6ec27eb002ee0f465f03ab7ed4"
            },
            "variables": null
          },
          "sensitive_attributes": [],
          "identity_schema_version": 0,
          "private": "bnVsbA==",
          "dependencies": [
            "aws_api_gateway_integration.health_get",
            "aws_api_gateway_method.health_get",
            "aws_api_gateway_resource.health",
            "aws_api_gateway_rest_api.rest",
            "aws_cloudwatch_log_group.lambda",
            "aws_iam_role.lambda_exec",
            "aws_lambda_function.health",
            "data.archive_file.health_zip",
            "data.aws_iam_policy_document.lambda_assume"
          ],
          "create_before_destroy": true
        }
      ]
    },
    {
      "mode": "managed",
      "type": "aws_api_gateway_integration",
      "name": "health_get",
      "provider": "provider[\"registry.terraform.io/hashicorp/aws\"]",
      "instances": [
        {
          "schema_version": 0,
          "attributes": {
            "cache_key_parameters": [],
            "cache_namespace": "pikixx",
            "connection_id": "",
            "connection_type": "INTERNET",
            "content_handling": "",
            "credentials": "",
            "http_method": "GET",
            "id": "agi-414c4ggxih-pikixx-GET",
            "integration_http_method": "POST",
            "passthrough_behavior": "WHEN_NO_MATCH",
            "region": "us-east-1",
            "request_parameters": {},
            "request_templates": {},
            "resource_id": "pikixx",
            "rest_api_id": "414c4ggxih",
            "timeout_milliseconds": 29000,
            "tls_config": [],
            "type": "AWS_PROXY",
            "uri": "arn:aws:apigateway:us-east-1:lambda:path/2015-03-31/functions/arn:aws:lambda:us-east-1:566776836280:function:mc-multichat-dev-health/invocations"
          },
          "sensitive_attributes": [],
          "identity_schema_version": 0,
          "private": "bnVsbA==",
          "dependencies": [
            "aws_api_gateway_method.health_get",
            "aws_api_gateway_resource.health",
            "aws_api_gateway_rest_api.rest",
            "aws_cloudwatch_log_group.lambda",
            "aws_iam_role.lambda_exec",
            "aws_lambda_function.health",
            "data.archive_file.health_zip",
            "data.aws_iam_policy_document.lambda_assume"
          ],
          "create_before_destroy": true
        }
      ]
    },
    {
      "mode": "managed",
      "type": "aws_api_gateway_method",
      "name": "health_get",
      "provider": "provider[\"registry.terraform.io/hashicorp/aws\"]",
      "instances": [
        {
          "schema_version": 0,
          "attributes": {
            "api_key_required": true,
            "authorization": "NONE",
            "authorization_scopes": [],
            "authorizer_id": "",
            "http_method": "GET",
            "id": "agm-414c4ggxih-pikixx-GET",
            "operation_name": "",
            "region": "us-east-1",
            "request_models": {},
            "request_parameters": {},
            "request_validator_id": "",
            "resource_id": "pikixx",
            "rest_api_id": "414c4ggxih"
          },
          "sensitive_attributes": [],
          "identity_schema_version": 0,
          "private": "bnVsbA==",
          "dependencies": [
            "aws_api_gateway_resource.health",
            "aws_api_gateway_rest_api.rest"
          ],
          "create_before_destroy": true
        }
      ]
    },
    {
      "mode": "managed",
      "type": "aws_api_gateway_resource",
      "name": "health",
      "provider": "provider[\"registry.terraform.io/hashicorp/aws\"]",
      "instances": [
        {
          "schema_version": 0,
          "attributes": {
            "id": "pikixx",
            "parent_id": "ksmvbz4t6d",
            "path": "/health",
            "path_part": "health",
            "region": "us-east-1",
            "rest_api_id": "414c4ggxih"
          },
          "sensitive_attributes": [],
          "identity_schema_version": 0,
          "private": "bnVsbA==",
          "dependencies": [
            "aws_api_gateway_rest_api.rest"
          ],
          "create_before_destroy": true
        }
      ]
    },
    {
      "mode": "managed",
      "type": "aws_api_gateway_rest_api",
      "name": "rest",
      "provider": "provider[\"registry.terraform.io/hashicorp/aws\"]",
      "instances": [
        {
          "schema_version": 0,
          "attributes": {
            "api_key_source": "HEADER",
            "arn": "arn:aws:apigateway:us-east-1::/restapis/414c4ggxih",
            "binary_media_types": [],
            "body": null,
            "created_date": "2025-08-22T00:19:49Z",
            "description": "",
            "disable_execute_api_endpoint": false,
            "endpoint_configuration": [
              {
                "ip_address_type": "ipv4",
                "types": [
                  "REGIONAL"
                ],
                "vpc_endpoint_ids": []
              }
            ],
            "execution_arn": "arn:aws:execute-api:us-east-1:566776836280:414c4ggxih",
            "fail_on_warnings": null,
            "id": "414c4ggxih",
            "minimum_compression_size": "",
            "name": "mc-multichat-dev-api",
            "parameters": null,
            "policy": "",
            "put_rest_api_mode": null,
            "region": "us-east-1",
            "root_resource_id": "ksmvbz4t6d",
            "tags": {
              "Env": "dev",
              "Project": "mc-multichat"
            },
            "tags_all": {
              "Env": "dev",
              "Project": "mc-multichat"
            }
          },
          "sensitive_attributes": [],
          "identity_schema_version": 0,
          "private": "bnVsbA==",
          "create_before_destroy": true
        }
      ]
    },
    {
      "mode": "managed",
      "type": "aws_api_gateway_stage",
      "name": "stage",
      "provider": "provider[\"registry.terraform.io/hashicorp/aws\"]",
      "instances": [
        {
          "schema_version": 0,
          "attributes": {
            "access_log_settings": [],
            "arn": "arn:aws:apigateway:us-east-1::/restapis/414c4ggxih/stages/v1",
            "cache_cluster_enabled": false,
            "cache_cluster_size": "",
            "canary_settings": [],
            "client_certificate_id": "",
            "deployment_id": "juued2",
            "description": "",
            "documentation_version": "",
            "execution_arn": "arn:aws:execute-api:us-east-1:566776836280:414c4ggxih/v1",
            "id": "ags-414c4ggxih-v1",
            "invoke_url": "https://414c4ggxih.execute-api.us-east-1.amazonaws.com/v1",
            "region": "us-east-1",
            "rest_api_id": "414c4ggxih",
            "stage_name": "v1",
            "tags": {
              "Env": "dev",
              "Project": "mc-multichat"
            },
            "tags_all": {
              "Env": "dev",
              "Project": "mc-multichat"
            },
            "variables": {},
            "web_acl_arn": "",
            "xray_tracing_enabled": false
          },
          "sensitive_attributes": [],
          "identity_schema_version": 0,
          "private": "bnVsbA==",
          "dependencies": [
            "aws_api_gateway_deployment.rest_deploy",
            "aws_api_gateway_integration.health_get",
            "aws_api_gateway_method.health_get",
            "aws_api_gateway_resource.health",
            "aws_api_gateway_rest_api.rest",
            "aws_cloudwatch_log_group.lambda",
            "aws_iam_role.lambda_exec",
            "aws_lambda_function.health",
            "data.archive_file.health_zip",
            "data.aws_iam_policy_document.lambda_assume"
          ]
        }
      ]
    },
    {
      "mode": "managed",
      "type": "aws_api_gateway_usage_plan",
      "name": "default",
      "provider": "provider[\"registry.terraform.io/hashicorp/aws\"]",
      "instances": [
        {
          "schema_version": 0,
          "attributes": {
            "api_stages": [
              {
                "api_id": "414c4ggxih",
                "stage": "v1",
                "throttle": []
              }
            ],
            "arn": "arn:aws:apigateway:us-east-1::/usageplans/1i1vhw",
            "description": "",
            "id": "1i1vhw",
            "name": "mc-multichat-dev-plan",
            "product_code": "",
            "quota_settings": [],
            "region": "us-east-1",
            "tags": {
              "Env": "dev",
              "Project": "mc-multichat"
            },
            "tags_all": {
              "Env": "dev",
              "Project": "mc-multichat"
            },
            "throttle_settings": []
          },
          "sensitive_attributes": [],
          "identity_schema_version": 0,
          "private": "bnVsbA==",
          "dependencies": [
            "aws_api_gateway_deployment.rest_deploy",
            "aws_api_gateway_integration.health_get",
            "aws_api_gateway_method.health_get",
            "aws_api_gateway_resource.health",
            "aws_api_gateway_rest_api.rest",
            "aws_api_gateway_stage.stage",
            "aws_cloudwatch_log_group.lambda",
            "aws_iam_role.lambda_exec",
            "aws_lambda_function.health",
            "data.archive_file.health_zip",
            "data.aws_iam_policy_document.lambda_assume"
          ]
        }
      ]
    },
    {
      "mode": "managed",
      "type": "aws_api_gateway_usage_plan_key",
      "name": "default",
      "provider": "provider[\"registry.terraform.io/hashicorp/aws\"]",
      "instances": [
        {
          "schema_version": 0,
          "attributes": {
            "id": "otljyar4ae",
            "key_id": "otljyar4ae",
            "key_type": "API_KEY",
            "name": "mc-multichat-dev-default-key",
            "region": "us-east-1",
            "usage_plan_id": "1i1vhw",
            "value": "5UcLVknxOhVUNDvldst9oHZUP9FxTqPDG5vTvSqH"
          },
          "sensitive_attributes": [],
          "identity_schema_version": 0,
          "private": "bnVsbA==",
          "dependencies": [
            "aws_api_gateway_api_key.default",
            "aws_api_gateway_deployment.rest_deploy",
            "aws_api_gateway_integration.health_get",
            "aws_api_gateway_method.health_get",
            "aws_api_gateway_resource.health",
            "aws_api_gateway_rest_api.rest",
            "aws_api_gateway_stage.stage",
            "aws_api_gateway_usage_plan.default",
            "aws_cloudwatch_log_group.lambda",
            "aws_iam_role.lambda_exec",
            "aws_lambda_function.health",
            "data.archive_file.health_zip",
            "data.aws_iam_policy_document.lambda_assume",
            "random_password.api_key"
          ]
        }
      ]
    },
    {
      "mode": "managed",
      "type": "aws_cloudwatch_log_group",
      "name": "api_gw",
      "provider": "provider[\"registry.terraform.io/hashicorp/aws\"]",
      "instances": [
        {
          "schema_version": 0,
          "attributes": {
            "arn": "arn:aws:logs:us-east-1:566776836280:log-group:/aws/apigateway/mc-multichat-dev-api",
            "id": "/aws/apigateway/mc-multichat-dev-api",
            "kms_key_id": "",
            "log_group_class": "STANDARD",
            "name": "/aws/apigateway/mc-multichat-dev-api",
            "name_prefix": "",
            "region": "us-east-1",
            "retention_in_days": 14,
            "skip_destroy": false,
            "tags": {
              "Env": "dev",
              "Project": "mc-multichat"
            },
            "tags_all": {
              "Env": "dev",
              "Project": "mc-multichat"
            }
          },
          "sensitive_attributes": [],
          "identity_schema_version": 0,
          "identity": {
            "account_id": "566776836280",
            "name": "/aws/apigateway/mc-multichat-dev-api",
            "region": "us-east-1"
          },
          "private": "bnVsbA==",
          "dependencies": [
            "aws_api_gateway_rest_api.rest"
          ]
        }
      ]
    },
    {
      "mode": "managed",
      "type": "aws_cloudwatch_log_group",
      "name": "lambda",
      "provider": "provider[\"registry.terraform.io/hashicorp/aws\"]",
      "instances": [
        {
          "schema_version": 0,
          "attributes": {
            "arn": "arn:aws:logs:us-east-1:566776836280:log-group:/aws/lambda/mc-multichat-dev-health",
            "id": "/aws/lambda/mc-multichat-dev-health",
            "kms_key_id": "",
            "log_group_class": "STANDARD",
            "name": "/aws/lambda/mc-multichat-dev-health",
            "name_prefix": "",
            "region": "us-east-1",
            "retention_in_days": 14,
            "skip_destroy": false,
            "tags": {
              "Env": "dev",
              "Project": "mc-multichat"
            },
            "tags_all": {
              "Env": "dev",
              "Project": "mc-multichat"
            }
          },
          "sensitive_attributes": [],
          "identity_schema_version": 0,
          "identity": {
            "account_id": "566776836280",
            "name": "/aws/lambda/mc-multichat-dev-health",
            "region": "us-east-1"
          },
          "private": "bnVsbA==",
          "create_before_destroy": true
        }
      ]
    },
    {
      "mode": "managed",
      "type": "aws_db_instance",
      "name": "pg",
      "provider": "provider[\"registry.terraform.io/hashicorp/aws\"]",
      "instances": [
        {
          "schema_version": 2,
          "attributes": {
            "address": "mc-multichat-dev-pg.cwglusrb45if.us-east-1.rds.amazonaws.com",
            "allocated_storage": 20,
            "allow_major_version_upgrade": null,
            "apply_immediately": true,
            "arn": "arn:aws:rds:us-east-1:566776836280:db:mc-multichat-dev-pg",
            "auto_minor_version_upgrade": true,
            "availability_zone": "us-east-1c",
            "backup_retention_period": 0,
            "backup_target": "region",
            "backup_window": "05:16-05:46",
            "blue_green_update": [],
            "ca_cert_identifier": "rds-ca-rsa2048-g1",
            "character_set_name": "",
            "copy_tags_to_snapshot": false,
            "custom_iam_instance_profile": "",
            "customer_owned_ip_enabled": false,
            "database_insights_mode": "standard",
            "db_name": "multichatdev",
            "db_subnet_group_name": "mc-multichat-dev-pg-subnets",
            "dedicated_log_volume": false,
            "delete_automated_backups": true,
            "deletion_protection": false,
            "domain": "",
            "domain_auth_secret_arn": "",
            "domain_dns_ips": null,
            "domain_fqdn": "",
            "domain_iam_role_name": "",
            "domain_ou": "",
            "enabled_cloudwatch_logs_exports": null,
            "endpoint": "mc-multichat-dev-pg.cwglusrb45if.us-east-1.rds.amazonaws.com:5432",
            "engine": "postgres",
            "engine_lifecycle_support": "open-source-rds-extended-support",
            "engine_version": "16.3",
            "engine_version_actual": "16.3",
            "final_snapshot_identifier": null,
            "hosted_zone_id": "Z2R2ITUGPM61AM",
            "iam_database_authentication_enabled": false,
            "id": "db-CBFS3SERG4CUZ7JGGLK3LCL3VA",
            "identifier": "mc-multichat-dev-pg",
            "identifier_prefix": "",
            "instance_class": "db.t4g.micro",
            "iops": 3000,
            "kms_key_id": "",
            "latest_restorable_time": "",
            "license_model": "postgresql-license",
            "listener_endpoint": [],
            "maintenance_window": "sun:04:26-sun:04:56",
            "manage_master_user_password": null,
            "master_user_secret": [],
            "master_user_secret_kms_key_id": null,
            "max_allocated_storage": 0,
            "monitoring_interval": 0,
            "monitoring_role_arn": "",
            "multi_az": false,
            "nchar_character_set_name": "",
            "network_type": "IPV4",
            "option_group_name": "default:postgres-16",
            "parameter_group_name": "default.postgres16",
            "password": "Z}\u003ci!Whe3(y2+x84d:*:H3u22wJLka[r",
            "password_wo": null,
            "password_wo_version": null,
            "performance_insights_enabled": false,
            "performance_insights_kms_key_id": "",
            "performance_insights_retention_period": 0,
            "port": 5432,
            "publicly_accessible": true,
            "region": "us-east-1",
            "replica_mode": "",
            "replicas": [],
            "replicate_source_db": "",
            "resource_id": "db-CBFS3SERG4CUZ7JGGLK3LCL3VA",
            "restore_to_point_in_time": [],
            "s3_import": [],
            "skip_final_snapshot": true,
            "snapshot_identifier": null,
            "status": "available",
            "storage_encrypted": false,
            "storage_throughput": 125,
            "storage_type": "gp3",
            "tags": {
              "Env": "dev",
              "Project": "mc-multichat"
            },
            "tags_all": {
              "Env": "dev",
              "Project": "mc-multichat"
            },
            "timeouts": null,
            "timezone": "",
            "upgrade_storage_config": null,
            "username": "postgres",
            "vpc_security_group_ids": [
              "sg-0b895c878317ad245"
            ]
          },
          "sensitive_attributes": [
            [
              {
                "type": "get_attr",
                "value": "password"
              }
            ],
            [
              {
                "type": "get_attr",
                "value": "password_wo"
              }
            ]
          ],
          "identity_schema_version": 0,
          "private": "eyJlMmJmYjczMC1lY2FhLTExZTYtOGY4OC0zNDM2M2JjN2M0YzAiOnsiY3JlYXRlIjozMDAwMDAwMDAwMDAwLCJkZWxldGUiOjM2MDAwMDAwMDAwMDAsInVwZGF0ZSI6NDgwMDAwMDAwMDAwMH0sInNjaGVtYV92ZXJzaW9uIjoiMiJ9",
          "dependencies": [
            "aws_db_subnet_group.pg",
            "aws_security_group.pg",
            "data.aws_subnets.default_vpc_subnets",
            "data.aws_vpc.default",
            "random_password.rds_master"
          ]
        }
      ]
    },
    {
      "mode": "managed",
      "type": "aws_db_subnet_group",
      "name": "pg",
      "provider": "provider[\"registry.terraform.io/hashicorp/aws\"]",
      "instances": [
        {
          "schema_version": 0,
          "attributes": {
            "arn": "arn:aws:rds:us-east-1:566776836280:subgrp:mc-multichat-dev-pg-subnets",
            "description": "Managed by Terraform",
            "id": "mc-multichat-dev-pg-subnets",
            "name": "mc-multichat-dev-pg-subnets",
            "name_prefix": "",
            "region": "us-east-1",
            "subnet_ids": [
              "subnet-41bdf60b",
              "subnet-6fe49960",
              "subnet-b269edee",
              "subnet-c87db2f6",
              "subnet-d071cab7",
              "subnet-f45cdada"
            ],
            "supported_network_types": [
              "IPV4"
            ],
            "tags": {
              "Env": "dev",
              "Project": "mc-multichat"
            },
            "tags_all": {
              "Env": "dev",
              "Project": "mc-multichat"
            },
            "vpc_id": "vpc-2667b35c"
          },
          "sensitive_attributes": [],
          "identity_schema_version": 0,
          "private": "bnVsbA==",
          "dependencies": [
            "data.aws_subnets.default_vpc_subnets",
            "data.aws_vpc.default"
          ]
        }
      ]
    },
    {
      "mode": "managed",
      "type": "aws_dynamodb_table",
      "name": "clients",
      "provider": "provider[\"registry.terraform.io/hashicorp/aws\"]",
      "instances": [
        {
          "schema_version": 1,
          "attributes": {
            "arn": "arn:aws:dynamodb:us-east-1:566776836280:table/mc-multichat-dev-clients",
            "attribute": [
              {
                "name": "client_id",
                "type": "S"
              }
            ],
            "billing_mode": "PAY_PER_REQUEST",
            "deletion_protection_enabled": false,
            "global_secondary_index": [],
            "hash_key": "client_id",
            "id": "mc-multichat-dev-clients",
            "import_table": [],
            "local_secondary_index": [],
            "name": "mc-multichat-dev-clients",
            "on_demand_throughput": [],
            "point_in_time_recovery": [
              {
                "enabled": false,
                "recovery_period_in_days": 0
              }
            ],
            "range_key": null,
            "read_capacity": 0,
            "region": "us-east-1",
            "replica": [],
            "restore_date_time": null,
            "restore_source_name": null,
            "restore_source_table_arn": null,
            "restore_to_latest_time": null,
            "server_side_encryption": [],
            "stream_arn": "",
            "stream_enabled": false,
            "stream_label": "",
            "stream_view_type": "",
            "table_class": "STANDARD",
            "tags": {
              "Env": "dev",
              "Project": "mc-multichat"
            },
            "tags_all": {
              "Env": "dev",
              "Project": "mc-multichat"
            },
            "timeouts": null,
            "ttl": [
              {
                "attribute_name": "",
                "enabled": false
              }
            ],
            "write_capacity": 0
          },
          "sensitive_attributes": [],
          "identity_schema_version": 0,
          "private": "eyJlMmJmYjczMC1lY2FhLTExZTYtOGY4OC0zNDM2M2JjN2M0YzAiOnsiY3JlYXRlIjoxODAwMDAwMDAwMDAwLCJkZWxldGUiOjYwMDAwMDAwMDAwMCwidXBkYXRlIjozNjAwMDAwMDAwMDAwfSwic2NoZW1hX3ZlcnNpb24iOiIxIn0="
        }
      ]
    },
    {
      "mode": "managed",
      "type": "aws_dynamodb_table",
      "name": "conversations",
      "provider": "provider[\"registry.terraform.io/hashicorp/aws\"]",
      "instances": [
        {
          "schema_version": 1,
          "attributes": {
            "arn": "arn:aws:dynamodb:us-east-1:566776836280:table/mc-multichat-dev-conversations",
            "attribute": [
              {
                "name": "gsi1pk",
                "type": "S"
              },
              {
                "name": "gsi1sk",
                "type": "S"
              },
              {
                "name": "pk",
                "type": "S"
              },
              {
                "name": "sk",
                "type": "S"
              }
            ],
            "billing_mode": "PAY_PER_REQUEST",
            "deletion_protection_enabled": false,
            "global_secondary_index": [
              {
                "hash_key": "gsi1pk",
                "name": "gsi1",
                "non_key_attributes": [],
                "on_demand_throughput": [],
                "projection_type": "ALL",
                "range_key": "gsi1sk",
                "read_capacity": 0,
                "write_capacity": 0
              }
            ],
            "hash_key": "pk",
            "id": "mc-multichat-dev-conversations",
            "import_table": [],
            "local_secondary_index": [],
            "name": "mc-multichat-dev-conversations",
            "on_demand_throughput": [],
            "point_in_time_recovery": [
              {
                "enabled": false,
                "recovery_period_in_days": 0
              }
            ],
            "range_key": "sk",
            "read_capacity": 0,
            "region": "us-east-1",
            "replica": [],
            "restore_date_time": null,
            "restore_source_name": null,
            "restore_source_table_arn": null,
            "restore_to_latest_time": null,
            "server_side_encryption": [],
            "stream_arn": "",
            "stream_enabled": false,
            "stream_label": "",
            "stream_view_type": "",
            "table_class": "STANDARD",
            "tags": {
              "Env": "dev",
              "Project": "mc-multichat"
            },
            "tags_all": {
              "Env": "dev",
              "Project": "mc-multichat"
            },
            "timeouts": null,
            "ttl": [
              {
                "attribute_name": "",
                "enabled": false
              }
            ],
            "write_capacity": 0
          },
          "sensitive_attributes": [],
          "identity_schema_version": 0,
          "private": "eyJlMmJmYjczMC1lY2FhLTExZTYtOGY4OC0zNDM2M2JjN2M0YzAiOnsiY3JlYXRlIjoxODAwMDAwMDAwMDAwLCJkZWxldGUiOjYwMDAwMDAwMDAwMCwidXBkYXRlIjozNjAwMDAwMDAwMDAwfSwic2NoZW1hX3ZlcnNpb24iOiIxIn0="
        }
      ]
    },
    {
      "mode": "managed",
      "type": "aws_dynamodb_table",
      "name": "phone_routes",
      "provider": "provider[\"registry.terraform.io/hashicorp/aws\"]",
      "instances": [
        {
          "schema_version": 1,
          "attributes": {
            "arn": "arn:aws:dynamodb:us-east-1:566776836280:table/mc-multichat-dev-phone-routes",
            "attribute": [
              {
                "name": "phone_e164",
                "type": "S"
              }
            ],
            "billing_mode": "PAY_PER_REQUEST",
            "deletion_protection_enabled": false,
            "global_secondary_index": [],
            "hash_key": "phone_e164",
            "id": "mc-multichat-dev-phone-routes",
            "import_table": [],
            "local_secondary_index": [],
            "name": "mc-multichat-dev-phone-routes",
            "on_demand_throughput": [],
            "point_in_time_recovery": [
              {
                "enabled": false,
                "recovery_period_in_days": 0
              }
            ],
            "range_key": null,
            "read_capacity": 0,
            "region": "us-east-1",
            "replica": [],
            "restore_date_time": null,
            "restore_source_name": null,
            "restore_source_table_arn": null,
            "restore_to_latest_time": null,
            "server_side_encryption": [],
            "stream_arn": "",
            "stream_enabled": false,
            "stream_label": "",
            "stream_view_type": "",
            "table_class": "STANDARD",
            "tags": {
              "Env": "dev",
              "Project": "mc-multichat"
            },
            "tags_all": {
              "Env": "dev",
              "Project": "mc-multichat"
            },
            "timeouts": null,
            "ttl": [
              {
                "attribute_name": "",
                "enabled": false
              }
            ],
            "write_capacity": 0
          },
          "sensitive_attributes": [],
          "identity_schema_version": 0,
          "private": "eyJlMmJmYjczMC1lY2FhLTExZTYtOGY4OC0zNDM2M2JjN2M0YzAiOnsiY3JlYXRlIjoxODAwMDAwMDAwMDAwLCJkZWxldGUiOjYwMDAwMDAwMDAwMCwidXBkYXRlIjozNjAwMDAwMDAwMDAwfSwic2NoZW1hX3ZlcnNpb24iOiIxIn0="
        }
      ]
    },
    {
      "mode": "managed",
      "type": "aws_iam_role",
      "name": "lambda_exec",
      "provider": "provider[\"registry.terraform.io/hashicorp/aws\"]",
      "instances": [
        {
          "schema_version": 0,
          "attributes": {
            "arn": "arn:aws:iam::566776836280:role/mc-multichat-dev-lambda-execute",
            "assume_role_policy": "{\"Statement\":[{\"Action\":\"sts:AssumeRole\",\"Effect\":\"Allow\",\"Principal\":{\"Service\":\"lambda.amazonaws.com\"}}],\"Version\":\"2012-10-17\"}",
            "create_date": "2025-08-21T21:10:34Z",
            "description": "",
            "force_detach_policies": false,
            "id": "mc-multichat-dev-lambda-execute",
            "inline_policy": [
              {
                "name": "mc-multichat-dev-lambda-policy",
                "policy": "{\"Version\":\"2012-10-17\",\"Statement\":[{\"Action\":[\"logs:CreateLogGroup\",\"logs:CreateLogStream\",\"logs:PutLogEvents\"],\"Effect\":\"Allow\",\"Resource\":\"*\"},{\"Action\":[\"dynamodb:PutItem\",\"dynamodb:GetItem\",\"dynamodb:UpdateItem\",\"dynamodb:Query\",\"dynamodb:Scan\",\"dynamodb:BatchWriteItem\"],\"Effect\":\"Allow\",\"Resource\":[\"arn:aws:dynamodb:us-east-1:566776836280:table/mc-multichat-dev-clients\",\"arn:aws:dynamodb:us-east-1:566776836280:table/mc-multichat-dev-conversations\",\"arn:aws:dynamodb:us-east-1:566776836280:table/mc-multichat-dev-phone-routes\"]},{\"Action\":[\"secretsmanager:GetSecretValue\"],\"Effect\":\"Allow\",\"Resource\":[\"arn:aws:secretsmanager:us-east-1:566776836280:secret:mc-multichat-dev/openai_api_key-j7Y3Er\",\"arn:aws:secretsmanager:us-east-1:566776836280:secret:mc-multichat-dev/twilio_auth_token-0borOs\"]}]}"
              }
            ],
            "managed_policy_arns": [],
            "max_session_duration": 3600,
            "name": "mc-multichat-dev-lambda-execute",
            "name_prefix": "",
            "path": "/",
            "permissions_boundary": "",
            "tags": {
              "Env": "dev",
              "Project": "mc-multichat"
            },
            "tags_all": {
              "Env": "dev",
              "Project": "mc-multichat"
            },
            "unique_id": "AROAYH5UIGC4NP4LTC3IM"
          },
          "sensitive_attributes": [],
          "identity_schema_version": 0,
          "identity": {
            "account_id": "566776836280",
            "name": "mc-multichat-dev-lambda-execute"
          },
          "private": "bnVsbA==",
          "dependencies": [
            "data.aws_iam_policy_document.lambda_assume"
          ],
          "create_before_destroy": true
        }
      ]
    },
    {
      "mode": "managed",
      "type": "aws_iam_role_policy",
      "name": "lambda_policy",
      "provider": "provider[\"registry.terraform.io/hashicorp/aws\"]",
      "instances": [
        {
          "schema_version": 0,
          "attributes": {
            "id": "mc-multichat-dev-lambda-execute:mc-multichat-dev-lambda-policy",
            "name": "mc-multichat-dev-lambda-policy",
            "name_prefix": "",
            "policy": "{\"Version\":\"2012-10-17\",\"Statement\":[{\"Action\":[\"logs:CreateLogGroup\",\"logs:CreateLogStream\",\"logs:PutLogEvents\"],\"Effect\":\"Allow\",\"Resource\":\"*\"},{\"Action\":[\"dynamodb:PutItem\",\"dynamodb:GetItem\",\"dynamodb:UpdateItem\",\"dynamodb:Query\",\"dynamodb:Scan\",\"dynamodb:BatchWriteItem\"],\"Effect\":\"Allow\",\"Resource\":[\"arn:aws:dynamodb:us-east-1:566776836280:table/mc-multichat-dev-clients\",\"arn:aws:dynamodb:us-east-1:566776836280:table/mc-multichat-dev-conversations\",\"arn:aws:dynamodb:us-east-1:566776836280:table/mc-multichat-dev-phone-routes\"]},{\"Action\":[\"secretsmanager:GetSecretValue\"],\"Effect\":\"Allow\",\"Resource\":[\"arn:aws:secretsmanager:us-east-1:566776836280:secret:mc-multichat-dev/openai_api_key-j7Y3Er\",\"arn:aws:secretsmanager:us-east-1:566776836280:secret:mc-multichat-dev/twilio_auth_token-0borOs\"]}]}",
            "role": "mc-multichat-dev-lambda-execute"
          },
          "sensitive_attributes": [],
          "identity_schema_version": 0,
          "identity": {
            "account_id": "566776836280",
            "name": "mc-multichat-dev-lambda-policy",
            "role": "mc-multichat-dev-lambda-execute"
          },
          "private": "bnVsbA==",
          "dependencies": [
            "aws_dynamodb_table.clients",
            "aws_dynamodb_table.conversations",
            "aws_dynamodb_table.phone_routes",
            "aws_iam_role.lambda_exec",
            "data.aws_iam_policy_document.lambda_assume",
            "data.aws_secretsmanager_secret.openai_api_key",
            "data.aws_secretsmanager_secret.twilio_auth_token"
          ]
        }
      ]
    },
    {
      "mode": "managed",
      "type": "aws_lambda_function",
      "name": "health",
      "provider": "provider[\"registry.terraform.io/hashicorp/aws\"]",
      "instances": [
        {
          "schema_version": 0,
          "attributes": {
            "architectures": [
              "arm64"
            ],
            "arn": "arn:aws:lambda:us-east-1:566776836280:function:mc-multichat-dev-health",
            "code_sha256": "a/wYIB/0m3yuAtpgEbjN34ru2NTd3El6sPTVL3Gs7tE=",
            "code_signing_config_arn": "",
            "dead_letter_config": [],
            "description": "",
            "environment": [
              {
                "variables": {
                  "LOG_LEVEL": "INFO"
                }
              }
            ],
            "ephemeral_storage": [
              {
                "size": 512
              }
            ],
            "file_system_config": [],
            "filename": "./.terraform/artifacts/health.zip",
            "function_name": "mc-multichat-dev-health",
            "handler": "handler.lambda_handler",
            "id": "mc-multichat-dev-health",
            "image_config": [],
            "image_uri": "",
            "invoke_arn": "arn:aws:apigateway:us-east-1:lambda:path/2015-03-31/functions/arn:aws:lambda:us-east-1:566776836280:function:mc-multichat-dev-health/invocations",
            "kms_key_arn": "",
            "last_modified": "2025-08-21T21:43:10.000+0000",
            "layers": [],
            "logging_config": [
              {
                "application_log_level": "INFO",
                "log_format": "JSON",
                "log_group": "/aws/lambda/mc-multichat-dev-health",
                "system_log_level": "INFO"
              }
            ],
            "memory_size": 128,
            "package_type": "Zip",
            "publish": false,
            "qualified_arn": "arn:aws:lambda:us-east-1:566776836280:function:mc-multichat-dev-health:1",
            "qualified_invoke_arn": "arn:aws:apigateway:us-east-1:lambda:path/2015-03-31/functions/arn:aws:lambda:us-east-1:566776836280:function:mc-multichat-dev-health:1/invocations",
            "region": "us-east-1",
            "replace_security_groups_on_destroy": null,
            "replacement_security_group_ids": null,
            "reserved_concurrent_executions": -1,
            "role": "arn:aws:iam::566776836280:role/mc-multichat-dev-lambda-execute",
            "runtime": "python3.13",
            "s3_bucket": null,
            "s3_key": null,
            "s3_object_version": null,
            "signing_job_arn": "",
            "signing_profile_version_arn": "",
            "skip_destroy": false,
            "snap_start": [],
            "source_code_hash": "a/wYIB/0m3yuAtpgEbjN34ru2NTd3El6sPTVL3Gs7tE=",
            "source_code_size": 634,
            "tags": {
              "Env": "dev",
              "Project": "mc-multichat"
            },
            "tags_all": {
              "Env": "dev",
              "Project": "mc-multichat"
            },
            "timeout": 3,
            "timeouts": null,
            "tracing_config": [
              {
                "mode": "PassThrough"
              }
            ],
            "version": "1",
            "vpc_config": []
          },
          "sensitive_attributes": [],
          "identity_schema_version": 0,
          "identity": {
            "account_id": "566776836280",
            "function_name": "mc-multichat-dev-health",
            "region": "us-east-1"
          },
          "private": "eyJlMmJmYjczMC1lY2FhLTExZTYtOGY4OC0zNDM2M2JjN2M0YzAiOnsiY3JlYXRlIjo2MDAwMDAwMDAwMDAsImRlbGV0ZSI6NjAwMDAwMDAwMDAwLCJ1cGRhdGUiOjYwMDAwMDAwMDAwMH19",
          "dependencies": [
            "aws_cloudwatch_log_group.lambda",
            "aws_iam_role.lambda_exec",
            "data.archive_file.health_zip",
            "data.aws_iam_policy_document.lambda_assume"
          ],
          "create_before_destroy": true
        }
      ]
    },
    {
      "mode": "managed",
      "type": "aws_lambda_permission",
      "name": "apigw_invoke_health",
      "provider": "provider[\"registry.terraform.io/hashicorp/aws\"]",
      "instances": [
        {
          "schema_version": 0,
          "attributes": {
            "action": "lambda:InvokeFunction",
            "event_source_token": null,
            "function_name": "arn:aws:lambda:us-east-1:566776836280:function:mc-multichat-dev-health",
            "function_url_auth_type": null,
            "id": "AllowInvokeByAPIGatewayRestHealth",
            "principal": "apigateway.amazonaws.com",
            "principal_org_id": null,
            "qualifier": "",
            "region": "us-east-1",
            "source_account": null,
            "source_arn": "arn:aws:execute-api:us-east-1:566776836280:414c4ggxih/*/*/health",
            "statement_id": "AllowInvokeByAPIGatewayRestHealth",
            "statement_id_prefix": ""
          },
          "sensitive_attributes": [],
          "identity_schema_version": 0,
          "identity": {
            "account_id": "566776836280",
            "function_name": "arn:aws:lambda:us-east-1:566776836280:function:mc-multichat-dev-health",
            "qualifier": null,
            "region": "us-east-1",
            "statement_id": "AllowInvokeByAPIGatewayRestHealth"
          },
          "private": "bnVsbA==",
          "dependencies": [
            "aws_api_gateway_rest_api.rest",
            "aws_cloudwatch_log_group.lambda",
            "aws_iam_role.lambda_exec",
            "aws_lambda_function.health",
            "data.archive_file.health_zip",
            "data.aws_iam_policy_document.lambda_assume"
          ]
        }
      ]
    },
    {
      "mode": "managed",
      "type": "aws_secretsmanager_secret",
      "name": "rds_credentials",
      "provider": "provider[\"registry.terraform.io/hashicorp/aws\"]",
      "instances": [
        {
          "schema_version": 0,
          "attributes": {
            "arn": "arn:aws:secretsmanager:us-east-1:566776836280:secret:mc-multichat-dev/rds-BFnl95",
            "description": "",
            "force_overwrite_replica_secret": false,
            "id": "arn:aws:secretsmanager:us-east-1:566776836280:secret:mc-multichat-dev/rds-BFnl95",
            "kms_key_id": "",
            "name": "mc-multichat-dev/rds",
            "name_prefix": "",
            "policy": "",
            "recovery_window_in_days": 30,
            "region": "us-east-1",
            "replica": [],
            "tags": {
              "Env": "dev",
              "Project": "mc-multichat"
            },
            "tags_all": {
              "Env": "dev",
              "Project": "mc-multichat"
            }
          },
          "sensitive_attributes": [],
          "identity_schema_version": 0,
          "identity": {
            "arn": "arn:aws:secretsmanager:us-east-1:566776836280:secret:mc-multichat-dev/rds-BFnl95"
          },
          "private": "bnVsbA=="
        }
      ]
    },
    {
      "mode": "managed",
      "type": "aws_secretsmanager_secret_version",
      "name": "rds_credentials_v",
      "provider": "provider[\"registry.terraform.io/hashicorp/aws\"]",
      "instances": [
        {
          "status": "tainted",
          "schema_version": 0,
          "attributes": {
            "arn": null,
            "has_secret_string_wo": null,
            "id": "arn:aws:secretsmanager:us-east-1:566776836280:secret:mc-multichat-dev/rds-BFnl95|terraform-20250825232938602400000001",
            "region": "us-east-1",
            "secret_binary": null,
            "secret_id": "arn:aws:secretsmanager:us-east-1:566776836280:secret:mc-multichat-dev/rds-BFnl95",
            "secret_string": "{\"dbname\":\"multichatdev\",\"host\":\"mc-multichat-dev-pg.cwglusrb45if.us-east-1.rds.amazonaws.com\",\"password\":\"Z}\\u003ci!Whe3(y2+x84d:*:H3u22wJLka[r\",\"port\":5432,\"username\":\"postgres\"}",
            "secret_string_wo": null,
            "secret_string_wo_version": null,
            "version_id": null,
            "version_stages": []
          },
          "sensitive_attributes": [
            [
              {
                "type": "get_attr",
                "value": "secret_binary"
              }
            ],
            [
              {
                "type": "get_attr",
                "value": "secret_string"
              }
            ],
            [
              {
                "type": "get_attr",
                "value": "secret_string_wo"
              }
            ]
          ],
          "identity_schema_version": 0,
          "private": "bnVsbA==",
          "dependencies": [
            "aws_db_instance.pg",
            "aws_db_subnet_group.pg",
            "aws_secretsmanager_secret.rds_credentials",
            "aws_security_group.pg",
            "data.aws_subnets.default_vpc_subnets",
            "data.aws_vpc.default",
            "random_password.rds_master"
          ]
        }
      ]
    },
    {
      "mode": "managed",
      "type": "aws_security_group",
      "name": "pg",
      "provider": "provider[\"registry.terraform.io/hashicorp/aws\"]",
      "instances": [
        {
          "schema_version": 1,
          "attributes": {
            "arn": "arn:aws:ec2:us-east-1:566776836280:security-group/sg-0b895c878317ad245",
            "description": "PostgreSQL access",
            "egress": [
              {
                "cidr_blocks": [
                  "0.0.0.0/0"
                ],
                "description": "",
                "from_port": 0,
                "ipv6_cidr_blocks": [],
                "prefix_list_ids": [],
                "protocol": "-1",
                "security_groups": [],
                "self": false,
                "to_port": 0
              }
            ],
            "id": "sg-0b895c878317ad245",
            "ingress": [
              {
                "cidr_blocks": [
                  "0.0.0.0/0"
                ],
                "description": "Postgres",
                "from_port": 5432,
                "ipv6_cidr_blocks": [],
                "prefix_list_ids": [],
                "protocol": "tcp",
                "security_groups": [],
                "self": false,
                "to_port": 5432
              }
            ],
            "name": "mc-multichat-dev-pg-sg",
            "name_prefix": "",
            "owner_id": "566776836280",
            "region": "us-east-1",
            "revoke_rules_on_delete": false,
            "tags": {
              "Env": "dev",
              "Project": "mc-multichat"
            },
            "tags_all": {
              "Env": "dev",
              "Project": "mc-multichat"
            },
            "timeouts": null,
            "vpc_id": "vpc-2667b35c"
          },
          "sensitive_attributes": [],
          "identity_schema_version": 0,
          "identity": {
            "account_id": "566776836280",
            "id": "sg-0b895c878317ad245",
            "region": "us-east-1"
          },
          "private": "eyJlMmJmYjczMC1lY2FhLTExZTYtOGY4OC0zNDM2M2JjN2M0YzAiOnsiY3JlYXRlIjo2MDAwMDAwMDAwMDAsImRlbGV0ZSI6OTAwMDAwMDAwMDAwfSwic2NoZW1hX3ZlcnNpb24iOiIxIn0=",
          "dependencies": [
            "data.aws_vpc.default"
          ]
        }
      ]
    },
    {
      "mode": "managed",
      "type": "random_password",
      "name": "api_key",
      "provider": "provider[\"registry.terraform.io/hashicorp/random\"]",
      "instances": [
        {
          "schema_version": 3,
          "attributes": {
            "bcrypt_hash": "$2a$10$f3WfC4HJfyrBe2w5TxF92uHQ/5H9ydaeYX9qAD5nnmR1.u0LfZj5i",
            "id": "none",
            "keepers": null,
            "length": 40,
            "lower": true,
            "min_lower": 0,
            "min_numeric": 0,
            "min_special": 0,
            "min_upper": 0,
            "number": true,
            "numeric": true,
            "override_special": null,
            "result": "5UcLVknxOhVUNDvldst9oHZUP9FxTqPDG5vTvSqH",
            "special": false,
            "upper": true
          },
          "sensitive_attributes": [
            [
              {
                "type": "get_attr",
                "value": "bcrypt_hash"
              }
            ],
            [
              {
                "type": "get_attr",
                "value": "result"
              }
            ]
          ],
          "identity_schema_version": 0
        }
      ]
    },
    {
      "mode": "managed",
      "type": "random_password",
      "name": "rds_master",
      "provider": "provider[\"registry.terraform.io/hashicorp/random\"]",
      "instances": [
        {
          "schema_version": 3,
          "attributes": {
            "bcrypt_hash": "$2a$10$AxjOG7bzv/yoH.tulKvjIuUN0verpJb2iVZeLBik5j/mu/blQAkwy",
            "id": "none",
            "keepers": null,
            "length": 32,
            "lower": true,
            "min_lower": 0,
            "min_numeric": 0,
            "min_special": 0,
            "min_upper": 0,
            "number": true,
            "numeric": true,
            "override_special": null,
            "result": "Z}\u003ci!Whe3(y2+x84d:*:H3u22wJLka[r",
            "special": true,
            "upper": true
          },
          "sensitive_attributes": [
            [
              {
                "type": "get_attr",
                "value": "bcrypt_hash"
              }
            ],
            [
              {
                "type": "get_attr",
                "value": "result"
              }
            ]
          ],
          "identity_schema_version": 0
        }
      ]
    }
  ],
  "check_results": null
}
