{
  "version": 4,
  "terraform_version": "1.12.2",
  "serial": 833,
  "lineage": "86e2772f-03ef-639a-d826-40b8e94f31d9",
  "outputs": {
    "api_base_url": {
      "value": "https://414c4ggxih.execute-api.us-east-1.amazonaws.com/v1",
      "type": "string"
    },
    "api_key_id": {
      "value": "otljyar4ae",
      "type": "string"
    },
    "api_key_value": {
      "value": "5UcLVknxOhVUNDvldst9oHZUP9FxTqPDG5vTvSqH",
      "type": "string",
      "sensitive": true
    },
    "bastion_instance_id": {
      "value": "i-05f370a9cece42006",
      "type": "string"
    },
    "dynamodb_table_clients": {
      "value": "mc-multichat-dev-clients",
      "type": "string"
    },
    "dynamodb_table_conversations": {
      "value": "mc-multichat-dev-conversations",
      "type": "string"
    },
    "dynamodb_table_phone_routes": {
      "value": "mc-multichat-dev-phone-routes",
      "type": "string"
    },
    "health_url": {
      "value": "https://414c4ggxih.execute-api.us-east-1.amazonaws.com/v1/health",
      "type": "string"
    },
    "name_prefix": {
      "value": "mc-multichat-dev",
      "type": "string"
    },
    "private_subnet_ids": {
      "value": [
        "subnet-0c30c51c22e89ecda",
        "subnet-08b6ea3ca135f9b51",
        "subnet-0efce1ff901f3200d"
      ],
      "type": [
        "tuple",
        [
          "string",
          "string",
          "string"
        ]
      ]
    },
    "public_subnet_ids": {
      "value": [
        "subnet-0d264e8bed41f1678",
        "subnet-0bc14758bab58bf85",
        "subnet-0d5bdfbceb8122309"
      ],
      "type": [
        "tuple",
        [
          "string",
          "string",
          "string"
        ]
      ]
    },
    "rds_db_name": {
      "value": "multichatdev",
      "type": "string"
    },
    "rds_endpoint": {
      "value": "mc-multichat-dev-pg-private.cwglusrb45if.us-east-1.rds.amazonaws.com",
      "type": "string"
    },
    "rds_port": {
      "value": 5432,
      "type": "number"
    },
    "rds_secret_arn": {
      "value": "arn:aws:secretsmanager:us-east-1:566776836280:secret:mc-multichat-dev/rds-BFnl95",
      "type": "string"
    },
    "rest_api_id": {
      "value": "414c4ggxih",
      "type": "string"
    },
    "twilio_account_sid_arn": {
      "value": "arn:aws:secretsmanager:us-east-1:566776836280:secret:mc-multichat-dev/twilio_account_sid-f95fuZ",
      "type": "string"
    },
    "twilio_auth_token_arn": {
      "value": "arn:aws:secretsmanager:us-east-1:566776836280:secret:mc-multichat-dev/twilio_auth_token-0borOs",
      "type": "string"
    },
    "twilio_studio_bearer_arn": {
      "value": "arn:aws:secretsmanager:us-east-1:566776836280:secret:mc-multichat-dev/studio_bearer-8OSKLO",
      "type": "string"
    },
    "vpc_id": {
      "value": "vpc-0c1c07b89c8b8d2cb",
      "type": "string"
    }
  },
  "resources": [
    {
      "mode": "data",
      "type": "archive_file",
      "name": "chat_orchestrator_zip",
      "provider": "provider[\"registry.terraform.io/hashicorp/archive\"]",
      "instances": [
        {
          "schema_version": 0,
          "attributes": {
            "exclude_symlink_directories": null,
            "excludes": null,
            "id": "ee3d681480a5522b6a733993e90f66d35b0c68b3",
            "output_base64sha256": "4b+NSqpgTECkA3zoSbF21VD7JII08umz91YeT3zo43E=",
            "output_base64sha512": "Cku4Gx6zRyqSkDtnOR49gQcvPcJKsb0RogDxS6Mwbl7co228st+SvYWcSmNHO6Qbkvqn7UZa4SUSTwnwSt680Q==",
            "output_file_mode": null,
            "output_md5": "62945ad4ecc602c6a575ec75e25d9e1d",
            "output_path": "./.terraform/artifacts/chat_orchestrator.zip",
            "output_sha": "ee3d681480a5522b6a733993e90f66d35b0c68b3",
            "output_sha256": "e1bf8d4aaa604c40a4037ce849b176d550fb248234f2e9b3f7561e4f7ce8e371",
            "output_sha512": "0a4bb81b1eb3472a92903b67391e3d81072f3dc24ab1bd11a200f14ba3306e5edca36dbcb2df92bd859c4a63473ba41b92faa7ed465ae125124f09f04adebcd1",
            "output_size": 18459303,
            "source": [],
            "source_content": null,
            "source_content_filename": null,
            "source_dir": "./../../services/chat_orchestrator/package",
            "source_file": null,
            "type": "zip"
          },
          "sensitive_attributes": [],
          "identity_schema_version": 0
        }
      ]
    },
    {
      "mode": "data",
      "type": "archive_file",
      "name": "health_zip",
      "provider": "provider[\"registry.terraform.io/hashicorp/archive\"]",
      "instances": [
        {
          "schema_version": 0,
          "attributes": {
            "exclude_symlink_directories": null,
            "excludes": null,
            "id": "2f3ea979bcb5389a7ede7c5aeeed3ed130081a8b",
            "output_base64sha256": "eCX1OMn0MWNGKau6cRUZTglb5S87rZ1UFKGXNytfmcg=",
            "output_base64sha512": "FfLpGnn4CBlLpaHNRrTKRrW6acOlBShdnx72hhQsaOPqrajty9s8CLi2zRS//s6L0Pa7UyaT+a84QR3gAhPWrA==",
            "output_file_mode": null,
            "output_md5": "a4b200115b40e941897a3ec7be7fa107",
            "output_path": "./.terraform/artifacts/health.zip",
            "output_sha": "2f3ea979bcb5389a7ede7c5aeeed3ed130081a8b",
            "output_sha256": "7825f538c9f431634629abba7115194e095be52f3bad9d5414a197372b5f99c8",
            "output_sha512": "15f2e91a79f808194ba5a1cd46b4ca46b5ba69c3a505285d9f1ef686142c68e3eaada8edcbdb3c08b8b6cd14bffece8bd0f6bb532693f9af38411de00213d6ac",
            "output_size": 846,
            "source": [],
            "source_content": null,
            "source_content_filename": null,
            "source_dir": "./../../services/health",
            "source_file": null,
            "type": "zip"
          },
          "sensitive_attributes": [],
          "identity_schema_version": 0
        }
      ]
    },
    {
      "mode": "data",
      "type": "archive_file",
      "name": "kb_search_zip",
      "provider": "provider[\"registry.terraform.io/hashicorp/archive\"]",
      "instances": [
        {
          "schema_version": 0,
          "attributes": {
            "exclude_symlink_directories": null,
            "excludes": null,
            "id": "3bcb9d7a358f583abd513158b864218ab436ceb9",
            "output_base64sha256": "5oYt/+NKGOUxHmHh5RnAXEAFY0Dk65L2NTIXRt1pU9s=",
            "output_base64sha512": "yhe9Ey9RYLeNCwpTfn9mGXnSaZwwBHTgzhkYRQnBdKZhKDXgLG4FSj4ZqQYyJ/pgj11tM+SaANOB6NeAtJ8mHg==",
            "output_file_mode": null,
            "output_md5": "9ee37d79b239bb5796c9b823fb2608bf",
            "output_path": "./.terraform/artifacts/kb_search.zip",
            "output_sha": "3bcb9d7a358f583abd513158b864218ab436ceb9",
            "output_sha256": "e6862dffe34a18e5311e61e1e519c05c40056340e4eb92f635321746dd6953db",
            "output_sha512": "ca17bd132f5160b78d0b0a537e7f661979d2699c300474e0ce19184509c174a6612835e02c6e054a3e19a9063227fa608f5d6d33e49a00d381e8d780b49f261e",
            "output_size": 2003482,
            "source": [],
            "source_content": null,
            "source_content_filename": null,
            "source_dir": "./../../services/kb_search/package",
            "source_file": null,
            "type": "zip"
          },
          "sensitive_attributes": [],
          "identity_schema_version": 0
        }
      ]
    },
    {
      "mode": "data",
      "type": "archive_file",
      "name": "twilio_sms_zip",
      "provider": "provider[\"registry.terraform.io/hashicorp/archive\"]",
      "instances": [
        {
          "schema_version": 0,
          "attributes": {
            "exclude_symlink_directories": null,
            "excludes": null,
            "id": "6b5b90d2c5c4050a45b01e4adfb2fa931f95dc8c",
            "output_base64sha256": "+i2OY6ZDzDJbKiRtMbZXfMXskz1vGqQHvbD2oGXRS1o=",
            "output_base64sha512": "k4XLfqnI/q5aQljIs7u8uZ9UPGTECZHxZrtnoKzy6wEnMtisKMZuWpsYIsStxmQ9ZsGJ/VUSsjOEdvzLtG5r9g==",
            "output_file_mode": null,
            "output_md5": "cc50d1b50c9e42bedda284ce66c059cc",
            "output_path": "./.terraform/artifacts/twilio_sms.zip",
            "output_sha": "6b5b90d2c5c4050a45b01e4adfb2fa931f95dc8c",
            "output_sha256": "fa2d8e63a643cc325b2a246d31b6577cc5ec933d6f1aa407bdb0f6a065d14b5a",
            "output_sha512": "9385cb7ea9c8feae5a4258c8b3bbbcb99f543c64c40991f166bb67a0acf2eb012732d8ac28c66e5a9b1822c4adc6643d66c189fd5512b2338476fccbb46e6bf6",
            "output_size": 17653082,
            "source": [],
            "source_content": null,
            "source_content_filename": null,
            "source_dir": "./../../services/twilio_sms/package",
            "source_file": null,
            "type": "zip"
          },
          "sensitive_attributes": [],
          "identity_schema_version": 0
        }
      ]
    },
    {
      "mode": "data",
      "type": "archive_file",
      "name": "twilio_studio_zip",
      "provider": "provider[\"registry.terraform.io/hashicorp/archive\"]",
      "instances": [
        {
          "schema_version": 0,
          "attributes": {
            "exclude_symlink_directories": null,
            "excludes": null,
            "id": "38034f4e66dd6d209febdf0d694db5b8078f5978",
            "output_base64sha256": "tWAfSpVIznFIWVnnuCJVOHbZy1uN/+LYBkhXFVJQiEg=",
            "output_base64sha512": "kn9j3a41il4URx60sz6XCIfw70AfoNGbC64S3WEGszg1dEsms7iiu2oXwc3WBtVewvyjlCURAEbzogdiDK2htw==",
            "output_file_mode": null,
            "output_md5": "4824365d6d9bbce65df62bc3f2888598",
            "output_path": "./.terraform/artifacts/twilio_studio.zip",
            "output_sha": "38034f4e66dd6d209febdf0d694db5b8078f5978",
            "output_sha256": "b5601f4a9548ce71485959e7b822553876d9cb5b8dffe2d80648571552508848",
            "output_sha512": "927f63ddae358a5e14471eb4b33e970887f0ef401fa0d19b0bae12dd6106b33835744b26b3b8a2bb6a17c1cdd606d55ec2fca39425110046f3a207620cada1b7",
            "output_size": 2031195,
            "source": [],
            "source_content": null,
            "source_content_filename": null,
            "source_dir": "./../../services/twilio_studio/package",
            "source_file": null,
            "type": "zip"
          },
          "sensitive_attributes": [],
          "identity_schema_version": 0
        }
      ]
    },
    {
      "mode": "data",
      "type": "aws_ami",
      "name": "amazon_linux_2023",
      "provider": "provider[\"registry.terraform.io/hashicorp/aws\"]",
      "instances": [
        {
          "schema_version": 0,
          "attributes": {
            "allow_unsafe_filter": null,
            "architecture": "x86_64",
            "arn": "arn:aws:ec2:us-east-1::image/ami-019ebe9a4cd613034",
            "block_device_mappings": [
              {
                "device_name": "/dev/xvda",
                "ebs": {
                  "delete_on_termination": "true",
                  "encrypted": "false",
                  "iops": "3000",
                  "snapshot_id": "snap-0f5f92aa1934dc5de",
                  "throughput": "125",
                  "volume_initialization_rate": "0",
                  "volume_size": "2",
                  "volume_type": "gp3"
                },
                "no_device": "",
                "virtual_name": ""
              }
            ],
            "boot_mode": "uefi-preferred",
            "creation_date": "2025-12-03T22:49:06.000Z",
            "deprecation_time": "2026-03-03T00:00:00.000Z",
            "description": "Amazon Linux 2023 AMI 2023.9.20251208.0 x86_64 Minimal HVM kernel-6.12",
            "ena_support": true,
            "executable_users": null,
            "filter": [
              {
                "name": "name",
                "values": [
                  "al2023-ami-*-x86_64"
                ]
              }
            ],
            "hypervisor": "xen",
            "id": "ami-019ebe9a4cd613034",
            "image_id": "ami-019ebe9a4cd613034",
            "image_location": "amazon/al2023-ami-minimal-2023.9.20251208.0-kernel-6.12-x86_64",
            "image_owner_alias": "amazon",
            "image_type": "machine",
            "imds_support": "v2.0",
            "include_deprecated": false,
            "kernel_id": "",
            "last_launched_time": "",
            "most_recent": true,
            "name": "al2023-ami-minimal-2023.9.20251208.0-kernel-6.12-x86_64",
            "name_regex": null,
            "owner_id": "137112412989",
            "owners": [
              "137112412989"
            ],
            "platform": "",
            "platform_details": "Linux/UNIX",
            "product_codes": [],
            "public": true,
            "ramdisk_id": "",
            "region": "us-east-1",
            "root_device_name": "/dev/xvda",
            "root_device_type": "ebs",
            "root_snapshot_id": "snap-0f5f92aa1934dc5de",
            "sriov_net_support": "simple",
            "state": "available",
            "state_reason": {
              "code": "UNSET",
              "message": "UNSET"
            },
            "tags": {},
            "timeouts": null,
            "tpm_support": "",
            "uefi_data": null,
            "usage_operation": "RunInstances",
            "virtualization_type": "hvm"
          },
          "sensitive_attributes": [],
          "identity_schema_version": 0
        }
      ]
    },
    {
      "mode": "data",
      "type": "aws_availability_zones",
      "name": "available",
      "provider": "provider[\"registry.terraform.io/hashicorp/aws\"]",
      "instances": [
        {
          "schema_version": 0,
          "attributes": {
            "all_availability_zones": null,
            "exclude_names": null,
            "exclude_zone_ids": null,
            "filter": null,
            "group_names": [
              "us-east-1-zg-1"
            ],
            "id": "us-east-1",
            "names": [
              "us-east-1a",
              "us-east-1b",
              "us-east-1c",
              "us-east-1d",
              "us-east-1e",
              "us-east-1f"
            ],
            "region": "us-east-1",
            "state": "available",
            "timeouts": null,
            "zone_ids": [
              "use1-az4",
              "use1-az6",
              "use1-az1",
              "use1-az2",
              "use1-az3",
              "use1-az5"
            ]
          },
          "sensitive_attributes": [],
          "identity_schema_version": 0
        }
      ]
    },
    {
      "mode": "data",
      "type": "aws_iam_policy_document",
      "name": "lambda_assume",
      "provider": "provider[\"registry.terraform.io/hashicorp/aws\"]",
      "instances": [
        {
          "schema_version": 0,
          "attributes": {
            "id": "2690255455",
            "json": "{\n  \"Version\": \"2012-10-17\",\n  \"Statement\": [\n    {\n      \"Effect\": \"Allow\",\n      \"Action\": \"sts:AssumeRole\",\n      \"Principal\": {\n        \"Service\": \"lambda.amazonaws.com\"\n      }\n    }\n  ]\n}",
            "minified_json": "{\"Version\":\"2012-10-17\",\"Statement\":[{\"Effect\":\"Allow\",\"Action\":\"sts:AssumeRole\",\"Principal\":{\"Service\":\"lambda.amazonaws.com\"}}]}",
            "override_json": null,
            "override_policy_documents": null,
            "policy_id": null,
            "source_json": null,
            "source_policy_documents": null,
            "statement": [
              {
                "actions": [
                  "sts:AssumeRole"
                ],
                "condition": [],
                "effect": "Allow",
                "not_actions": [],
                "not_principals": [],
                "not_resources": [],
                "principals": [
                  {
                    "identifiers": [
                      "lambda.amazonaws.com"
                    ],
                    "type": "Service"
                  }
                ],
                "resources": [],
                "sid": ""
              }
            ],
            "version": "2012-10-17"
          },
          "sensitive_attributes": [],
          "identity_schema_version": 0
        }
      ]
    },
    {
      "mode": "data",
      "type": "aws_secretsmanager_secret",
      "name": "openai_api_key",
      "provider": "provider[\"registry.terraform.io/hashicorp/aws\"]",
      "instances": [
        {
          "schema_version": 0,
          "attributes": {
            "arn": "arn:aws:secretsmanager:us-east-1:566776836280:secret:mc-multichat-dev/openai_api_key-j7Y3Er",
            "created_date": "2025-08-21T01:13:34Z",
            "description": "",
            "id": "arn:aws:secretsmanager:us-east-1:566776836280:secret:mc-multichat-dev/openai_api_key-j7Y3Er",
            "kms_key_id": "",
            "last_changed_date": "2025-08-26T23:48:48Z",
            "name": "mc-multichat-dev/openai_api_key",
            "policy": "",
            "region": "us-east-1",
            "tags": {
              "Env": "dev",
              "Project": "mc-multichat"
            }
          },
          "sensitive_attributes": [],
          "identity_schema_version": 0
        }
      ]
    },
    {
      "mode": "data",
      "type": "aws_secretsmanager_secret",
      "name": "twilio_auth_token",
      "provider": "provider[\"registry.terraform.io/hashicorp/aws\"]",
      "instances": [
        {
          "schema_version": 0,
          "attributes": {
            "arn": "arn:aws:secretsmanager:us-east-1:566776836280:secret:mc-multichat-dev/twilio_auth_token-0borOs",
            "created_date": "2025-08-21T01:13:34Z",
            "description": "",
            "id": "arn:aws:secretsmanager:us-east-1:566776836280:secret:mc-multichat-dev/twilio_auth_token-0borOs",
            "kms_key_id": "",
            "last_changed_date": "2025-09-01T17:46:24Z",
            "name": "mc-multichat-dev/twilio_auth_token",
            "policy": "",
            "region": "us-east-1",
            "tags": {
              "Env": "dev",
              "Project": "mc-multichat"
            }
          },
          "sensitive_attributes": [],
          "identity_schema_version": 0
        }
      ]
    },
    {
      "mode": "data",
      "type": "aws_vpc",
      "name": "default",
      "provider": "provider[\"registry.terraform.io/hashicorp/aws\"]",
      "instances": [
        {
          "schema_version": 0,
          "attributes": {
            "arn": "arn:aws:ec2:us-east-1:566776836280:vpc/vpc-2667b35c",
            "cidr_block": "172.31.0.0/16",
            "cidr_block_associations": [
              {
                "association_id": "vpc-cidr-assoc-7f4dec13",
                "cidr_block": "172.31.0.0/16",
                "state": "associated"
              }
            ],
            "default": true,
            "dhcp_options_id": "dopt-5a90e121",
            "enable_dns_hostnames": true,
            "enable_dns_support": true,
            "enable_network_address_usage_metrics": false,
            "filter": null,
            "id": "vpc-2667b35c",
            "instance_tenancy": "default",
            "ipv6_association_id": "",
            "ipv6_cidr_block": "",
            "main_route_table_id": "rtb-37693a48",
            "owner_id": "566776836280",
            "region": "us-east-1",
            "state": null,
            "tags": {},
            "timeouts": null
          },
          "sensitive_attributes": [],
          "identity_schema_version": 0
        }
      ]
    },
    {
      "mode": "managed",
      "type": "aws_api_gateway_api_key",
      "name": "default",
      "provider": "provider[\"registry.terraform.io/hashicorp/aws\"]",
      "instances": [
        {
          "schema_version": 0,
          "attributes": {
            "arn": "arn:aws:apigateway:us-east-1::/apikeys/otljyar4ae",
            "created_date": "2025-08-22T00:19:49Z",
            "customer_id": "",
            "description": "Default API key for mc-multichat-dev",
            "enabled": true,
            "id": "otljyar4ae",
            "last_updated_date": "2025-08-22T00:19:49Z",
            "name": "mc-multichat-dev-default-key",
            "region": "us-east-1",
            "tags": {
              "Env": "dev",
              "Project": "mc-multichat"
            },
            "tags_all": {
              "Env": "dev",
              "Project": "mc-multichat"
            },
            "value": "5UcLVknxOhVUNDvldst9oHZUP9FxTqPDG5vTvSqH"
          },
          "sensitive_attributes": [
            [
              {
                "type": "get_attr",
                "value": "value"
              }
            ]
          ],
          "identity_schema_version": 0,
          "private": "bnVsbA==",
          "dependencies": [
            "random_password.api_key"
          ]
        }
      ]
    },
    {
      "mode": "managed",
      "type": "aws_api_gateway_deployment",
      "name": "rest_deploy",
      "provider": "provider[\"registry.terraform.io/hashicorp/aws\"]",
      "instances": [
        {
          "schema_version": 0,
          "attributes": {
            "created_date": "2025-10-22T23:35:54Z",
            "description": "",
            "id": "2r0gqa",
            "region": "us-east-1",
            "rest_api_id": "414c4ggxih",
            "triggers": {
              "redeploy_hash": "dc8d9ca04cccd27d686f0456a85f360eabe08247"
            },
            "variables": null
          },
          "sensitive_attributes": [],
          "identity_schema_version": 0,
          "private": "bnVsbA==",
          "dependencies": [
            "aws_api_gateway_integration.health_get",
            "aws_api_gateway_integration.kb_search_get",
            "aws_api_gateway_integration.sms_inbound_post",
            "aws_api_gateway_integration.sms_status_post",
            "aws_api_gateway_integration.studio_consent_post",
            "aws_api_gateway_integration.studio_lookup_get",
            "aws_api_gateway_integration.studio_novoicemail_post",
            "aws_api_gateway_integration.studio_voicemail_post",
            "aws_api_gateway_method.health_get",
            "aws_api_gateway_method.kb_search_get",
            "aws_api_gateway_method.sms_inbound_post",
            "aws_api_gateway_method.sms_status_post",
            "aws_api_gateway_method.studio_consent_post",
            "aws_api_gateway_method.studio_lookup_get",
            "aws_api_gateway_method.studio_novoicemail_post",
            "aws_api_gateway_method.studio_voicemail_post",
            "aws_api_gateway_resource.health",
            "aws_api_gateway_resource.kb",
            "aws_api_gateway_resource.kb_search",
            "aws_api_gateway_resource.sms_inbound",
            "aws_api_gateway_resource.sms_root",
            "aws_api_gateway_resource.sms_status",
            "aws_api_gateway_resource.studio",
            "aws_api_gateway_resource.studio_consent",
            "aws_api_gateway_resource.studio_lookup",
            "aws_api_gateway_resource.studio_novoicemail",
            "aws_api_gateway_resource.studio_voicemail",
            "aws_api_gateway_resource.twilio",
            "aws_api_gateway_rest_api.rest",
            "aws_cloudwatch_log_group.lambda",
            "aws_cloudwatch_log_group.lambda_kb_search",
            "aws_dynamodb_table.clients",
            "aws_dynamodb_table.conversations",
            "aws_dynamodb_table.phone_routes",
            "aws_iam_role.lambda_exec",
            "aws_lambda_function.chat_orchestrator",
            "aws_lambda_function.health",
            "aws_lambda_function.kb_search",
            "aws_lambda_function.twilio_sms",
            "aws_lambda_function.twilio_studio",
            "aws_secretsmanager_secret.apigw_api_key",
            "aws_secretsmanager_secret.rds_credentials",
            "aws_secretsmanager_secret.studio_bearer",
            "aws_secretsmanager_secret.twilio_account_sid",
            "aws_security_group.lambda",
            "aws_subnet.private",
            "aws_vpc.main",
            "data.archive_file.chat_orchestrator_zip",
            "data.archive_file.health_zip",
            "data.archive_file.kb_search_zip",
            "data.archive_file.twilio_sms_zip",
            "data.archive_file.twilio_studio_zip",
            "data.aws_availability_zones.available",
            "data.aws_iam_policy_document.lambda_assume",
            "data.aws_secretsmanager_secret.openai_api_key",
            "data.aws_secretsmanager_secret.twilio_auth_token",
            "null_resource.chat_orchestrator_vendor",
            "null_resource.package_lambda",
            "null_resource.twilio_sms_vendor",
            "null_resource.twilio_studio_vendor"
          ],
          "create_before_destroy": true
        }
      ]
    },
    {
      "mode": "managed",
      "type": "aws_api_gateway_integration",
      "name": "health_get",
      "provider": "provider[\"registry.terraform.io/hashicorp/aws\"]",
      "instances": [
        {
          "schema_version": 0,
          "attributes": {
            "cache_key_parameters": [],
            "cache_namespace": "pikixx",
            "connection_id": "",
            "connection_type": "INTERNET",
            "content_handling": "",
            "credentials": "",
            "http_method": "GET",
            "id": "agi-414c4ggxih-pikixx-GET",
            "integration_http_method": "POST",
            "passthrough_behavior": "WHEN_NO_MATCH",
            "region": "us-east-1",
            "request_parameters": {},
            "request_templates": {},
            "resource_id": "pikixx",
            "rest_api_id": "414c4ggxih",
            "timeout_milliseconds": 29000,
            "tls_config": [],
            "type": "AWS_PROXY",
            "uri": "arn:aws:apigateway:us-east-1:lambda:path/2015-03-31/functions/arn:aws:lambda:us-east-1:566776836280:function:mc-multichat-dev-health/invocations"
          },
          "sensitive_attributes": [],
          "identity_schema_version": 0,
          "private": "bnVsbA==",
          "dependencies": [
            "aws_api_gateway_method.health_get",
            "aws_api_gateway_resource.health",
            "aws_api_gateway_rest_api.rest",
            "aws_cloudwatch_log_group.lambda",
            "aws_iam_role.lambda_exec",
            "aws_lambda_function.health",
            "aws_security_group.lambda",
            "aws_subnet.private",
            "aws_vpc.main",
            "data.archive_file.health_zip",
            "data.aws_availability_zones.available",
            "data.aws_iam_policy_document.lambda_assume"
          ],
          "create_before_destroy": true
        }
      ]
    },
    {
      "mode": "managed",
      "type": "aws_api_gateway_integration",
      "name": "kb_search_get",
      "provider": "provider[\"registry.terraform.io/hashicorp/aws\"]",
      "instances": [
        {
          "schema_version": 0,
          "attributes": {
            "cache_key_parameters": [],
            "cache_namespace": "mrol0o",
            "connection_id": "",
            "connection_type": "INTERNET",
            "content_handling": "",
            "credentials": "",
            "http_method": "GET",
            "id": "agi-414c4ggxih-mrol0o-GET",
            "integration_http_method": "POST",
            "passthrough_behavior": "WHEN_NO_MATCH",
            "region": "us-east-1",
            "request_parameters": {},
            "request_templates": {},
            "resource_id": "mrol0o",
            "rest_api_id": "414c4ggxih",
            "timeout_milliseconds": 29000,
            "tls_config": [],
            "type": "AWS_PROXY",
            "uri": "arn:aws:apigateway:us-east-1:lambda:path/2015-03-31/functions/arn:aws:lambda:us-east-1:566776836280:function:mc-multichat-dev-kb-search/invocations"
          },
          "sensitive_attributes": [],
          "identity_schema_version": 0,
          "private": "bnVsbA==",
          "dependencies": [
            "aws_api_gateway_method.kb_search_get",
            "aws_api_gateway_resource.kb",
            "aws_api_gateway_resource.kb_search",
            "aws_api_gateway_rest_api.rest",
            "aws_cloudwatch_log_group.lambda_kb_search",
            "aws_iam_role.lambda_exec",
            "aws_lambda_function.kb_search",
            "aws_secretsmanager_secret.rds_credentials",
            "aws_security_group.lambda",
            "aws_subnet.private",
            "aws_vpc.main",
            "data.archive_file.kb_search_zip",
            "data.aws_availability_zones.available",
            "data.aws_iam_policy_document.lambda_assume",
            "data.aws_secretsmanager_secret.openai_api_key",
            "null_resource.package_lambda"
          ],
          "create_before_destroy": true
        }
      ]
    },
    {
      "mode": "managed",
      "type": "aws_api_gateway_integration",
      "name": "sms_inbound_post",
      "provider": "provider[\"registry.terraform.io/hashicorp/aws\"]",
      "instances": [
        {
          "schema_version": 0,
          "attributes": {
            "cache_key_parameters": [],
            "cache_namespace": "kev16e",
            "connection_id": "",
            "connection_type": "INTERNET",
            "content_handling": "",
            "credentials": "",
            "http_method": "POST",
            "id": "agi-414c4ggxih-kev16e-POST",
            "integration_http_method": "POST",
            "passthrough_behavior": "WHEN_NO_MATCH",
            "region": "us-east-1",
            "request_parameters": {},
            "request_templates": {},
            "resource_id": "kev16e",
            "rest_api_id": "414c4ggxih",
            "timeout_milliseconds": 29000,
            "tls_config": [],
            "type": "AWS_PROXY",
            "uri": "arn:aws:apigateway:us-east-1:lambda:path/2015-03-31/functions/arn:aws:lambda:us-east-1:566776836280:function:mc-multichat-dev-twilio-sms/invocations"
          },
          "sensitive_attributes": [],
          "identity_schema_version": 0,
          "private": "bnVsbA==",
          "dependencies": [
            "aws_api_gateway_method.sms_inbound_post",
            "aws_api_gateway_resource.sms_inbound",
            "aws_api_gateway_resource.sms_root",
            "aws_api_gateway_resource.twilio",
            "aws_api_gateway_rest_api.rest",
            "aws_dynamodb_table.clients",
            "aws_dynamodb_table.conversations",
            "aws_dynamodb_table.phone_routes",
            "aws_iam_role.lambda_exec",
            "aws_lambda_function.chat_orchestrator",
            "aws_lambda_function.twilio_sms",
            "aws_secretsmanager_secret.apigw_api_key",
            "aws_secretsmanager_secret.twilio_account_sid",
            "aws_security_group.lambda",
            "aws_subnet.private",
            "aws_vpc.main",
            "data.archive_file.chat_orchestrator_zip",
            "data.archive_file.twilio_sms_zip",
            "data.aws_availability_zones.available",
            "data.aws_iam_policy_document.lambda_assume",
            "data.aws_secretsmanager_secret.openai_api_key",
            "data.aws_secretsmanager_secret.twilio_auth_token",
            "null_resource.chat_orchestrator_vendor",
            "null_resource.twilio_sms_vendor"
          ],
          "create_before_destroy": true
        }
      ]
    },
    {
      "mode": "managed",
      "type": "aws_api_gateway_integration",
      "name": "sms_status_post",
      "provider": "provider[\"registry.terraform.io/hashicorp/aws\"]",
      "instances": [
        {
          "schema_version": 0,
          "attributes": {
            "cache_key_parameters": [],
            "cache_namespace": "lyl9ml",
            "connection_id": "",
            "connection_type": "INTERNET",
            "content_handling": "",
            "credentials": "",
            "http_method": "POST",
            "id": "agi-414c4ggxih-lyl9ml-POST",
            "integration_http_method": "POST",
            "passthrough_behavior": "WHEN_NO_MATCH",
            "region": "us-east-1",
            "request_parameters": {},
            "request_templates": {},
            "resource_id": "lyl9ml",
            "rest_api_id": "414c4ggxih",
            "timeout_milliseconds": 29000,
            "tls_config": [],
            "type": "AWS_PROXY",
            "uri": "arn:aws:apigateway:us-east-1:lambda:path/2015-03-31/functions/arn:aws:lambda:us-east-1:566776836280:function:mc-multichat-dev-twilio-sms/invocations"
          },
          "sensitive_attributes": [],
          "identity_schema_version": 0,
          "private": "bnVsbA==",
          "dependencies": [
            "aws_api_gateway_method.sms_status_post",
            "aws_api_gateway_resource.sms_root",
            "aws_api_gateway_resource.sms_status",
            "aws_api_gateway_resource.twilio",
            "aws_api_gateway_rest_api.rest",
            "aws_dynamodb_table.clients",
            "aws_dynamodb_table.conversations",
            "aws_dynamodb_table.phone_routes",
            "aws_iam_role.lambda_exec",
            "aws_lambda_function.chat_orchestrator",
            "aws_lambda_function.twilio_sms",
            "aws_secretsmanager_secret.apigw_api_key",
            "aws_secretsmanager_secret.twilio_account_sid",
            "aws_security_group.lambda",
            "aws_subnet.private",
            "aws_vpc.main",
            "data.archive_file.chat_orchestrator_zip",
            "data.archive_file.twilio_sms_zip",
            "data.aws_availability_zones.available",
            "data.aws_iam_policy_document.lambda_assume",
            "data.aws_secretsmanager_secret.openai_api_key",
            "data.aws_secretsmanager_secret.twilio_auth_token",
            "null_resource.chat_orchestrator_vendor",
            "null_resource.twilio_sms_vendor"
          ],
          "create_before_destroy": true
        }
      ]
    },
    {
      "mode": "managed",
      "type": "aws_api_gateway_integration",
      "name": "studio_consent_post",
      "provider": "provider[\"registry.terraform.io/hashicorp/aws\"]",
      "instances": [
        {
          "schema_version": 0,
          "attributes": {
            "cache_key_parameters": [],
            "cache_namespace": "u8wj9o",
            "connection_id": "",
            "connection_type": "INTERNET",
            "content_handling": "",
            "credentials": "",
            "http_method": "POST",
            "id": "agi-414c4ggxih-u8wj9o-POST",
            "integration_http_method": "POST",
            "passthrough_behavior": "WHEN_NO_MATCH",
            "region": "us-east-1",
            "request_parameters": {},
            "request_templates": {},
            "resource_id": "u8wj9o",
            "rest_api_id": "414c4ggxih",
            "timeout_milliseconds": 29000,
            "tls_config": [],
            "type": "AWS_PROXY",
            "uri": "arn:aws:apigateway:us-east-1:lambda:path/2015-03-31/functions/arn:aws:lambda:us-east-1:566776836280:function:mc-multichat-dev-twilio-studio/invocations"
          },
          "sensitive_attributes": [],
          "identity_schema_version": 0,
          "private": "bnVsbA==",
          "dependencies": [
            "aws_api_gateway_method.studio_consent_post",
            "aws_api_gateway_resource.studio",
            "aws_api_gateway_resource.studio_consent",
            "aws_api_gateway_resource.twilio",
            "aws_api_gateway_rest_api.rest",
            "aws_dynamodb_table.clients",
            "aws_dynamodb_table.conversations",
            "aws_dynamodb_table.phone_routes",
            "aws_iam_role.lambda_exec",
            "aws_lambda_function.chat_orchestrator",
            "aws_lambda_function.twilio_studio",
            "aws_secretsmanager_secret.apigw_api_key",
            "aws_secretsmanager_secret.rds_credentials",
            "aws_secretsmanager_secret.studio_bearer",
            "aws_secretsmanager_secret.twilio_account_sid",
            "aws_security_group.lambda",
            "aws_subnet.private",
            "aws_vpc.main",
            "data.archive_file.chat_orchestrator_zip",
            "data.archive_file.twilio_studio_zip",
            "data.aws_availability_zones.available",
            "data.aws_iam_policy_document.lambda_assume",
            "data.aws_secretsmanager_secret.openai_api_key",
            "data.aws_secretsmanager_secret.twilio_auth_token",
            "null_resource.chat_orchestrator_vendor",
            "null_resource.twilio_studio_vendor"
          ],
          "create_before_destroy": true
        }
      ]
    },
    {
      "mode": "managed",
      "type": "aws_api_gateway_integration",
      "name": "studio_lookup_get",
      "provider": "provider[\"registry.terraform.io/hashicorp/aws\"]",
      "instances": [
        {
          "schema_version": 0,
          "attributes": {
            "cache_key_parameters": [],
            "cache_namespace": "q6m9jg",
            "connection_id": "",
            "connection_type": "INTERNET",
            "content_handling": "",
            "credentials": "",
            "http_method": "GET",
            "id": "agi-414c4ggxih-q6m9jg-GET",
            "integration_http_method": "POST",
            "passthrough_behavior": "WHEN_NO_MATCH",
            "region": "us-east-1",
            "request_parameters": {},
            "request_templates": {},
            "resource_id": "q6m9jg",
            "rest_api_id": "414c4ggxih",
            "timeout_milliseconds": 29000,
            "tls_config": [],
            "type": "AWS_PROXY",
            "uri": "arn:aws:apigateway:us-east-1:lambda:path/2015-03-31/functions/arn:aws:lambda:us-east-1:566776836280:function:mc-multichat-dev-twilio-studio/invocations"
          },
          "sensitive_attributes": [],
          "identity_schema_version": 0,
          "private": "bnVsbA==",
          "dependencies": [
            "aws_api_gateway_method.studio_lookup_get",
            "aws_api_gateway_resource.studio",
            "aws_api_gateway_resource.studio_lookup",
            "aws_api_gateway_resource.twilio",
            "aws_api_gateway_rest_api.rest",
            "aws_dynamodb_table.clients",
            "aws_dynamodb_table.conversations",
            "aws_dynamodb_table.phone_routes",
            "aws_iam_role.lambda_exec",
            "aws_lambda_function.chat_orchestrator",
            "aws_lambda_function.twilio_studio",
            "aws_secretsmanager_secret.apigw_api_key",
            "aws_secretsmanager_secret.rds_credentials",
            "aws_secretsmanager_secret.studio_bearer",
            "aws_secretsmanager_secret.twilio_account_sid",
            "aws_security_group.lambda",
            "aws_subnet.private",
            "aws_vpc.main",
            "data.archive_file.chat_orchestrator_zip",
            "data.archive_file.twilio_studio_zip",
            "data.aws_availability_zones.available",
            "data.aws_iam_policy_document.lambda_assume",
            "data.aws_secretsmanager_secret.openai_api_key",
            "data.aws_secretsmanager_secret.twilio_auth_token",
            "null_resource.chat_orchestrator_vendor",
            "null_resource.twilio_studio_vendor"
          ],
          "create_before_destroy": true
        }
      ]
    },
    {
      "mode": "managed",
      "type": "aws_api_gateway_integration",
      "name": "studio_novoicemail_post",
      "provider": "provider[\"registry.terraform.io/hashicorp/aws\"]",
      "instances": [
        {
          "schema_version": 0,
          "attributes": {
            "cache_key_parameters": [],
            "cache_namespace": "p9et87",
            "connection_id": "",
            "connection_type": "INTERNET",
            "content_handling": "",
            "credentials": "",
            "http_method": "POST",
            "id": "agi-414c4ggxih-p9et87-POST",
            "integration_http_method": "POST",
            "passthrough_behavior": "WHEN_NO_MATCH",
            "region": "us-east-1",
            "request_parameters": {},
            "request_templates": {},
            "resource_id": "p9et87",
            "rest_api_id": "414c4ggxih",
            "timeout_milliseconds": 29000,
            "tls_config": [],
            "type": "AWS_PROXY",
            "uri": "arn:aws:apigateway:us-east-1:lambda:path/2015-03-31/functions/arn:aws:lambda:us-east-1:566776836280:function:mc-multichat-dev-twilio-studio/invocations"
          },
          "sensitive_attributes": [],
          "identity_schema_version": 0,
          "private": "bnVsbA==",
          "dependencies": [
            "aws_api_gateway_method.studio_novoicemail_post",
            "aws_api_gateway_resource.studio",
            "aws_api_gateway_resource.studio_novoicemail",
            "aws_api_gateway_resource.twilio",
            "aws_api_gateway_rest_api.rest",
            "aws_dynamodb_table.clients",
            "aws_dynamodb_table.conversations",
            "aws_dynamodb_table.phone_routes",
            "aws_iam_role.lambda_exec",
            "aws_lambda_function.chat_orchestrator",
            "aws_lambda_function.twilio_studio",
            "aws_secretsmanager_secret.apigw_api_key",
            "aws_secretsmanager_secret.rds_credentials",
            "aws_secretsmanager_secret.studio_bearer",
            "aws_secretsmanager_secret.twilio_account_sid",
            "aws_security_group.lambda",
            "aws_subnet.private",
            "aws_vpc.main",
            "data.archive_file.chat_orchestrator_zip",
            "data.archive_file.twilio_studio_zip",
            "data.aws_availability_zones.available",
            "data.aws_iam_policy_document.lambda_assume",
            "data.aws_secretsmanager_secret.openai_api_key",
            "data.aws_secretsmanager_secret.twilio_auth_token",
            "null_resource.chat_orchestrator_vendor",
            "null_resource.twilio_studio_vendor"
          ],
          "create_before_destroy": true
        }
      ]
    },
    {
      "mode": "managed",
      "type": "aws_api_gateway_integration",
      "name": "studio_voicemail_post",
      "provider": "provider[\"registry.terraform.io/hashicorp/aws\"]",
      "instances": [
        {
          "schema_version": 0,
          "attributes": {
            "cache_key_parameters": [],
            "cache_namespace": "n7h9q7",
            "connection_id": "",
            "connection_type": "INTERNET",
            "content_handling": "",
            "credentials": "",
            "http_method": "POST",
            "id": "agi-414c4ggxih-n7h9q7-POST",
            "integration_http_method": "POST",
            "passthrough_behavior": "WHEN_NO_MATCH",
            "region": "us-east-1",
            "request_parameters": {},
            "request_templates": {},
            "resource_id": "n7h9q7",
            "rest_api_id": "414c4ggxih",
            "timeout_milliseconds": 29000,
            "tls_config": [],
            "type": "AWS_PROXY",
            "uri": "arn:aws:apigateway:us-east-1:lambda:path/2015-03-31/functions/arn:aws:lambda:us-east-1:566776836280:function:mc-multichat-dev-twilio-studio/invocations"
          },
          "sensitive_attributes": [],
          "identity_schema_version": 0,
          "private": "bnVsbA==",
          "dependencies": [
            "aws_api_gateway_method.studio_voicemail_post",
            "aws_api_gateway_resource.studio",
            "aws_api_gateway_resource.studio_voicemail",
            "aws_api_gateway_resource.twilio",
            "aws_api_gateway_rest_api.rest",
            "aws_dynamodb_table.clients",
            "aws_dynamodb_table.conversations",
            "aws_dynamodb_table.phone_routes",
            "aws_iam_role.lambda_exec",
            "aws_lambda_function.chat_orchestrator",
            "aws_lambda_function.twilio_studio",
            "aws_secretsmanager_secret.apigw_api_key",
            "aws_secretsmanager_secret.rds_credentials",
            "aws_secretsmanager_secret.studio_bearer",
            "aws_secretsmanager_secret.twilio_account_sid",
            "aws_security_group.lambda",
            "aws_subnet.private",
            "aws_vpc.main",
            "data.archive_file.chat_orchestrator_zip",
            "data.archive_file.twilio_studio_zip",
            "data.aws_availability_zones.available",
            "data.aws_iam_policy_document.lambda_assume",
            "data.aws_secretsmanager_secret.openai_api_key",
            "data.aws_secretsmanager_secret.twilio_auth_token",
            "null_resource.chat_orchestrator_vendor",
            "null_resource.twilio_studio_vendor"
          ],
          "create_before_destroy": true
        }
      ]
    },
    {
      "mode": "managed",
      "type": "aws_api_gateway_method",
      "name": "health_get",
      "provider": "provider[\"registry.terraform.io/hashicorp/aws\"]",
      "instances": [
        {
          "schema_version": 0,
          "attributes": {
            "api_key_required": true,
            "authorization": "NONE",
            "authorization_scopes": [],
            "authorizer_id": "",
            "http_method": "GET",
            "id": "agm-414c4ggxih-pikixx-GET",
            "operation_name": "",
            "region": "us-east-1",
            "request_models": {},
            "request_parameters": {},
            "request_validator_id": "",
            "resource_id": "pikixx",
            "rest_api_id": "414c4ggxih"
          },
          "sensitive_attributes": [],
          "identity_schema_version": 0,
          "private": "bnVsbA==",
          "dependencies": [
            "aws_api_gateway_resource.health",
            "aws_api_gateway_rest_api.rest"
          ],
          "create_before_destroy": true
        }
      ]
    },
    {
      "mode": "managed",
      "type": "aws_api_gateway_method",
      "name": "kb_search_get",
      "provider": "provider[\"registry.terraform.io/hashicorp/aws\"]",
      "instances": [
        {
          "schema_version": 0,
          "attributes": {
            "api_key_required": true,
            "authorization": "NONE",
            "authorization_scopes": [],
            "authorizer_id": "",
            "http_method": "GET",
            "id": "agm-414c4ggxih-mrol0o-GET",
            "operation_name": "",
            "region": "us-east-1",
            "request_models": {},
            "request_parameters": {},
            "request_validator_id": "",
            "resource_id": "mrol0o",
            "rest_api_id": "414c4ggxih"
          },
          "sensitive_attributes": [],
          "identity_schema_version": 0,
          "private": "bnVsbA==",
          "dependencies": [
            "aws_api_gateway_resource.kb",
            "aws_api_gateway_resource.kb_search",
            "aws_api_gateway_rest_api.rest"
          ],
          "create_before_destroy": true
        }
      ]
    },
    {
      "mode": "managed",
      "type": "aws_api_gateway_method",
      "name": "sms_inbound_post",
      "provider": "provider[\"registry.terraform.io/hashicorp/aws\"]",
      "instances": [
        {
          "schema_version": 0,
          "attributes": {
            "api_key_required": false,
            "authorization": "NONE",
            "authorization_scopes": [],
            "authorizer_id": "",
            "http_method": "POST",
            "id": "agm-414c4ggxih-kev16e-POST",
            "operation_name": "",
            "region": "us-east-1",
            "request_models": {},
            "request_parameters": {},
            "request_validator_id": "",
            "resource_id": "kev16e",
            "rest_api_id": "414c4ggxih"
          },
          "sensitive_attributes": [],
          "identity_schema_version": 0,
          "private": "bnVsbA==",
          "dependencies": [
            "aws_api_gateway_resource.sms_inbound",
            "aws_api_gateway_resource.sms_root",
            "aws_api_gateway_resource.twilio",
            "aws_api_gateway_rest_api.rest"
          ],
          "create_before_destroy": true
        }
      ]
    },
    {
      "mode": "managed",
      "type": "aws_api_gateway_method",
      "name": "sms_status_post",
      "provider": "provider[\"registry.terraform.io/hashicorp/aws\"]",
      "instances": [
        {
          "schema_version": 0,
          "attributes": {
            "api_key_required": false,
            "authorization": "NONE",
            "authorization_scopes": [],
            "authorizer_id": "",
            "http_method": "POST",
            "id": "agm-414c4ggxih-lyl9ml-POST",
            "operation_name": "",
            "region": "us-east-1",
            "request_models": {},
            "request_parameters": {},
            "request_validator_id": "",
            "resource_id": "lyl9ml",
            "rest_api_id": "414c4ggxih"
          },
          "sensitive_attributes": [],
          "identity_schema_version": 0,
          "private": "bnVsbA==",
          "dependencies": [
            "aws_api_gateway_resource.sms_root",
            "aws_api_gateway_resource.sms_status",
            "aws_api_gateway_resource.twilio",
            "aws_api_gateway_rest_api.rest"
          ],
          "create_before_destroy": true
        }
      ]
    },
    {
      "mode": "managed",
      "type": "aws_api_gateway_method",
      "name": "studio_consent_post",
      "provider": "provider[\"registry.terraform.io/hashicorp/aws\"]",
      "instances": [
        {
          "schema_version": 0,
          "attributes": {
            "api_key_required": false,
            "authorization": "NONE",
            "authorization_scopes": [],
            "authorizer_id": "",
            "http_method": "POST",
            "id": "agm-414c4ggxih-u8wj9o-POST",
            "operation_name": "",
            "region": "us-east-1",
            "request_models": {},
            "request_parameters": {},
            "request_validator_id": "",
            "resource_id": "u8wj9o",
            "rest_api_id": "414c4ggxih"
          },
          "sensitive_attributes": [],
          "identity_schema_version": 0,
          "private": "bnVsbA==",
          "dependencies": [
            "aws_api_gateway_resource.studio",
            "aws_api_gateway_resource.studio_consent",
            "aws_api_gateway_resource.twilio",
            "aws_api_gateway_rest_api.rest"
          ],
          "create_before_destroy": true
        }
      ]
    },
    {
      "mode": "managed",
      "type": "aws_api_gateway_method",
      "name": "studio_lookup_get",
      "provider": "provider[\"registry.terraform.io/hashicorp/aws\"]",
      "instances": [
        {
          "schema_version": 0,
          "attributes": {
            "api_key_required": false,
            "authorization": "NONE",
            "authorization_scopes": [],
            "authorizer_id": "",
            "http_method": "GET",
            "id": "agm-414c4ggxih-q6m9jg-GET",
            "operation_name": "",
            "region": "us-east-1",
            "request_models": {},
            "request_parameters": {},
            "request_validator_id": "",
            "resource_id": "q6m9jg",
            "rest_api_id": "414c4ggxih"
          },
          "sensitive_attributes": [],
          "identity_schema_version": 0,
          "private": "bnVsbA==",
          "dependencies": [
            "aws_api_gateway_resource.studio",
            "aws_api_gateway_resource.studio_lookup",
            "aws_api_gateway_resource.twilio",
            "aws_api_gateway_rest_api.rest"
          ],
          "create_before_destroy": true
        }
      ]
    },
    {
      "mode": "managed",
      "type": "aws_api_gateway_method",
      "name": "studio_novoicemail_post",
      "provider": "provider[\"registry.terraform.io/hashicorp/aws\"]",
      "instances": [
        {
          "schema_version": 0,
          "attributes": {
            "api_key_required": false,
            "authorization": "NONE",
            "authorization_scopes": [],
            "authorizer_id": "",
            "http_method": "POST",
            "id": "agm-414c4ggxih-p9et87-POST",
            "operation_name": "",
            "region": "us-east-1",
            "request_models": {},
            "request_parameters": {},
            "request_validator_id": "",
            "resource_id": "p9et87",
            "rest_api_id": "414c4ggxih"
          },
          "sensitive_attributes": [],
          "identity_schema_version": 0,
          "private": "bnVsbA==",
          "dependencies": [
            "aws_api_gateway_resource.studio",
            "aws_api_gateway_resource.studio_novoicemail",
            "aws_api_gateway_resource.twilio",
            "aws_api_gateway_rest_api.rest"
          ],
          "create_before_destroy": true
        }
      ]
    },
    {
      "mode": "managed",
      "type": "aws_api_gateway_method",
      "name": "studio_voicemail_post",
      "provider": "provider[\"registry.terraform.io/hashicorp/aws\"]",
      "instances": [
        {
          "schema_version": 0,
          "attributes": {
            "api_key_required": false,
            "authorization": "NONE",
            "authorization_scopes": [],
            "authorizer_id": "",
            "http_method": "POST",
            "id": "agm-414c4ggxih-n7h9q7-POST",
            "operation_name": "",
            "region": "us-east-1",
            "request_models": {},
            "request_parameters": {},
            "request_validator_id": "",
            "resource_id": "n7h9q7",
            "rest_api_id": "414c4ggxih"
          },
          "sensitive_attributes": [],
          "identity_schema_version": 0,
          "private": "bnVsbA==",
          "dependencies": [
            "aws_api_gateway_resource.studio",
            "aws_api_gateway_resource.studio_voicemail",
            "aws_api_gateway_resource.twilio",
            "aws_api_gateway_rest_api.rest"
          ],
          "create_before_destroy": true
        }
      ]
    },
    {
      "mode": "managed",
      "type": "aws_api_gateway_resource",
      "name": "health",
      "provider": "provider[\"registry.terraform.io/hashicorp/aws\"]",
      "instances": [
        {
          "schema_version": 0,
          "attributes": {
            "id": "pikixx",
            "parent_id": "ksmvbz4t6d",
            "path": "/health",
            "path_part": "health",
            "region": "us-east-1",
            "rest_api_id": "414c4ggxih"
          },
          "sensitive_attributes": [],
          "identity_schema_version": 0,
          "private": "bnVsbA==",
          "dependencies": [
            "aws_api_gateway_rest_api.rest"
          ],
          "create_before_destroy": true
        }
      ]
    },
    {
      "mode": "managed",
      "type": "aws_api_gateway_resource",
      "name": "kb",
      "provider": "provider[\"registry.terraform.io/hashicorp/aws\"]",
      "instances": [
        {
          "schema_version": 0,
          "attributes": {
            "id": "w6hnyt",
            "parent_id": "ksmvbz4t6d",
            "path": "/kb",
            "path_part": "kb",
            "region": "us-east-1",
            "rest_api_id": "414c4ggxih"
          },
          "sensitive_attributes": [],
          "identity_schema_version": 0,
          "private": "bnVsbA==",
          "dependencies": [
            "aws_api_gateway_rest_api.rest"
          ],
          "create_before_destroy": true
        }
      ]
    },
    {
      "mode": "managed",
      "type": "aws_api_gateway_resource",
      "name": "kb_search",
      "provider": "provider[\"registry.terraform.io/hashicorp/aws\"]",
      "instances": [
        {
          "schema_version": 0,
          "attributes": {
            "id": "mrol0o",
            "parent_id": "w6hnyt",
            "path": "/kb/search",
            "path_part": "search",
            "region": "us-east-1",
            "rest_api_id": "414c4ggxih"
          },
          "sensitive_attributes": [],
          "identity_schema_version": 0,
          "private": "bnVsbA==",
          "dependencies": [
            "aws_api_gateway_resource.kb",
            "aws_api_gateway_rest_api.rest"
          ],
          "create_before_destroy": true
        }
      ]
    },
    {
      "mode": "managed",
      "type": "aws_api_gateway_resource",
      "name": "sms_inbound",
      "provider": "provider[\"registry.terraform.io/hashicorp/aws\"]",
      "instances": [
        {
          "schema_version": 0,
          "attributes": {
            "id": "kev16e",
            "parent_id": "lf65xn",
            "path": "/twilio/sms/inbound",
            "path_part": "inbound",
            "region": "us-east-1",
            "rest_api_id": "414c4ggxih"
          },
          "sensitive_attributes": [],
          "identity_schema_version": 0,
          "private": "bnVsbA==",
          "dependencies": [
            "aws_api_gateway_resource.sms_root",
            "aws_api_gateway_resource.twilio",
            "aws_api_gateway_rest_api.rest"
          ],
          "create_before_destroy": true
        }
      ]
    },
    {
      "mode": "managed",
      "type": "aws_api_gateway_resource",
      "name": "sms_root",
      "provider": "provider[\"registry.terraform.io/hashicorp/aws\"]",
      "instances": [
        {
          "schema_version": 0,
          "attributes": {
            "id": "lf65xn",
            "parent_id": "qhcxdy",
            "path": "/twilio/sms",
            "path_part": "sms",
            "region": "us-east-1",
            "rest_api_id": "414c4ggxih"
          },
          "sensitive_attributes": [],
          "identity_schema_version": 0,
          "private": "bnVsbA==",
          "dependencies": [
            "aws_api_gateway_resource.twilio",
            "aws_api_gateway_rest_api.rest"
          ],
          "create_before_destroy": true
        }
      ]
    },
    {
      "mode": "managed",
      "type": "aws_api_gateway_resource",
      "name": "sms_status",
      "provider": "provider[\"registry.terraform.io/hashicorp/aws\"]",
      "instances": [
        {
          "schema_version": 0,
          "attributes": {
            "id": "lyl9ml",
            "parent_id": "lf65xn",
            "path": "/twilio/sms/status",
            "path_part": "status",
            "region": "us-east-1",
            "rest_api_id": "414c4ggxih"
          },
          "sensitive_attributes": [],
          "identity_schema_version": 0,
          "private": "bnVsbA==",
          "dependencies": [
            "aws_api_gateway_resource.sms_root",
            "aws_api_gateway_resource.twilio",
            "aws_api_gateway_rest_api.rest"
          ],
          "create_before_destroy": true
        }
      ]
    },
    {
      "mode": "managed",
      "type": "aws_api_gateway_resource",
      "name": "studio",
      "provider": "provider[\"registry.terraform.io/hashicorp/aws\"]",
      "instances": [
        {
          "schema_version": 0,
          "attributes": {
            "id": "1dyxft",
            "parent_id": "qhcxdy",
            "path": "/twilio/studio",
            "path_part": "studio",
            "region": "us-east-1",
            "rest_api_id": "414c4ggxih"
          },
          "sensitive_attributes": [],
          "identity_schema_version": 0,
          "private": "bnVsbA==",
          "dependencies": [
            "aws_api_gateway_resource.twilio",
            "aws_api_gateway_rest_api.rest"
          ],
          "create_before_destroy": true
        }
      ]
    },
    {
      "mode": "managed",
      "type": "aws_api_gateway_resource",
      "name": "studio_consent",
      "provider": "provider[\"registry.terraform.io/hashicorp/aws\"]",
      "instances": [
        {
          "schema_version": 0,
          "attributes": {
            "id": "u8wj9o",
            "parent_id": "1dyxft",
            "path": "/twilio/studio/consent",
            "path_part": "consent",
            "region": "us-east-1",
            "rest_api_id": "414c4ggxih"
          },
          "sensitive_attributes": [],
          "identity_schema_version": 0,
          "private": "bnVsbA==",
          "dependencies": [
            "aws_api_gateway_resource.studio",
            "aws_api_gateway_resource.twilio",
            "aws_api_gateway_rest_api.rest"
          ],
          "create_before_destroy": true
        }
      ]
    },
    {
      "mode": "managed",
      "type": "aws_api_gateway_resource",
      "name": "studio_lookup",
      "provider": "provider[\"registry.terraform.io/hashicorp/aws\"]",
      "instances": [
        {
          "schema_version": 0,
          "attributes": {
            "id": "q6m9jg",
            "parent_id": "1dyxft",
            "path": "/twilio/studio/lookup",
            "path_part": "lookup",
            "region": "us-east-1",
            "rest_api_id": "414c4ggxih"
          },
          "sensitive_attributes": [],
          "identity_schema_version": 0,
          "private": "bnVsbA==",
          "dependencies": [
            "aws_api_gateway_resource.studio",
            "aws_api_gateway_resource.twilio",
            "aws_api_gateway_rest_api.rest"
          ],
          "create_before_destroy": true
        }
      ]
    },
    {
      "mode": "managed",
      "type": "aws_api_gateway_resource",
      "name": "studio_novoicemail",
      "provider": "provider[\"registry.terraform.io/hashicorp/aws\"]",
      "instances": [
        {
          "schema_version": 0,
          "attributes": {
            "id": "p9et87",
            "parent_id": "1dyxft",
            "path": "/twilio/studio/no-voicemail",
            "path_part": "no-voicemail",
            "region": "us-east-1",
            "rest_api_id": "414c4ggxih"
          },
          "sensitive_attributes": [],
          "identity_schema_version": 0,
          "private": "bnVsbA==",
          "dependencies": [
            "aws_api_gateway_resource.studio",
            "aws_api_gateway_resource.twilio",
            "aws_api_gateway_rest_api.rest"
          ],
          "create_before_destroy": true
        }
      ]
    },
    {
      "mode": "managed",
      "type": "aws_api_gateway_resource",
      "name": "studio_voicemail",
      "provider": "provider[\"registry.terraform.io/hashicorp/aws\"]",
      "instances": [
        {
          "schema_version": 0,
          "attributes": {
            "id": "n7h9q7",
            "parent_id": "1dyxft",
            "path": "/twilio/studio/voicemail",
            "path_part": "voicemail",
            "region": "us-east-1",
            "rest_api_id": "414c4ggxih"
          },
          "sensitive_attributes": [],
          "identity_schema_version": 0,
          "private": "bnVsbA==",
          "dependencies": [
            "aws_api_gateway_resource.studio",
            "aws_api_gateway_resource.twilio",
            "aws_api_gateway_rest_api.rest"
          ],
          "create_before_destroy": true
        }
      ]
    },
    {
      "mode": "managed",
      "type": "aws_api_gateway_resource",
      "name": "twilio",
      "provider": "provider[\"registry.terraform.io/hashicorp/aws\"]",
      "instances": [
        {
          "schema_version": 0,
          "attributes": {
            "id": "qhcxdy",
            "parent_id": "ksmvbz4t6d",
            "path": "/twilio",
            "path_part": "twilio",
            "region": "us-east-1",
            "rest_api_id": "414c4ggxih"
          },
          "sensitive_attributes": [],
          "identity_schema_version": 0,
          "private": "bnVsbA==",
          "dependencies": [
            "aws_api_gateway_rest_api.rest"
          ],
          "create_before_destroy": true
        }
      ]
    },
    {
      "mode": "managed",
      "type": "aws_api_gateway_rest_api",
      "name": "rest",
      "provider": "provider[\"registry.terraform.io/hashicorp/aws\"]",
      "instances": [
        {
          "schema_version": 0,
          "attributes": {
            "api_key_source": "HEADER",
            "arn": "arn:aws:apigateway:us-east-1::/restapis/414c4ggxih",
            "binary_media_types": [],
            "body": null,
            "created_date": "2025-08-22T00:19:49Z",
            "description": "",
            "disable_execute_api_endpoint": false,
            "endpoint_configuration": [
              {
                "ip_address_type": "ipv4",
                "types": [
                  "REGIONAL"
                ],
                "vpc_endpoint_ids": []
              }
            ],
            "execution_arn": "arn:aws:execute-api:us-east-1:566776836280:414c4ggxih",
            "fail_on_warnings": null,
            "id": "414c4ggxih",
            "minimum_compression_size": "",
            "name": "mc-multichat-dev-api",
            "parameters": null,
            "policy": "",
            "put_rest_api_mode": null,
            "region": "us-east-1",
            "root_resource_id": "ksmvbz4t6d",
            "tags": {
              "Env": "dev",
              "Project": "mc-multichat"
            },
            "tags_all": {
              "Env": "dev",
              "Project": "mc-multichat"
            }
          },
          "sensitive_attributes": [],
          "identity_schema_version": 0,
          "private": "bnVsbA==",
          "create_before_destroy": true
        }
      ]
    },
    {
      "mode": "managed",
      "type": "aws_api_gateway_stage",
      "name": "stage",
      "provider": "provider[\"registry.terraform.io/hashicorp/aws\"]",
      "instances": [
        {
          "schema_version": 0,
          "attributes": {
            "access_log_settings": [
              {
                "destination_arn": "arn:aws:logs:us-east-1:566776836280:log-group:/aws/apigateway/mc-multichat-dev-api",
                "format": "{\"httpMethod\":\"$context.httpMethod\",\"ip\":\"$context.identity.sourceIp\",\"path\":\"$context.path\",\"requestId\":\"$context.requestId\",\"responseLength\":\"$context.responseLength\",\"status\":\"$context.status\"}"
              }
            ],
            "arn": "arn:aws:apigateway:us-east-1::/restapis/414c4ggxih/stages/v1",
            "cache_cluster_enabled": false,
            "cache_cluster_size": "",
            "canary_settings": [],
            "client_certificate_id": "",
            "deployment_id": "2r0gqa",
            "description": "",
            "documentation_version": "",
            "execution_arn": "arn:aws:execute-api:us-east-1:566776836280:414c4ggxih/v1",
            "id": "ags-414c4ggxih-v1",
            "invoke_url": "https://414c4ggxih.execute-api.us-east-1.amazonaws.com/v1",
            "region": "us-east-1",
            "rest_api_id": "414c4ggxih",
            "stage_name": "v1",
            "tags": {
              "Env": "dev",
              "Project": "mc-multichat"
            },
            "tags_all": {
              "Env": "dev",
              "Project": "mc-multichat"
            },
            "variables": {},
            "web_acl_arn": "",
            "xray_tracing_enabled": false
          },
          "sensitive_attributes": [],
          "identity_schema_version": 0,
          "private": "bnVsbA==",
          "dependencies": [
            "aws_api_gateway_deployment.rest_deploy",
            "aws_api_gateway_integration.health_get",
            "aws_api_gateway_integration.kb_search_get",
            "aws_api_gateway_integration.sms_inbound_post",
            "aws_api_gateway_integration.sms_status_post",
            "aws_api_gateway_integration.studio_consent_post",
            "aws_api_gateway_integration.studio_lookup_get",
            "aws_api_gateway_integration.studio_novoicemail_post",
            "aws_api_gateway_integration.studio_voicemail_post",
            "aws_api_gateway_method.health_get",
            "aws_api_gateway_method.kb_search_get",
            "aws_api_gateway_method.sms_inbound_post",
            "aws_api_gateway_method.sms_status_post",
            "aws_api_gateway_method.studio_consent_post",
            "aws_api_gateway_method.studio_lookup_get",
            "aws_api_gateway_method.studio_novoicemail_post",
            "aws_api_gateway_method.studio_voicemail_post",
            "aws_api_gateway_resource.health",
            "aws_api_gateway_resource.kb",
            "aws_api_gateway_resource.kb_search",
            "aws_api_gateway_resource.sms_inbound",
            "aws_api_gateway_resource.sms_root",
            "aws_api_gateway_resource.sms_status",
            "aws_api_gateway_resource.studio",
            "aws_api_gateway_resource.studio_consent",
            "aws_api_gateway_resource.studio_lookup",
            "aws_api_gateway_resource.studio_novoicemail",
            "aws_api_gateway_resource.studio_voicemail",
            "aws_api_gateway_resource.twilio",
            "aws_api_gateway_rest_api.rest",
            "aws_cloudwatch_log_group.api_gw",
            "aws_cloudwatch_log_group.lambda",
            "aws_cloudwatch_log_group.lambda_kb_search",
            "aws_dynamodb_table.clients",
            "aws_dynamodb_table.conversations",
            "aws_dynamodb_table.phone_routes",
            "aws_iam_role.lambda_exec",
            "aws_lambda_function.chat_orchestrator",
            "aws_lambda_function.health",
            "aws_lambda_function.kb_search",
            "aws_lambda_function.twilio_sms",
            "aws_lambda_function.twilio_studio",
            "aws_secretsmanager_secret.apigw_api_key",
            "aws_secretsmanager_secret.rds_credentials",
            "aws_secretsmanager_secret.studio_bearer",
            "aws_secretsmanager_secret.twilio_account_sid",
            "aws_security_group.lambda",
            "aws_subnet.private",
            "aws_vpc.main",
            "data.archive_file.chat_orchestrator_zip",
            "data.archive_file.health_zip",
            "data.archive_file.kb_search_zip",
            "data.archive_file.twilio_sms_zip",
            "data.archive_file.twilio_studio_zip",
            "data.aws_availability_zones.available",
            "data.aws_iam_policy_document.lambda_assume",
            "data.aws_secretsmanager_secret.openai_api_key",
            "data.aws_secretsmanager_secret.twilio_auth_token",
            "null_resource.chat_orchestrator_vendor",
            "null_resource.package_lambda",
            "null_resource.twilio_sms_vendor",
            "null_resource.twilio_studio_vendor"
          ]
        }
      ]
    },
    {
      "mode": "managed",
      "type": "aws_api_gateway_usage_plan",
      "name": "default",
      "provider": "provider[\"registry.terraform.io/hashicorp/aws\"]",
      "instances": [
        {
          "schema_version": 0,
          "attributes": {
            "api_stages": [
              {
                "api_id": "414c4ggxih",
                "stage": "v1",
                "throttle": []
              }
            ],
            "arn": "arn:aws:apigateway:us-east-1::/usageplans/1i1vhw",
            "description": "",
            "id": "1i1vhw",
            "name": "mc-multichat-dev-plan",
            "product_code": "",
            "quota_settings": [],
            "region": "us-east-1",
            "tags": {
              "Env": "dev",
              "Project": "mc-multichat"
            },
            "tags_all": {
              "Env": "dev",
              "Project": "mc-multichat"
            },
            "throttle_settings": []
          },
          "sensitive_attributes": [],
          "identity_schema_version": 0,
          "private": "bnVsbA==",
          "dependencies": [
            "aws_api_gateway_deployment.rest_deploy",
            "aws_api_gateway_integration.health_get",
            "aws_api_gateway_integration.kb_search_get",
            "aws_api_gateway_integration.sms_inbound_post",
            "aws_api_gateway_integration.sms_status_post",
            "aws_api_gateway_integration.studio_consent_post",
            "aws_api_gateway_integration.studio_lookup_get",
            "aws_api_gateway_integration.studio_novoicemail_post",
            "aws_api_gateway_integration.studio_voicemail_post",
            "aws_api_gateway_method.health_get",
            "aws_api_gateway_method.kb_search_get",
            "aws_api_gateway_method.sms_inbound_post",
            "aws_api_gateway_method.sms_status_post",
            "aws_api_gateway_method.studio_consent_post",
            "aws_api_gateway_method.studio_lookup_get",
            "aws_api_gateway_method.studio_novoicemail_post",
            "aws_api_gateway_method.studio_voicemail_post",
            "aws_api_gateway_resource.health",
            "aws_api_gateway_resource.kb",
            "aws_api_gateway_resource.kb_search",
            "aws_api_gateway_resource.sms_inbound",
            "aws_api_gateway_resource.sms_root",
            "aws_api_gateway_resource.sms_status",
            "aws_api_gateway_resource.studio",
            "aws_api_gateway_resource.studio_consent",
            "aws_api_gateway_resource.studio_lookup",
            "aws_api_gateway_resource.studio_novoicemail",
            "aws_api_gateway_resource.studio_voicemail",
            "aws_api_gateway_resource.twilio",
            "aws_api_gateway_rest_api.rest",
            "aws_api_gateway_stage.stage",
            "aws_cloudwatch_log_group.api_gw",
            "aws_cloudwatch_log_group.lambda",
            "aws_cloudwatch_log_group.lambda_kb_search",
            "aws_dynamodb_table.clients",
            "aws_dynamodb_table.conversations",
            "aws_dynamodb_table.phone_routes",
            "aws_iam_role.lambda_exec",
            "aws_lambda_function.chat_orchestrator",
            "aws_lambda_function.health",
            "aws_lambda_function.kb_search",
            "aws_lambda_function.twilio_sms",
            "aws_lambda_function.twilio_studio",
            "aws_secretsmanager_secret.apigw_api_key",
            "aws_secretsmanager_secret.rds_credentials",
            "aws_secretsmanager_secret.studio_bearer",
            "aws_secretsmanager_secret.twilio_account_sid",
            "aws_security_group.lambda",
            "aws_subnet.private",
            "aws_vpc.main",
            "data.archive_file.chat_orchestrator_zip",
            "data.archive_file.health_zip",
            "data.archive_file.kb_search_zip",
            "data.archive_file.twilio_sms_zip",
            "data.archive_file.twilio_studio_zip",
            "data.aws_availability_zones.available",
            "data.aws_iam_policy_document.lambda_assume",
            "data.aws_secretsmanager_secret.openai_api_key",
            "data.aws_secretsmanager_secret.twilio_auth_token",
            "null_resource.chat_orchestrator_vendor",
            "null_resource.package_lambda",
            "null_resource.twilio_sms_vendor",
            "null_resource.twilio_studio_vendor"
          ]
        }
      ]
    },
    {
      "mode": "managed",
      "type": "aws_api_gateway_usage_plan_key",
      "name": "default",
      "provider": "provider[\"registry.terraform.io/hashicorp/aws\"]",
      "instances": [
        {
          "schema_version": 0,
          "attributes": {
            "id": "otljyar4ae",
            "key_id": "otljyar4ae",
            "key_type": "API_KEY",
            "name": "mc-multichat-dev-default-key",
            "region": "us-east-1",
            "usage_plan_id": "1i1vhw",
            "value": "5UcLVknxOhVUNDvldst9oHZUP9FxTqPDG5vTvSqH"
          },
          "sensitive_attributes": [],
          "identity_schema_version": 0,
          "private": "bnVsbA==",
          "dependencies": [
            "aws_api_gateway_api_key.default",
            "aws_api_gateway_deployment.rest_deploy",
            "aws_api_gateway_integration.health_get",
            "aws_api_gateway_integration.kb_search_get",
            "aws_api_gateway_integration.sms_inbound_post",
            "aws_api_gateway_integration.sms_status_post",
            "aws_api_gateway_integration.studio_consent_post",
            "aws_api_gateway_integration.studio_lookup_get",
            "aws_api_gateway_integration.studio_novoicemail_post",
            "aws_api_gateway_integration.studio_voicemail_post",
            "aws_api_gateway_method.health_get",
            "aws_api_gateway_method.kb_search_get",
            "aws_api_gateway_method.sms_inbound_post",
            "aws_api_gateway_method.sms_status_post",
            "aws_api_gateway_method.studio_consent_post",
            "aws_api_gateway_method.studio_lookup_get",
            "aws_api_gateway_method.studio_novoicemail_post",
            "aws_api_gateway_method.studio_voicemail_post",
            "aws_api_gateway_resource.health",
            "aws_api_gateway_resource.kb",
            "aws_api_gateway_resource.kb_search",
            "aws_api_gateway_resource.sms_inbound",
            "aws_api_gateway_resource.sms_root",
            "aws_api_gateway_resource.sms_status",
            "aws_api_gateway_resource.studio",
            "aws_api_gateway_resource.studio_consent",
            "aws_api_gateway_resource.studio_lookup",
            "aws_api_gateway_resource.studio_novoicemail",
            "aws_api_gateway_resource.studio_voicemail",
            "aws_api_gateway_resource.twilio",
            "aws_api_gateway_rest_api.rest",
            "aws_api_gateway_stage.stage",
            "aws_api_gateway_usage_plan.default",
            "aws_cloudwatch_log_group.api_gw",
            "aws_cloudwatch_log_group.lambda",
            "aws_cloudwatch_log_group.lambda_kb_search",
            "aws_dynamodb_table.clients",
            "aws_dynamodb_table.conversations",
            "aws_dynamodb_table.phone_routes",
            "aws_iam_role.lambda_exec",
            "aws_lambda_function.chat_orchestrator",
            "aws_lambda_function.health",
            "aws_lambda_function.kb_search",
            "aws_lambda_function.twilio_sms",
            "aws_lambda_function.twilio_studio",
            "aws_secretsmanager_secret.apigw_api_key",
            "aws_secretsmanager_secret.rds_credentials",
            "aws_secretsmanager_secret.studio_bearer",
            "aws_secretsmanager_secret.twilio_account_sid",
            "aws_security_group.lambda",
            "aws_subnet.private",
            "aws_vpc.main",
            "data.archive_file.chat_orchestrator_zip",
            "data.archive_file.health_zip",
            "data.archive_file.kb_search_zip",
            "data.archive_file.twilio_sms_zip",
            "data.archive_file.twilio_studio_zip",
            "data.aws_availability_zones.available",
            "data.aws_iam_policy_document.lambda_assume",
            "data.aws_secretsmanager_secret.openai_api_key",
            "data.aws_secretsmanager_secret.twilio_auth_token",
            "null_resource.chat_orchestrator_vendor",
            "null_resource.package_lambda",
            "null_resource.twilio_sms_vendor",
            "null_resource.twilio_studio_vendor",
            "random_password.api_key"
          ]
        }
      ]
    },
    {
      "mode": "managed",
      "type": "aws_cloudwatch_log_group",
      "name": "api_gw",
      "provider": "provider[\"registry.terraform.io/hashicorp/aws\"]",
      "instances": [
        {
          "schema_version": 0,
          "attributes": {
            "arn": "arn:aws:logs:us-east-1:566776836280:log-group:/aws/apigateway/mc-multichat-dev-api",
            "id": "/aws/apigateway/mc-multichat-dev-api",
            "kms_key_id": "",
            "log_group_class": "STANDARD",
            "name": "/aws/apigateway/mc-multichat-dev-api",
            "name_prefix": "",
            "region": "us-east-1",
            "retention_in_days": 14,
            "skip_destroy": false,
            "tags": {
              "Env": "dev",
              "Project": "mc-multichat"
            },
            "tags_all": {
              "Env": "dev",
              "Project": "mc-multichat"
            }
          },
          "sensitive_attributes": [],
          "identity_schema_version": 0,
          "identity": {
            "account_id": "566776836280",
            "name": "/aws/apigateway/mc-multichat-dev-api",
            "region": "us-east-1"
          },
          "private": "bnVsbA==",
          "dependencies": [
            "aws_api_gateway_rest_api.rest"
          ]
        }
      ]
    },
    {
      "mode": "managed",
      "type": "aws_cloudwatch_log_group",
      "name": "lambda",
      "provider": "provider[\"registry.terraform.io/hashicorp/aws\"]",
      "instances": [
        {
          "schema_version": 0,
          "attributes": {
            "arn": "arn:aws:logs:us-east-1:566776836280:log-group:/aws/lambda/mc-multichat-dev-health",
            "id": "/aws/lambda/mc-multichat-dev-health",
            "kms_key_id": "",
            "log_group_class": "STANDARD",
            "name": "/aws/lambda/mc-multichat-dev-health",
            "name_prefix": "",
            "region": "us-east-1",
            "retention_in_days": 14,
            "skip_destroy": false,
            "tags": {
              "Env": "dev",
              "Project": "mc-multichat"
            },
            "tags_all": {
              "Env": "dev",
              "Project": "mc-multichat"
            }
          },
          "sensitive_attributes": [],
          "identity_schema_version": 0,
          "identity": {
            "account_id": "566776836280",
            "name": "/aws/lambda/mc-multichat-dev-health",
            "region": "us-east-1"
          },
          "private": "bnVsbA==",
          "create_before_destroy": true
        }
      ]
    },
    {
      "mode": "managed",
      "type": "aws_cloudwatch_log_group",
      "name": "lambda_kb_search",
      "provider": "provider[\"registry.terraform.io/hashicorp/aws\"]",
      "instances": [
        {
          "schema_version": 0,
          "attributes": {
            "arn": "arn:aws:logs:us-east-1:566776836280:log-group:/aws/lambda/mc-multichat-dev-kb-search",
            "id": "/aws/lambda/mc-multichat-dev-kb-search",
            "kms_key_id": "",
            "log_group_class": "STANDARD",
            "name": "/aws/lambda/mc-multichat-dev-kb-search",
            "name_prefix": "",
            "region": "us-east-1",
            "retention_in_days": 14,
            "skip_destroy": false,
            "tags": {
              "Env": "dev",
              "Project": "mc-multichat"
            },
            "tags_all": {
              "Env": "dev",
              "Project": "mc-multichat"
            }
          },
          "sensitive_attributes": [],
          "identity_schema_version": 0,
          "identity": {
            "account_id": "566776836280",
            "name": "/aws/lambda/mc-multichat-dev-kb-search",
            "region": "us-east-1"
          },
          "private": "bnVsbA==",
          "create_before_destroy": true
        }
      ]
    },
    {
      "mode": "managed",
      "type": "aws_cloudwatch_log_group",
      "name": "vpc_flow",
      "provider": "provider[\"registry.terraform.io/hashicorp/aws\"]",
      "instances": [
        {
          "schema_version": 0,
          "attributes": {
            "arn": "arn:aws:logs:us-east-1:566776836280:log-group:/vpc/mc-multichat-dev/flow",
            "id": "/vpc/mc-multichat-dev/flow",
            "kms_key_id": "",
            "log_group_class": "STANDARD",
            "name": "/vpc/mc-multichat-dev/flow",
            "name_prefix": "",
            "region": "us-east-1",
            "retention_in_days": 7,
            "skip_destroy": false,
            "tags": {
              "Env": "dev",
              "Project": "mc-multichat"
            },
            "tags_all": {
              "Env": "dev",
              "Project": "mc-multichat"
            }
          },
          "sensitive_attributes": [],
          "identity_schema_version": 0,
          "identity": {
            "account_id": "566776836280",
            "name": "/vpc/mc-multichat-dev/flow",
            "region": "us-east-1"
          },
          "private": "bnVsbA=="
        }
      ]
    },
    {
      "mode": "managed",
      "type": "aws_db_instance",
      "name": "pg",
      "provider": "provider[\"registry.terraform.io/hashicorp/aws\"]",
      "instances": [
        {
          "schema_version": 2,
          "attributes": {
            "address": "mc-multichat-dev-pg-private.cwglusrb45if.us-east-1.rds.amazonaws.com",
            "allocated_storage": 20,
            "allow_major_version_upgrade": null,
            "apply_immediately": true,
            "arn": "arn:aws:rds:us-east-1:566776836280:db:mc-multichat-dev-pg-private",
            "auto_minor_version_upgrade": true,
            "availability_zone": "us-east-1b",
            "backup_retention_period": 0,
            "backup_target": "region",
            "backup_window": "04:18-04:48",
            "blue_green_update": [],
            "ca_cert_identifier": "rds-ca-rsa2048-g1",
            "character_set_name": "",
            "copy_tags_to_snapshot": false,
            "custom_iam_instance_profile": "",
            "customer_owned_ip_enabled": false,
            "database_insights_mode": "standard",
            "db_name": "multichatdev",
            "db_subnet_group_name": "mc-multichat-dev-pg-subnets-20251228230850892400000001",
            "dedicated_log_volume": false,
            "delete_automated_backups": true,
            "deletion_protection": false,
            "domain": "",
            "domain_auth_secret_arn": "",
            "domain_dns_ips": [],
            "domain_fqdn": "",
            "domain_iam_role_name": "",
            "domain_ou": "",
            "enabled_cloudwatch_logs_exports": [],
            "endpoint": "mc-multichat-dev-pg-private.cwglusrb45if.us-east-1.rds.amazonaws.com:5432",
            "engine": "postgres",
            "engine_lifecycle_support": "open-source-rds-extended-support",
            "engine_version": "16.8",
            "engine_version_actual": "16.8",
            "final_snapshot_identifier": null,
            "hosted_zone_id": "Z2R2ITUGPM61AM",
            "iam_database_authentication_enabled": false,
            "id": "db-KW6BZIPGPTBCWXF67EOP4C2TPQ",
            "identifier": "mc-multichat-dev-pg-private",
            "identifier_prefix": "",
            "instance_class": "db.t4g.micro",
            "iops": 3000,
            "kms_key_id": "",
            "latest_restorable_time": "",
            "license_model": "postgresql-license",
            "listener_endpoint": [],
            "maintenance_window": "mon:10:18-mon:10:48",
            "manage_master_user_password": null,
            "master_user_secret": [],
            "master_user_secret_kms_key_id": null,
            "max_allocated_storage": 0,
            "monitoring_interval": 0,
            "monitoring_role_arn": "",
            "multi_az": false,
            "nchar_character_set_name": "",
            "network_type": "IPV4",
            "option_group_name": "default:postgres-16",
            "parameter_group_name": "default.postgres16",
            "password": "Z}\u003ci!Whe3(y2+x84d:*:H3u22wJLka[r",
            "password_wo": null,
            "password_wo_version": null,
            "performance_insights_enabled": false,
            "performance_insights_kms_key_id": "",
            "performance_insights_retention_period": 0,
            "port": 5432,
            "publicly_accessible": false,
            "region": "us-east-1",
            "replica_mode": "",
            "replicas": [],
            "replicate_source_db": "",
            "resource_id": "db-KW6BZIPGPTBCWXF67EOP4C2TPQ",
            "restore_to_point_in_time": [],
            "s3_import": [],
            "skip_final_snapshot": true,
            "snapshot_identifier": null,
            "status": "available",
            "storage_encrypted": false,
            "storage_throughput": 125,
            "storage_type": "gp3",
            "tags": {
              "Env": "dev",
              "Project": "mc-multichat"
            },
            "tags_all": {
              "Env": "dev",
              "Project": "mc-multichat"
            },
            "timeouts": null,
            "timezone": "",
            "upgrade_storage_config": null,
            "username": "postgres",
            "vpc_security_group_ids": [
              "sg-09a766a177fe33ff2"
            ]
          },
          "sensitive_attributes": [
            [
              {
                "type": "get_attr",
                "value": "password"
              }
            ],
            [
              {
                "type": "get_attr",
                "value": "password_wo"
              }
            ]
          ],
          "identity_schema_version": 0,
          "private": "eyJlMmJmYjczMC1lY2FhLTExZTYtOGY4OC0zNDM2M2JjN2M0YzAiOnsiY3JlYXRlIjozMDAwMDAwMDAwMDAwLCJkZWxldGUiOjM2MDAwMDAwMDAwMDAsInVwZGF0ZSI6NDgwMDAwMDAwMDAwMH0sInNjaGVtYV92ZXJzaW9uIjoiMiJ9",
          "dependencies": [
            "aws_db_subnet_group.pg",
            "aws_security_group.bastion",
            "aws_security_group.lambda",
            "aws_security_group.rds",
            "aws_subnet.private",
            "aws_vpc.main",
            "data.aws_availability_zones.available",
            "random_password.rds_master"
          ],
          "create_before_destroy": true
        }
      ]
    },
    {
      "mode": "managed",
      "type": "aws_db_subnet_group",
      "name": "pg",
      "provider": "provider[\"registry.terraform.io/hashicorp/aws\"]",
      "instances": [
        {
          "schema_version": 0,
          "attributes": {
            "arn": "arn:aws:rds:us-east-1:566776836280:subgrp:mc-multichat-dev-pg-subnets-20251228230850892400000001",
            "description": "Managed by Terraform",
            "id": "mc-multichat-dev-pg-subnets-20251228230850892400000001",
            "name": "mc-multichat-dev-pg-subnets-20251228230850892400000001",
            "name_prefix": "mc-multichat-dev-pg-subnets-",
            "region": "us-east-1",
            "subnet_ids": [
              "subnet-08b6ea3ca135f9b51",
              "subnet-0c30c51c22e89ecda",
              "subnet-0efce1ff901f3200d"
            ],
            "supported_network_types": [
              "IPV4"
            ],
            "tags": {
              "Env": "dev",
              "Project": "mc-multichat"
            },
            "tags_all": {
              "Env": "dev",
              "Project": "mc-multichat"
            },
            "vpc_id": "vpc-0c1c07b89c8b8d2cb"
          },
          "sensitive_attributes": [],
          "identity_schema_version": 0,
          "private": "bnVsbA==",
          "dependencies": [
            "aws_subnet.private",
            "aws_vpc.main",
            "data.aws_availability_zones.available"
          ],
          "create_before_destroy": true
        }
      ]
    },
    {
      "mode": "managed",
      "type": "aws_dynamodb_table",
      "name": "clients",
      "provider": "provider[\"registry.terraform.io/hashicorp/aws\"]",
      "instances": [
        {
          "schema_version": 1,
          "attributes": {
            "arn": "arn:aws:dynamodb:us-east-1:566776836280:table/mc-multichat-dev-clients",
            "attribute": [
              {
                "name": "client_id",
                "type": "S"
              }
            ],
            "billing_mode": "PAY_PER_REQUEST",
            "deletion_protection_enabled": false,
            "global_secondary_index": [],
            "hash_key": "client_id",
            "id": "mc-multichat-dev-clients",
            "import_table": [],
            "local_secondary_index": [],
            "name": "mc-multichat-dev-clients",
            "on_demand_throughput": [],
            "point_in_time_recovery": [
              {
                "enabled": false,
                "recovery_period_in_days": 0
              }
            ],
            "range_key": null,
            "read_capacity": 0,
            "region": "us-east-1",
            "replica": [],
            "restore_date_time": null,
            "restore_source_name": null,
            "restore_source_table_arn": null,
            "restore_to_latest_time": null,
            "server_side_encryption": [],
            "stream_arn": "",
            "stream_enabled": false,
            "stream_label": "",
            "stream_view_type": "",
            "table_class": "STANDARD",
            "tags": {
              "Env": "dev",
              "Project": "mc-multichat"
            },
            "tags_all": {
              "Env": "dev",
              "Project": "mc-multichat"
            },
            "timeouts": null,
            "ttl": [
              {
                "attribute_name": "",
                "enabled": false
              }
            ],
            "write_capacity": 0
          },
          "sensitive_attributes": [],
          "identity_schema_version": 0,
          "private": "eyJlMmJmYjczMC1lY2FhLTExZTYtOGY4OC0zNDM2M2JjN2M0YzAiOnsiY3JlYXRlIjoxODAwMDAwMDAwMDAwLCJkZWxldGUiOjYwMDAwMDAwMDAwMCwidXBkYXRlIjozNjAwMDAwMDAwMDAwfSwic2NoZW1hX3ZlcnNpb24iOiIxIn0=",
          "create_before_destroy": true
        }
      ]
    },
    {
      "mode": "managed",
      "type": "aws_dynamodb_table",
      "name": "conversations",
      "provider": "provider[\"registry.terraform.io/hashicorp/aws\"]",
      "instances": [
        {
          "schema_version": 1,
          "attributes": {
            "arn": "arn:aws:dynamodb:us-east-1:566776836280:table/mc-multichat-dev-conversations",
            "attribute": [
              {
                "name": "gsi1pk",
                "type": "S"
              },
              {
                "name": "gsi1sk",
                "type": "S"
              },
              {
                "name": "pk",
                "type": "S"
              },
              {
                "name": "sk",
                "type": "S"
              }
            ],
            "billing_mode": "PAY_PER_REQUEST",
            "deletion_protection_enabled": false,
            "global_secondary_index": [
              {
                "hash_key": "gsi1pk",
                "name": "gsi1",
                "non_key_attributes": [],
                "on_demand_throughput": [],
                "projection_type": "ALL",
                "range_key": "gsi1sk",
                "read_capacity": 0,
                "write_capacity": 0
              }
            ],
            "hash_key": "pk",
            "id": "mc-multichat-dev-conversations",
            "import_table": [],
            "local_secondary_index": [],
            "name": "mc-multichat-dev-conversations",
            "on_demand_throughput": [],
            "point_in_time_recovery": [
              {
                "enabled": false,
                "recovery_period_in_days": 0
              }
            ],
            "range_key": "sk",
            "read_capacity": 0,
            "region": "us-east-1",
            "replica": [],
            "restore_date_time": null,
            "restore_source_name": null,
            "restore_source_table_arn": null,
            "restore_to_latest_time": null,
            "server_side_encryption": [],
            "stream_arn": "",
            "stream_enabled": false,
            "stream_label": "",
            "stream_view_type": "",
            "table_class": "STANDARD",
            "tags": {
              "Env": "dev",
              "Project": "mc-multichat"
            },
            "tags_all": {
              "Env": "dev",
              "Project": "mc-multichat"
            },
            "timeouts": null,
            "ttl": [
              {
                "attribute_name": "",
                "enabled": false
              }
            ],
            "write_capacity": 0
          },
          "sensitive_attributes": [],
          "identity_schema_version": 0,
          "private": "eyJlMmJmYjczMC1lY2FhLTExZTYtOGY4OC0zNDM2M2JjN2M0YzAiOnsiY3JlYXRlIjoxODAwMDAwMDAwMDAwLCJkZWxldGUiOjYwMDAwMDAwMDAwMCwidXBkYXRlIjozNjAwMDAwMDAwMDAwfSwic2NoZW1hX3ZlcnNpb24iOiIxIn0=",
          "create_before_destroy": true
        }
      ]
    },
    {
      "mode": "managed",
      "type": "aws_dynamodb_table",
      "name": "phone_routes",
      "provider": "provider[\"registry.terraform.io/hashicorp/aws\"]",
      "instances": [
        {
          "schema_version": 1,
          "attributes": {
            "arn": "arn:aws:dynamodb:us-east-1:566776836280:table/mc-multichat-dev-phone-routes",
            "attribute": [
              {
                "name": "phone_e164",
                "type": "S"
              }
            ],
            "billing_mode": "PAY_PER_REQUEST",
            "deletion_protection_enabled": false,
            "global_secondary_index": [],
            "hash_key": "phone_e164",
            "id": "mc-multichat-dev-phone-routes",
            "import_table": [],
            "local_secondary_index": [],
            "name": "mc-multichat-dev-phone-routes",
            "on_demand_throughput": [],
            "point_in_time_recovery": [
              {
                "enabled": false,
                "recovery_period_in_days": 0
              }
            ],
            "range_key": null,
            "read_capacity": 0,
            "region": "us-east-1",
            "replica": [],
            "restore_date_time": null,
            "restore_source_name": null,
            "restore_source_table_arn": null,
            "restore_to_latest_time": null,
            "server_side_encryption": [],
            "stream_arn": "",
            "stream_enabled": false,
            "stream_label": "",
            "stream_view_type": "",
            "table_class": "STANDARD",
            "tags": {
              "Env": "dev",
              "Project": "mc-multichat"
            },
            "tags_all": {
              "Env": "dev",
              "Project": "mc-multichat"
            },
            "timeouts": null,
            "ttl": [
              {
                "attribute_name": "",
                "enabled": false
              }
            ],
            "write_capacity": 0
          },
          "sensitive_attributes": [],
          "identity_schema_version": 0,
          "private": "eyJlMmJmYjczMC1lY2FhLTExZTYtOGY4OC0zNDM2M2JjN2M0YzAiOnsiY3JlYXRlIjoxODAwMDAwMDAwMDAwLCJkZWxldGUiOjYwMDAwMDAwMDAwMCwidXBkYXRlIjozNjAwMDAwMDAwMDAwfSwic2NoZW1hX3ZlcnNpb24iOiIxIn0=",
          "create_before_destroy": true
        }
      ]
    },
    {
      "mode": "managed",
      "type": "aws_eip",
      "name": "nat",
      "provider": "provider[\"registry.terraform.io/hashicorp/aws\"]",
      "instances": [
        {
          "index_key": "us-east-1a",
          "schema_version": 0,
          "attributes": {
            "address": null,
            "allocation_id": "eipalloc-056ca41aa50beb88d",
            "arn": "arn:aws:ec2:us-east-1:566776836280:elastic-ip/eipalloc-056ca41aa50beb88d",
            "associate_with_private_ip": null,
            "association_id": "eipassoc-0b3edb42c40d1649c",
            "carrier_ip": "",
            "customer_owned_ip": "",
            "customer_owned_ipv4_pool": "",
            "domain": "vpc",
            "id": "eipalloc-056ca41aa50beb88d",
            "instance": "",
            "ipam_pool_id": null,
            "network_border_group": "us-east-1",
            "network_interface": "eni-07903d82d3fe5359b",
            "private_dns": "ip-10-1-12-11.ec2.internal",
            "private_ip": "10.1.12.11",
            "ptr_record": "",
            "public_dns": "ec2-52-2-102-116.compute-1.amazonaws.com",
            "public_ip": "52.2.102.116",
            "public_ipv4_pool": "amazon",
            "region": "us-east-1",
            "tags": {
              "Env": "dev",
              "Name": "mc-multichat-dev-nat-eip-us-east-1a",
              "Project": "mc-multichat"
            },
            "tags_all": {
              "Env": "dev",
              "Name": "mc-multichat-dev-nat-eip-us-east-1a",
              "Project": "mc-multichat"
            },
            "timeouts": null
          },
          "sensitive_attributes": [],
          "identity_schema_version": 0,
          "private": "eyJlMmJmYjczMC1lY2FhLTExZTYtOGY4OC0zNDM2M2JjN2M0YzAiOnsiZGVsZXRlIjoxODAwMDAwMDAwMDAsInJlYWQiOjkwMDAwMDAwMDAwMCwidXBkYXRlIjozMDAwMDAwMDAwMDB9fQ==",
          "dependencies": [
            "aws_subnet.public",
            "aws_vpc.main",
            "data.aws_availability_zones.available"
          ]
        }
      ]
    },
    {
      "mode": "managed",
      "type": "aws_flow_log",
      "name": "this",
      "provider": "provider[\"registry.terraform.io/hashicorp/aws\"]",
      "instances": [
        {
          "schema_version": 0,
          "attributes": {
            "arn": "arn:aws:ec2:us-east-1:566776836280:vpc-flow-log/fl-0669034c7600f1978",
            "deliver_cross_account_role": "",
            "destination_options": [],
            "eni_id": null,
            "iam_role_arn": "arn:aws:iam::566776836280:role/mc-multichat-dev-vpc-flow-role",
            "id": "fl-0669034c7600f1978",
            "log_destination": "arn:aws:logs:us-east-1:566776836280:log-group:/vpc/mc-multichat-dev/flow",
            "log_destination_type": "cloud-watch-logs",
            "log_format": "${version} ${account-id} ${interface-id} ${srcaddr} ${dstaddr} ${srcport} ${dstport} ${protocol} ${packets} ${bytes} ${start} ${end} ${action} ${log-status}",
            "max_aggregation_interval": 600,
            "region": "us-east-1",
            "subnet_id": null,
            "tags": {
              "Env": "dev",
              "Project": "mc-multichat"
            },
            "tags_all": {
              "Env": "dev",
              "Project": "mc-multichat"
            },
            "traffic_type": "ALL",
            "transit_gateway_attachment_id": null,
            "transit_gateway_id": null,
            "vpc_id": "vpc-0c1c07b89c8b8d2cb"
          },
          "sensitive_attributes": [],
          "identity_schema_version": 0,
          "private": "bnVsbA==",
          "dependencies": [
            "aws_cloudwatch_log_group.vpc_flow",
            "aws_iam_role.vpc_flow",
            "aws_vpc.main"
          ]
        }
      ]
    },
    {
      "mode": "managed",
      "type": "aws_iam_instance_profile",
      "name": "bastion",
      "provider": "provider[\"registry.terraform.io/hashicorp/aws\"]",
      "instances": [
        {
          "schema_version": 0,
          "attributes": {
            "arn": "arn:aws:iam::566776836280:instance-profile/mc-multichat-dev-bastion-prof",
            "create_date": "2025-12-28T21:38:09Z",
            "id": "mc-multichat-dev-bastion-prof",
            "name": "mc-multichat-dev-bastion-prof",
            "name_prefix": "",
            "path": "/",
            "role": "mc-multichat-dev-bastion-role",
            "tags": {},
            "tags_all": {},
            "unique_id": "AIPAYH5UIGC4E5TKLWD6P"
          },
          "sensitive_attributes": [],
          "identity_schema_version": 0,
          "private": "bnVsbA==",
          "dependencies": [
            "aws_iam_role.bastion"
          ]
        }
      ]
    },
    {
      "mode": "managed",
      "type": "aws_iam_role",
      "name": "bastion",
      "provider": "provider[\"registry.terraform.io/hashicorp/aws\"]",
      "instances": [
        {
          "schema_version": 0,
          "attributes": {
            "arn": "arn:aws:iam::566776836280:role/mc-multichat-dev-bastion-role",
            "assume_role_policy": "{\"Statement\":[{\"Action\":\"sts:AssumeRole\",\"Effect\":\"Allow\",\"Principal\":{\"Service\":\"ec2.amazonaws.com\"}}],\"Version\":\"2012-10-17\"}",
            "create_date": "2025-12-28T21:38:09Z",
            "description": "",
            "force_detach_policies": false,
            "id": "mc-multichat-dev-bastion-role",
            "inline_policy": [],
            "managed_policy_arns": [
              "arn:aws:iam::aws:policy/AmazonSSMManagedInstanceCore"
            ],
            "max_session_duration": 3600,
            "name": "mc-multichat-dev-bastion-role",
            "name_prefix": "",
            "path": "/",
            "permissions_boundary": "",
            "tags": {
              "Env": "dev",
              "Project": "mc-multichat"
            },
            "tags_all": {
              "Env": "dev",
              "Project": "mc-multichat"
            },
            "unique_id": "AROAYH5UIGC4GDMMRD43N"
          },
          "sensitive_attributes": [],
          "identity_schema_version": 0,
          "identity": {
            "account_id": "566776836280",
            "name": "mc-multichat-dev-bastion-role"
          },
          "private": "bnVsbA=="
        }
      ]
    },
    {
      "mode": "managed",
      "type": "aws_iam_role",
      "name": "lambda_exec",
      "provider": "provider[\"registry.terraform.io/hashicorp/aws\"]",
      "instances": [
        {
          "schema_version": 0,
          "attributes": {
            "arn": "arn:aws:iam::566776836280:role/mc-multichat-dev-lambda-execute",
            "assume_role_policy": "{\"Statement\":[{\"Action\":\"sts:AssumeRole\",\"Effect\":\"Allow\",\"Principal\":{\"Service\":\"lambda.amazonaws.com\"}}],\"Version\":\"2012-10-17\"}",
            "create_date": "2025-08-21T21:10:34Z",
            "description": "",
            "force_detach_policies": false,
            "id": "mc-multichat-dev-lambda-execute",
            "inline_policy": [
              {
                "name": "mc-multichat-dev-lambda-policy",
                "policy": "{\"Version\":\"2012-10-17\",\"Statement\":[{\"Action\":[\"logs:CreateLogGroup\",\"logs:CreateLogStream\",\"logs:PutLogEvents\"],\"Effect\":\"Allow\",\"Resource\":\"arn:aws:logs:*:*:*\"},{\"Action\":[\"dynamodb:PutItem\",\"dynamodb:GetItem\",\"dynamodb:UpdateItem\",\"dynamodb:Query\",\"dynamodb:Scan\",\"dynamodb:BatchWriteItem\",\"dynamodb:DeleteItem\"],\"Effect\":\"Allow\",\"Resource\":[\"arn:aws:dynamodb:us-east-1:566776836280:table/mc-multichat-dev-clients\",\"arn:aws:dynamodb:us-east-1:566776836280:table/mc-multichat-dev-conversations\",\"arn:aws:dynamodb:us-east-1:566776836280:table/mc-multichat-dev-phone-routes\"]},{\"Action\":[\"secretsmanager:GetSecretValue\"],\"Effect\":\"Allow\",\"Resource\":[\"arn:aws:secretsmanager:us-east-1:566776836280:secret:mc-multichat-dev/openai_api_key-j7Y3Er\",\"arn:aws:secretsmanager:us-east-1:566776836280:secret:mc-multichat-dev/twilio_auth_token-0borOs\",\"arn:aws:secretsmanager:us-east-1:566776836280:secret:mc-multichat-dev/twilio_account_sid-f95fuZ\",\"arn:aws:secretsmanager:us-east-1:566776836280:secret:mc-multichat-dev/studio_bearer-8OSKLO\",\"arn:aws:secretsmanager:us-east-1:566776836280:secret:mc-multichat-dev/rds-BFnl95\",\"arn:aws:secretsmanager:us-east-1:566776836280:secret:mc-multichat-dev/apigw_api_key-uDU4Iz\"]},{\"Action\":[\"lambda:InvokeFunction\"],\"Effect\":\"Allow\",\"Resource\":\"*\"}]}"
              }
            ],
            "managed_policy_arns": [
              "arn:aws:iam::aws:policy/service-role/AWSLambdaVPCAccessExecutionRole"
            ],
            "max_session_duration": 3600,
            "name": "mc-multichat-dev-lambda-execute",
            "name_prefix": "",
            "path": "/",
            "permissions_boundary": "",
            "tags": {
              "Env": "dev",
              "Project": "mc-multichat"
            },
            "tags_all": {
              "Env": "dev",
              "Project": "mc-multichat"
            },
            "unique_id": "AROAYH5UIGC4NP4LTC3IM"
          },
          "sensitive_attributes": [],
          "identity_schema_version": 0,
          "identity": {
            "account_id": "566776836280",
            "name": "mc-multichat-dev-lambda-execute"
          },
          "private": "bnVsbA==",
          "dependencies": [
            "data.aws_iam_policy_document.lambda_assume"
          ],
          "create_before_destroy": true
        }
      ]
    },
    {
      "mode": "managed",
      "type": "aws_iam_role",
      "name": "vpc_flow",
      "provider": "provider[\"registry.terraform.io/hashicorp/aws\"]",
      "instances": [
        {
          "schema_version": 0,
          "attributes": {
            "arn": "arn:aws:iam::566776836280:role/mc-multichat-dev-vpc-flow-role",
            "assume_role_policy": "{\"Statement\":[{\"Action\":\"sts:AssumeRole\",\"Effect\":\"Allow\",\"Principal\":{\"Service\":\"vpc-flow-logs.amazonaws.com\"}}],\"Version\":\"2012-10-17\"}",
            "create_date": "2025-12-28T21:38:09Z",
            "description": "",
            "force_detach_policies": false,
            "id": "mc-multichat-dev-vpc-flow-role",
            "inline_policy": [
              {
                "name": "mc-multichat-dev-vpc-flow-policy",
                "policy": "{\"Version\":\"2012-10-17\",\"Statement\":[{\"Action\":[\"logs:CreateLogStream\",\"logs:PutLogEvents\",\"logs:DescribeLogGroups\",\"logs:DescribeLogStreams\"],\"Effect\":\"Allow\",\"Resource\":\"*\"}]}"
              }
            ],
            "managed_policy_arns": [],
            "max_session_duration": 3600,
            "name": "mc-multichat-dev-vpc-flow-role",
            "name_prefix": "",
            "path": "/",
            "permissions_boundary": "",
            "tags": {
              "Env": "dev",
              "Project": "mc-multichat"
            },
            "tags_all": {
              "Env": "dev",
              "Project": "mc-multichat"
            },
            "unique_id": "AROAYH5UIGC4JQGUZUMXE"
          },
          "sensitive_attributes": [],
          "identity_schema_version": 0,
          "identity": {
            "account_id": "566776836280",
            "name": "mc-multichat-dev-vpc-flow-role"
          },
          "private": "bnVsbA=="
        }
      ]
    },
    {
      "mode": "managed",
      "type": "aws_iam_role_policy",
      "name": "lambda_policy",
      "provider": "provider[\"registry.terraform.io/hashicorp/aws\"]",
      "instances": [
        {
          "schema_version": 0,
          "attributes": {
            "id": "mc-multichat-dev-lambda-execute:mc-multichat-dev-lambda-policy",
            "name": "mc-multichat-dev-lambda-policy",
            "name_prefix": "",
            "policy": "{\"Version\":\"2012-10-17\",\"Statement\":[{\"Action\":[\"logs:CreateLogGroup\",\"logs:CreateLogStream\",\"logs:PutLogEvents\"],\"Effect\":\"Allow\",\"Resource\":\"arn:aws:logs:*:*:*\"},{\"Action\":[\"dynamodb:PutItem\",\"dynamodb:GetItem\",\"dynamodb:UpdateItem\",\"dynamodb:Query\",\"dynamodb:Scan\",\"dynamodb:BatchWriteItem\",\"dynamodb:DeleteItem\"],\"Effect\":\"Allow\",\"Resource\":[\"arn:aws:dynamodb:us-east-1:566776836280:table/mc-multichat-dev-clients\",\"arn:aws:dynamodb:us-east-1:566776836280:table/mc-multichat-dev-conversations\",\"arn:aws:dynamodb:us-east-1:566776836280:table/mc-multichat-dev-phone-routes\"]},{\"Action\":[\"secretsmanager:GetSecretValue\"],\"Effect\":\"Allow\",\"Resource\":[\"arn:aws:secretsmanager:us-east-1:566776836280:secret:mc-multichat-dev/openai_api_key-j7Y3Er\",\"arn:aws:secretsmanager:us-east-1:566776836280:secret:mc-multichat-dev/twilio_auth_token-0borOs\",\"arn:aws:secretsmanager:us-east-1:566776836280:secret:mc-multichat-dev/twilio_account_sid-f95fuZ\",\"arn:aws:secretsmanager:us-east-1:566776836280:secret:mc-multichat-dev/studio_bearer-8OSKLO\",\"arn:aws:secretsmanager:us-east-1:566776836280:secret:mc-multichat-dev/rds-BFnl95\",\"arn:aws:secretsmanager:us-east-1:566776836280:secret:mc-multichat-dev/apigw_api_key-uDU4Iz\"]},{\"Action\":[\"lambda:InvokeFunction\"],\"Effect\":\"Allow\",\"Resource\":\"*\"}]}",
            "role": "mc-multichat-dev-lambda-execute"
          },
          "sensitive_attributes": [],
          "identity_schema_version": 0,
          "identity": {
            "account_id": "566776836280",
            "name": "mc-multichat-dev-lambda-policy",
            "role": "mc-multichat-dev-lambda-execute"
          },
          "private": "bnVsbA==",
          "dependencies": [
            "aws_dynamodb_table.clients",
            "aws_dynamodb_table.conversations",
            "aws_dynamodb_table.phone_routes",
            "aws_iam_role.lambda_exec",
            "aws_secretsmanager_secret.apigw_api_key",
            "aws_secretsmanager_secret.rds_credentials",
            "aws_secretsmanager_secret.studio_bearer",
            "aws_secretsmanager_secret.twilio_account_sid",
            "data.aws_iam_policy_document.lambda_assume",
            "data.aws_secretsmanager_secret.openai_api_key",
            "data.aws_secretsmanager_secret.twilio_auth_token"
          ]
        }
      ]
    },
    {
      "mode": "managed",
      "type": "aws_iam_role_policy",
      "name": "vpc_flow",
      "provider": "provider[\"registry.terraform.io/hashicorp/aws\"]",
      "instances": [
        {
          "schema_version": 0,
          "attributes": {
            "id": "mc-multichat-dev-vpc-flow-role:mc-multichat-dev-vpc-flow-policy",
            "name": "mc-multichat-dev-vpc-flow-policy",
            "name_prefix": "",
            "policy": "{\"Version\":\"2012-10-17\",\"Statement\":[{\"Action\":[\"logs:CreateLogStream\",\"logs:PutLogEvents\",\"logs:DescribeLogGroups\",\"logs:DescribeLogStreams\"],\"Effect\":\"Allow\",\"Resource\":\"*\"}]}",
            "role": "mc-multichat-dev-vpc-flow-role"
          },
          "sensitive_attributes": [],
          "identity_schema_version": 0,
          "identity": {
            "account_id": "566776836280",
            "name": "mc-multichat-dev-vpc-flow-policy",
            "role": "mc-multichat-dev-vpc-flow-role"
          },
          "private": "bnVsbA==",
          "dependencies": [
            "aws_iam_role.vpc_flow"
          ]
        }
      ]
    },
    {
      "mode": "managed",
      "type": "aws_iam_role_policy_attachment",
      "name": "bastion_ssm",
      "provider": "provider[\"registry.terraform.io/hashicorp/aws\"]",
      "instances": [
        {
          "schema_version": 0,
          "attributes": {
            "id": "mc-multichat-dev-bastion-role/arn:aws:iam::aws:policy/AmazonSSMManagedInstanceCore",
            "policy_arn": "arn:aws:iam::aws:policy/AmazonSSMManagedInstanceCore",
            "role": "mc-multichat-dev-bastion-role"
          },
          "sensitive_attributes": [],
          "identity_schema_version": 0,
          "identity": {
            "account_id": "566776836280",
            "policy_arn": "arn:aws:iam::aws:policy/AmazonSSMManagedInstanceCore",
            "role": "mc-multichat-dev-bastion-role"
          },
          "private": "bnVsbA==",
          "dependencies": [
            "aws_iam_role.bastion"
          ]
        }
      ]
    },
    {
      "mode": "managed",
      "type": "aws_iam_role_policy_attachment",
      "name": "lambda_vpc_access",
      "provider": "provider[\"registry.terraform.io/hashicorp/aws\"]",
      "instances": [
        {
          "schema_version": 0,
          "attributes": {
            "id": "mc-multichat-dev-lambda-execute/arn:aws:iam::aws:policy/service-role/AWSLambdaVPCAccessExecutionRole",
            "policy_arn": "arn:aws:iam::aws:policy/service-role/AWSLambdaVPCAccessExecutionRole",
            "role": "mc-multichat-dev-lambda-execute"
          },
          "sensitive_attributes": [],
          "identity_schema_version": 0,
          "identity": {
            "account_id": "566776836280",
            "policy_arn": "arn:aws:iam::aws:policy/service-role/AWSLambdaVPCAccessExecutionRole",
            "role": "mc-multichat-dev-lambda-execute"
          },
          "private": "bnVsbA==",
          "dependencies": [
            "aws_iam_role.lambda_exec",
            "data.aws_iam_policy_document.lambda_assume"
          ]
        }
      ]
    },
    {
      "mode": "managed",
      "type": "aws_instance",
      "name": "bastion",
      "provider": "provider[\"registry.terraform.io/hashicorp/aws\"]",
      "instances": [
        {
          "index_key": 0,
          "schema_version": 2,
          "attributes": {
            "ami": "ami-019ebe9a4cd613034",
            "arn": "arn:aws:ec2:us-east-1:566776836280:instance/i-05f370a9cece42006",
            "associate_public_ip_address": true,
            "availability_zone": "us-east-1a",
            "capacity_reservation_specification": [
              {
                "capacity_reservation_preference": "open",
                "capacity_reservation_target": []
              }
            ],
            "cpu_options": [
              {
                "amd_sev_snp": "",
                "core_count": 1,
                "threads_per_core": 2
              }
            ],
            "credit_specification": [
              {
                "cpu_credits": "unlimited"
              }
            ],
            "disable_api_stop": false,
            "disable_api_termination": false,
            "ebs_block_device": [],
            "ebs_optimized": false,
            "enable_primary_ipv6": null,
            "enclave_options": [
              {
                "enabled": false
              }
            ],
            "ephemeral_block_device": [],
            "force_destroy": false,
            "get_password_data": false,
            "hibernation": false,
            "host_id": "",
            "host_resource_group_arn": null,
            "iam_instance_profile": "mc-multichat-dev-bastion-prof",
            "id": "i-05f370a9cece42006",
            "instance_initiated_shutdown_behavior": "stop",
            "instance_lifecycle": "",
            "instance_market_options": [],
            "instance_state": "running",
            "instance_type": "t3.micro",
            "ipv6_address_count": 0,
            "ipv6_addresses": [],
            "key_name": "",
            "launch_template": [],
            "maintenance_options": [
              {
                "auto_recovery": "default"
              }
            ],
            "metadata_options": [
              {
                "http_endpoint": "enabled",
                "http_protocol_ipv6": "disabled",
                "http_put_response_hop_limit": 2,
                "http_tokens": "required",
                "instance_metadata_tags": "disabled"
              }
            ],
            "monitoring": false,
            "network_interface": [],
            "outpost_arn": "",
            "password_data": "",
            "placement_group": "",
            "placement_partition_number": 0,
            "primary_network_interface": [
              {
                "delete_on_termination": true,
                "network_interface_id": "eni-03fb1159b31230c12"
              }
            ],
            "primary_network_interface_id": "eni-03fb1159b31230c12",
            "private_dns": "ip-10-1-3-243.ec2.internal",
            "private_dns_name_options": [
              {
                "enable_resource_name_dns_a_record": false,
                "enable_resource_name_dns_aaaa_record": false,
                "hostname_type": "ip-name"
              }
            ],
            "private_ip": "10.1.3.243",
            "public_dns": "ec2-54-92-215-163.compute-1.amazonaws.com",
            "public_ip": "54.92.215.163",
            "region": "us-east-1",
            "root_block_device": [
              {
                "delete_on_termination": true,
                "device_name": "/dev/xvda",
                "encrypted": false,
                "iops": 3000,
                "kms_key_id": "",
                "tags": {},
                "tags_all": {},
                "throughput": 125,
                "volume_id": "vol-0e26fc629e8796ad7",
                "volume_size": 2,
                "volume_type": "gp3"
              }
            ],
            "secondary_private_ips": [],
            "security_groups": [],
            "source_dest_check": true,
            "spot_instance_request_id": "",
            "subnet_id": "subnet-0d264e8bed41f1678",
            "tags": {
              "Env": "dev",
              "Name": "mc-multichat-dev-bastion",
              "Project": "mc-multichat"
            },
            "tags_all": {
              "Env": "dev",
              "Name": "mc-multichat-dev-bastion",
              "Project": "mc-multichat"
            },
            "tenancy": "default",
            "timeouts": null,
            "user_data": "#!/bin/bash\nset -e\n\ndnf install -y postgresql15 amazon-ssm-agent\nsystemctl enable --now amazon-ssm-agent\n",
            "user_data_base64": null,
            "user_data_replace_on_change": false,
            "volume_tags": null,
            "vpc_security_group_ids": [
              "sg-01700b5624a04e95e"
            ]
          },
          "sensitive_attributes": [],
          "identity_schema_version": 0,
          "private": "eyJlMmJmYjczMC1lY2FhLTExZTYtOGY4OC0zNDM2M2JjN2M0YzAiOnsiY3JlYXRlIjo2MDAwMDAwMDAwMDAsImRlbGV0ZSI6MTIwMDAwMDAwMDAwMCwicmVhZCI6OTAwMDAwMDAwMDAwLCJ1cGRhdGUiOjYwMDAwMDAwMDAwMH0sInNjaGVtYV92ZXJzaW9uIjoiMiJ9",
          "dependencies": [
            "aws_iam_instance_profile.bastion",
            "aws_iam_role.bastion",
            "aws_security_group.bastion",
            "aws_subnet.public",
            "aws_vpc.main",
            "data.aws_ami.amazon_linux_2023",
            "data.aws_availability_zones.available"
          ]
        }
      ]
    },
    {
      "mode": "managed",
      "type": "aws_internet_gateway",
      "name": "igw",
      "provider": "provider[\"registry.terraform.io/hashicorp/aws\"]",
      "instances": [
        {
          "schema_version": 0,
          "attributes": {
            "arn": "arn:aws:ec2:us-east-1:566776836280:internet-gateway/igw-001d0bff6cfa5703e",
            "id": "igw-001d0bff6cfa5703e",
            "owner_id": "566776836280",
            "region": "us-east-1",
            "tags": {
              "Env": "dev",
              "Name": "mc-multichat-dev-igw",
              "Project": "mc-multichat"
            },
            "tags_all": {
              "Env": "dev",
              "Name": "mc-multichat-dev-igw",
              "Project": "mc-multichat"
            },
            "timeouts": null,
            "vpc_id": "vpc-0c1c07b89c8b8d2cb"
          },
          "sensitive_attributes": [],
          "identity_schema_version": 0,
          "private": "eyJlMmJmYjczMC1lY2FhLTExZTYtOGY4OC0zNDM2M2JjN2M0YzAiOnsiY3JlYXRlIjoxMjAwMDAwMDAwMDAwLCJkZWxldGUiOjEyMDAwMDAwMDAwMDAsInVwZGF0ZSI6MTIwMDAwMDAwMDAwMH19",
          "dependencies": [
            "aws_vpc.main"
          ]
        }
      ]
    },
    {
      "mode": "managed",
      "type": "aws_lambda_function",
      "name": "chat_orchestrator",
      "provider": "provider[\"registry.terraform.io/hashicorp/aws\"]",
      "instances": [
        {
          "schema_version": 0,
          "attributes": {
            "architectures": [
              "arm64"
            ],
            "arn": "arn:aws:lambda:us-east-1:566776836280:function:mc-multichat-dev-chat-orchestrator",
            "code_sha256": "4b+NSqpgTECkA3zoSbF21VD7JII08umz91YeT3zo43E=",
            "code_signing_config_arn": "",
            "dead_letter_config": [],
            "description": "",
            "environment": [
              {
                "variables": {
                  "APIGW_KEY_SECRET_ARN": "arn:aws:secretsmanager:us-east-1:566776836280:secret:mc-multichat-dev/apigw_api_key-uDU4Iz",
                  "API_REST_ID": "414c4ggxih",
                  "API_STAGE_NAME": "v1",
                  "DDB_CLIENTS": "mc-multichat-dev-clients",
                  "DDB_CONVERSATIONS": "mc-multichat-dev-conversations",
                  "LEAD_DEDUPE_MINUTES": "120",
                  "LEAD_MAX_QUESTIONS": "3",
                  "LEAD_NOTIFY_CLIENT_SMS": "true",
                  "LOG_LEVEL": "DEBUG",
                  "MAX_HISTORY_TURNS": "10",
                  "MAX_TOOL_LOOPS": "3",
                  "MODEL_NAME": "gpt-4o-mini",
                  "OPENAI_SECRET_ARN": "arn:aws:secretsmanager:us-east-1:566776836280:secret:mc-multichat-dev/openai_api_key-j7Y3Er",
                  "SCHED_BUFFER_MINUTES": "5",
                  "SCHED_DAYS_AHEAD": "7",
                  "SCHED_HOLD_MINUTES": "15",
                  "SCHED_SLOT_MINUTES": "30",
                  "SCHED_SOURCE": "owner",
                  "TWILIO_SID_ARN": "arn:aws:secretsmanager:us-east-1:566776836280:secret:mc-multichat-dev/twilio_account_sid-f95fuZ",
                  "TWILIO_TOKEN_ARN": "arn:aws:secretsmanager:us-east-1:566776836280:secret:mc-multichat-dev/twilio_auth_token-0borOs"
                }
              }
            ],
            "ephemeral_storage": [
              {
                "size": 512
              }
            ],
            "file_system_config": [],
            "filename": "./.terraform/artifacts/chat_orchestrator.zip",
            "function_name": "mc-multichat-dev-chat-orchestrator",
            "handler": "handler.lambda_handler",
            "id": "mc-multichat-dev-chat-orchestrator",
            "image_config": [],
            "image_uri": "",
            "invoke_arn": "arn:aws:apigateway:us-east-1:lambda:path/2015-03-31/functions/arn:aws:lambda:us-east-1:566776836280:function:mc-multichat-dev-chat-orchestrator/invocations",
            "kms_key_arn": "",
            "last_modified": "2025-12-28T23:09:01.000+0000",
            "layers": [],
            "logging_config": [
              {
                "application_log_level": "",
                "log_format": "Text",
                "log_group": "/aws/lambda/mc-multichat-dev-chat-orchestrator",
                "system_log_level": ""
              }
            ],
            "memory_size": 128,
            "package_type": "Zip",
            "publish": false,
            "qualified_arn": "arn:aws:lambda:us-east-1:566776836280:function:mc-multichat-dev-chat-orchestrator:$LATEST",
            "qualified_invoke_arn": "arn:aws:apigateway:us-east-1:lambda:path/2015-03-31/functions/arn:aws:lambda:us-east-1:566776836280:function:mc-multichat-dev-chat-orchestrator:$LATEST/invocations",
            "region": "us-east-1",
            "replace_security_groups_on_destroy": null,
            "replacement_security_group_ids": null,
            "reserved_concurrent_executions": -1,
            "role": "arn:aws:iam::566776836280:role/mc-multichat-dev-lambda-execute",
            "runtime": "python3.13",
            "s3_bucket": null,
            "s3_key": null,
            "s3_object_version": null,
            "signing_job_arn": "",
            "signing_profile_version_arn": "",
            "skip_destroy": false,
            "snap_start": [],
            "source_code_hash": "4b+NSqpgTECkA3zoSbF21VD7JII08umz91YeT3zo43E=",
            "source_code_size": 18459303,
            "tags": {
              "Env": "dev",
              "Project": "mc-multichat"
            },
            "tags_all": {
              "Env": "dev",
              "Project": "mc-multichat"
            },
            "timeout": 30,
            "timeouts": null,
            "tracing_config": [
              {
                "mode": "PassThrough"
              }
            ],
            "version": "$LATEST",
            "vpc_config": [
              {
                "ipv6_allowed_for_dual_stack": false,
                "security_group_ids": [
                  "sg-01378b2383be6b1af"
                ],
                "subnet_ids": [
                  "subnet-08b6ea3ca135f9b51",
                  "subnet-0c30c51c22e89ecda",
                  "subnet-0efce1ff901f3200d"
                ],
                "vpc_id": "vpc-0c1c07b89c8b8d2cb"
              }
            ]
          },
          "sensitive_attributes": [],
          "identity_schema_version": 0,
          "identity": {
            "account_id": "566776836280",
            "function_name": "mc-multichat-dev-chat-orchestrator",
            "region": "us-east-1"
          },
          "private": "eyJlMmJmYjczMC1lY2FhLTExZTYtOGY4OC0zNDM2M2JjN2M0YzAiOnsiY3JlYXRlIjo2MDAwMDAwMDAwMDAsImRlbGV0ZSI6NjAwMDAwMDAwMDAwLCJ1cGRhdGUiOjYwMDAwMDAwMDAwMH19",
          "dependencies": [
            "aws_api_gateway_rest_api.rest",
            "aws_dynamodb_table.clients",
            "aws_dynamodb_table.conversations",
            "aws_iam_role.lambda_exec",
            "aws_secretsmanager_secret.apigw_api_key",
            "aws_secretsmanager_secret.twilio_account_sid",
            "aws_security_group.lambda",
            "aws_subnet.private",
            "aws_vpc.main",
            "data.archive_file.chat_orchestrator_zip",
            "data.aws_availability_zones.available",
            "data.aws_iam_policy_document.lambda_assume",
            "data.aws_secretsmanager_secret.openai_api_key",
            "data.aws_secretsmanager_secret.twilio_auth_token",
            "null_resource.chat_orchestrator_vendor"
          ],
          "create_before_destroy": true
        }
      ]
    },
    {
      "mode": "managed",
      "type": "aws_lambda_function",
      "name": "health",
      "provider": "provider[\"registry.terraform.io/hashicorp/aws\"]",
      "instances": [
        {
          "schema_version": 0,
          "attributes": {
            "architectures": [
              "arm64"
            ],
            "arn": "arn:aws:lambda:us-east-1:566776836280:function:mc-multichat-dev-health",
            "code_sha256": "eCX1OMn0MWNGKau6cRUZTglb5S87rZ1UFKGXNytfmcg=",
            "code_signing_config_arn": "",
            "dead_letter_config": [],
            "description": "",
            "environment": [
              {
                "variables": {
                  "LOG_LEVEL": "DEBUG"
                }
              }
            ],
            "ephemeral_storage": [
              {
                "size": 512
              }
            ],
            "file_system_config": [],
            "filename": "./.terraform/artifacts/health.zip",
            "function_name": "mc-multichat-dev-health",
            "handler": "handler.lambda_handler",
            "id": "mc-multichat-dev-health",
            "image_config": [],
            "image_uri": "",
            "invoke_arn": "arn:aws:apigateway:us-east-1:lambda:path/2015-03-31/functions/arn:aws:lambda:us-east-1:566776836280:function:mc-multichat-dev-health/invocations",
            "kms_key_arn": "",
            "last_modified": "2025-12-28T23:09:01.000+0000",
            "layers": [],
            "logging_config": [
              {
                "application_log_level": "INFO",
                "log_format": "JSON",
                "log_group": "/aws/lambda/mc-multichat-dev-health",
                "system_log_level": "INFO"
              }
            ],
            "memory_size": 128,
            "package_type": "Zip",
            "publish": false,
            "qualified_arn": "arn:aws:lambda:us-east-1:566776836280:function:mc-multichat-dev-health:1",
            "qualified_invoke_arn": "arn:aws:apigateway:us-east-1:lambda:path/2015-03-31/functions/arn:aws:lambda:us-east-1:566776836280:function:mc-multichat-dev-health:1/invocations",
            "region": "us-east-1",
            "replace_security_groups_on_destroy": null,
            "replacement_security_group_ids": null,
            "reserved_concurrent_executions": -1,
            "role": "arn:aws:iam::566776836280:role/mc-multichat-dev-lambda-execute",
            "runtime": "python3.13",
            "s3_bucket": null,
            "s3_key": null,
            "s3_object_version": null,
            "signing_job_arn": "",
            "signing_profile_version_arn": "",
            "skip_destroy": false,
            "snap_start": [],
            "source_code_hash": "eCX1OMn0MWNGKau6cRUZTglb5S87rZ1UFKGXNytfmcg=",
            "source_code_size": 846,
            "tags": {
              "Env": "dev",
              "Project": "mc-multichat"
            },
            "tags_all": {
              "Env": "dev",
              "Project": "mc-multichat"
            },
            "timeout": 3,
            "timeouts": null,
            "tracing_config": [
              {
                "mode": "PassThrough"
              }
            ],
            "version": "1",
            "vpc_config": [
              {
                "ipv6_allowed_for_dual_stack": false,
                "security_group_ids": [
                  "sg-01378b2383be6b1af"
                ],
                "subnet_ids": [
                  "subnet-08b6ea3ca135f9b51",
                  "subnet-0c30c51c22e89ecda",
                  "subnet-0efce1ff901f3200d"
                ],
                "vpc_id": "vpc-0c1c07b89c8b8d2cb"
              }
            ]
          },
          "sensitive_attributes": [],
          "identity_schema_version": 0,
          "identity": {
            "account_id": "566776836280",
            "function_name": "mc-multichat-dev-health",
            "region": "us-east-1"
          },
          "private": "eyJlMmJmYjczMC1lY2FhLTExZTYtOGY4OC0zNDM2M2JjN2M0YzAiOnsiY3JlYXRlIjo2MDAwMDAwMDAwMDAsImRlbGV0ZSI6NjAwMDAwMDAwMDAwLCJ1cGRhdGUiOjYwMDAwMDAwMDAwMH19",
          "dependencies": [
            "aws_cloudwatch_log_group.lambda",
            "aws_iam_role.lambda_exec",
            "aws_security_group.lambda",
            "aws_subnet.private",
            "aws_vpc.main",
            "data.archive_file.health_zip",
            "data.aws_availability_zones.available",
            "data.aws_iam_policy_document.lambda_assume"
          ],
          "create_before_destroy": true
        }
      ]
    },
    {
      "mode": "managed",
      "type": "aws_lambda_function",
      "name": "kb_search",
      "provider": "provider[\"registry.terraform.io/hashicorp/aws\"]",
      "instances": [
        {
          "schema_version": 0,
          "attributes": {
            "architectures": [
              "arm64"
            ],
            "arn": "arn:aws:lambda:us-east-1:566776836280:function:mc-multichat-dev-kb-search",
            "code_sha256": "5oYt/+NKGOUxHmHh5RnAXEAFY0Dk65L2NTIXRt1pU9s=",
            "code_signing_config_arn": "",
            "dead_letter_config": [],
            "description": "",
            "environment": [
              {
                "variables": {
                  "EMBED_DIM": "1536",
                  "LOG_LEVEL": "DEBUG",
                  "OPENAI_SECRET_ARN": "arn:aws:secretsmanager:us-east-1:566776836280:secret:mc-multichat-dev/openai_api_key-j7Y3Er",
                  "RDS_SECRET_ARN": "arn:aws:secretsmanager:us-east-1:566776836280:secret:mc-multichat-dev/rds-BFnl95"
                }
              }
            ],
            "ephemeral_storage": [
              {
                "size": 512
              }
            ],
            "file_system_config": [],
            "filename": "./.terraform/artifacts/kb_search.zip",
            "function_name": "mc-multichat-dev-kb-search",
            "handler": "handler.lambda_handler",
            "id": "mc-multichat-dev-kb-search",
            "image_config": [],
            "image_uri": "",
            "invoke_arn": "arn:aws:apigateway:us-east-1:lambda:path/2015-03-31/functions/arn:aws:lambda:us-east-1:566776836280:function:mc-multichat-dev-kb-search/invocations",
            "kms_key_arn": "",
            "last_modified": "2025-12-28T23:09:01.000+0000",
            "layers": [],
            "logging_config": [
              {
                "application_log_level": "INFO",
                "log_format": "JSON",
                "log_group": "/aws/lambda/mc-multichat-dev-kb-search",
                "system_log_level": "INFO"
              }
            ],
            "memory_size": 128,
            "package_type": "Zip",
            "publish": false,
            "qualified_arn": "arn:aws:lambda:us-east-1:566776836280:function:mc-multichat-dev-kb-search:$LATEST",
            "qualified_invoke_arn": "arn:aws:apigateway:us-east-1:lambda:path/2015-03-31/functions/arn:aws:lambda:us-east-1:566776836280:function:mc-multichat-dev-kb-search:$LATEST/invocations",
            "region": "us-east-1",
            "replace_security_groups_on_destroy": null,
            "replacement_security_group_ids": null,
            "reserved_concurrent_executions": -1,
            "role": "arn:aws:iam::566776836280:role/mc-multichat-dev-lambda-execute",
            "runtime": "python3.13",
            "s3_bucket": null,
            "s3_key": null,
            "s3_object_version": null,
            "signing_job_arn": "",
            "signing_profile_version_arn": "",
            "skip_destroy": false,
            "snap_start": [],
            "source_code_hash": "5oYt/+NKGOUxHmHh5RnAXEAFY0Dk65L2NTIXRt1pU9s=",
            "source_code_size": 2003482,
            "tags": {
              "Env": "dev",
              "Project": "mc-multichat"
            },
            "tags_all": {
              "Env": "dev",
              "Project": "mc-multichat"
            },
            "timeout": 15,
            "timeouts": null,
            "tracing_config": [
              {
                "mode": "PassThrough"
              }
            ],
            "version": "$LATEST",
            "vpc_config": [
              {
                "ipv6_allowed_for_dual_stack": false,
                "security_group_ids": [
                  "sg-01378b2383be6b1af"
                ],
                "subnet_ids": [
                  "subnet-08b6ea3ca135f9b51",
                  "subnet-0c30c51c22e89ecda",
                  "subnet-0efce1ff901f3200d"
                ],
                "vpc_id": "vpc-0c1c07b89c8b8d2cb"
              }
            ]
          },
          "sensitive_attributes": [],
          "identity_schema_version": 0,
          "identity": {
            "account_id": "566776836280",
            "function_name": "mc-multichat-dev-kb-search",
            "region": "us-east-1"
          },
          "private": "eyJlMmJmYjczMC1lY2FhLTExZTYtOGY4OC0zNDM2M2JjN2M0YzAiOnsiY3JlYXRlIjo2MDAwMDAwMDAwMDAsImRlbGV0ZSI6NjAwMDAwMDAwMDAwLCJ1cGRhdGUiOjYwMDAwMDAwMDAwMH19",
          "dependencies": [
            "aws_cloudwatch_log_group.lambda_kb_search",
            "aws_iam_role.lambda_exec",
            "aws_secretsmanager_secret.rds_credentials",
            "aws_security_group.lambda",
            "aws_subnet.private",
            "aws_vpc.main",
            "data.archive_file.kb_search_zip",
            "data.aws_availability_zones.available",
            "data.aws_iam_policy_document.lambda_assume",
            "data.aws_secretsmanager_secret.openai_api_key",
            "null_resource.package_lambda"
          ],
          "create_before_destroy": true
        }
      ]
    },
    {
      "mode": "managed",
      "type": "aws_lambda_function",
      "name": "twilio_sms",
      "provider": "provider[\"registry.terraform.io/hashicorp/aws\"]",
      "instances": [
        {
          "schema_version": 0,
          "attributes": {
            "architectures": [
              "arm64"
            ],
            "arn": "arn:aws:lambda:us-east-1:566776836280:function:mc-multichat-dev-twilio-sms",
            "code_sha256": "+i2OY6ZDzDJbKiRtMbZXfMXskz1vGqQHvbD2oGXRS1o=",
            "code_signing_config_arn": "",
            "dead_letter_config": [],
            "description": "",
            "environment": [
              {
                "variables": {
                  "DDB_CLIENTS": "mc-multichat-dev-clients",
                  "DDB_CONVERSATIONS": "mc-multichat-dev-conversations",
                  "DDB_PHONE_ROUTES": "mc-multichat-dev-phone-routes",
                  "LOG_LEVEL": "DEBUG",
                  "OPTIN_KEYWORD": "hello",
                  "ORCHESTRATOR_FN": "mc-multichat-dev-chat-orchestrator",
                  "TWILIO_SID_ARN": "arn:aws:secretsmanager:us-east-1:566776836280:secret:mc-multichat-dev/twilio_account_sid-f95fuZ",
                  "TWILIO_TOKEN_ARN": "arn:aws:secretsmanager:us-east-1:566776836280:secret:mc-multichat-dev/twilio_auth_token-0borOs"
                }
              }
            ],
            "ephemeral_storage": [
              {
                "size": 512
              }
            ],
            "file_system_config": [],
            "filename": "./.terraform/artifacts/twilio_sms.zip",
            "function_name": "mc-multichat-dev-twilio-sms",
            "handler": "handler.lambda_handler",
            "id": "mc-multichat-dev-twilio-sms",
            "image_config": [],
            "image_uri": "",
            "invoke_arn": "arn:aws:apigateway:us-east-1:lambda:path/2015-03-31/functions/arn:aws:lambda:us-east-1:566776836280:function:mc-multichat-dev-twilio-sms/invocations",
            "kms_key_arn": "",
            "last_modified": "2025-12-28T23:12:43.000+0000",
            "layers": [],
            "logging_config": [
              {
                "application_log_level": "",
                "log_format": "Text",
                "log_group": "/aws/lambda/mc-multichat-dev-twilio-sms",
                "system_log_level": ""
              }
            ],
            "memory_size": 128,
            "package_type": "Zip",
            "publish": false,
            "qualified_arn": "arn:aws:lambda:us-east-1:566776836280:function:mc-multichat-dev-twilio-sms:$LATEST",
            "qualified_invoke_arn": "arn:aws:apigateway:us-east-1:lambda:path/2015-03-31/functions/arn:aws:lambda:us-east-1:566776836280:function:mc-multichat-dev-twilio-sms:$LATEST/invocations",
            "region": "us-east-1",
            "replace_security_groups_on_destroy": null,
            "replacement_security_group_ids": null,
            "reserved_concurrent_executions": -1,
            "role": "arn:aws:iam::566776836280:role/mc-multichat-dev-lambda-execute",
            "runtime": "python3.13",
            "s3_bucket": null,
            "s3_key": null,
            "s3_object_version": null,
            "signing_job_arn": "",
            "signing_profile_version_arn": "",
            "skip_destroy": false,
            "snap_start": [],
            "source_code_hash": "+i2OY6ZDzDJbKiRtMbZXfMXskz1vGqQHvbD2oGXRS1o=",
            "source_code_size": 17653082,
            "tags": {
              "Env": "dev",
              "Project": "mc-multichat"
            },
            "tags_all": {
              "Env": "dev",
              "Project": "mc-multichat"
            },
            "timeout": 30,
            "timeouts": null,
            "tracing_config": [
              {
                "mode": "PassThrough"
              }
            ],
            "version": "$LATEST",
            "vpc_config": [
              {
                "ipv6_allowed_for_dual_stack": false,
                "security_group_ids": [
                  "sg-01378b2383be6b1af"
                ],
                "subnet_ids": [
                  "subnet-08b6ea3ca135f9b51",
                  "subnet-0c30c51c22e89ecda",
                  "subnet-0efce1ff901f3200d"
                ],
                "vpc_id": "vpc-0c1c07b89c8b8d2cb"
              }
            ]
          },
          "sensitive_attributes": [],
          "identity_schema_version": 0,
          "identity": {
            "account_id": "566776836280",
            "function_name": "mc-multichat-dev-twilio-sms",
            "region": "us-east-1"
          },
          "private": "eyJlMmJmYjczMC1lY2FhLTExZTYtOGY4OC0zNDM2M2JjN2M0YzAiOnsiY3JlYXRlIjo2MDAwMDAwMDAwMDAsImRlbGV0ZSI6NjAwMDAwMDAwMDAwLCJ1cGRhdGUiOjYwMDAwMDAwMDAwMH19",
          "dependencies": [
            "aws_api_gateway_rest_api.rest",
            "aws_dynamodb_table.clients",
            "aws_dynamodb_table.conversations",
            "aws_dynamodb_table.phone_routes",
            "aws_iam_role.lambda_exec",
            "aws_lambda_function.chat_orchestrator",
            "aws_secretsmanager_secret.apigw_api_key",
            "aws_secretsmanager_secret.twilio_account_sid",
            "aws_security_group.lambda",
            "aws_subnet.private",
            "aws_vpc.main",
            "data.archive_file.chat_orchestrator_zip",
            "data.archive_file.twilio_sms_zip",
            "data.aws_availability_zones.available",
            "data.aws_iam_policy_document.lambda_assume",
            "data.aws_secretsmanager_secret.openai_api_key",
            "data.aws_secretsmanager_secret.twilio_auth_token",
            "null_resource.chat_orchestrator_vendor",
            "null_resource.twilio_sms_vendor"
          ],
          "create_before_destroy": true
        }
      ]
    },
    {
      "mode": "managed",
      "type": "aws_lambda_function",
      "name": "twilio_studio",
      "provider": "provider[\"registry.terraform.io/hashicorp/aws\"]",
      "instances": [
        {
          "schema_version": 0,
          "attributes": {
            "architectures": [
              "arm64"
            ],
            "arn": "arn:aws:lambda:us-east-1:566776836280:function:mc-multichat-dev-twilio-studio",
            "code_sha256": "tWAfSpVIznFIWVnnuCJVOHbZy1uN/+LYBkhXFVJQiEg=",
            "code_signing_config_arn": "",
            "dead_letter_config": [],
            "description": "",
            "environment": [
              {
                "variables": {
                  "API_STAGE": "v1",
                  "AUTO_REPLY_COOLDOWN_MIN": "45",
                  "DDB_CLIENTS": "mc-multichat-dev-clients",
                  "DDB_CONVERSATIONS": "mc-multichat-dev-conversations",
                  "DDB_PHONE_ROUTES": "mc-multichat-dev-phone-routes",
                  "DEFAULT_CONSENT_MESSAGE": "By pressing 1, you agree to receive text messages from us. Message frequency varies. Message and data rates may apply. For terms and privacy policy, visit our website. Reply STOP to opt out at any time.",
                  "DEFAULT_GREETING_MESSAGE": "Sorry we missed your call. Please leave a message after the tone.",
                  "EMBED_DIM": "1536",
                  "LOG_LEVEL": "DEBUG",
                  "OPENAI_SECRET_ARN": "arn:aws:secretsmanager:us-east-1:566776836280:secret:mc-multichat-dev/openai_api_key-j7Y3Er",
                  "ORCHESTRATOR_FN": "mc-multichat-dev-chat-orchestrator",
                  "RDS_SECRET_ARN": "arn:aws:secretsmanager:us-east-1:566776836280:secret:mc-multichat-dev/rds-BFnl95",
                  "STUDIO_BEARER_ARN": "arn:aws:secretsmanager:us-east-1:566776836280:secret:mc-multichat-dev/studio_bearer-8OSKLO",
                  "TWILIO_SID_ARN": "arn:aws:secretsmanager:us-east-1:566776836280:secret:mc-multichat-dev/twilio_account_sid-f95fuZ",
                  "TWILIO_SID_REQUIRED": "false",
                  "TWILIO_TOKEN_ARN": "arn:aws:secretsmanager:us-east-1:566776836280:secret:mc-multichat-dev/twilio_auth_token-0borOs"
                }
              }
            ],
            "ephemeral_storage": [
              {
                "size": 512
              }
            ],
            "file_system_config": [],
            "filename": "./.terraform/artifacts/twilio_studio.zip",
            "function_name": "mc-multichat-dev-twilio-studio",
            "handler": "handler.lambda_handler",
            "id": "mc-multichat-dev-twilio-studio",
            "image_config": [],
            "image_uri": "",
            "invoke_arn": "arn:aws:apigateway:us-east-1:lambda:path/2015-03-31/functions/arn:aws:lambda:us-east-1:566776836280:function:mc-multichat-dev-twilio-studio/invocations",
            "kms_key_arn": "",
            "last_modified": "2025-12-28T23:12:43.000+0000",
            "layers": [],
            "logging_config": [
              {
                "application_log_level": "",
                "log_format": "Text",
                "log_group": "/aws/lambda/mc-multichat-dev-twilio-studio",
                "system_log_level": ""
              }
            ],
            "memory_size": 128,
            "package_type": "Zip",
            "publish": false,
            "qualified_arn": "arn:aws:lambda:us-east-1:566776836280:function:mc-multichat-dev-twilio-studio:$LATEST",
            "qualified_invoke_arn": "arn:aws:apigateway:us-east-1:lambda:path/2015-03-31/functions/arn:aws:lambda:us-east-1:566776836280:function:mc-multichat-dev-twilio-studio:$LATEST/invocations",
            "region": "us-east-1",
            "replace_security_groups_on_destroy": null,
            "replacement_security_group_ids": null,
            "reserved_concurrent_executions": -1,
            "role": "arn:aws:iam::566776836280:role/mc-multichat-dev-lambda-execute",
            "runtime": "python3.13",
            "s3_bucket": null,
            "s3_key": null,
            "s3_object_version": null,
            "signing_job_arn": "",
            "signing_profile_version_arn": "",
            "skip_destroy": false,
            "snap_start": [],
            "source_code_hash": "tWAfSpVIznFIWVnnuCJVOHbZy1uN/+LYBkhXFVJQiEg=",
            "source_code_size": 2031195,
            "tags": {
              "Env": "dev",
              "Project": "mc-multichat"
            },
            "tags_all": {
              "Env": "dev",
              "Project": "mc-multichat"
            },
            "timeout": 30,
            "timeouts": null,
            "tracing_config": [
              {
                "mode": "PassThrough"
              }
            ],
            "version": "$LATEST",
            "vpc_config": [
              {
                "ipv6_allowed_for_dual_stack": false,
                "security_group_ids": [
                  "sg-01378b2383be6b1af"
                ],
                "subnet_ids": [
                  "subnet-08b6ea3ca135f9b51",
                  "subnet-0c30c51c22e89ecda",
                  "subnet-0efce1ff901f3200d"
                ],
                "vpc_id": "vpc-0c1c07b89c8b8d2cb"
              }
            ]
          },
          "sensitive_attributes": [],
          "identity_schema_version": 0,
          "identity": {
            "account_id": "566776836280",
            "function_name": "mc-multichat-dev-twilio-studio",
            "region": "us-east-1"
          },
          "private": "eyJlMmJmYjczMC1lY2FhLTExZTYtOGY4OC0zNDM2M2JjN2M0YzAiOnsiY3JlYXRlIjo2MDAwMDAwMDAwMDAsImRlbGV0ZSI6NjAwMDAwMDAwMDAwLCJ1cGRhdGUiOjYwMDAwMDAwMDAwMH19",
          "dependencies": [
            "aws_api_gateway_rest_api.rest",
            "aws_dynamodb_table.clients",
            "aws_dynamodb_table.conversations",
            "aws_dynamodb_table.phone_routes",
            "aws_iam_role.lambda_exec",
            "aws_lambda_function.chat_orchestrator",
            "aws_secretsmanager_secret.apigw_api_key",
            "aws_secretsmanager_secret.rds_credentials",
            "aws_secretsmanager_secret.studio_bearer",
            "aws_secretsmanager_secret.twilio_account_sid",
            "aws_security_group.lambda",
            "aws_subnet.private",
            "aws_vpc.main",
            "data.archive_file.chat_orchestrator_zip",
            "data.archive_file.twilio_studio_zip",
            "data.aws_availability_zones.available",
            "data.aws_iam_policy_document.lambda_assume",
            "data.aws_secretsmanager_secret.openai_api_key",
            "data.aws_secretsmanager_secret.twilio_auth_token",
            "null_resource.chat_orchestrator_vendor",
            "null_resource.twilio_studio_vendor"
          ],
          "create_before_destroy": true
        }
      ]
    },
    {
      "mode": "managed",
      "type": "aws_lambda_permission",
      "name": "apigw_invoke_health",
      "provider": "provider[\"registry.terraform.io/hashicorp/aws\"]",
      "instances": [
        {
          "schema_version": 0,
          "attributes": {
            "action": "lambda:InvokeFunction",
            "event_source_token": null,
            "function_name": "arn:aws:lambda:us-east-1:566776836280:function:mc-multichat-dev-health",
            "function_url_auth_type": null,
            "id": "AllowInvokeByAPIGatewayRestHealth",
            "principal": "apigateway.amazonaws.com",
            "principal_org_id": null,
            "qualifier": "",
            "region": "us-east-1",
            "source_account": null,
            "source_arn": "arn:aws:execute-api:us-east-1:566776836280:414c4ggxih/*/*",
            "statement_id": "AllowInvokeByAPIGatewayRestHealth",
            "statement_id_prefix": ""
          },
          "sensitive_attributes": [],
          "identity_schema_version": 0,
          "identity": {
            "account_id": "566776836280",
            "function_name": "arn:aws:lambda:us-east-1:566776836280:function:mc-multichat-dev-health",
            "qualifier": null,
            "region": "us-east-1",
            "statement_id": "AllowInvokeByAPIGatewayRestHealth"
          },
          "private": "bnVsbA==",
          "dependencies": [
            "aws_api_gateway_rest_api.rest",
            "aws_cloudwatch_log_group.lambda",
            "aws_iam_role.lambda_exec",
            "aws_lambda_function.health",
            "aws_security_group.lambda",
            "aws_subnet.private",
            "aws_vpc.main",
            "data.archive_file.health_zip",
            "data.aws_availability_zones.available",
            "data.aws_iam_policy_document.lambda_assume"
          ]
        }
      ]
    },
    {
      "mode": "managed",
      "type": "aws_lambda_permission",
      "name": "apigw_invoke_kb_search",
      "provider": "provider[\"registry.terraform.io/hashicorp/aws\"]",
      "instances": [
        {
          "schema_version": 0,
          "attributes": {
            "action": "lambda:InvokeFunction",
            "event_source_token": null,
            "function_name": "arn:aws:lambda:us-east-1:566776836280:function:mc-multichat-dev-kb-search",
            "function_url_auth_type": null,
            "id": "AllowInvokeByAPIGatewayRestHealth",
            "principal": "apigateway.amazonaws.com",
            "principal_org_id": null,
            "qualifier": "",
            "region": "us-east-1",
            "source_account": null,
            "source_arn": "arn:aws:execute-api:us-east-1:566776836280:414c4ggxih/*/*",
            "statement_id": "AllowInvokeByAPIGatewayRestHealth",
            "statement_id_prefix": ""
          },
          "sensitive_attributes": [],
          "identity_schema_version": 0,
          "identity": {
            "account_id": "566776836280",
            "function_name": "arn:aws:lambda:us-east-1:566776836280:function:mc-multichat-dev-kb-search",
            "qualifier": null,
            "region": "us-east-1",
            "statement_id": "AllowInvokeByAPIGatewayRestHealth"
          },
          "private": "bnVsbA==",
          "dependencies": [
            "aws_api_gateway_rest_api.rest",
            "aws_cloudwatch_log_group.lambda_kb_search",
            "aws_iam_role.lambda_exec",
            "aws_lambda_function.kb_search",
            "aws_secretsmanager_secret.rds_credentials",
            "aws_security_group.lambda",
            "aws_subnet.private",
            "aws_vpc.main",
            "data.archive_file.kb_search_zip",
            "data.aws_availability_zones.available",
            "data.aws_iam_policy_document.lambda_assume",
            "data.aws_secretsmanager_secret.openai_api_key",
            "null_resource.package_lambda"
          ]
        }
      ]
    },
    {
      "mode": "managed",
      "type": "aws_lambda_permission",
      "name": "apigw_invoke_twilio_sms",
      "provider": "provider[\"registry.terraform.io/hashicorp/aws\"]",
      "instances": [
        {
          "schema_version": 0,
          "attributes": {
            "action": "lambda:InvokeFunction",
            "event_source_token": null,
            "function_name": "mc-multichat-dev-twilio-sms",
            "function_url_auth_type": null,
            "id": "AllowInvokeByAPIGatewayTwilioSMS",
            "principal": "apigateway.amazonaws.com",
            "principal_org_id": null,
            "qualifier": "",
            "region": "us-east-1",
            "source_account": null,
            "source_arn": "arn:aws:execute-api:us-east-1:566776836280:414c4ggxih/*/*",
            "statement_id": "AllowInvokeByAPIGatewayTwilioSMS",
            "statement_id_prefix": ""
          },
          "sensitive_attributes": [],
          "identity_schema_version": 0,
          "identity": {
            "account_id": "566776836280",
            "function_name": "mc-multichat-dev-twilio-sms",
            "qualifier": null,
            "region": "us-east-1",
            "statement_id": "AllowInvokeByAPIGatewayTwilioSMS"
          },
          "private": "bnVsbA==",
          "dependencies": [
            "aws_api_gateway_rest_api.rest",
            "aws_dynamodb_table.clients",
            "aws_dynamodb_table.conversations",
            "aws_dynamodb_table.phone_routes",
            "aws_iam_role.lambda_exec",
            "aws_lambda_function.chat_orchestrator",
            "aws_lambda_function.twilio_sms",
            "aws_secretsmanager_secret.apigw_api_key",
            "aws_secretsmanager_secret.twilio_account_sid",
            "aws_security_group.lambda",
            "aws_subnet.private",
            "aws_vpc.main",
            "data.archive_file.chat_orchestrator_zip",
            "data.archive_file.twilio_sms_zip",
            "data.aws_availability_zones.available",
            "data.aws_iam_policy_document.lambda_assume",
            "data.aws_secretsmanager_secret.openai_api_key",
            "data.aws_secretsmanager_secret.twilio_auth_token",
            "null_resource.chat_orchestrator_vendor",
            "null_resource.twilio_sms_vendor"
          ]
        }
      ]
    },
    {
      "mode": "managed",
      "type": "aws_lambda_permission",
      "name": "apigw_invoke_twilio_studio",
      "provider": "provider[\"registry.terraform.io/hashicorp/aws\"]",
      "instances": [
        {
          "schema_version": 0,
          "attributes": {
            "action": "lambda:InvokeFunction",
            "event_source_token": null,
            "function_name": "mc-multichat-dev-twilio-studio",
            "function_url_auth_type": null,
            "id": "AllowInvokeByAPIGatewayTwilioStudio",
            "principal": "apigateway.amazonaws.com",
            "principal_org_id": null,
            "qualifier": "",
            "region": "us-east-1",
            "source_account": null,
            "source_arn": "arn:aws:execute-api:us-east-1:566776836280:414c4ggxih/*/*",
            "statement_id": "AllowInvokeByAPIGatewayTwilioStudio",
            "statement_id_prefix": ""
          },
          "sensitive_attributes": [],
          "identity_schema_version": 0,
          "identity": {
            "account_id": "566776836280",
            "function_name": "mc-multichat-dev-twilio-studio",
            "qualifier": null,
            "region": "us-east-1",
            "statement_id": "AllowInvokeByAPIGatewayTwilioStudio"
          },
          "private": "bnVsbA==",
          "dependencies": [
            "aws_api_gateway_rest_api.rest",
            "aws_dynamodb_table.clients",
            "aws_dynamodb_table.conversations",
            "aws_dynamodb_table.phone_routes",
            "aws_iam_role.lambda_exec",
            "aws_lambda_function.chat_orchestrator",
            "aws_lambda_function.twilio_studio",
            "aws_secretsmanager_secret.apigw_api_key",
            "aws_secretsmanager_secret.rds_credentials",
            "aws_secretsmanager_secret.studio_bearer",
            "aws_secretsmanager_secret.twilio_account_sid",
            "aws_security_group.lambda",
            "aws_subnet.private",
            "aws_vpc.main",
            "data.archive_file.chat_orchestrator_zip",
            "data.archive_file.twilio_studio_zip",
            "data.aws_availability_zones.available",
            "data.aws_iam_policy_document.lambda_assume",
            "data.aws_secretsmanager_secret.openai_api_key",
            "data.aws_secretsmanager_secret.twilio_auth_token",
            "null_resource.chat_orchestrator_vendor",
            "null_resource.twilio_studio_vendor"
          ]
        }
      ]
    },
    {
      "mode": "managed",
      "type": "aws_nat_gateway",
      "name": "nat",
      "provider": "provider[\"registry.terraform.io/hashicorp/aws\"]",
      "instances": [
        {
          "index_key": "us-east-1a",
          "schema_version": 0,
          "attributes": {
            "allocation_id": "eipalloc-056ca41aa50beb88d",
            "association_id": "eipassoc-0b3edb42c40d1649c",
            "connectivity_type": "public",
            "id": "nat-05b3c51d0172076b6",
            "network_interface_id": "eni-07903d82d3fe5359b",
            "private_ip": "10.1.12.11",
            "public_ip": "52.2.102.116",
            "region": "us-east-1",
            "secondary_allocation_ids": [],
            "secondary_private_ip_address_count": 0,
            "secondary_private_ip_addresses": [],
            "subnet_id": "subnet-0d264e8bed41f1678",
            "tags": {
              "Env": "dev",
              "Name": "mc-multichat-dev-nat-us-east-1a",
              "Project": "mc-multichat"
            },
            "tags_all": {
              "Env": "dev",
              "Name": "mc-multichat-dev-nat-us-east-1a",
              "Project": "mc-multichat"
            },
            "timeouts": null
          },
          "sensitive_attributes": [],
          "identity_schema_version": 0,
          "private": "eyJlMmJmYjczMC1lY2FhLTExZTYtOGY4OC0zNDM2M2JjN2M0YzAiOnsiY3JlYXRlIjo2MDAwMDAwMDAwMDAsImRlbGV0ZSI6MTgwMDAwMDAwMDAwMCwidXBkYXRlIjo2MDAwMDAwMDAwMDB9fQ==",
          "dependencies": [
            "aws_eip.nat",
            "aws_internet_gateway.igw",
            "aws_subnet.public",
            "aws_vpc.main",
            "data.aws_availability_zones.available"
          ]
        }
      ]
    },
    {
      "mode": "managed",
      "type": "aws_route_table",
      "name": "private",
      "provider": "provider[\"registry.terraform.io/hashicorp/aws\"]",
      "instances": [
        {
          "index_key": "us-east-1a",
          "schema_version": 0,
          "attributes": {
            "arn": "arn:aws:ec2:us-east-1:566776836280:route-table/rtb-06ed2f8066fe9cfb3",
            "id": "rtb-06ed2f8066fe9cfb3",
            "owner_id": "566776836280",
            "propagating_vgws": [],
            "region": "us-east-1",
            "route": [
              {
                "carrier_gateway_id": "",
                "cidr_block": "0.0.0.0/0",
                "core_network_arn": "",
                "destination_prefix_list_id": "",
                "egress_only_gateway_id": "",
                "gateway_id": "",
                "ipv6_cidr_block": "",
                "local_gateway_id": "",
                "nat_gateway_id": "nat-05b3c51d0172076b6",
                "network_interface_id": "",
                "transit_gateway_id": "",
                "vpc_endpoint_id": "",
                "vpc_peering_connection_id": ""
              }
            ],
            "tags": {
              "Env": "dev",
              "Name": "mc-multichat-dev-rt-private-us-east-1a",
              "Project": "mc-multichat"
            },
            "tags_all": {
              "Env": "dev",
              "Name": "mc-multichat-dev-rt-private-us-east-1a",
              "Project": "mc-multichat"
            },
            "timeouts": null,
            "vpc_id": "vpc-0c1c07b89c8b8d2cb"
          },
          "sensitive_attributes": [],
          "identity_schema_version": 0,
          "private": "eyJlMmJmYjczMC1lY2FhLTExZTYtOGY4OC0zNDM2M2JjN2M0YzAiOnsiY3JlYXRlIjozMDAwMDAwMDAwMDAsImRlbGV0ZSI6MzAwMDAwMDAwMDAwLCJ1cGRhdGUiOjEyMDAwMDAwMDAwMH19",
          "dependencies": [
            "aws_eip.nat",
            "aws_internet_gateway.igw",
            "aws_nat_gateway.nat",
            "aws_subnet.private",
            "aws_subnet.public",
            "aws_vpc.main",
            "data.aws_availability_zones.available"
          ]
        },
        {
          "index_key": "us-east-1b",
          "schema_version": 0,
          "attributes": {
            "arn": "arn:aws:ec2:us-east-1:566776836280:route-table/rtb-0701d2e332159a354",
            "id": "rtb-0701d2e332159a354",
            "owner_id": "566776836280",
            "propagating_vgws": [],
            "region": "us-east-1",
            "route": [
              {
                "carrier_gateway_id": "",
                "cidr_block": "0.0.0.0/0",
                "core_network_arn": "",
                "destination_prefix_list_id": "",
                "egress_only_gateway_id": "",
                "gateway_id": "",
                "ipv6_cidr_block": "",
                "local_gateway_id": "",
                "nat_gateway_id": "nat-05b3c51d0172076b6",
                "network_interface_id": "",
                "transit_gateway_id": "",
                "vpc_endpoint_id": "",
                "vpc_peering_connection_id": ""
              }
            ],
            "tags": {
              "Env": "dev",
              "Name": "mc-multichat-dev-rt-private-us-east-1b",
              "Project": "mc-multichat"
            },
            "tags_all": {
              "Env": "dev",
              "Name": "mc-multichat-dev-rt-private-us-east-1b",
              "Project": "mc-multichat"
            },
            "timeouts": null,
            "vpc_id": "vpc-0c1c07b89c8b8d2cb"
          },
          "sensitive_attributes": [],
          "identity_schema_version": 0,
          "private": "eyJlMmJmYjczMC1lY2FhLTExZTYtOGY4OC0zNDM2M2JjN2M0YzAiOnsiY3JlYXRlIjozMDAwMDAwMDAwMDAsImRlbGV0ZSI6MzAwMDAwMDAwMDAwLCJ1cGRhdGUiOjEyMDAwMDAwMDAwMH19",
          "dependencies": [
            "aws_eip.nat",
            "aws_internet_gateway.igw",
            "aws_nat_gateway.nat",
            "aws_subnet.private",
            "aws_subnet.public",
            "aws_vpc.main",
            "data.aws_availability_zones.available"
          ]
        },
        {
          "index_key": "us-east-1c",
          "schema_version": 0,
          "attributes": {
            "arn": "arn:aws:ec2:us-east-1:566776836280:route-table/rtb-0a41072fb7ac9f6cc",
            "id": "rtb-0a41072fb7ac9f6cc",
            "owner_id": "566776836280",
            "propagating_vgws": [],
            "region": "us-east-1",
            "route": [
              {
                "carrier_gateway_id": "",
                "cidr_block": "0.0.0.0/0",
                "core_network_arn": "",
                "destination_prefix_list_id": "",
                "egress_only_gateway_id": "",
                "gateway_id": "",
                "ipv6_cidr_block": "",
                "local_gateway_id": "",
                "nat_gateway_id": "nat-05b3c51d0172076b6",
                "network_interface_id": "",
                "transit_gateway_id": "",
                "vpc_endpoint_id": "",
                "vpc_peering_connection_id": ""
              }
            ],
            "tags": {
              "Env": "dev",
              "Name": "mc-multichat-dev-rt-private-us-east-1c",
              "Project": "mc-multichat"
            },
            "tags_all": {
              "Env": "dev",
              "Name": "mc-multichat-dev-rt-private-us-east-1c",
              "Project": "mc-multichat"
            },
            "timeouts": null,
            "vpc_id": "vpc-0c1c07b89c8b8d2cb"
          },
          "sensitive_attributes": [],
          "identity_schema_version": 0,
          "private": "eyJlMmJmYjczMC1lY2FhLTExZTYtOGY4OC0zNDM2M2JjN2M0YzAiOnsiY3JlYXRlIjozMDAwMDAwMDAwMDAsImRlbGV0ZSI6MzAwMDAwMDAwMDAwLCJ1cGRhdGUiOjEyMDAwMDAwMDAwMH19",
          "dependencies": [
            "aws_eip.nat",
            "aws_internet_gateway.igw",
            "aws_nat_gateway.nat",
            "aws_subnet.private",
            "aws_subnet.public",
            "aws_vpc.main",
            "data.aws_availability_zones.available"
          ]
        }
      ]
    },
    {
      "mode": "managed",
      "type": "aws_route_table",
      "name": "public",
      "provider": "provider[\"registry.terraform.io/hashicorp/aws\"]",
      "instances": [
        {
          "schema_version": 0,
          "attributes": {
            "arn": "arn:aws:ec2:us-east-1:566776836280:route-table/rtb-0ec567b43d372c0fd",
            "id": "rtb-0ec567b43d372c0fd",
            "owner_id": "566776836280",
            "propagating_vgws": [],
            "region": "us-east-1",
            "route": [
              {
                "carrier_gateway_id": "",
                "cidr_block": "0.0.0.0/0",
                "core_network_arn": "",
                "destination_prefix_list_id": "",
                "egress_only_gateway_id": "",
                "gateway_id": "igw-001d0bff6cfa5703e",
                "ipv6_cidr_block": "",
                "local_gateway_id": "",
                "nat_gateway_id": "",
                "network_interface_id": "",
                "transit_gateway_id": "",
                "vpc_endpoint_id": "",
                "vpc_peering_connection_id": ""
              }
            ],
            "tags": {
              "Env": "dev",
              "Name": "mc-multichat-dev-rt-public",
              "Project": "mc-multichat"
            },
            "tags_all": {
              "Env": "dev",
              "Name": "mc-multichat-dev-rt-public",
              "Project": "mc-multichat"
            },
            "timeouts": null,
            "vpc_id": "vpc-0c1c07b89c8b8d2cb"
          },
          "sensitive_attributes": [],
          "identity_schema_version": 0,
          "private": "eyJlMmJmYjczMC1lY2FhLTExZTYtOGY4OC0zNDM2M2JjN2M0YzAiOnsiY3JlYXRlIjozMDAwMDAwMDAwMDAsImRlbGV0ZSI6MzAwMDAwMDAwMDAwLCJ1cGRhdGUiOjEyMDAwMDAwMDAwMH19",
          "dependencies": [
            "aws_internet_gateway.igw",
            "aws_vpc.main"
          ]
        }
      ]
    },
    {
      "mode": "managed",
      "type": "aws_route_table_association",
      "name": "private",
      "provider": "provider[\"registry.terraform.io/hashicorp/aws\"]",
      "instances": [
        {
          "index_key": "us-east-1a",
          "schema_version": 0,
          "attributes": {
            "gateway_id": "",
            "id": "rtbassoc-0dfe766f12fef446b",
            "region": "us-east-1",
            "route_table_id": "rtb-06ed2f8066fe9cfb3",
            "subnet_id": "subnet-0c30c51c22e89ecda",
            "timeouts": null
          },
          "sensitive_attributes": [],
          "identity_schema_version": 0,
          "private": "eyJlMmJmYjczMC1lY2FhLTExZTYtOGY4OC0zNDM2M2JjN2M0YzAiOnsiY3JlYXRlIjozMDAwMDAwMDAwMDAsImRlbGV0ZSI6MzAwMDAwMDAwMDAwLCJ1cGRhdGUiOjEyMDAwMDAwMDAwMH19",
          "dependencies": [
            "aws_eip.nat",
            "aws_internet_gateway.igw",
            "aws_nat_gateway.nat",
            "aws_route_table.private",
            "aws_subnet.private",
            "aws_subnet.public",
            "aws_vpc.main",
            "data.aws_availability_zones.available"
          ]
        },
        {
          "index_key": "us-east-1b",
          "schema_version": 0,
          "attributes": {
            "gateway_id": "",
            "id": "rtbassoc-0547361d6586ad720",
            "region": "us-east-1",
            "route_table_id": "rtb-0701d2e332159a354",
            "subnet_id": "subnet-08b6ea3ca135f9b51",
            "timeouts": null
          },
          "sensitive_attributes": [],
          "identity_schema_version": 0,
          "private": "eyJlMmJmYjczMC1lY2FhLTExZTYtOGY4OC0zNDM2M2JjN2M0YzAiOnsiY3JlYXRlIjozMDAwMDAwMDAwMDAsImRlbGV0ZSI6MzAwMDAwMDAwMDAwLCJ1cGRhdGUiOjEyMDAwMDAwMDAwMH19",
          "dependencies": [
            "aws_eip.nat",
            "aws_internet_gateway.igw",
            "aws_nat_gateway.nat",
            "aws_route_table.private",
            "aws_subnet.private",
            "aws_subnet.public",
            "aws_vpc.main",
            "data.aws_availability_zones.available"
          ]
        },
        {
          "index_key": "us-east-1c",
          "schema_version": 0,
          "attributes": {
            "gateway_id": "",
            "id": "rtbassoc-0d4db1bc0e825a4de",
            "region": "us-east-1",
            "route_table_id": "rtb-0a41072fb7ac9f6cc",
            "subnet_id": "subnet-0efce1ff901f3200d",
            "timeouts": null
          },
          "sensitive_attributes": [],
          "identity_schema_version": 0,
          "private": "eyJlMmJmYjczMC1lY2FhLTExZTYtOGY4OC0zNDM2M2JjN2M0YzAiOnsiY3JlYXRlIjozMDAwMDAwMDAwMDAsImRlbGV0ZSI6MzAwMDAwMDAwMDAwLCJ1cGRhdGUiOjEyMDAwMDAwMDAwMH19",
          "dependencies": [
            "aws_eip.nat",
            "aws_internet_gateway.igw",
            "aws_nat_gateway.nat",
            "aws_route_table.private",
            "aws_subnet.private",
            "aws_subnet.public",
            "aws_vpc.main",
            "data.aws_availability_zones.available"
          ]
        }
      ]
    },
    {
      "mode": "managed",
      "type": "aws_route_table_association",
      "name": "public",
      "provider": "provider[\"registry.terraform.io/hashicorp/aws\"]",
      "instances": [
        {
          "index_key": "us-east-1a",
          "schema_version": 0,
          "attributes": {
            "gateway_id": "",
            "id": "rtbassoc-0b3590ef259adf722",
            "region": "us-east-1",
            "route_table_id": "rtb-0ec567b43d372c0fd",
            "subnet_id": "subnet-0d264e8bed41f1678",
            "timeouts": null
          },
          "sensitive_attributes": [],
          "identity_schema_version": 0,
          "private": "eyJlMmJmYjczMC1lY2FhLTExZTYtOGY4OC0zNDM2M2JjN2M0YzAiOnsiY3JlYXRlIjozMDAwMDAwMDAwMDAsImRlbGV0ZSI6MzAwMDAwMDAwMDAwLCJ1cGRhdGUiOjEyMDAwMDAwMDAwMH19",
          "dependencies": [
            "aws_internet_gateway.igw",
            "aws_route_table.public",
            "aws_subnet.public",
            "aws_vpc.main",
            "data.aws_availability_zones.available"
          ]
        },
        {
          "index_key": "us-east-1b",
          "schema_version": 0,
          "attributes": {
            "gateway_id": "",
            "id": "rtbassoc-0029c1d3b3b38275c",
            "region": "us-east-1",
            "route_table_id": "rtb-0ec567b43d372c0fd",
            "subnet_id": "subnet-0bc14758bab58bf85",
            "timeouts": null
          },
          "sensitive_attributes": [],
          "identity_schema_version": 0,
          "private": "eyJlMmJmYjczMC1lY2FhLTExZTYtOGY4OC0zNDM2M2JjN2M0YzAiOnsiY3JlYXRlIjozMDAwMDAwMDAwMDAsImRlbGV0ZSI6MzAwMDAwMDAwMDAwLCJ1cGRhdGUiOjEyMDAwMDAwMDAwMH19",
          "dependencies": [
            "aws_internet_gateway.igw",
            "aws_route_table.public",
            "aws_subnet.public",
            "aws_vpc.main",
            "data.aws_availability_zones.available"
          ]
        },
        {
          "index_key": "us-east-1c",
          "schema_version": 0,
          "attributes": {
            "gateway_id": "",
            "id": "rtbassoc-06d247857d904a3d9",
            "region": "us-east-1",
            "route_table_id": "rtb-0ec567b43d372c0fd",
            "subnet_id": "subnet-0d5bdfbceb8122309",
            "timeouts": null
          },
          "sensitive_attributes": [],
          "identity_schema_version": 0,
          "private": "eyJlMmJmYjczMC1lY2FhLTExZTYtOGY4OC0zNDM2M2JjN2M0YzAiOnsiY3JlYXRlIjozMDAwMDAwMDAwMDAsImRlbGV0ZSI6MzAwMDAwMDAwMDAwLCJ1cGRhdGUiOjEyMDAwMDAwMDAwMH19",
          "dependencies": [
            "aws_internet_gateway.igw",
            "aws_route_table.public",
            "aws_subnet.public",
            "aws_vpc.main",
            "data.aws_availability_zones.available"
          ]
        }
      ]
    },
    {
      "mode": "managed",
      "type": "aws_secretsmanager_secret",
      "name": "apigw_api_key",
      "provider": "provider[\"registry.terraform.io/hashicorp/aws\"]",
      "instances": [
        {
          "schema_version": 0,
          "attributes": {
            "arn": "arn:aws:secretsmanager:us-east-1:566776836280:secret:mc-multichat-dev/apigw_api_key-uDU4Iz",
            "description": "",
            "force_overwrite_replica_secret": false,
            "id": "arn:aws:secretsmanager:us-east-1:566776836280:secret:mc-multichat-dev/apigw_api_key-uDU4Iz",
            "kms_key_id": "",
            "name": "mc-multichat-dev/apigw_api_key",
            "name_prefix": "",
            "policy": "",
            "recovery_window_in_days": 30,
            "region": "us-east-1",
            "replica": [],
            "tags": {
              "Env": "dev",
              "Project": "mc-multichat"
            },
            "tags_all": {
              "Env": "dev",
              "Project": "mc-multichat"
            }
          },
          "sensitive_attributes": [],
          "identity_schema_version": 0,
          "identity": {
            "arn": "arn:aws:secretsmanager:us-east-1:566776836280:secret:mc-multichat-dev/apigw_api_key-uDU4Iz"
          },
          "private": "bnVsbA==",
          "create_before_destroy": true
        }
      ]
    },
    {
      "mode": "managed",
      "type": "aws_secretsmanager_secret",
      "name": "rds_credentials",
      "provider": "provider[\"registry.terraform.io/hashicorp/aws\"]",
      "instances": [
        {
          "schema_version": 0,
          "attributes": {
            "arn": "arn:aws:secretsmanager:us-east-1:566776836280:secret:mc-multichat-dev/rds-BFnl95",
            "description": "",
            "force_overwrite_replica_secret": false,
            "id": "arn:aws:secretsmanager:us-east-1:566776836280:secret:mc-multichat-dev/rds-BFnl95",
            "kms_key_id": "",
            "name": "mc-multichat-dev/rds",
            "name_prefix": "",
            "policy": "",
            "recovery_window_in_days": 30,
            "region": "us-east-1",
            "replica": [],
            "tags": {
              "Env": "dev",
              "Project": "mc-multichat"
            },
            "tags_all": {
              "Env": "dev",
              "Project": "mc-multichat"
            }
          },
          "sensitive_attributes": [],
          "identity_schema_version": 0,
          "identity": {
            "arn": "arn:aws:secretsmanager:us-east-1:566776836280:secret:mc-multichat-dev/rds-BFnl95"
          },
          "private": "bnVsbA==",
          "create_before_destroy": true
        }
      ]
    },
    {
      "mode": "managed",
      "type": "aws_secretsmanager_secret",
      "name": "studio_bearer",
      "provider": "provider[\"registry.terraform.io/hashicorp/aws\"]",
      "instances": [
        {
          "schema_version": 0,
          "attributes": {
            "arn": "arn:aws:secretsmanager:us-east-1:566776836280:secret:mc-multichat-dev/studio_bearer-8OSKLO",
            "description": "",
            "force_overwrite_replica_secret": false,
            "id": "arn:aws:secretsmanager:us-east-1:566776836280:secret:mc-multichat-dev/studio_bearer-8OSKLO",
            "kms_key_id": "",
            "name": "mc-multichat-dev/studio_bearer",
            "name_prefix": "",
            "policy": "",
            "recovery_window_in_days": 30,
            "region": "us-east-1",
            "replica": [],
            "tags": {
              "Env": "dev",
              "Project": "mc-multichat"
            },
            "tags_all": {
              "Env": "dev",
              "Project": "mc-multichat"
            }
          },
          "sensitive_attributes": [],
          "identity_schema_version": 0,
          "identity": {
            "arn": "arn:aws:secretsmanager:us-east-1:566776836280:secret:mc-multichat-dev/studio_bearer-8OSKLO"
          },
          "private": "bnVsbA==",
          "create_before_destroy": true
        }
      ]
    },
    {
      "mode": "managed",
      "type": "aws_secretsmanager_secret",
      "name": "twilio_account_sid",
      "provider": "provider[\"registry.terraform.io/hashicorp/aws\"]",
      "instances": [
        {
          "schema_version": 0,
          "attributes": {
            "arn": "arn:aws:secretsmanager:us-east-1:566776836280:secret:mc-multichat-dev/twilio_account_sid-f95fuZ",
            "description": "",
            "force_overwrite_replica_secret": false,
            "id": "arn:aws:secretsmanager:us-east-1:566776836280:secret:mc-multichat-dev/twilio_account_sid-f95fuZ",
            "kms_key_id": "",
            "name": "mc-multichat-dev/twilio_account_sid",
            "name_prefix": "",
            "policy": "",
            "recovery_window_in_days": 30,
            "region": "us-east-1",
            "replica": [],
            "tags": {
              "Env": "dev",
              "Project": "mc-multichat"
            },
            "tags_all": {
              "Env": "dev",
              "Project": "mc-multichat"
            }
          },
          "sensitive_attributes": [],
          "identity_schema_version": 0,
          "identity": {
            "arn": "arn:aws:secretsmanager:us-east-1:566776836280:secret:mc-multichat-dev/twilio_account_sid-f95fuZ"
          },
          "private": "bnVsbA==",
          "create_before_destroy": true
        }
      ]
    },
    {
      "mode": "managed",
      "type": "aws_secretsmanager_secret_version",
      "name": "apigw_api_key_v",
      "provider": "provider[\"registry.terraform.io/hashicorp/aws\"]",
      "instances": [
        {
          "schema_version": 0,
          "attributes": {
            "arn": "arn:aws:secretsmanager:us-east-1:566776836280:secret:mc-multichat-dev/apigw_api_key-uDU4Iz",
            "has_secret_string_wo": null,
            "id": "arn:aws:secretsmanager:us-east-1:566776836280:secret:mc-multichat-dev/apigw_api_key-uDU4Iz|terraform-20251028001922184300000002",
            "region": "us-east-1",
            "secret_binary": "",
            "secret_id": "arn:aws:secretsmanager:us-east-1:566776836280:secret:mc-multichat-dev/apigw_api_key-uDU4Iz",
            "secret_string": "5UcLVknxOhVUNDvldst9oHZUP9FxTqPDG5vTvSqH",
            "secret_string_wo": null,
            "secret_string_wo_version": null,
            "version_id": "terraform-20251028001922184300000002",
            "version_stages": [
              "AWSCURRENT"
            ]
          },
          "sensitive_attributes": [
            [
              {
                "type": "get_attr",
                "value": "secret_binary"
              }
            ],
            [
              {
                "type": "get_attr",
                "value": "secret_string"
              }
            ],
            [
              {
                "type": "get_attr",
                "value": "secret_string_wo"
              }
            ]
          ],
          "identity_schema_version": 0,
          "private": "bnVsbA==",
          "dependencies": [
            "aws_api_gateway_api_key.default",
            "aws_secretsmanager_secret.apigw_api_key",
            "random_password.api_key"
          ]
        }
      ]
    },
    {
      "mode": "managed",
      "type": "aws_secretsmanager_secret_version",
      "name": "rds_credentials_v",
      "provider": "provider[\"registry.terraform.io/hashicorp/aws\"]",
      "instances": [
        {
          "schema_version": 0,
          "attributes": {
            "arn": "arn:aws:secretsmanager:us-east-1:566776836280:secret:mc-multichat-dev/rds-BFnl95",
            "has_secret_string_wo": null,
            "id": "arn:aws:secretsmanager:us-east-1:566776836280:secret:mc-multichat-dev/rds-BFnl95|terraform-20251228231348616800000003",
            "region": "us-east-1",
            "secret_binary": "",
            "secret_id": "arn:aws:secretsmanager:us-east-1:566776836280:secret:mc-multichat-dev/rds-BFnl95",
            "secret_string": "{\"dbname\":\"multichatdev\",\"host\":\"mc-multichat-dev-pg-private.cwglusrb45if.us-east-1.rds.amazonaws.com\",\"password\":\"Z}\\u003ci!Whe3(y2+x84d:*:H3u22wJLka[r\",\"port\":5432,\"username\":\"postgres\"}",
            "secret_string_wo": null,
            "secret_string_wo_version": null,
            "version_id": "terraform-20251228231348616800000003",
            "version_stages": [
              "AWSCURRENT"
            ]
          },
          "sensitive_attributes": [
            [
              {
                "type": "get_attr",
                "value": "secret_binary"
              }
            ],
            [
              {
                "type": "get_attr",
                "value": "secret_string"
              }
            ],
            [
              {
                "type": "get_attr",
                "value": "secret_string_wo"
              }
            ]
          ],
          "identity_schema_version": 0,
          "private": "bnVsbA==",
          "dependencies": [
            "aws_db_instance.pg",
            "aws_db_subnet_group.pg",
            "aws_secretsmanager_secret.rds_credentials",
            "aws_security_group.bastion",
            "aws_security_group.lambda",
            "aws_security_group.rds",
            "aws_subnet.private",
            "aws_vpc.main",
            "data.aws_availability_zones.available",
            "random_password.rds_master"
          ],
          "create_before_destroy": true
        }
      ]
    },
    {
      "mode": "managed",
      "type": "aws_security_group",
      "name": "bastion",
      "provider": "provider[\"registry.terraform.io/hashicorp/aws\"]",
      "instances": [
        {
          "schema_version": 1,
          "attributes": {
            "arn": "arn:aws:ec2:us-east-1:566776836280:security-group/sg-01700b5624a04e95e",
            "description": "Bastion",
            "egress": [
              {
                "cidr_blocks": [
                  "0.0.0.0/0"
                ],
                "description": "",
                "from_port": 0,
                "ipv6_cidr_blocks": [],
                "prefix_list_ids": [],
                "protocol": "-1",
                "security_groups": [],
                "self": false,
                "to_port": 0
              }
            ],
            "id": "sg-01700b5624a04e95e",
            "ingress": [],
            "name": "mc-multichat-dev-sg-bastion",
            "name_prefix": "",
            "owner_id": "566776836280",
            "region": "us-east-1",
            "revoke_rules_on_delete": false,
            "tags": {
              "Env": "dev",
              "Project": "mc-multichat"
            },
            "tags_all": {
              "Env": "dev",
              "Project": "mc-multichat"
            },
            "timeouts": null,
            "vpc_id": "vpc-0c1c07b89c8b8d2cb"
          },
          "sensitive_attributes": [],
          "identity_schema_version": 0,
          "identity": {
            "account_id": "566776836280",
            "id": "sg-01700b5624a04e95e",
            "region": "us-east-1"
          },
          "private": "eyJlMmJmYjczMC1lY2FhLTExZTYtOGY4OC0zNDM2M2JjN2M0YzAiOnsiY3JlYXRlIjo2MDAwMDAwMDAwMDAsImRlbGV0ZSI6OTAwMDAwMDAwMDAwfSwic2NoZW1hX3ZlcnNpb24iOiIxIn0=",
          "dependencies": [
            "aws_vpc.main"
          ],
          "create_before_destroy": true
        }
      ]
    },
    {
      "mode": "managed",
      "type": "aws_security_group",
      "name": "endpoints",
      "provider": "provider[\"registry.terraform.io/hashicorp/aws\"]",
      "instances": [
        {
          "schema_version": 1,
          "attributes": {
            "arn": "arn:aws:ec2:us-east-1:566776836280:security-group/sg-0b3995a8457a3047c",
            "description": "Interface endpoints",
            "egress": [
              {
                "cidr_blocks": [
                  "0.0.0.0/0"
                ],
                "description": "",
                "from_port": 0,
                "ipv6_cidr_blocks": [],
                "prefix_list_ids": [],
                "protocol": "-1",
                "security_groups": [],
                "self": false,
                "to_port": 0
              }
            ],
            "id": "sg-0b3995a8457a3047c",
            "ingress": [
              {
                "cidr_blocks": [
                  "10.1.128.0/20",
                  "10.1.144.0/20",
                  "10.1.160.0/20",
                  "10.1.0.0/20",
                  "10.1.16.0/20",
                  "10.1.32.0/20"
                ],
                "description": "From private subnets",
                "from_port": 443,
                "ipv6_cidr_blocks": [],
                "prefix_list_ids": [],
                "protocol": "tcp",
                "security_groups": [],
                "self": false,
                "to_port": 443
              }
            ],
            "name": "mc-multichat-dev-sg-vpce",
            "name_prefix": "",
            "owner_id": "566776836280",
            "region": "us-east-1",
            "revoke_rules_on_delete": false,
            "tags": {
              "Env": "dev",
              "Project": "mc-multichat"
            },
            "tags_all": {
              "Env": "dev",
              "Project": "mc-multichat"
            },
            "timeouts": null,
            "vpc_id": "vpc-0c1c07b89c8b8d2cb"
          },
          "sensitive_attributes": [],
          "identity_schema_version": 0,
          "identity": {
            "account_id": "566776836280",
            "id": "sg-0b3995a8457a3047c",
            "region": "us-east-1"
          },
          "private": "eyJlMmJmYjczMC1lY2FhLTExZTYtOGY4OC0zNDM2M2JjN2M0YzAiOnsiY3JlYXRlIjo2MDAwMDAwMDAwMDAsImRlbGV0ZSI6OTAwMDAwMDAwMDAwfSwic2NoZW1hX3ZlcnNpb24iOiIxIn0=",
          "dependencies": [
            "aws_subnet.private",
            "aws_subnet.public",
            "aws_vpc.main",
            "data.aws_availability_zones.available"
          ]
        }
      ]
    },
    {
      "mode": "managed",
      "type": "aws_security_group",
      "name": "lambda",
      "provider": "provider[\"registry.terraform.io/hashicorp/aws\"]",
      "instances": [
        {
          "schema_version": 1,
          "attributes": {
            "arn": "arn:aws:ec2:us-east-1:566776836280:security-group/sg-01378b2383be6b1af",
            "description": "Lambda to RDS/endpoints/NAT",
            "egress": [
              {
                "cidr_blocks": [
                  "0.0.0.0/0"
                ],
                "description": "",
                "from_port": 0,
                "ipv6_cidr_blocks": [],
                "prefix_list_ids": [],
                "protocol": "-1",
                "security_groups": [],
                "self": false,
                "to_port": 0
              }
            ],
            "id": "sg-01378b2383be6b1af",
            "ingress": [],
            "name": "mc-multichat-dev-sg-lambda",
            "name_prefix": "",
            "owner_id": "566776836280",
            "region": "us-east-1",
            "revoke_rules_on_delete": false,
            "tags": {
              "Env": "dev",
              "Project": "mc-multichat"
            },
            "tags_all": {
              "Env": "dev",
              "Project": "mc-multichat"
            },
            "timeouts": null,
            "vpc_id": "vpc-0c1c07b89c8b8d2cb"
          },
          "sensitive_attributes": [],
          "identity_schema_version": 0,
          "identity": {
            "account_id": "566776836280",
            "id": "sg-01378b2383be6b1af",
            "region": "us-east-1"
          },
          "private": "eyJlMmJmYjczMC1lY2FhLTExZTYtOGY4OC0zNDM2M2JjN2M0YzAiOnsiY3JlYXRlIjo2MDAwMDAwMDAwMDAsImRlbGV0ZSI6OTAwMDAwMDAwMDAwfSwic2NoZW1hX3ZlcnNpb24iOiIxIn0=",
          "dependencies": [
            "aws_vpc.main"
          ],
          "create_before_destroy": true
        }
      ]
    },
    {
      "mode": "managed",
      "type": "aws_security_group",
      "name": "pg",
      "provider": "provider[\"registry.terraform.io/hashicorp/aws\"]",
      "instances": [
        {
          "schema_version": 1,
          "attributes": {
            "arn": "arn:aws:ec2:us-east-1:566776836280:security-group/sg-0b895c878317ad245",
            "description": "PostgreSQL access",
            "egress": [
              {
                "cidr_blocks": [
                  "0.0.0.0/0"
                ],
                "description": "",
                "from_port": 0,
                "ipv6_cidr_blocks": [],
                "prefix_list_ids": [],
                "protocol": "-1",
                "security_groups": [],
                "self": false,
                "to_port": 0
              }
            ],
            "id": "sg-0b895c878317ad245",
            "ingress": [
              {
                "cidr_blocks": [
                  "0.0.0.0/0"
                ],
                "description": "Postgres",
                "from_port": 5432,
                "ipv6_cidr_blocks": [],
                "prefix_list_ids": [],
                "protocol": "tcp",
                "security_groups": [],
                "self": false,
                "to_port": 5432
              }
            ],
            "name": "mc-multichat-dev-pg-sg",
            "name_prefix": "",
            "owner_id": "566776836280",
            "region": "us-east-1",
            "revoke_rules_on_delete": false,
            "tags": {
              "Env": "dev",
              "Project": "mc-multichat"
            },
            "tags_all": {
              "Env": "dev",
              "Project": "mc-multichat"
            },
            "timeouts": null,
            "vpc_id": "vpc-2667b35c"
          },
          "sensitive_attributes": [],
          "identity_schema_version": 0,
          "identity": {
            "account_id": "566776836280",
            "id": "sg-0b895c878317ad245",
            "region": "us-east-1"
          },
          "private": "eyJlMmJmYjczMC1lY2FhLTExZTYtOGY4OC0zNDM2M2JjN2M0YzAiOnsiY3JlYXRlIjo2MDAwMDAwMDAwMDAsImRlbGV0ZSI6OTAwMDAwMDAwMDAwfSwic2NoZW1hX3ZlcnNpb24iOiIxIn0=",
          "dependencies": [
            "data.aws_vpc.default"
          ]
        }
      ]
    },
    {
      "mode": "managed",
      "type": "aws_security_group",
      "name": "rds",
      "provider": "provider[\"registry.terraform.io/hashicorp/aws\"]",
      "instances": [
        {
          "schema_version": 1,
          "attributes": {
            "arn": "arn:aws:ec2:us-east-1:566776836280:security-group/sg-09a766a177fe33ff2",
            "description": "Postgres access",
            "egress": [
              {
                "cidr_blocks": [
                  "0.0.0.0/0"
                ],
                "description": "",
                "from_port": 0,
                "ipv6_cidr_blocks": [],
                "prefix_list_ids": [],
                "protocol": "-1",
                "security_groups": [],
                "self": false,
                "to_port": 0
              }
            ],
            "id": "sg-09a766a177fe33ff2",
            "ingress": [
              {
                "cidr_blocks": [],
                "description": "",
                "from_port": 5432,
                "ipv6_cidr_blocks": [],
                "prefix_list_ids": [],
                "protocol": "tcp",
                "security_groups": [
                  "sg-01378b2383be6b1af"
                ],
                "self": false,
                "to_port": 5432
              },
              {
                "cidr_blocks": [],
                "description": "",
                "from_port": 5432,
                "ipv6_cidr_blocks": [],
                "prefix_list_ids": [],
                "protocol": "tcp",
                "security_groups": [
                  "sg-01700b5624a04e95e"
                ],
                "self": false,
                "to_port": 5432
              }
            ],
            "name": "mc-multichat-dev-sg-rds-20251228230850895300000002",
            "name_prefix": "mc-multichat-dev-sg-rds-",
            "owner_id": "566776836280",
            "region": "us-east-1",
            "revoke_rules_on_delete": false,
            "tags": {
              "Env": "dev",
              "Project": "mc-multichat"
            },
            "tags_all": {
              "Env": "dev",
              "Project": "mc-multichat"
            },
            "timeouts": null,
            "vpc_id": "vpc-0c1c07b89c8b8d2cb"
          },
          "sensitive_attributes": [],
          "identity_schema_version": 0,
          "identity": {
            "account_id": "566776836280",
            "id": "sg-09a766a177fe33ff2",
            "region": "us-east-1"
          },
          "private": "eyJlMmJmYjczMC1lY2FhLTExZTYtOGY4OC0zNDM2M2JjN2M0YzAiOnsiY3JlYXRlIjo2MDAwMDAwMDAwMDAsImRlbGV0ZSI6OTAwMDAwMDAwMDAwfSwic2NoZW1hX3ZlcnNpb24iOiIxIn0=",
          "dependencies": [
            "aws_security_group.bastion",
            "aws_security_group.lambda",
            "aws_vpc.main"
          ],
          "create_before_destroy": true
        }
      ]
    },
    {
      "mode": "managed",
      "type": "aws_subnet",
      "name": "private",
      "provider": "provider[\"registry.terraform.io/hashicorp/aws\"]",
      "instances": [
        {
          "index_key": "us-east-1a",
          "schema_version": 1,
          "attributes": {
            "arn": "arn:aws:ec2:us-east-1:566776836280:subnet/subnet-0c30c51c22e89ecda",
            "assign_ipv6_address_on_creation": false,
            "availability_zone": "us-east-1a",
            "availability_zone_id": "use1-az4",
            "cidr_block": "10.1.128.0/20",
            "customer_owned_ipv4_pool": "",
            "enable_dns64": false,
            "enable_lni_at_device_index": 0,
            "enable_resource_name_dns_a_record_on_launch": false,
            "enable_resource_name_dns_aaaa_record_on_launch": false,
            "id": "subnet-0c30c51c22e89ecda",
            "ipv6_cidr_block": "",
            "ipv6_cidr_block_association_id": "",
            "ipv6_native": false,
            "map_customer_owned_ip_on_launch": false,
            "map_public_ip_on_launch": false,
            "outpost_arn": "",
            "owner_id": "566776836280",
            "private_dns_hostname_type_on_launch": "ip-name",
            "region": "us-east-1",
            "tags": {
              "Env": "dev",
              "Name": "mc-multichat-dev-private-us-east-1a",
              "Project": "mc-multichat",
              "Tier": "private"
            },
            "tags_all": {
              "Env": "dev",
              "Name": "mc-multichat-dev-private-us-east-1a",
              "Project": "mc-multichat",
              "Tier": "private"
            },
            "timeouts": null,
            "vpc_id": "vpc-0c1c07b89c8b8d2cb"
          },
          "sensitive_attributes": [],
          "identity_schema_version": 0,
          "identity": {
            "account_id": "566776836280",
            "id": "subnet-0c30c51c22e89ecda",
            "region": "us-east-1"
          },
          "private": "eyJlMmJmYjczMC1lY2FhLTExZTYtOGY4OC0zNDM2M2JjN2M0YzAiOnsiY3JlYXRlIjo2MDAwMDAwMDAwMDAsImRlbGV0ZSI6MTIwMDAwMDAwMDAwMH0sInNjaGVtYV92ZXJzaW9uIjoiMSJ9",
          "dependencies": [
            "aws_vpc.main",
            "data.aws_availability_zones.available"
          ],
          "create_before_destroy": true
        },
        {
          "index_key": "us-east-1b",
          "schema_version": 1,
          "attributes": {
            "arn": "arn:aws:ec2:us-east-1:566776836280:subnet/subnet-08b6ea3ca135f9b51",
            "assign_ipv6_address_on_creation": false,
            "availability_zone": "us-east-1b",
            "availability_zone_id": "use1-az6",
            "cidr_block": "10.1.144.0/20",
            "customer_owned_ipv4_pool": "",
            "enable_dns64": false,
            "enable_lni_at_device_index": 0,
            "enable_resource_name_dns_a_record_on_launch": false,
            "enable_resource_name_dns_aaaa_record_on_launch": false,
            "id": "subnet-08b6ea3ca135f9b51",
            "ipv6_cidr_block": "",
            "ipv6_cidr_block_association_id": "",
            "ipv6_native": false,
            "map_customer_owned_ip_on_launch": false,
            "map_public_ip_on_launch": false,
            "outpost_arn": "",
            "owner_id": "566776836280",
            "private_dns_hostname_type_on_launch": "ip-name",
            "region": "us-east-1",
            "tags": {
              "Env": "dev",
              "Name": "mc-multichat-dev-private-us-east-1b",
              "Project": "mc-multichat",
              "Tier": "private"
            },
            "tags_all": {
              "Env": "dev",
              "Name": "mc-multichat-dev-private-us-east-1b",
              "Project": "mc-multichat",
              "Tier": "private"
            },
            "timeouts": null,
            "vpc_id": "vpc-0c1c07b89c8b8d2cb"
          },
          "sensitive_attributes": [],
          "identity_schema_version": 0,
          "identity": {
            "account_id": "566776836280",
            "id": "subnet-08b6ea3ca135f9b51",
            "region": "us-east-1"
          },
          "private": "eyJlMmJmYjczMC1lY2FhLTExZTYtOGY4OC0zNDM2M2JjN2M0YzAiOnsiY3JlYXRlIjo2MDAwMDAwMDAwMDAsImRlbGV0ZSI6MTIwMDAwMDAwMDAwMH0sInNjaGVtYV92ZXJzaW9uIjoiMSJ9",
          "dependencies": [
            "aws_vpc.main",
            "data.aws_availability_zones.available"
          ],
          "create_before_destroy": true
        },
        {
          "index_key": "us-east-1c",
          "schema_version": 1,
          "attributes": {
            "arn": "arn:aws:ec2:us-east-1:566776836280:subnet/subnet-0efce1ff901f3200d",
            "assign_ipv6_address_on_creation": false,
            "availability_zone": "us-east-1c",
            "availability_zone_id": "use1-az1",
            "cidr_block": "10.1.160.0/20",
            "customer_owned_ipv4_pool": "",
            "enable_dns64": false,
            "enable_lni_at_device_index": 0,
            "enable_resource_name_dns_a_record_on_launch": false,
            "enable_resource_name_dns_aaaa_record_on_launch": false,
            "id": "subnet-0efce1ff901f3200d",
            "ipv6_cidr_block": "",
            "ipv6_cidr_block_association_id": "",
            "ipv6_native": false,
            "map_customer_owned_ip_on_launch": false,
            "map_public_ip_on_launch": false,
            "outpost_arn": "",
            "owner_id": "566776836280",
            "private_dns_hostname_type_on_launch": "ip-name",
            "region": "us-east-1",
            "tags": {
              "Env": "dev",
              "Name": "mc-multichat-dev-private-us-east-1c",
              "Project": "mc-multichat",
              "Tier": "private"
            },
            "tags_all": {
              "Env": "dev",
              "Name": "mc-multichat-dev-private-us-east-1c",
              "Project": "mc-multichat",
              "Tier": "private"
            },
            "timeouts": null,
            "vpc_id": "vpc-0c1c07b89c8b8d2cb"
          },
          "sensitive_attributes": [],
          "identity_schema_version": 0,
          "identity": {
            "account_id": "566776836280",
            "id": "subnet-0efce1ff901f3200d",
            "region": "us-east-1"
          },
          "private": "eyJlMmJmYjczMC1lY2FhLTExZTYtOGY4OC0zNDM2M2JjN2M0YzAiOnsiY3JlYXRlIjo2MDAwMDAwMDAwMDAsImRlbGV0ZSI6MTIwMDAwMDAwMDAwMH0sInNjaGVtYV92ZXJzaW9uIjoiMSJ9",
          "dependencies": [
            "aws_vpc.main",
            "data.aws_availability_zones.available"
          ],
          "create_before_destroy": true
        }
      ]
    },
    {
      "mode": "managed",
      "type": "aws_subnet",
      "name": "public",
      "provider": "provider[\"registry.terraform.io/hashicorp/aws\"]",
      "instances": [
        {
          "index_key": "us-east-1a",
          "schema_version": 1,
          "attributes": {
            "arn": "arn:aws:ec2:us-east-1:566776836280:subnet/subnet-0d264e8bed41f1678",
            "assign_ipv6_address_on_creation": false,
            "availability_zone": "us-east-1a",
            "availability_zone_id": "use1-az4",
            "cidr_block": "10.1.0.0/20",
            "customer_owned_ipv4_pool": "",
            "enable_dns64": false,
            "enable_lni_at_device_index": 0,
            "enable_resource_name_dns_a_record_on_launch": false,
            "enable_resource_name_dns_aaaa_record_on_launch": false,
            "id": "subnet-0d264e8bed41f1678",
            "ipv6_cidr_block": "",
            "ipv6_cidr_block_association_id": "",
            "ipv6_native": false,
            "map_customer_owned_ip_on_launch": false,
            "map_public_ip_on_launch": true,
            "outpost_arn": "",
            "owner_id": "566776836280",
            "private_dns_hostname_type_on_launch": "ip-name",
            "region": "us-east-1",
            "tags": {
              "Env": "dev",
              "Name": "mc-multichat-dev-public-us-east-1a",
              "Project": "mc-multichat",
              "Tier": "public"
            },
            "tags_all": {
              "Env": "dev",
              "Name": "mc-multichat-dev-public-us-east-1a",
              "Project": "mc-multichat",
              "Tier": "public"
            },
            "timeouts": null,
            "vpc_id": "vpc-0c1c07b89c8b8d2cb"
          },
          "sensitive_attributes": [],
          "identity_schema_version": 0,
          "identity": {
            "account_id": "566776836280",
            "id": "subnet-0d264e8bed41f1678",
            "region": "us-east-1"
          },
          "private": "eyJlMmJmYjczMC1lY2FhLTExZTYtOGY4OC0zNDM2M2JjN2M0YzAiOnsiY3JlYXRlIjo2MDAwMDAwMDAwMDAsImRlbGV0ZSI6MTIwMDAwMDAwMDAwMH0sInNjaGVtYV92ZXJzaW9uIjoiMSJ9",
          "dependencies": [
            "aws_vpc.main",
            "data.aws_availability_zones.available"
          ]
        },
        {
          "index_key": "us-east-1b",
          "schema_version": 1,
          "attributes": {
            "arn": "arn:aws:ec2:us-east-1:566776836280:subnet/subnet-0bc14758bab58bf85",
            "assign_ipv6_address_on_creation": false,
            "availability_zone": "us-east-1b",
            "availability_zone_id": "use1-az6",
            "cidr_block": "10.1.16.0/20",
            "customer_owned_ipv4_pool": "",
            "enable_dns64": false,
            "enable_lni_at_device_index": 0,
            "enable_resource_name_dns_a_record_on_launch": false,
            "enable_resource_name_dns_aaaa_record_on_launch": false,
            "id": "subnet-0bc14758bab58bf85",
            "ipv6_cidr_block": "",
            "ipv6_cidr_block_association_id": "",
            "ipv6_native": false,
            "map_customer_owned_ip_on_launch": false,
            "map_public_ip_on_launch": true,
            "outpost_arn": "",
            "owner_id": "566776836280",
            "private_dns_hostname_type_on_launch": "ip-name",
            "region": "us-east-1",
            "tags": {
              "Env": "dev",
              "Name": "mc-multichat-dev-public-us-east-1b",
              "Project": "mc-multichat",
              "Tier": "public"
            },
            "tags_all": {
              "Env": "dev",
              "Name": "mc-multichat-dev-public-us-east-1b",
              "Project": "mc-multichat",
              "Tier": "public"
            },
            "timeouts": null,
            "vpc_id": "vpc-0c1c07b89c8b8d2cb"
          },
          "sensitive_attributes": [],
          "identity_schema_version": 0,
          "identity": {
            "account_id": "566776836280",
            "id": "subnet-0bc14758bab58bf85",
            "region": "us-east-1"
          },
          "private": "eyJlMmJmYjczMC1lY2FhLTExZTYtOGY4OC0zNDM2M2JjN2M0YzAiOnsiY3JlYXRlIjo2MDAwMDAwMDAwMDAsImRlbGV0ZSI6MTIwMDAwMDAwMDAwMH0sInNjaGVtYV92ZXJzaW9uIjoiMSJ9",
          "dependencies": [
            "aws_vpc.main",
            "data.aws_availability_zones.available"
          ]
        },
        {
          "index_key": "us-east-1c",
          "schema_version": 1,
          "attributes": {
            "arn": "arn:aws:ec2:us-east-1:566776836280:subnet/subnet-0d5bdfbceb8122309",
            "assign_ipv6_address_on_creation": false,
            "availability_zone": "us-east-1c",
            "availability_zone_id": "use1-az1",
            "cidr_block": "10.1.32.0/20",
            "customer_owned_ipv4_pool": "",
            "enable_dns64": false,
            "enable_lni_at_device_index": 0,
            "enable_resource_name_dns_a_record_on_launch": false,
            "enable_resource_name_dns_aaaa_record_on_launch": false,
            "id": "subnet-0d5bdfbceb8122309",
            "ipv6_cidr_block": "",
            "ipv6_cidr_block_association_id": "",
            "ipv6_native": false,
            "map_customer_owned_ip_on_launch": false,
            "map_public_ip_on_launch": true,
            "outpost_arn": "",
            "owner_id": "566776836280",
            "private_dns_hostname_type_on_launch": "ip-name",
            "region": "us-east-1",
            "tags": {
              "Env": "dev",
              "Name": "mc-multichat-dev-public-us-east-1c",
              "Project": "mc-multichat",
              "Tier": "public"
            },
            "tags_all": {
              "Env": "dev",
              "Name": "mc-multichat-dev-public-us-east-1c",
              "Project": "mc-multichat",
              "Tier": "public"
            },
            "timeouts": null,
            "vpc_id": "vpc-0c1c07b89c8b8d2cb"
          },
          "sensitive_attributes": [],
          "identity_schema_version": 0,
          "identity": {
            "account_id": "566776836280",
            "id": "subnet-0d5bdfbceb8122309",
            "region": "us-east-1"
          },
          "private": "eyJlMmJmYjczMC1lY2FhLTExZTYtOGY4OC0zNDM2M2JjN2M0YzAiOnsiY3JlYXRlIjo2MDAwMDAwMDAwMDAsImRlbGV0ZSI6MTIwMDAwMDAwMDAwMH0sInNjaGVtYV92ZXJzaW9uIjoiMSJ9",
          "dependencies": [
            "aws_vpc.main",
            "data.aws_availability_zones.available"
          ]
        }
      ]
    },
    {
      "mode": "managed",
      "type": "aws_vpc",
      "name": "main",
      "provider": "provider[\"registry.terraform.io/hashicorp/aws\"]",
      "instances": [
        {
          "schema_version": 1,
          "attributes": {
            "arn": "arn:aws:ec2:us-east-1:566776836280:vpc/vpc-0c1c07b89c8b8d2cb",
            "assign_generated_ipv6_cidr_block": false,
            "cidr_block": "10.1.0.0/16",
            "default_network_acl_id": "acl-0022a16129803c395",
            "default_route_table_id": "rtb-0cb890943c3fa4272",
            "default_security_group_id": "sg-0c1f11280a650a1e5",
            "dhcp_options_id": "dopt-5a90e121",
            "enable_dns_hostnames": true,
            "enable_dns_support": true,
            "enable_network_address_usage_metrics": false,
            "id": "vpc-0c1c07b89c8b8d2cb",
            "instance_tenancy": "default",
            "ipv4_ipam_pool_id": null,
            "ipv4_netmask_length": null,
            "ipv6_association_id": "",
            "ipv6_cidr_block": "",
            "ipv6_cidr_block_network_border_group": "",
            "ipv6_ipam_pool_id": "",
            "ipv6_netmask_length": 0,
            "main_route_table_id": "rtb-0cb890943c3fa4272",
            "owner_id": "566776836280",
            "region": "us-east-1",
            "tags": {
              "Env": "dev",
              "Name": "mc-multichat-dev-vpc",
              "Project": "mc-multichat"
            },
            "tags_all": {
              "Env": "dev",
              "Name": "mc-multichat-dev-vpc",
              "Project": "mc-multichat"
            }
          },
          "sensitive_attributes": [],
          "identity_schema_version": 0,
          "private": "eyJzY2hlbWFfdmVyc2lvbiI6IjEifQ==",
          "create_before_destroy": true
        }
      ]
    },
    {
      "mode": "managed",
      "type": "aws_vpc_endpoint",
      "name": "dynamodb",
      "provider": "provider[\"registry.terraform.io/hashicorp/aws\"]",
      "instances": [
        {
          "schema_version": 0,
          "attributes": {
            "arn": "arn:aws:ec2:us-east-1:566776836280:vpc-endpoint/vpce-04e0ba605fdd23ba7",
            "auto_accept": null,
            "cidr_blocks": [
              "35.71.70.0/24",
              "3.218.182.0/24",
              "3.218.180.0/23",
              "35.71.68.0/23",
              "52.94.0.0/22",
              "52.119.224.0/20"
            ],
            "dns_entry": [],
            "dns_options": [
              {
                "dns_record_ip_type": "service-defined",
                "private_dns_only_for_inbound_resolver_endpoint": false
              }
            ],
            "id": "vpce-04e0ba605fdd23ba7",
            "ip_address_type": "ipv4",
            "network_interface_ids": [],
            "owner_id": "566776836280",
            "policy": "{\"Statement\":[{\"Action\":\"*\",\"Effect\":\"Allow\",\"Principal\":\"*\",\"Resource\":\"*\"}],\"Version\":\"2008-10-17\"}",
            "prefix_list_id": "pl-02cd2c6b",
            "private_dns_enabled": false,
            "region": "us-east-1",
            "requester_managed": false,
            "resource_configuration_arn": "",
            "route_table_ids": [
              "rtb-06ed2f8066fe9cfb3",
              "rtb-0701d2e332159a354",
              "rtb-0a41072fb7ac9f6cc"
            ],
            "security_group_ids": [],
            "service_name": "com.amazonaws.us-east-1.dynamodb",
            "service_network_arn": "",
            "service_region": "us-east-1",
            "state": "available",
            "subnet_configuration": [],
            "subnet_ids": [],
            "tags": {
              "Env": "dev",
              "Name": "mc-multichat-dev-vpce-dynamodb",
              "Project": "mc-multichat"
            },
            "tags_all": {
              "Env": "dev",
              "Name": "mc-multichat-dev-vpce-dynamodb",
              "Project": "mc-multichat"
            },
            "timeouts": null,
            "vpc_endpoint_type": "Gateway",
            "vpc_id": "vpc-0c1c07b89c8b8d2cb"
          },
          "sensitive_attributes": [],
          "identity_schema_version": 0,
          "private": "eyJlMmJmYjczMC1lY2FhLTExZTYtOGY4OC0zNDM2M2JjN2M0YzAiOnsiY3JlYXRlIjo2MDAwMDAwMDAwMDAsImRlbGV0ZSI6NjAwMDAwMDAwMDAwLCJ1cGRhdGUiOjYwMDAwMDAwMDAwMH19",
          "dependencies": [
            "aws_eip.nat",
            "aws_internet_gateway.igw",
            "aws_nat_gateway.nat",
            "aws_route_table.private",
            "aws_subnet.private",
            "aws_subnet.public",
            "aws_vpc.main",
            "data.aws_availability_zones.available"
          ]
        }
      ]
    },
    {
      "mode": "managed",
      "type": "aws_vpc_endpoint",
      "name": "iface",
      "provider": "provider[\"registry.terraform.io/hashicorp/aws\"]",
      "instances": [
        {
          "index_key": "ec2messages",
          "schema_version": 0,
          "attributes": {
            "arn": "arn:aws:ec2:us-east-1:566776836280:vpc-endpoint/vpce-0e79bbcff929bfa34",
            "auto_accept": null,
            "cidr_blocks": [],
            "dns_entry": [
              {
                "dns_name": "vpce-0e79bbcff929bfa34-vvq5bzw8.ec2messages.us-east-1.vpce.amazonaws.com",
                "hosted_zone_id": "Z7HUB22UULQXV"
              },
              {
                "dns_name": "vpce-0e79bbcff929bfa34-vvq5bzw8-us-east-1a.ec2messages.us-east-1.vpce.amazonaws.com",
                "hosted_zone_id": "Z7HUB22UULQXV"
              },
              {
                "dns_name": "vpce-0e79bbcff929bfa34-vvq5bzw8-us-east-1c.ec2messages.us-east-1.vpce.amazonaws.com",
                "hosted_zone_id": "Z7HUB22UULQXV"
              },
              {
                "dns_name": "vpce-0e79bbcff929bfa34-vvq5bzw8-us-east-1b.ec2messages.us-east-1.vpce.amazonaws.com",
                "hosted_zone_id": "Z7HUB22UULQXV"
              },
              {
                "dns_name": "ec2messages.us-east-1.amazonaws.com",
                "hosted_zone_id": "Z08244642GTAODCATSQGH"
              }
            ],
            "dns_options": [
              {
                "dns_record_ip_type": "ipv4",
                "private_dns_only_for_inbound_resolver_endpoint": false
              }
            ],
            "id": "vpce-0e79bbcff929bfa34",
            "ip_address_type": "ipv4",
            "network_interface_ids": [
              "eni-04f4b3d9a98231838",
              "eni-078aac2b7cf9c0cdb",
              "eni-0d6e1ee3a73948c09"
            ],
            "owner_id": "566776836280",
            "policy": "{\"Statement\":[{\"Action\":\"*\",\"Effect\":\"Allow\",\"Principal\":\"*\",\"Resource\":\"*\"}]}",
            "prefix_list_id": null,
            "private_dns_enabled": true,
            "region": "us-east-1",
            "requester_managed": false,
            "resource_configuration_arn": "",
            "route_table_ids": [],
            "security_group_ids": [
              "sg-0b3995a8457a3047c"
            ],
            "service_name": "com.amazonaws.us-east-1.ec2messages",
            "service_network_arn": "",
            "service_region": "us-east-1",
            "state": "available",
            "subnet_configuration": [
              {
                "ipv4": "10.1.139.215",
                "ipv6": "",
                "subnet_id": "subnet-0c30c51c22e89ecda"
              },
              {
                "ipv4": "10.1.147.80",
                "ipv6": "",
                "subnet_id": "subnet-08b6ea3ca135f9b51"
              },
              {
                "ipv4": "10.1.164.80",
                "ipv6": "",
                "subnet_id": "subnet-0efce1ff901f3200d"
              }
            ],
            "subnet_ids": [
              "subnet-08b6ea3ca135f9b51",
              "subnet-0c30c51c22e89ecda",
              "subnet-0efce1ff901f3200d"
            ],
            "tags": {
              "Env": "dev",
              "Name": "mc-multichat-dev-vpce-ec2messages",
              "Project": "mc-multichat"
            },
            "tags_all": {
              "Env": "dev",
              "Name": "mc-multichat-dev-vpce-ec2messages",
              "Project": "mc-multichat"
            },
            "timeouts": null,
            "vpc_endpoint_type": "Interface",
            "vpc_id": "vpc-0c1c07b89c8b8d2cb"
          },
          "sensitive_attributes": [],
          "identity_schema_version": 0,
          "private": "eyJlMmJmYjczMC1lY2FhLTExZTYtOGY4OC0zNDM2M2JjN2M0YzAiOnsiY3JlYXRlIjo2MDAwMDAwMDAwMDAsImRlbGV0ZSI6NjAwMDAwMDAwMDAwLCJ1cGRhdGUiOjYwMDAwMDAwMDAwMH19",
          "dependencies": [
            "aws_security_group.endpoints",
            "aws_subnet.private",
            "aws_subnet.public",
            "aws_vpc.main",
            "data.aws_availability_zones.available"
          ]
        },
        {
          "index_key": "logs",
          "schema_version": 0,
          "attributes": {
            "arn": "arn:aws:ec2:us-east-1:566776836280:vpc-endpoint/vpce-034fadbf00ab07ffa",
            "auto_accept": null,
            "cidr_blocks": [],
            "dns_entry": [
              {
                "dns_name": "vpce-034fadbf00ab07ffa-lsdd6o22.logs.us-east-1.vpce.amazonaws.com",
                "hosted_zone_id": "Z7HUB22UULQXV"
              },
              {
                "dns_name": "vpce-034fadbf00ab07ffa-lsdd6o22-us-east-1a.logs.us-east-1.vpce.amazonaws.com",
                "hosted_zone_id": "Z7HUB22UULQXV"
              },
              {
                "dns_name": "vpce-034fadbf00ab07ffa-lsdd6o22-us-east-1b.logs.us-east-1.vpce.amazonaws.com",
                "hosted_zone_id": "Z7HUB22UULQXV"
              },
              {
                "dns_name": "vpce-034fadbf00ab07ffa-lsdd6o22-us-east-1c.logs.us-east-1.vpce.amazonaws.com",
                "hosted_zone_id": "Z7HUB22UULQXV"
              },
              {
                "dns_name": "logs.us-east-1.amazonaws.com",
                "hosted_zone_id": "Z08599851RHZ1HOB2R5SR"
              },
              {
                "dns_name": "streaming-logs.us-east-1.amazonaws.com",
                "hosted_zone_id": "Z03083173FY9WHFBF0VLC"
              },
              {
                "dns_name": "streaming-logs.us-east-1.api.aws",
                "hosted_zone_id": "Z08524151D2MFVR6058AP"
              },
              {
                "dns_name": "logs.us-east-1.api.aws",
                "hosted_zone_id": "Z08524122GZCR773ZZX79"
              }
            ],
            "dns_options": [
              {
                "dns_record_ip_type": "ipv4",
                "private_dns_only_for_inbound_resolver_endpoint": false
              }
            ],
            "id": "vpce-034fadbf00ab07ffa",
            "ip_address_type": "ipv4",
            "network_interface_ids": [
              "eni-011950bac941d3ec1",
              "eni-01d88c9c3b6a3e98b",
              "eni-09716dc07e1929ac1"
            ],
            "owner_id": "566776836280",
            "policy": "{\"Statement\":[{\"Action\":\"*\",\"Effect\":\"Allow\",\"Principal\":\"*\",\"Resource\":\"*\"}]}",
            "prefix_list_id": null,
            "private_dns_enabled": true,
            "region": "us-east-1",
            "requester_managed": false,
            "resource_configuration_arn": "",
            "route_table_ids": [],
            "security_group_ids": [
              "sg-0b3995a8457a3047c"
            ],
            "service_name": "com.amazonaws.us-east-1.logs",
            "service_network_arn": "",
            "service_region": "us-east-1",
            "state": "available",
            "subnet_configuration": [
              {
                "ipv4": "10.1.143.178",
                "ipv6": "",
                "subnet_id": "subnet-0c30c51c22e89ecda"
              },
              {
                "ipv4": "10.1.149.159",
                "ipv6": "",
                "subnet_id": "subnet-08b6ea3ca135f9b51"
              },
              {
                "ipv4": "10.1.167.52",
                "ipv6": "",
                "subnet_id": "subnet-0efce1ff901f3200d"
              }
            ],
            "subnet_ids": [
              "subnet-08b6ea3ca135f9b51",
              "subnet-0c30c51c22e89ecda",
              "subnet-0efce1ff901f3200d"
            ],
            "tags": {
              "Env": "dev",
              "Name": "mc-multichat-dev-vpce-logs",
              "Project": "mc-multichat"
            },
            "tags_all": {
              "Env": "dev",
              "Name": "mc-multichat-dev-vpce-logs",
              "Project": "mc-multichat"
            },
            "timeouts": null,
            "vpc_endpoint_type": "Interface",
            "vpc_id": "vpc-0c1c07b89c8b8d2cb"
          },
          "sensitive_attributes": [],
          "identity_schema_version": 0,
          "private": "eyJlMmJmYjczMC1lY2FhLTExZTYtOGY4OC0zNDM2M2JjN2M0YzAiOnsiY3JlYXRlIjo2MDAwMDAwMDAwMDAsImRlbGV0ZSI6NjAwMDAwMDAwMDAwLCJ1cGRhdGUiOjYwMDAwMDAwMDAwMH19",
          "dependencies": [
            "aws_security_group.endpoints",
            "aws_subnet.private",
            "aws_subnet.public",
            "aws_vpc.main",
            "data.aws_availability_zones.available"
          ]
        },
        {
          "index_key": "secretsmanager",
          "schema_version": 0,
          "attributes": {
            "arn": "arn:aws:ec2:us-east-1:566776836280:vpc-endpoint/vpce-0c076d8edefec866b",
            "auto_accept": null,
            "cidr_blocks": [],
            "dns_entry": [
              {
                "dns_name": "vpce-0c076d8edefec866b-mdw0svhf.secretsmanager.us-east-1.vpce.amazonaws.com",
                "hosted_zone_id": "Z7HUB22UULQXV"
              },
              {
                "dns_name": "vpce-0c076d8edefec866b-mdw0svhf-us-east-1a.secretsmanager.us-east-1.vpce.amazonaws.com",
                "hosted_zone_id": "Z7HUB22UULQXV"
              },
              {
                "dns_name": "vpce-0c076d8edefec866b-mdw0svhf-us-east-1c.secretsmanager.us-east-1.vpce.amazonaws.com",
                "hosted_zone_id": "Z7HUB22UULQXV"
              },
              {
                "dns_name": "vpce-0c076d8edefec866b-mdw0svhf-us-east-1b.secretsmanager.us-east-1.vpce.amazonaws.com",
                "hosted_zone_id": "Z7HUB22UULQXV"
              },
              {
                "dns_name": "secretsmanager.us-east-1.amazonaws.com",
                "hosted_zone_id": "Z0222390KJE2F9J4PCMO"
              }
            ],
            "dns_options": [
              {
                "dns_record_ip_type": "ipv4",
                "private_dns_only_for_inbound_resolver_endpoint": false
              }
            ],
            "id": "vpce-0c076d8edefec866b",
            "ip_address_type": "ipv4",
            "network_interface_ids": [
              "eni-042a8b771915845bd",
              "eni-0d5002e144d6911cd",
              "eni-0f81f6dc0870c7d8b"
            ],
            "owner_id": "566776836280",
            "policy": "{\"Statement\":[{\"Action\":\"*\",\"Effect\":\"Allow\",\"Principal\":\"*\",\"Resource\":\"*\"}]}",
            "prefix_list_id": null,
            "private_dns_enabled": true,
            "region": "us-east-1",
            "requester_managed": false,
            "resource_configuration_arn": "",
            "route_table_ids": [],
            "security_group_ids": [
              "sg-0b3995a8457a3047c"
            ],
            "service_name": "com.amazonaws.us-east-1.secretsmanager",
            "service_network_arn": "",
            "service_region": "us-east-1",
            "state": "available",
            "subnet_configuration": [
              {
                "ipv4": "10.1.138.12",
                "ipv6": "",
                "subnet_id": "subnet-0c30c51c22e89ecda"
              },
              {
                "ipv4": "10.1.157.93",
                "ipv6": "",
                "subnet_id": "subnet-08b6ea3ca135f9b51"
              },
              {
                "ipv4": "10.1.160.169",
                "ipv6": "",
                "subnet_id": "subnet-0efce1ff901f3200d"
              }
            ],
            "subnet_ids": [
              "subnet-08b6ea3ca135f9b51",
              "subnet-0c30c51c22e89ecda",
              "subnet-0efce1ff901f3200d"
            ],
            "tags": {
              "Env": "dev",
              "Name": "mc-multichat-dev-vpce-secretsmanager",
              "Project": "mc-multichat"
            },
            "tags_all": {
              "Env": "dev",
              "Name": "mc-multichat-dev-vpce-secretsmanager",
              "Project": "mc-multichat"
            },
            "timeouts": null,
            "vpc_endpoint_type": "Interface",
            "vpc_id": "vpc-0c1c07b89c8b8d2cb"
          },
          "sensitive_attributes": [],
          "identity_schema_version": 0,
          "private": "eyJlMmJmYjczMC1lY2FhLTExZTYtOGY4OC0zNDM2M2JjN2M0YzAiOnsiY3JlYXRlIjo2MDAwMDAwMDAwMDAsImRlbGV0ZSI6NjAwMDAwMDAwMDAwLCJ1cGRhdGUiOjYwMDAwMDAwMDAwMH19",
          "dependencies": [
            "aws_security_group.endpoints",
            "aws_subnet.private",
            "aws_subnet.public",
            "aws_vpc.main",
            "data.aws_availability_zones.available"
          ]
        },
        {
          "index_key": "ssm",
          "schema_version": 0,
          "attributes": {
            "arn": "arn:aws:ec2:us-east-1:566776836280:vpc-endpoint/vpce-0a2d43cdea29fe30b",
            "auto_accept": null,
            "cidr_blocks": [],
            "dns_entry": [
              {
                "dns_name": "vpce-0a2d43cdea29fe30b-fd88wcnf.ssm.us-east-1.vpce.amazonaws.com",
                "hosted_zone_id": "Z7HUB22UULQXV"
              },
              {
                "dns_name": "vpce-0a2d43cdea29fe30b-fd88wcnf-us-east-1a.ssm.us-east-1.vpce.amazonaws.com",
                "hosted_zone_id": "Z7HUB22UULQXV"
              },
              {
                "dns_name": "vpce-0a2d43cdea29fe30b-fd88wcnf-us-east-1b.ssm.us-east-1.vpce.amazonaws.com",
                "hosted_zone_id": "Z7HUB22UULQXV"
              },
              {
                "dns_name": "vpce-0a2d43cdea29fe30b-fd88wcnf-us-east-1c.ssm.us-east-1.vpce.amazonaws.com",
                "hosted_zone_id": "Z7HUB22UULQXV"
              },
              {
                "dns_name": "ssm.us-east-1.amazonaws.com",
                "hosted_zone_id": "Z0847526B0OFGVSMY4ZR"
              },
              {
                "dns_name": "ssm.us-east-1.api.aws",
                "hosted_zone_id": "Z100039726RPQXGTUBXNV"
              }
            ],
            "dns_options": [
              {
                "dns_record_ip_type": "ipv4",
                "private_dns_only_for_inbound_resolver_endpoint": false
              }
            ],
            "id": "vpce-0a2d43cdea29fe30b",
            "ip_address_type": "ipv4",
            "network_interface_ids": [
              "eni-0294b2a822c77472f",
              "eni-09b84eb952944d79d",
              "eni-0d61cd8802bbe4069"
            ],
            "owner_id": "566776836280",
            "policy": "{\"Statement\":[{\"Action\":\"*\",\"Effect\":\"Allow\",\"Principal\":\"*\",\"Resource\":\"*\"}]}",
            "prefix_list_id": null,
            "private_dns_enabled": true,
            "region": "us-east-1",
            "requester_managed": false,
            "resource_configuration_arn": "",
            "route_table_ids": [],
            "security_group_ids": [
              "sg-0b3995a8457a3047c"
            ],
            "service_name": "com.amazonaws.us-east-1.ssm",
            "service_network_arn": "",
            "service_region": "us-east-1",
            "state": "available",
            "subnet_configuration": [
              {
                "ipv4": "10.1.130.51",
                "ipv6": "",
                "subnet_id": "subnet-0c30c51c22e89ecda"
              },
              {
                "ipv4": "10.1.151.125",
                "ipv6": "",
                "subnet_id": "subnet-08b6ea3ca135f9b51"
              },
              {
                "ipv4": "10.1.162.58",
                "ipv6": "",
                "subnet_id": "subnet-0efce1ff901f3200d"
              }
            ],
            "subnet_ids": [
              "subnet-08b6ea3ca135f9b51",
              "subnet-0c30c51c22e89ecda",
              "subnet-0efce1ff901f3200d"
            ],
            "tags": {
              "Env": "dev",
              "Name": "mc-multichat-dev-vpce-ssm",
              "Project": "mc-multichat"
            },
            "tags_all": {
              "Env": "dev",
              "Name": "mc-multichat-dev-vpce-ssm",
              "Project": "mc-multichat"
            },
            "timeouts": null,
            "vpc_endpoint_type": "Interface",
            "vpc_id": "vpc-0c1c07b89c8b8d2cb"
          },
          "sensitive_attributes": [],
          "identity_schema_version": 0,
          "private": "eyJlMmJmYjczMC1lY2FhLTExZTYtOGY4OC0zNDM2M2JjN2M0YzAiOnsiY3JlYXRlIjo2MDAwMDAwMDAwMDAsImRlbGV0ZSI6NjAwMDAwMDAwMDAwLCJ1cGRhdGUiOjYwMDAwMDAwMDAwMH19",
          "dependencies": [
            "aws_security_group.endpoints",
            "aws_subnet.private",
            "aws_subnet.public",
            "aws_vpc.main",
            "data.aws_availability_zones.available"
          ]
        },
        {
          "index_key": "ssmmessages",
          "schema_version": 0,
          "attributes": {
            "arn": "arn:aws:ec2:us-east-1:566776836280:vpc-endpoint/vpce-012c9208b4d616055",
            "auto_accept": null,
            "cidr_blocks": [],
            "dns_entry": [
              {
                "dns_name": "vpce-012c9208b4d616055-o8b2sg5s.ssmmessages.us-east-1.vpce.amazonaws.com",
                "hosted_zone_id": "Z7HUB22UULQXV"
              },
              {
                "dns_name": "vpce-012c9208b4d616055-o8b2sg5s-us-east-1b.ssmmessages.us-east-1.vpce.amazonaws.com",
                "hosted_zone_id": "Z7HUB22UULQXV"
              },
              {
                "dns_name": "vpce-012c9208b4d616055-o8b2sg5s-us-east-1c.ssmmessages.us-east-1.vpce.amazonaws.com",
                "hosted_zone_id": "Z7HUB22UULQXV"
              },
              {
                "dns_name": "vpce-012c9208b4d616055-o8b2sg5s-us-east-1a.ssmmessages.us-east-1.vpce.amazonaws.com",
                "hosted_zone_id": "Z7HUB22UULQXV"
              },
              {
                "dns_name": "ssmmessages.us-east-1.amazonaws.com",
                "hosted_zone_id": "Z10052992LLH9TAUCKY2B"
              },
              {
                "dns_name": "ssmmessages.us-east-1.api.aws",
                "hosted_zone_id": "Z04339092SB08KSXSK4OY"
              }
            ],
            "dns_options": [
              {
                "dns_record_ip_type": "ipv4",
                "private_dns_only_for_inbound_resolver_endpoint": false
              }
            ],
            "id": "vpce-012c9208b4d616055",
            "ip_address_type": "ipv4",
            "network_interface_ids": [
              "eni-06034e23f0c83fd87",
              "eni-0803d2bfede4cb446",
              "eni-081ea4930babcda86"
            ],
            "owner_id": "566776836280",
            "policy": "{\"Statement\":[{\"Action\":\"*\",\"Effect\":\"Allow\",\"Principal\":\"*\",\"Resource\":\"*\"}]}",
            "prefix_list_id": null,
            "private_dns_enabled": true,
            "region": "us-east-1",
            "requester_managed": false,
            "resource_configuration_arn": "",
            "route_table_ids": [],
            "security_group_ids": [
              "sg-0b3995a8457a3047c"
            ],
            "service_name": "com.amazonaws.us-east-1.ssmmessages",
            "service_network_arn": "",
            "service_region": "us-east-1",
            "state": "available",
            "subnet_configuration": [
              {
                "ipv4": "10.1.140.118",
                "ipv6": "",
                "subnet_id": "subnet-0c30c51c22e89ecda"
              },
              {
                "ipv4": "10.1.151.112",
                "ipv6": "",
                "subnet_id": "subnet-08b6ea3ca135f9b51"
              },
              {
                "ipv4": "10.1.165.69",
                "ipv6": "",
                "subnet_id": "subnet-0efce1ff901f3200d"
              }
            ],
            "subnet_ids": [
              "subnet-08b6ea3ca135f9b51",
              "subnet-0c30c51c22e89ecda",
              "subnet-0efce1ff901f3200d"
            ],
            "tags": {
              "Env": "dev",
              "Name": "mc-multichat-dev-vpce-ssmmessages",
              "Project": "mc-multichat"
            },
            "tags_all": {
              "Env": "dev",
              "Name": "mc-multichat-dev-vpce-ssmmessages",
              "Project": "mc-multichat"
            },
            "timeouts": null,
            "vpc_endpoint_type": "Interface",
            "vpc_id": "vpc-0c1c07b89c8b8d2cb"
          },
          "sensitive_attributes": [],
          "identity_schema_version": 0,
          "private": "eyJlMmJmYjczMC1lY2FhLTExZTYtOGY4OC0zNDM2M2JjN2M0YzAiOnsiY3JlYXRlIjo2MDAwMDAwMDAwMDAsImRlbGV0ZSI6NjAwMDAwMDAwMDAwLCJ1cGRhdGUiOjYwMDAwMDAwMDAwMH19",
          "dependencies": [
            "aws_security_group.endpoints",
            "aws_subnet.private",
            "aws_subnet.public",
            "aws_vpc.main",
            "data.aws_availability_zones.available"
          ]
        },
        {
          "index_key": "sts",
          "schema_version": 0,
          "attributes": {
            "arn": "arn:aws:ec2:us-east-1:566776836280:vpc-endpoint/vpce-08b9e7ce05daa485a",
            "auto_accept": null,
            "cidr_blocks": [],
            "dns_entry": [
              {
                "dns_name": "vpce-08b9e7ce05daa485a-llojycpe.sts.us-east-1.vpce.amazonaws.com",
                "hosted_zone_id": "Z7HUB22UULQXV"
              },
              {
                "dns_name": "vpce-08b9e7ce05daa485a-llojycpe-us-east-1c.sts.us-east-1.vpce.amazonaws.com",
                "hosted_zone_id": "Z7HUB22UULQXV"
              },
              {
                "dns_name": "vpce-08b9e7ce05daa485a-llojycpe-us-east-1b.sts.us-east-1.vpce.amazonaws.com",
                "hosted_zone_id": "Z7HUB22UULQXV"
              },
              {
                "dns_name": "vpce-08b9e7ce05daa485a-llojycpe-us-east-1a.sts.us-east-1.vpce.amazonaws.com",
                "hosted_zone_id": "Z7HUB22UULQXV"
              },
              {
                "dns_name": "sts.us-east-1.amazonaws.com",
                "hosted_zone_id": "Z08600052KR6OB3MK1BYT"
              },
              {
                "dns_name": "sts.us-east-1.api.aws",
                "hosted_zone_id": "Z01652663AW9GND62HEUS"
              }
            ],
            "dns_options": [
              {
                "dns_record_ip_type": "ipv4",
                "private_dns_only_for_inbound_resolver_endpoint": false
              }
            ],
            "id": "vpce-08b9e7ce05daa485a",
            "ip_address_type": "ipv4",
            "network_interface_ids": [
              "eni-0d0ee4e7e9be78af5",
              "eni-0e2027527569803e5",
              "eni-0e579589b7f4f8137"
            ],
            "owner_id": "566776836280",
            "policy": "{\"Statement\":[{\"Action\":\"*\",\"Effect\":\"Allow\",\"Principal\":\"*\",\"Resource\":\"*\"}]}",
            "prefix_list_id": null,
            "private_dns_enabled": true,
            "region": "us-east-1",
            "requester_managed": false,
            "resource_configuration_arn": "",
            "route_table_ids": [],
            "security_group_ids": [
              "sg-0b3995a8457a3047c"
            ],
            "service_name": "com.amazonaws.us-east-1.sts",
            "service_network_arn": "",
            "service_region": "us-east-1",
            "state": "available",
            "subnet_configuration": [
              {
                "ipv4": "10.1.140.36",
                "ipv6": "",
                "subnet_id": "subnet-0c30c51c22e89ecda"
              },
              {
                "ipv4": "10.1.151.8",
                "ipv6": "",
                "subnet_id": "subnet-08b6ea3ca135f9b51"
              },
              {
                "ipv4": "10.1.161.80",
                "ipv6": "",
                "subnet_id": "subnet-0efce1ff901f3200d"
              }
            ],
            "subnet_ids": [
              "subnet-08b6ea3ca135f9b51",
              "subnet-0c30c51c22e89ecda",
              "subnet-0efce1ff901f3200d"
            ],
            "tags": {
              "Env": "dev",
              "Name": "mc-multichat-dev-vpce-sts",
              "Project": "mc-multichat"
            },
            "tags_all": {
              "Env": "dev",
              "Name": "mc-multichat-dev-vpce-sts",
              "Project": "mc-multichat"
            },
            "timeouts": null,
            "vpc_endpoint_type": "Interface",
            "vpc_id": "vpc-0c1c07b89c8b8d2cb"
          },
          "sensitive_attributes": [],
          "identity_schema_version": 0,
          "private": "eyJlMmJmYjczMC1lY2FhLTExZTYtOGY4OC0zNDM2M2JjN2M0YzAiOnsiY3JlYXRlIjo2MDAwMDAwMDAwMDAsImRlbGV0ZSI6NjAwMDAwMDAwMDAwLCJ1cGRhdGUiOjYwMDAwMDAwMDAwMH19",
          "dependencies": [
            "aws_security_group.endpoints",
            "aws_subnet.private",
            "aws_subnet.public",
            "aws_vpc.main",
            "data.aws_availability_zones.available"
          ]
        }
      ]
    },
    {
      "mode": "managed",
      "type": "aws_vpc_endpoint",
      "name": "s3",
      "provider": "provider[\"registry.terraform.io/hashicorp/aws\"]",
      "instances": [
        {
          "schema_version": 0,
          "attributes": {
            "arn": "arn:aws:ec2:us-east-1:566776836280:vpc-endpoint/vpce-0ba864758ab22649b",
            "auto_accept": null,
            "cidr_blocks": [
              "16.15.176.0/20",
              "16.182.0.0/16",
              "18.34.0.0/19",
              "52.216.0.0/15",
              "54.231.0.0/16",
              "3.5.0.0/19",
              "18.34.232.0/21",
              "16.15.192.0/18"
            ],
            "dns_entry": [],
            "dns_options": [
              {
                "dns_record_ip_type": "service-defined",
                "private_dns_only_for_inbound_resolver_endpoint": false
              }
            ],
            "id": "vpce-0ba864758ab22649b",
            "ip_address_type": "ipv4",
            "network_interface_ids": [],
            "owner_id": "566776836280",
            "policy": "{\"Statement\":[{\"Action\":\"*\",\"Effect\":\"Allow\",\"Principal\":\"*\",\"Resource\":\"*\"}],\"Version\":\"2008-10-17\"}",
            "prefix_list_id": "pl-63a5400a",
            "private_dns_enabled": false,
            "region": "us-east-1",
            "requester_managed": false,
            "resource_configuration_arn": "",
            "route_table_ids": [
              "rtb-06ed2f8066fe9cfb3",
              "rtb-0701d2e332159a354",
              "rtb-0a41072fb7ac9f6cc"
            ],
            "security_group_ids": [],
            "service_name": "com.amazonaws.us-east-1.s3",
            "service_network_arn": "",
            "service_region": "us-east-1",
            "state": "available",
            "subnet_configuration": [],
            "subnet_ids": [],
            "tags": {
              "Env": "dev",
              "Name": "mc-multichat-dev-vpce-s3",
              "Project": "mc-multichat"
            },
            "tags_all": {
              "Env": "dev",
              "Name": "mc-multichat-dev-vpce-s3",
              "Project": "mc-multichat"
            },
            "timeouts": null,
            "vpc_endpoint_type": "Gateway",
            "vpc_id": "vpc-0c1c07b89c8b8d2cb"
          },
          "sensitive_attributes": [],
          "identity_schema_version": 0,
          "private": "eyJlMmJmYjczMC1lY2FhLTExZTYtOGY4OC0zNDM2M2JjN2M0YzAiOnsiY3JlYXRlIjo2MDAwMDAwMDAwMDAsImRlbGV0ZSI6NjAwMDAwMDAwMDAwLCJ1cGRhdGUiOjYwMDAwMDAwMDAwMH19",
          "dependencies": [
            "aws_eip.nat",
            "aws_internet_gateway.igw",
            "aws_nat_gateway.nat",
            "aws_route_table.private",
            "aws_subnet.private",
            "aws_subnet.public",
            "aws_vpc.main",
            "data.aws_availability_zones.available"
          ]
        }
      ]
    },
    {
      "mode": "managed",
      "type": "null_resource",
      "name": "chat_orchestrator_vendor",
      "provider": "provider[\"registry.terraform.io/hashicorp/null\"]",
      "instances": [
        {
          "schema_version": 0,
          "attributes": {
            "id": "8460130226672398415",
            "triggers": {
              "handler_sha": "8d81744eb00ebb796e2bd9e2aac79908ec9edcd8",
              "req_sha": "86f8993c50140456d945b82d2df252a22623b075"
            }
          },
          "sensitive_attributes": [],
          "identity_schema_version": 0,
          "create_before_destroy": true
        }
      ]
    },
    {
      "mode": "managed",
      "type": "null_resource",
      "name": "package_lambda",
      "provider": "provider[\"registry.terraform.io/hashicorp/null\"]",
      "instances": [
        {
          "schema_version": 0,
          "attributes": {
            "id": "4113193390527699919",
            "triggers": {
              "handler_hash": "4ea380bb5c80455d8749fc0775327f7a975cf3c961fe1bae882b75faae10988d",
              "requirements_hash": "87a2fd3ed623eca5a62e17b3bc13c4fc4a58be59f82ce23d7d0cf680161ce585"
            }
          },
          "sensitive_attributes": [],
          "identity_schema_version": 0,
          "create_before_destroy": true
        }
      ]
    },
    {
      "mode": "managed",
      "type": "null_resource",
      "name": "twilio_sms_vendor",
      "provider": "provider[\"registry.terraform.io/hashicorp/null\"]",
      "instances": [
        {
          "schema_version": 0,
          "attributes": {
            "id": "4230521301575397329",
            "triggers": {
              "handler_sha": "b376a627da4a169b466b03d43eaaf9868f5b622b",
              "req_sha": "ab2837d4ab95b934a50f3e239e02a5da014ac9e7"
            }
          },
          "sensitive_attributes": [],
          "identity_schema_version": 0,
          "create_before_destroy": true
        }
      ]
    },
    {
      "mode": "managed",
      "type": "null_resource",
      "name": "twilio_studio_vendor",
      "provider": "provider[\"registry.terraform.io/hashicorp/null\"]",
      "instances": [
        {
          "schema_version": 0,
          "attributes": {
            "id": "4583702936307441446",
            "triggers": {
              "handler_sha": "9e4c202d9b5e9e45980687ae2162acf539aa8a55",
              "req_sha": "37340ca124319e30550061b78098e2b98a95c5d9"
            }
          },
          "sensitive_attributes": [],
          "identity_schema_version": 0,
          "create_before_destroy": true
        }
      ]
    },
    {
      "mode": "managed",
      "type": "random_password",
      "name": "api_key",
      "provider": "provider[\"registry.terraform.io/hashicorp/random\"]",
      "instances": [
        {
          "schema_version": 3,
          "attributes": {
            "bcrypt_hash": "$2a$10$f3WfC4HJfyrBe2w5TxF92uHQ/5H9ydaeYX9qAD5nnmR1.u0LfZj5i",
            "id": "none",
            "keepers": null,
            "length": 40,
            "lower": true,
            "min_lower": 0,
            "min_numeric": 0,
            "min_special": 0,
            "min_upper": 0,
            "number": true,
            "numeric": true,
            "override_special": null,
            "result": "5UcLVknxOhVUNDvldst9oHZUP9FxTqPDG5vTvSqH",
            "special": false,
            "upper": true
          },
          "sensitive_attributes": [
            [
              {
                "type": "get_attr",
                "value": "bcrypt_hash"
              }
            ],
            [
              {
                "type": "get_attr",
                "value": "result"
              }
            ]
          ],
          "identity_schema_version": 0
        }
      ]
    },
    {
      "mode": "managed",
      "type": "random_password",
      "name": "rds_master",
      "provider": "provider[\"registry.terraform.io/hashicorp/random\"]",
      "instances": [
        {
          "schema_version": 3,
          "attributes": {
            "bcrypt_hash": "$2a$10$AxjOG7bzv/yoH.tulKvjIuUN0verpJb2iVZeLBik5j/mu/blQAkwy",
            "id": "none",
            "keepers": null,
            "length": 32,
            "lower": true,
            "min_lower": 0,
            "min_numeric": 0,
            "min_special": 0,
            "min_upper": 0,
            "number": true,
            "numeric": true,
            "override_special": null,
            "result": "Z}\u003ci!Whe3(y2+x84d:*:H3u22wJLka[r",
            "special": true,
            "upper": true
          },
          "sensitive_attributes": [
            [
              {
                "type": "get_attr",
                "value": "bcrypt_hash"
              }
            ],
            [
              {
                "type": "get_attr",
                "value": "result"
              }
            ]
          ],
          "identity_schema_version": 0,
          "create_before_destroy": true
        }
      ]
    }
  ],
  "check_results": null
}
